{
  "version": 4,
  "terraform_version": "1.7.1",
  "serial": 81,
  "lineage": "7b98e635-20cf-ab59-b8e1-a8a1a3b21fcb",
  "outputs": {
    "flyte_endpoint": {
      "value": "flytetf.fthwdemo.com",
      "type": "string"
    }
  },
  "resources": [
    {
      "mode": "data",
      "type": "aws_availability_zones",
      "name": "available",
      "provider": "provider[\"registry.opentofu.org/hashicorp/aws\"]",
      "instances": [
        {
          "schema_version": 0,
          "attributes": {
            "all_availability_zones": null,
            "exclude_names": null,
            "exclude_zone_ids": null,
            "filter": null,
            "group_names": [
              "us-east-2"
            ],
            "id": "us-east-2",
            "names": [
              "us-east-2a",
              "us-east-2b",
              "us-east-2c"
            ],
            "state": "available",
            "timeouts": null,
            "zone_ids": [
              "use2-az1",
              "use2-az2",
              "use2-az3"
            ]
          },
          "sensitive_attributes": []
        }
      ]
    },
    {
      "mode": "data",
      "type": "aws_caller_identity",
      "name": "current",
      "provider": "provider[\"registry.opentofu.org/hashicorp/aws\"]",
      "instances": [
        {
          "schema_version": 0,
          "attributes": {
            "account_id": "024848460340",
            "arn": "arn:aws:sts::024848460340:assumed-role/AWSReservedSSO_UnionAdministratorAccess_87feb53664e97359/david.espejo@union.ai",
            "id": "024848460340",
            "user_id": "AROAQLSIVNI2CGJO6D7LZ:david.espejo@union.ai"
          },
          "sensitive_attributes": []
        }
      ]
    },
    {
      "mode": "data",
      "type": "aws_eks_cluster_auth",
      "name": "default",
      "provider": "provider[\"registry.opentofu.org/hashicorp/aws\"]",
      "instances": [
        {
          "schema_version": 0,
          "attributes": {
            "id": "flyte-terraform",
            "name": "flyte-terraform",
            "token": "k8s-aws-v1.aHR0cHM6Ly9zdHMudXMtZWFzdC0yLmFtYXpvbmF3cy5jb20vP0FjdGlvbj1HZXRDYWxsZXJJZGVudGl0eSZWZXJzaW9uPTIwMTEtMDYtMTUmWC1BbXotQWxnb3JpdGhtPUFXUzQtSE1BQy1TSEEyNTYmWC1BbXotQ3JlZGVudGlhbD1BU0lBUUxTSVZOSTJBSkhZT0dLWSUyRjIwMjQwODIxJTJGdXMtZWFzdC0yJTJGc3RzJTJGYXdzNF9yZXF1ZXN0JlgtQW16LURhdGU9MjAyNDA4MjFUMjI0MTI1WiZYLUFtei1FeHBpcmVzPTAmWC1BbXotU2VjdXJpdHktVG9rZW49SVFvSmIzSnBaMmx1WDJWakVIY2FDWFZ6TFdWaGMzUXRNaUpJTUVZQ0lRQ01iVzZyY1k0YUZnMklVczZua1RuM1lzSE9hSXJSSk1TelhpQXNaenRIRGdJaEFNOFpRelg3Zkk3TTdlaHdaM3dvem1EQXpGUHlhNEFoTUNrODZseFVIcTFNS3BJRENJRCUyRiUyRiUyRiUyRiUyRiUyRiUyRiUyRiUyRiUyRndFUUFCb01NREkwT0RRNE5EWXdNelF3SWd3aGdQdHU1UEpjM3BlYmFEb3E1Z0l4UGJiMmN0YlRGZk1MMklpQk8lMkYwVWt1Tm95R2RNdjFDaEpOWGp5S1pCZlI5Y3phVWhNajdzdjJTV1kzM1FtYXNLWU5FbzVFUiUyQnYwZXM5Tnc1aWxMWjBBU0JjVmY5MmMzY3R0bk1TTUloUUE0ZjJ5NkpkRUgwSDBYQzRhRHZjRmtYZHNQWmtxM0pZdXhCUzc0a2JiJTJCVTF6cjBFQTZxYjRtUUtESVZBMUQ0bzR3aTRGZGlGalBPSHhDazAlMkYlMkZDSm1yQzVTOENDNGIlMkJ5N29vUUpQUDVUSVVDeVFJekxoJTJGNm4lMkIxNXZYOHZkdnJxZExUOTRCT2JlYTZhdEQ3Y2ZrJTJCYmhHS01scXQ2UWU3JTJCdWlPZURROWw4NEhyJTJGNktqbG9Bb0g3S3pjaWNZd0E4ZHA3UDhKOU5hajViRFdPd3FuZWZlUU9seDJRU0tISHJNbDdYekpMQ281QjRHJTJCYVElMkJqWnRkd2kzeGVHclBwaHZQJTJGMjlveFVIYWlQWERkemtEb1pZRWRBWm9UOWRGUFozcFpnM3lYNGN2ZU5QaiUyRlZKbTJ5OTZzMVBYV243TjdwQmdkTzdpdklWSzdSZnF1NWtyTDJVb3NxVktzemVBM2NhN1hQeEsycSUyQkZIck9tMXQyMnN0N01KTGFtYllHT3FVQk0lMkJWODhrZHZyZ0NSRk5mQnhBdGZGT1ZJRkU5UnJvNDU2T1A0YmpxWm9nRTFLWEgyaVlxUXhsVXVNaHlZQSUyRjYlMkZ5cGwzdkQ5amhOY203REg1b0ZqbyUyQnZZR0tVQkY2ekFRVUN5bnlFMHVQajdaUUZIYVVKNnc1eCUyRiUyQkRiVEJxeHBuQXBGNTI3UHR5TWJnWGhUckF2NGM5eUgza1lkdEFQMDBEVDdUbnEzNlF0TG9DaiUyQjE4S1k3WVdkMVhQZ0xsWjhKdjZURE9KaDdwN3hnNlkxaDlESkplZWM0RDF1MyZYLUFtei1TaWduZWRIZWFkZXJzPWhvc3QlM0J4LWs4cy1hd3MtaWQmWC1BbXotU2lnbmF0dXJlPWIwZjk3YzFlNDllMWUyNTc5MmJjZTEyOGQ1NTI2NGEyNTEyOTkzMTJmYjFjNTU4MTcxNzkxOTIyM2YwY2M4ODQ"
          },
          "sensitive_attributes": []
        }
      ]
    },
    {
      "mode": "data",
      "type": "aws_iam_policy",
      "name": "cloudwatch_agent_server_policy",
      "provider": "provider[\"registry.opentofu.org/hashicorp/aws\"]",
      "instances": [
        {
          "schema_version": 0,
          "attributes": {
            "arn": "arn:aws:iam::aws:policy/CloudWatchAgentServerPolicy",
            "attachment_count": 0,
            "description": "Permissions required to use AmazonCloudWatchAgent on servers",
            "id": "arn:aws:iam::aws:policy/CloudWatchAgentServerPolicy",
            "name": "CloudWatchAgentServerPolicy",
            "path": "/",
            "path_prefix": null,
            "policy": "{\n\t\"Version\": \"2012-10-17\",\n\t\"Statement\": [\n\t\t{\n\t\t\t\"Sid\": \"CWACloudWatchServerPermissions\",\n\t\t\t\"Effect\": \"Allow\",\n\t\t\t\"Action\": [\n\t\t\t\t\"cloudwatch:PutMetricData\",\n\t\t\t\t\"ec2:DescribeVolumes\",\n\t\t\t\t\"ec2:DescribeTags\",\n\t\t\t\t\"logs:PutLogEvents\",\n\t\t\t\t\"logs:PutRetentionPolicy\",\n\t\t\t\t\"logs:DescribeLogStreams\",\n\t\t\t\t\"logs:DescribeLogGroups\",\n\t\t\t\t\"logs:CreateLogStream\",\n\t\t\t\t\"logs:CreateLogGroup\",\n\t\t\t\t\"xray:PutTraceSegments\",\n\t\t\t\t\"xray:PutTelemetryRecords\",\n\t\t\t\t\"xray:GetSamplingRules\",\n\t\t\t\t\"xray:GetSamplingTargets\",\n\t\t\t\t\"xray:GetSamplingStatisticSummaries\"\n\t\t\t],\n\t\t\t\"Resource\": \"*\"\n\t\t},\n\t\t{\n\t\t\t\"Sid\": \"CWASSMServerPermissions\",\n\t\t\t\"Effect\": \"Allow\",\n\t\t\t\"Action\": [\n\t\t\t\t\"ssm:GetParameter\"\n\t\t\t],\n\t\t\t\"Resource\": \"arn:aws:ssm:*:*:parameter/AmazonCloudWatch-*\"\n\t\t}\n\t]\n}",
            "policy_id": "ANPAIGOPKN7KRDAKTLG4I",
            "tags": {}
          },
          "sensitive_attributes": []
        }
      ]
    },
    {
      "mode": "data",
      "type": "aws_iam_policy_document",
      "name": "aws_for_fluent_bit_policy",
      "provider": "provider[\"registry.opentofu.org/hashicorp/aws\"]",
      "instances": [
        {
          "schema_version": 0,
          "attributes": {
            "id": "3383337635",
            "json": "{\n  \"Version\": \"2012-10-17\",\n  \"Statement\": [\n    {\n      \"Sid\": \"CWACloudWatchServerPermissions\",\n      \"Effect\": \"Allow\",\n      \"Action\": [\n        \"cloudwatch:PutMetricData\",\n        \"ec2:DescribeVolumes\",\n        \"ec2:DescribeTags\",\n        \"logs:PutLogEvents\",\n        \"logs:PutRetentionPolicy\",\n        \"logs:DescribeLogStreams\",\n        \"logs:DescribeLogGroups\",\n        \"logs:CreateLogStream\",\n        \"logs:CreateLogGroup\",\n        \"xray:PutTraceSegments\",\n        \"xray:PutTelemetryRecords\",\n        \"xray:GetSamplingRules\",\n        \"xray:GetSamplingTargets\",\n        \"xray:GetSamplingStatisticSummaries\"\n      ],\n      \"Resource\": \"*\"\n    },\n    {\n      \"Sid\": \"CWASSMServerPermissions\",\n      \"Effect\": \"Allow\",\n      \"Action\": [\n        \"ssm:GetParameter\"\n      ],\n      \"Resource\": \"arn:aws:ssm:*:*:parameter/AmazonCloudWatch-*\"\n    },\n    {\n      \"Effect\": \"Allow\",\n      \"Action\": [\n        \"logs:PutRetentionPolicy\",\n        \"logs:DeleteRetentionPolicy\"\n      ],\n      \"Resource\": \"*\"\n    }\n  ]\n}",
            "minified_json": "{\"Version\":\"2012-10-17\",\"Statement\":[{\"Sid\":\"CWACloudWatchServerPermissions\",\"Effect\":\"Allow\",\"Action\":[\"cloudwatch:PutMetricData\",\"ec2:DescribeVolumes\",\"ec2:DescribeTags\",\"logs:PutLogEvents\",\"logs:PutRetentionPolicy\",\"logs:DescribeLogStreams\",\"logs:DescribeLogGroups\",\"logs:CreateLogStream\",\"logs:CreateLogGroup\",\"xray:PutTraceSegments\",\"xray:PutTelemetryRecords\",\"xray:GetSamplingRules\",\"xray:GetSamplingTargets\",\"xray:GetSamplingStatisticSummaries\"],\"Resource\":\"*\"},{\"Sid\":\"CWASSMServerPermissions\",\"Effect\":\"Allow\",\"Action\":[\"ssm:GetParameter\"],\"Resource\":\"arn:aws:ssm:*:*:parameter/AmazonCloudWatch-*\"},{\"Effect\":\"Allow\",\"Action\":[\"logs:PutRetentionPolicy\",\"logs:DeleteRetentionPolicy\"],\"Resource\":\"*\"}]}",
            "override_json": null,
            "override_policy_documents": null,
            "policy_id": null,
            "source_json": null,
            "source_policy_documents": [
              "{\n\t\"Version\": \"2012-10-17\",\n\t\"Statement\": [\n\t\t{\n\t\t\t\"Sid\": \"CWACloudWatchServerPermissions\",\n\t\t\t\"Effect\": \"Allow\",\n\t\t\t\"Action\": [\n\t\t\t\t\"cloudwatch:PutMetricData\",\n\t\t\t\t\"ec2:DescribeVolumes\",\n\t\t\t\t\"ec2:DescribeTags\",\n\t\t\t\t\"logs:PutLogEvents\",\n\t\t\t\t\"logs:PutRetentionPolicy\",\n\t\t\t\t\"logs:DescribeLogStreams\",\n\t\t\t\t\"logs:DescribeLogGroups\",\n\t\t\t\t\"logs:CreateLogStream\",\n\t\t\t\t\"logs:CreateLogGroup\",\n\t\t\t\t\"xray:PutTraceSegments\",\n\t\t\t\t\"xray:PutTelemetryRecords\",\n\t\t\t\t\"xray:GetSamplingRules\",\n\t\t\t\t\"xray:GetSamplingTargets\",\n\t\t\t\t\"xray:GetSamplingStatisticSummaries\"\n\t\t\t],\n\t\t\t\"Resource\": \"*\"\n\t\t},\n\t\t{\n\t\t\t\"Sid\": \"CWASSMServerPermissions\",\n\t\t\t\"Effect\": \"Allow\",\n\t\t\t\"Action\": [\n\t\t\t\t\"ssm:GetParameter\"\n\t\t\t],\n\t\t\t\"Resource\": \"arn:aws:ssm:*:*:parameter/AmazonCloudWatch-*\"\n\t\t}\n\t]\n}"
            ],
            "statement": [
              {
                "actions": [
                  "logs:DeleteRetentionPolicy",
                  "logs:PutRetentionPolicy"
                ],
                "condition": [],
                "effect": "Allow",
                "not_actions": [],
                "not_principals": [],
                "not_resources": [],
                "principals": [],
                "resources": [
                  "*"
                ],
                "sid": ""
              }
            ],
            "version": "2012-10-17"
          },
          "sensitive_attributes": []
        }
      ]
    },
    {
      "mode": "data",
      "type": "aws_iam_policy_document",
      "name": "flyte_binary_iam_policy",
      "provider": "provider[\"registry.opentofu.org/hashicorp/aws\"]",
      "instances": [
        {
          "schema_version": 0,
          "attributes": {
            "id": "2963820307",
            "json": "{\n  \"Version\": \"2012-10-17\",\n  \"Statement\": [\n    {\n      \"Effect\": \"Allow\",\n      \"Action\": [\n        \"s3:PutObject*\",\n        \"s3:ListBucket\",\n        \"s3:GetObject*\",\n        \"s3:DeleteObject*\"\n      ],\n      \"Resource\": [\n        \"arn:aws:s3:::024848460340-flyte-terraform-data/*\",\n        \"arn:aws:s3:::024848460340-flyte-terraform-data\"\n      ]\n    }\n  ]\n}",
            "minified_json": "{\"Version\":\"2012-10-17\",\"Statement\":[{\"Effect\":\"Allow\",\"Action\":[\"s3:PutObject*\",\"s3:ListBucket\",\"s3:GetObject*\",\"s3:DeleteObject*\"],\"Resource\":[\"arn:aws:s3:::024848460340-flyte-terraform-data/*\",\"arn:aws:s3:::024848460340-flyte-terraform-data\"]}]}",
            "override_json": null,
            "override_policy_documents": null,
            "policy_id": null,
            "source_json": null,
            "source_policy_documents": [
              "{\n  \"Version\": \"2012-10-17\",\n  \"Statement\": [\n    {\n      \"Effect\": \"Allow\",\n      \"Action\": [\n        \"s3:PutObject*\",\n        \"s3:ListBucket\",\n        \"s3:GetObject*\",\n        \"s3:DeleteObject*\"\n      ],\n      \"Resource\": [\n        \"arn:aws:s3:::024848460340-flyte-terraform-data/*\",\n        \"arn:aws:s3:::024848460340-flyte-terraform-data\"\n      ]\n    }\n  ]\n}"
            ],
            "statement": null,
            "version": "2012-10-17"
          },
          "sensitive_attributes": []
        }
      ]
    },
    {
      "mode": "data",
      "type": "aws_iam_policy_document",
      "name": "flyte_data_bucket_policy",
      "provider": "provider[\"registry.opentofu.org/hashicorp/aws\"]",
      "instances": [
        {
          "schema_version": 0,
          "attributes": {
            "id": "2963820307",
            "json": "{\n  \"Version\": \"2012-10-17\",\n  \"Statement\": [\n    {\n      \"Effect\": \"Allow\",\n      \"Action\": [\n        \"s3:PutObject*\",\n        \"s3:ListBucket\",\n        \"s3:GetObject*\",\n        \"s3:DeleteObject*\"\n      ],\n      \"Resource\": [\n        \"arn:aws:s3:::024848460340-flyte-terraform-data/*\",\n        \"arn:aws:s3:::024848460340-flyte-terraform-data\"\n      ]\n    }\n  ]\n}",
            "minified_json": "{\"Version\":\"2012-10-17\",\"Statement\":[{\"Effect\":\"Allow\",\"Action\":[\"s3:PutObject*\",\"s3:ListBucket\",\"s3:GetObject*\",\"s3:DeleteObject*\"],\"Resource\":[\"arn:aws:s3:::024848460340-flyte-terraform-data/*\",\"arn:aws:s3:::024848460340-flyte-terraform-data\"]}]}",
            "override_json": null,
            "override_policy_documents": null,
            "policy_id": null,
            "source_json": null,
            "source_policy_documents": null,
            "statement": [
              {
                "actions": [
                  "s3:DeleteObject*",
                  "s3:GetObject*",
                  "s3:ListBucket",
                  "s3:PutObject*"
                ],
                "condition": [],
                "effect": "Allow",
                "not_actions": [],
                "not_principals": [],
                "not_resources": [],
                "principals": [],
                "resources": [
                  "arn:aws:s3:::024848460340-flyte-terraform-data",
                  "arn:aws:s3:::024848460340-flyte-terraform-data/*"
                ],
                "sid": ""
              }
            ],
            "version": "2012-10-17"
          },
          "sensitive_attributes": []
        }
      ]
    },
    {
      "mode": "data",
      "type": "aws_iam_policy_document",
      "name": "flyte_worker_iam_policy",
      "provider": "provider[\"registry.opentofu.org/hashicorp/aws\"]",
      "instances": [
        {
          "schema_version": 0,
          "attributes": {
            "id": "2963820307",
            "json": "{\n  \"Version\": \"2012-10-17\",\n  \"Statement\": [\n    {\n      \"Effect\": \"Allow\",\n      \"Action\": [\n        \"s3:PutObject*\",\n        \"s3:ListBucket\",\n        \"s3:GetObject*\",\n        \"s3:DeleteObject*\"\n      ],\n      \"Resource\": [\n        \"arn:aws:s3:::024848460340-flyte-terraform-data/*\",\n        \"arn:aws:s3:::024848460340-flyte-terraform-data\"\n      ]\n    }\n  ]\n}",
            "minified_json": "{\"Version\":\"2012-10-17\",\"Statement\":[{\"Effect\":\"Allow\",\"Action\":[\"s3:PutObject*\",\"s3:ListBucket\",\"s3:GetObject*\",\"s3:DeleteObject*\"],\"Resource\":[\"arn:aws:s3:::024848460340-flyte-terraform-data/*\",\"arn:aws:s3:::024848460340-flyte-terraform-data\"]}]}",
            "override_json": null,
            "override_policy_documents": null,
            "policy_id": null,
            "source_json": null,
            "source_policy_documents": [
              "{\n  \"Version\": \"2012-10-17\",\n  \"Statement\": [\n    {\n      \"Effect\": \"Allow\",\n      \"Action\": [\n        \"s3:PutObject*\",\n        \"s3:ListBucket\",\n        \"s3:GetObject*\",\n        \"s3:DeleteObject*\"\n      ],\n      \"Resource\": [\n        \"arn:aws:s3:::024848460340-flyte-terraform-data/*\",\n        \"arn:aws:s3:::024848460340-flyte-terraform-data\"\n      ]\n    }\n  ]\n}"
            ],
            "statement": null,
            "version": "2012-10-17"
          },
          "sensitive_attributes": []
        }
      ]
    },
    {
      "mode": "data",
      "type": "aws_region",
      "name": "current",
      "provider": "provider[\"registry.opentofu.org/hashicorp/aws\"]",
      "instances": [
        {
          "schema_version": 0,
          "attributes": {
            "description": "US East (Ohio)",
            "endpoint": "ec2.us-east-2.amazonaws.com",
            "id": "us-east-2",
            "name": "us-east-2"
          },
          "sensitive_attributes": []
        }
      ]
    },
    {
      "mode": "data",
      "type": "aws_route53_zone",
      "name": "zone",
      "provider": "provider[\"registry.opentofu.org/hashicorp/aws\"]",
      "instances": [
        {
          "schema_version": 0,
          "attributes": {
            "arn": "arn:aws:route53:::hostedzone/Z05932572QJOETBO2GB51",
            "caller_reference": "RISWorkflow-RD:2560dc18-6618-4885-bb66-85fd7b0aaa62",
            "comment": "HostedZone created by Route53 Registrar",
            "id": "Z05932572QJOETBO2GB51",
            "linked_service_description": null,
            "linked_service_principal": null,
            "name": "fthwdemo.com",
            "name_servers": [
              "ns-1963.awsdns-53.co.uk",
              "ns-437.awsdns-54.com",
              "ns-902.awsdns-48.net",
              "ns-1177.awsdns-19.org"
            ],
            "primary_name_server": "ns-1963.awsdns-53.co.uk",
            "private_zone": false,
            "resource_record_set_count": 2,
            "tags": {},
            "vpc_id": null,
            "zone_id": "Z05932572QJOETBO2GB51"
          },
          "sensitive_attributes": []
        }
      ]
    },
    {
      "mode": "data",
      "type": "http",
      "name": "alb-controller-policy-source",
      "provider": "provider[\"registry.opentofu.org/hashicorp/http\"]",
      "instances": [
        {
          "schema_version": 0,
          "attributes": {
            "body": "{\n    \"Version\": \"2012-10-17\",\n    \"Statement\": [\n        {\n            \"Effect\": \"Allow\",\n            \"Action\": [\n                \"iam:CreateServiceLinkedRole\"\n            ],\n            \"Resource\": \"*\",\n            \"Condition\": {\n                \"StringEquals\": {\n                    \"iam:AWSServiceName\": \"elasticloadbalancing.amazonaws.com\"\n                }\n            }\n        },\n        {\n            \"Effect\": \"Allow\",\n            \"Action\": [\n                \"ec2:DescribeAccountAttributes\",\n                \"ec2:DescribeAddresses\",\n                \"ec2:DescribeAvailabilityZones\",\n                \"ec2:DescribeInternetGateways\",\n                \"ec2:DescribeVpcs\",\n                \"ec2:DescribeVpcPeeringConnections\",\n                \"ec2:DescribeSubnets\",\n                \"ec2:DescribeSecurityGroups\",\n                \"ec2:DescribeInstances\",\n                \"ec2:DescribeNetworkInterfaces\",\n                \"ec2:DescribeTags\",\n                \"ec2:GetCoipPoolUsage\",\n                \"ec2:DescribeCoipPools\",\n                \"elasticloadbalancing:DescribeLoadBalancers\",\n                \"elasticloadbalancing:DescribeLoadBalancerAttributes\",\n                \"elasticloadbalancing:DescribeListeners\",\n                \"elasticloadbalancing:DescribeListenerCertificates\",\n                \"elasticloadbalancing:DescribeSSLPolicies\",\n                \"elasticloadbalancing:DescribeRules\",\n                \"elasticloadbalancing:DescribeTargetGroups\",\n                \"elasticloadbalancing:DescribeTargetGroupAttributes\",\n                \"elasticloadbalancing:DescribeTargetHealth\",\n                \"elasticloadbalancing:DescribeTags\"\n            ],\n            \"Resource\": \"*\"\n        },\n        {\n            \"Effect\": \"Allow\",\n            \"Action\": [\n                \"cognito-idp:DescribeUserPoolClient\",\n                \"acm:ListCertificates\",\n                \"acm:DescribeCertificate\",\n                \"iam:ListServerCertificates\",\n                \"iam:GetServerCertificate\",\n                \"waf-regional:GetWebACL\",\n                \"waf-regional:GetWebACLForResource\",\n                \"waf-regional:AssociateWebACL\",\n                \"waf-regional:DisassociateWebACL\",\n                \"wafv2:GetWebACL\",\n                \"wafv2:GetWebACLForResource\",\n                \"wafv2:AssociateWebACL\",\n                \"wafv2:DisassociateWebACL\",\n                \"shield:GetSubscriptionState\",\n                \"shield:DescribeProtection\",\n                \"shield:CreateProtection\",\n                \"shield:DeleteProtection\"\n            ],\n            \"Resource\": \"*\"\n        },\n        {\n            \"Effect\": \"Allow\",\n            \"Action\": [\n                \"ec2:AuthorizeSecurityGroupIngress\",\n                \"ec2:RevokeSecurityGroupIngress\"\n            ],\n            \"Resource\": \"*\"\n        },\n        {\n            \"Effect\": \"Allow\",\n            \"Action\": [\n                \"ec2:CreateSecurityGroup\"\n            ],\n            \"Resource\": \"*\"\n        },\n        {\n            \"Effect\": \"Allow\",\n            \"Action\": [\n                \"ec2:CreateTags\"\n            ],\n            \"Resource\": \"arn:aws:ec2:*:*:security-group/*\",\n            \"Condition\": {\n                \"StringEquals\": {\n                    \"ec2:CreateAction\": \"CreateSecurityGroup\"\n                },\n                \"Null\": {\n                    \"aws:RequestTag/elbv2.k8s.aws/cluster\": \"false\"\n                }\n            }\n        },\n        {\n            \"Effect\": \"Allow\",\n            \"Action\": [\n                \"ec2:CreateTags\",\n                \"ec2:DeleteTags\"\n            ],\n            \"Resource\": \"arn:aws:ec2:*:*:security-group/*\",\n            \"Condition\": {\n                \"Null\": {\n                    \"aws:RequestTag/elbv2.k8s.aws/cluster\": \"true\",\n                    \"aws:ResourceTag/elbv2.k8s.aws/cluster\": \"false\"\n                }\n            }\n        },\n        {\n            \"Effect\": \"Allow\",\n            \"Action\": [\n                \"ec2:AuthorizeSecurityGroupIngress\",\n                \"ec2:RevokeSecurityGroupIngress\",\n                \"ec2:DeleteSecurityGroup\"\n            ],\n            \"Resource\": \"*\",\n            \"Condition\": {\n                \"Null\": {\n                    \"aws:ResourceTag/elbv2.k8s.aws/cluster\": \"false\"\n                }\n            }\n        },\n        {\n            \"Effect\": \"Allow\",\n            \"Action\": [\n                \"elasticloadbalancing:CreateLoadBalancer\",\n                \"elasticloadbalancing:CreateTargetGroup\"\n            ],\n            \"Resource\": \"*\",\n            \"Condition\": {\n                \"Null\": {\n                    \"aws:RequestTag/elbv2.k8s.aws/cluster\": \"false\"\n                }\n            }\n        },\n        {\n            \"Effect\": \"Allow\",\n            \"Action\": [\n                \"elasticloadbalancing:CreateListener\",\n                \"elasticloadbalancing:DeleteListener\",\n                \"elasticloadbalancing:CreateRule\",\n                \"elasticloadbalancing:DeleteRule\"\n            ],\n            \"Resource\": \"*\"\n        },\n        {\n            \"Effect\": \"Allow\",\n            \"Action\": [\n                \"elasticloadbalancing:AddTags\",\n                \"elasticloadbalancing:RemoveTags\"\n            ],\n            \"Resource\": [\n                \"arn:aws:elasticloadbalancing:*:*:targetgroup/*/*\",\n                \"arn:aws:elasticloadbalancing:*:*:loadbalancer/net/*/*\",\n                \"arn:aws:elasticloadbalancing:*:*:loadbalancer/app/*/*\"\n            ],\n            \"Condition\": {\n                \"Null\": {\n                    \"aws:RequestTag/elbv2.k8s.aws/cluster\": \"true\",\n                    \"aws:ResourceTag/elbv2.k8s.aws/cluster\": \"false\"\n                }\n            }\n        },\n        {\n            \"Effect\": \"Allow\",\n            \"Action\": [\n                \"elasticloadbalancing:AddTags\",\n                \"elasticloadbalancing:RemoveTags\"\n            ],\n            \"Resource\": [\n                \"arn:aws:elasticloadbalancing:*:*:listener/net/*/*/*\",\n                \"arn:aws:elasticloadbalancing:*:*:listener/app/*/*/*\",\n                \"arn:aws:elasticloadbalancing:*:*:listener-rule/net/*/*/*\",\n                \"arn:aws:elasticloadbalancing:*:*:listener-rule/app/*/*/*\"\n            ]\n        },\n        {\n            \"Effect\": \"Allow\",\n            \"Action\": [\n                \"elasticloadbalancing:AddTags\"\n            ],\n            \"Resource\": [\n                \"arn:aws:elasticloadbalancing:*:*:targetgroup/*/*\",\n                \"arn:aws:elasticloadbalancing:*:*:loadbalancer/net/*/*\",\n                \"arn:aws:elasticloadbalancing:*:*:loadbalancer/app/*/*\"\n            ],\n            \"Condition\": {\n                \"StringEquals\": {\n                    \"elasticloadbalancing:CreateAction\": [\n                        \"CreateTargetGroup\",\n                        \"CreateLoadBalancer\"\n                    ]\n                },\n                \"Null\": {\n                    \"aws:RequestTag/elbv2.k8s.aws/cluster\": \"false\"\n                }\n            }\n        },\n        {\n            \"Effect\": \"Allow\",\n            \"Action\": [\n                \"elasticloadbalancing:ModifyLoadBalancerAttributes\",\n                \"elasticloadbalancing:SetIpAddressType\",\n                \"elasticloadbalancing:SetSecurityGroups\",\n                \"elasticloadbalancing:SetSubnets\",\n                \"elasticloadbalancing:DeleteLoadBalancer\",\n                \"elasticloadbalancing:ModifyTargetGroup\",\n                \"elasticloadbalancing:ModifyTargetGroupAttributes\",\n                \"elasticloadbalancing:DeleteTargetGroup\"\n            ],\n            \"Resource\": \"*\",\n            \"Condition\": {\n                \"Null\": {\n                    \"aws:ResourceTag/elbv2.k8s.aws/cluster\": \"false\"\n                }\n            }\n        },\n        {\n            \"Effect\": \"Allow\",\n            \"Action\": [\n                \"elasticloadbalancing:RegisterTargets\",\n                \"elasticloadbalancing:DeregisterTargets\"\n            ],\n            \"Resource\": \"arn:aws:elasticloadbalancing:*:*:targetgroup/*/*\"\n        },\n        {\n            \"Effect\": \"Allow\",\n            \"Action\": [\n                \"elasticloadbalancing:SetWebAcl\",\n                \"elasticloadbalancing:ModifyListener\",\n                \"elasticloadbalancing:AddListenerCertificates\",\n                \"elasticloadbalancing:RemoveListenerCertificates\",\n                \"elasticloadbalancing:ModifyRule\"\n            ],\n            \"Resource\": \"*\"\n        }\n    ]\n}\n",
            "id": "https://raw.githubusercontent.com/kubernetes-sigs/aws-load-balancer-controller/v2.4.7/docs/install/iam_policy.json",
            "method": "GET",
            "request_body": null,
            "request_headers": null,
            "response_body": "{\n    \"Version\": \"2012-10-17\",\n    \"Statement\": [\n        {\n            \"Effect\": \"Allow\",\n            \"Action\": [\n                \"iam:CreateServiceLinkedRole\"\n            ],\n            \"Resource\": \"*\",\n            \"Condition\": {\n                \"StringEquals\": {\n                    \"iam:AWSServiceName\": \"elasticloadbalancing.amazonaws.com\"\n                }\n            }\n        },\n        {\n            \"Effect\": \"Allow\",\n            \"Action\": [\n                \"ec2:DescribeAccountAttributes\",\n                \"ec2:DescribeAddresses\",\n                \"ec2:DescribeAvailabilityZones\",\n                \"ec2:DescribeInternetGateways\",\n                \"ec2:DescribeVpcs\",\n                \"ec2:DescribeVpcPeeringConnections\",\n                \"ec2:DescribeSubnets\",\n                \"ec2:DescribeSecurityGroups\",\n                \"ec2:DescribeInstances\",\n                \"ec2:DescribeNetworkInterfaces\",\n                \"ec2:DescribeTags\",\n                \"ec2:GetCoipPoolUsage\",\n                \"ec2:DescribeCoipPools\",\n                \"elasticloadbalancing:DescribeLoadBalancers\",\n                \"elasticloadbalancing:DescribeLoadBalancerAttributes\",\n                \"elasticloadbalancing:DescribeListeners\",\n                \"elasticloadbalancing:DescribeListenerCertificates\",\n                \"elasticloadbalancing:DescribeSSLPolicies\",\n                \"elasticloadbalancing:DescribeRules\",\n                \"elasticloadbalancing:DescribeTargetGroups\",\n                \"elasticloadbalancing:DescribeTargetGroupAttributes\",\n                \"elasticloadbalancing:DescribeTargetHealth\",\n                \"elasticloadbalancing:DescribeTags\"\n            ],\n            \"Resource\": \"*\"\n        },\n        {\n            \"Effect\": \"Allow\",\n            \"Action\": [\n                \"cognito-idp:DescribeUserPoolClient\",\n                \"acm:ListCertificates\",\n                \"acm:DescribeCertificate\",\n                \"iam:ListServerCertificates\",\n                \"iam:GetServerCertificate\",\n                \"waf-regional:GetWebACL\",\n                \"waf-regional:GetWebACLForResource\",\n                \"waf-regional:AssociateWebACL\",\n                \"waf-regional:DisassociateWebACL\",\n                \"wafv2:GetWebACL\",\n                \"wafv2:GetWebACLForResource\",\n                \"wafv2:AssociateWebACL\",\n                \"wafv2:DisassociateWebACL\",\n                \"shield:GetSubscriptionState\",\n                \"shield:DescribeProtection\",\n                \"shield:CreateProtection\",\n                \"shield:DeleteProtection\"\n            ],\n            \"Resource\": \"*\"\n        },\n        {\n            \"Effect\": \"Allow\",\n            \"Action\": [\n                \"ec2:AuthorizeSecurityGroupIngress\",\n                \"ec2:RevokeSecurityGroupIngress\"\n            ],\n            \"Resource\": \"*\"\n        },\n        {\n            \"Effect\": \"Allow\",\n            \"Action\": [\n                \"ec2:CreateSecurityGroup\"\n            ],\n            \"Resource\": \"*\"\n        },\n        {\n            \"Effect\": \"Allow\",\n            \"Action\": [\n                \"ec2:CreateTags\"\n            ],\n            \"Resource\": \"arn:aws:ec2:*:*:security-group/*\",\n            \"Condition\": {\n                \"StringEquals\": {\n                    \"ec2:CreateAction\": \"CreateSecurityGroup\"\n                },\n                \"Null\": {\n                    \"aws:RequestTag/elbv2.k8s.aws/cluster\": \"false\"\n                }\n            }\n        },\n        {\n            \"Effect\": \"Allow\",\n            \"Action\": [\n                \"ec2:CreateTags\",\n                \"ec2:DeleteTags\"\n            ],\n            \"Resource\": \"arn:aws:ec2:*:*:security-group/*\",\n            \"Condition\": {\n                \"Null\": {\n                    \"aws:RequestTag/elbv2.k8s.aws/cluster\": \"true\",\n                    \"aws:ResourceTag/elbv2.k8s.aws/cluster\": \"false\"\n                }\n            }\n        },\n        {\n            \"Effect\": \"Allow\",\n            \"Action\": [\n                \"ec2:AuthorizeSecurityGroupIngress\",\n                \"ec2:RevokeSecurityGroupIngress\",\n                \"ec2:DeleteSecurityGroup\"\n            ],\n            \"Resource\": \"*\",\n            \"Condition\": {\n                \"Null\": {\n                    \"aws:ResourceTag/elbv2.k8s.aws/cluster\": \"false\"\n                }\n            }\n        },\n        {\n            \"Effect\": \"Allow\",\n            \"Action\": [\n                \"elasticloadbalancing:CreateLoadBalancer\",\n                \"elasticloadbalancing:CreateTargetGroup\"\n            ],\n            \"Resource\": \"*\",\n            \"Condition\": {\n                \"Null\": {\n                    \"aws:RequestTag/elbv2.k8s.aws/cluster\": \"false\"\n                }\n            }\n        },\n        {\n            \"Effect\": \"Allow\",\n            \"Action\": [\n                \"elasticloadbalancing:CreateListener\",\n                \"elasticloadbalancing:DeleteListener\",\n                \"elasticloadbalancing:CreateRule\",\n                \"elasticloadbalancing:DeleteRule\"\n            ],\n            \"Resource\": \"*\"\n        },\n        {\n            \"Effect\": \"Allow\",\n            \"Action\": [\n                \"elasticloadbalancing:AddTags\",\n                \"elasticloadbalancing:RemoveTags\"\n            ],\n            \"Resource\": [\n                \"arn:aws:elasticloadbalancing:*:*:targetgroup/*/*\",\n                \"arn:aws:elasticloadbalancing:*:*:loadbalancer/net/*/*\",\n                \"arn:aws:elasticloadbalancing:*:*:loadbalancer/app/*/*\"\n            ],\n            \"Condition\": {\n                \"Null\": {\n                    \"aws:RequestTag/elbv2.k8s.aws/cluster\": \"true\",\n                    \"aws:ResourceTag/elbv2.k8s.aws/cluster\": \"false\"\n                }\n            }\n        },\n        {\n            \"Effect\": \"Allow\",\n            \"Action\": [\n                \"elasticloadbalancing:AddTags\",\n                \"elasticloadbalancing:RemoveTags\"\n            ],\n            \"Resource\": [\n                \"arn:aws:elasticloadbalancing:*:*:listener/net/*/*/*\",\n                \"arn:aws:elasticloadbalancing:*:*:listener/app/*/*/*\",\n                \"arn:aws:elasticloadbalancing:*:*:listener-rule/net/*/*/*\",\n                \"arn:aws:elasticloadbalancing:*:*:listener-rule/app/*/*/*\"\n            ]\n        },\n        {\n            \"Effect\": \"Allow\",\n            \"Action\": [\n                \"elasticloadbalancing:AddTags\"\n            ],\n            \"Resource\": [\n                \"arn:aws:elasticloadbalancing:*:*:targetgroup/*/*\",\n                \"arn:aws:elasticloadbalancing:*:*:loadbalancer/net/*/*\",\n                \"arn:aws:elasticloadbalancing:*:*:loadbalancer/app/*/*\"\n            ],\n            \"Condition\": {\n                \"StringEquals\": {\n                    \"elasticloadbalancing:CreateAction\": [\n                        \"CreateTargetGroup\",\n                        \"CreateLoadBalancer\"\n                    ]\n                },\n                \"Null\": {\n                    \"aws:RequestTag/elbv2.k8s.aws/cluster\": \"false\"\n                }\n            }\n        },\n        {\n            \"Effect\": \"Allow\",\n            \"Action\": [\n                \"elasticloadbalancing:ModifyLoadBalancerAttributes\",\n                \"elasticloadbalancing:SetIpAddressType\",\n                \"elasticloadbalancing:SetSecurityGroups\",\n                \"elasticloadbalancing:SetSubnets\",\n                \"elasticloadbalancing:DeleteLoadBalancer\",\n                \"elasticloadbalancing:ModifyTargetGroup\",\n                \"elasticloadbalancing:ModifyTargetGroupAttributes\",\n                \"elasticloadbalancing:DeleteTargetGroup\"\n            ],\n            \"Resource\": \"*\",\n            \"Condition\": {\n                \"Null\": {\n                    \"aws:ResourceTag/elbv2.k8s.aws/cluster\": \"false\"\n                }\n            }\n        },\n        {\n            \"Effect\": \"Allow\",\n            \"Action\": [\n                \"elasticloadbalancing:RegisterTargets\",\n                \"elasticloadbalancing:DeregisterTargets\"\n            ],\n            \"Resource\": \"arn:aws:elasticloadbalancing:*:*:targetgroup/*/*\"\n        },\n        {\n            \"Effect\": \"Allow\",\n            \"Action\": [\n                \"elasticloadbalancing:SetWebAcl\",\n                \"elasticloadbalancing:ModifyListener\",\n                \"elasticloadbalancing:AddListenerCertificates\",\n                \"elasticloadbalancing:RemoveListenerCertificates\",\n                \"elasticloadbalancing:ModifyRule\"\n            ],\n            \"Resource\": \"*\"\n        }\n    ]\n}\n",
            "response_headers": {
              "Accept-Ranges": "bytes",
              "Access-Control-Allow-Origin": "*",
              "Cache-Control": "max-age=300",
              "Content-Security-Policy": "default-src 'none'; style-src 'unsafe-inline'; sandbox",
              "Content-Type": "text/plain; charset=utf-8",
              "Cross-Origin-Resource-Policy": "cross-origin",
              "Date": "Wed, 21 Aug 2024 22:41:20 GMT",
              "Etag": "W/\"2ca559dd5452fc59cabcc8d037e3ffacc95e3dc2e72b33774f21540ff16ad7e8\"",
              "Expires": "Wed, 21 Aug 2024 22:46:20 GMT",
              "Source-Age": "0",
              "Strict-Transport-Security": "max-age=31536000",
              "Vary": "Authorization,Accept-Encoding,Origin",
              "Via": "1.1 varnish",
              "X-Cache": "HIT",
              "X-Cache-Hits": "0",
              "X-Content-Type-Options": "nosniff",
              "X-Fastly-Request-Id": "c13e5fa0724efa92c99d0f062e4d34c00944e655",
              "X-Frame-Options": "deny",
              "X-Github-Request-Id": "674D:3E0AF8:15178:17811:66C65D4B",
              "X-Served-By": "cache-bog2260031-BOG",
              "X-Timer": "S1724280081.793020,VS0,VE151",
              "X-Xss-Protection": "1; mode=block"
            },
            "status_code": 200,
            "url": "https://raw.githubusercontent.com/kubernetes-sigs/aws-load-balancer-controller/v2.4.7/docs/install/iam_policy.json"
          },
          "sensitive_attributes": []
        }
      ]
    },
    {
      "mode": "managed",
      "type": "aws_acm_certificate",
      "name": "flyte_cert",
      "provider": "provider[\"registry.opentofu.org/hashicorp/aws\"]",
      "instances": [
        {
          "schema_version": 0,
          "attributes": {
            "arn": "arn:aws:acm:us-east-2:024848460340:certificate/8d5f2e85-f069-406a-b165-aa9129907624",
            "certificate_authority_arn": "",
            "certificate_body": null,
            "certificate_chain": null,
            "domain_name": "flytetf.fthwdemo.com",
            "domain_validation_options": [
              {
                "domain_name": "flytetf.fthwdemo.com",
                "resource_record_name": "_cfd79f75521f6b35b4ece7f9a1ce0e10.flytetf.fthwdemo.com.",
                "resource_record_type": "CNAME",
                "resource_record_value": "_2165ff16aca3358a30c172cead6d6645.djqtsrsxkq.acm-validations.aws."
              }
            ],
            "early_renewal_duration": "",
            "id": "arn:aws:acm:us-east-2:024848460340:certificate/8d5f2e85-f069-406a-b165-aa9129907624",
            "key_algorithm": "RSA_2048",
            "not_after": "",
            "not_before": "",
            "options": [
              {
                "certificate_transparency_logging_preference": "ENABLED"
              }
            ],
            "pending_renewal": false,
            "private_key": null,
            "renewal_eligibility": "INELIGIBLE",
            "renewal_summary": [],
            "status": "PENDING_VALIDATION",
            "subject_alternative_names": [
              "flytetf.fthwdemo.com"
            ],
            "tags": null,
            "tags_all": {},
            "type": "AMAZON_ISSUED",
            "validation_emails": [],
            "validation_method": "DNS",
            "validation_option": []
          },
          "sensitive_attributes": [],
          "private": "bnVsbA==",
          "dependencies": [
            "data.aws_route53_zone.zone"
          ],
          "create_before_destroy": true
        }
      ]
    },
    {
      "mode": "managed",
      "type": "aws_acm_certificate_validation",
      "name": "dns_validated_cert",
      "provider": "provider[\"registry.opentofu.org/hashicorp/aws\"]",
      "instances": [
        {
          "schema_version": 0,
          "attributes": {
            "certificate_arn": "arn:aws:acm:us-east-2:024848460340:certificate/8d5f2e85-f069-406a-b165-aa9129907624",
            "id": "2024-08-21 22:46:04.241 +0000 UTC",
            "timeouts": null,
            "validation_record_fqdns": [
              "_cfd79f75521f6b35b4ece7f9a1ce0e10.flytetf.fthwdemo.com"
            ]
          },
          "sensitive_attributes": [],
          "private": "eyJlMmJmYjczMC1lY2FhLTExZTYtOGY4OC0zNDM2M2JjN2M0YzAiOnsiY3JlYXRlIjo0NTAwMDAwMDAwMDAwfX0=",
          "dependencies": [
            "aws_acm_certificate.flyte_cert",
            "aws_route53_record.cert_validation_record",
            "data.aws_route53_zone.zone"
          ]
        }
      ]
    },
    {
      "mode": "managed",
      "type": "aws_autoscaling_group_tag",
      "name": "eks_managed_node_group_asg_tag",
      "provider": "provider[\"registry.opentofu.org/hashicorp/aws\"]",
      "instances": [
        {
          "index_key": "services-label/eks.amazonaws.com/capacityType",
          "schema_version": 0,
          "attributes": {
            "autoscaling_group_name": "eks-services-2024082122551241230000003a-9cc8bb93-5d90-378f-7a0f-659e9a026fad",
            "id": "eks-services-2024082122551241230000003a-9cc8bb93-5d90-378f-7a0f-659e9a026fad,k8s.io/cluster-autoscaler/node-template/label/eks.amazonaws.com/capacityType",
            "tag": [
              {
                "key": "k8s.io/cluster-autoscaler/node-template/label/eks.amazonaws.com/capacityType",
                "propagate_at_launch": false,
                "value": "ON_DEMAND"
              }
            ]
          },
          "sensitive_attributes": [],
          "private": "bnVsbA==",
          "dependencies": [
            "data.aws_availability_zones.available",
            "data.aws_eks_cluster_auth.default",
            "module.eks.aws_cloudwatch_log_group.this",
            "module.eks.aws_ec2_tag.cluster_primary_security_group",
            "module.eks.aws_eks_addon.before_compute",
            "module.eks.aws_eks_addon.this",
            "module.eks.aws_eks_cluster.this",
            "module.eks.aws_eks_identity_provider_config.this",
            "module.eks.aws_iam_openid_connect_provider.oidc_provider",
            "module.eks.aws_iam_policy.cluster_encryption",
            "module.eks.aws_iam_policy.cni_ipv6_policy",
            "module.eks.aws_iam_role.this",
            "module.eks.aws_iam_role_policy_attachment.additional",
            "module.eks.aws_iam_role_policy_attachment.cluster_encryption",
            "module.eks.aws_iam_role_policy_attachment.this",
            "module.eks.aws_security_group.cluster",
            "module.eks.aws_security_group.node",
            "module.eks.aws_security_group_rule.cluster",
            "module.eks.aws_security_group_rule.node",
            "module.eks.data.aws_caller_identity.current",
            "module.eks.data.aws_eks_addon_version.this",
            "module.eks.data.aws_iam_policy_document.assume_role_policy",
            "module.eks.data.aws_iam_policy_document.cni_ipv6_policy",
            "module.eks.data.aws_iam_session_context.current",
            "module.eks.data.aws_partition.current",
            "module.eks.data.tls_certificate.this",
            "module.eks.kubernetes_config_map.aws_auth",
            "module.eks.kubernetes_config_map_v1_data.aws_auth",
            "module.eks.module.eks_managed_node_group.aws_eks_node_group.this",
            "module.eks.module.eks_managed_node_group.aws_iam_role.this",
            "module.eks.module.eks_managed_node_group.aws_iam_role_policy_attachment.additional",
            "module.eks.module.eks_managed_node_group.aws_iam_role_policy_attachment.this",
            "module.eks.module.eks_managed_node_group.aws_launch_template.this",
            "module.eks.module.eks_managed_node_group.data.aws_caller_identity.current",
            "module.eks.module.eks_managed_node_group.data.aws_iam_policy_document.assume_role_policy",
            "module.eks.module.eks_managed_node_group.data.aws_partition.current",
            "module.eks.module.eks_managed_node_group.module.user_data.data.cloudinit_config.linux_eks_managed_node_group",
            "module.eks.module.fargate_profile.aws_eks_fargate_profile.this",
            "module.eks.module.fargate_profile.aws_iam_role.this",
            "module.eks.module.fargate_profile.aws_iam_role_policy_attachment.additional",
            "module.eks.module.fargate_profile.aws_iam_role_policy_attachment.this",
            "module.eks.module.fargate_profile.data.aws_caller_identity.current",
            "module.eks.module.fargate_profile.data.aws_iam_policy_document.assume_role_policy",
            "module.eks.module.fargate_profile.data.aws_partition.current",
            "module.eks.module.kms.aws_kms_alias.this",
            "module.eks.module.kms.aws_kms_external_key.this",
            "module.eks.module.kms.aws_kms_grant.this",
            "module.eks.module.kms.aws_kms_key.this",
            "module.eks.module.kms.data.aws_caller_identity.current",
            "module.eks.module.kms.data.aws_iam_policy_document.this",
            "module.eks.module.kms.data.aws_partition.current",
            "module.eks.module.self_managed_node_group.aws_autoscaling_group.this",
            "module.eks.module.self_managed_node_group.aws_autoscaling_schedule.this",
            "module.eks.module.self_managed_node_group.aws_iam_instance_profile.this",
            "module.eks.module.self_managed_node_group.aws_iam_role.this",
            "module.eks.module.self_managed_node_group.aws_iam_role_policy_attachment.additional",
            "module.eks.module.self_managed_node_group.aws_iam_role_policy_attachment.this",
            "module.eks.module.self_managed_node_group.aws_launch_template.this",
            "module.eks.module.self_managed_node_group.data.aws_ami.eks_default",
            "module.eks.module.self_managed_node_group.data.aws_caller_identity.current",
            "module.eks.module.self_managed_node_group.data.aws_iam_policy_document.assume_role_policy",
            "module.eks.module.self_managed_node_group.data.aws_partition.current",
            "module.eks.module.self_managed_node_group.module.user_data.data.cloudinit_config.linux_eks_managed_node_group",
            "module.eks.time_sleep.this",
            "module.vpc.aws_subnet.private",
            "module.vpc.aws_vpc.this",
            "module.vpc.aws_vpc_ipv4_cidr_block_association.this"
          ]
        },
        {
          "index_key": "services-resources/ephemeral-storage",
          "schema_version": 0,
          "attributes": {
            "autoscaling_group_name": "eks-services-2024082122551241230000003a-9cc8bb93-5d90-378f-7a0f-659e9a026fad",
            "id": "eks-services-2024082122551241230000003a-9cc8bb93-5d90-378f-7a0f-659e9a026fad,k8s.io/cluster-autoscaler/node-template/resources/ephemeral-storage",
            "tag": [
              {
                "key": "k8s.io/cluster-autoscaler/node-template/resources/ephemeral-storage",
                "propagate_at_launch": false,
                "value": "20G"
              }
            ]
          },
          "sensitive_attributes": [],
          "private": "bnVsbA==",
          "dependencies": [
            "data.aws_availability_zones.available",
            "data.aws_eks_cluster_auth.default",
            "module.eks.aws_cloudwatch_log_group.this",
            "module.eks.aws_ec2_tag.cluster_primary_security_group",
            "module.eks.aws_eks_addon.before_compute",
            "module.eks.aws_eks_addon.this",
            "module.eks.aws_eks_cluster.this",
            "module.eks.aws_eks_identity_provider_config.this",
            "module.eks.aws_iam_openid_connect_provider.oidc_provider",
            "module.eks.aws_iam_policy.cluster_encryption",
            "module.eks.aws_iam_policy.cni_ipv6_policy",
            "module.eks.aws_iam_role.this",
            "module.eks.aws_iam_role_policy_attachment.additional",
            "module.eks.aws_iam_role_policy_attachment.cluster_encryption",
            "module.eks.aws_iam_role_policy_attachment.this",
            "module.eks.aws_security_group.cluster",
            "module.eks.aws_security_group.node",
            "module.eks.aws_security_group_rule.cluster",
            "module.eks.aws_security_group_rule.node",
            "module.eks.data.aws_caller_identity.current",
            "module.eks.data.aws_eks_addon_version.this",
            "module.eks.data.aws_iam_policy_document.assume_role_policy",
            "module.eks.data.aws_iam_policy_document.cni_ipv6_policy",
            "module.eks.data.aws_iam_session_context.current",
            "module.eks.data.aws_partition.current",
            "module.eks.data.tls_certificate.this",
            "module.eks.kubernetes_config_map.aws_auth",
            "module.eks.kubernetes_config_map_v1_data.aws_auth",
            "module.eks.module.eks_managed_node_group.aws_eks_node_group.this",
            "module.eks.module.eks_managed_node_group.aws_iam_role.this",
            "module.eks.module.eks_managed_node_group.aws_iam_role_policy_attachment.additional",
            "module.eks.module.eks_managed_node_group.aws_iam_role_policy_attachment.this",
            "module.eks.module.eks_managed_node_group.aws_launch_template.this",
            "module.eks.module.eks_managed_node_group.data.aws_caller_identity.current",
            "module.eks.module.eks_managed_node_group.data.aws_iam_policy_document.assume_role_policy",
            "module.eks.module.eks_managed_node_group.data.aws_partition.current",
            "module.eks.module.eks_managed_node_group.module.user_data.data.cloudinit_config.linux_eks_managed_node_group",
            "module.eks.module.fargate_profile.aws_eks_fargate_profile.this",
            "module.eks.module.fargate_profile.aws_iam_role.this",
            "module.eks.module.fargate_profile.aws_iam_role_policy_attachment.additional",
            "module.eks.module.fargate_profile.aws_iam_role_policy_attachment.this",
            "module.eks.module.fargate_profile.data.aws_caller_identity.current",
            "module.eks.module.fargate_profile.data.aws_iam_policy_document.assume_role_policy",
            "module.eks.module.fargate_profile.data.aws_partition.current",
            "module.eks.module.kms.aws_kms_alias.this",
            "module.eks.module.kms.aws_kms_external_key.this",
            "module.eks.module.kms.aws_kms_grant.this",
            "module.eks.module.kms.aws_kms_key.this",
            "module.eks.module.kms.data.aws_caller_identity.current",
            "module.eks.module.kms.data.aws_iam_policy_document.this",
            "module.eks.module.kms.data.aws_partition.current",
            "module.eks.module.self_managed_node_group.aws_autoscaling_group.this",
            "module.eks.module.self_managed_node_group.aws_autoscaling_schedule.this",
            "module.eks.module.self_managed_node_group.aws_iam_instance_profile.this",
            "module.eks.module.self_managed_node_group.aws_iam_role.this",
            "module.eks.module.self_managed_node_group.aws_iam_role_policy_attachment.additional",
            "module.eks.module.self_managed_node_group.aws_iam_role_policy_attachment.this",
            "module.eks.module.self_managed_node_group.aws_launch_template.this",
            "module.eks.module.self_managed_node_group.data.aws_ami.eks_default",
            "module.eks.module.self_managed_node_group.data.aws_caller_identity.current",
            "module.eks.module.self_managed_node_group.data.aws_iam_policy_document.assume_role_policy",
            "module.eks.module.self_managed_node_group.data.aws_partition.current",
            "module.eks.module.self_managed_node_group.module.user_data.data.cloudinit_config.linux_eks_managed_node_group",
            "module.eks.time_sleep.this",
            "module.vpc.aws_subnet.private",
            "module.vpc.aws_vpc.this",
            "module.vpc.aws_vpc_ipv4_cidr_block_association.this"
          ]
        },
        {
          "index_key": "worker-gpu-on-demand-label/eks.amazonaws.com/capacityType",
          "schema_version": 0,
          "attributes": {
            "autoscaling_group_name": "eks-worker-gpu-on-demand-20240821225512414700000042-c2c8bb93-5d81-0123-9255-1c3d54e379cd",
            "id": "eks-worker-gpu-on-demand-20240821225512414700000042-c2c8bb93-5d81-0123-9255-1c3d54e379cd,k8s.io/cluster-autoscaler/node-template/label/eks.amazonaws.com/capacityType",
            "tag": [
              {
                "key": "k8s.io/cluster-autoscaler/node-template/label/eks.amazonaws.com/capacityType",
                "propagate_at_launch": false,
                "value": "ON_DEMAND"
              }
            ]
          },
          "sensitive_attributes": [],
          "private": "bnVsbA==",
          "dependencies": [
            "data.aws_availability_zones.available",
            "data.aws_eks_cluster_auth.default",
            "module.eks.aws_cloudwatch_log_group.this",
            "module.eks.aws_ec2_tag.cluster_primary_security_group",
            "module.eks.aws_eks_addon.before_compute",
            "module.eks.aws_eks_addon.this",
            "module.eks.aws_eks_cluster.this",
            "module.eks.aws_eks_identity_provider_config.this",
            "module.eks.aws_iam_openid_connect_provider.oidc_provider",
            "module.eks.aws_iam_policy.cluster_encryption",
            "module.eks.aws_iam_policy.cni_ipv6_policy",
            "module.eks.aws_iam_role.this",
            "module.eks.aws_iam_role_policy_attachment.additional",
            "module.eks.aws_iam_role_policy_attachment.cluster_encryption",
            "module.eks.aws_iam_role_policy_attachment.this",
            "module.eks.aws_security_group.cluster",
            "module.eks.aws_security_group.node",
            "module.eks.aws_security_group_rule.cluster",
            "module.eks.aws_security_group_rule.node",
            "module.eks.data.aws_caller_identity.current",
            "module.eks.data.aws_eks_addon_version.this",
            "module.eks.data.aws_iam_policy_document.assume_role_policy",
            "module.eks.data.aws_iam_policy_document.cni_ipv6_policy",
            "module.eks.data.aws_iam_session_context.current",
            "module.eks.data.aws_partition.current",
            "module.eks.data.tls_certificate.this",
            "module.eks.kubernetes_config_map.aws_auth",
            "module.eks.kubernetes_config_map_v1_data.aws_auth",
            "module.eks.module.eks_managed_node_group.aws_eks_node_group.this",
            "module.eks.module.eks_managed_node_group.aws_iam_role.this",
            "module.eks.module.eks_managed_node_group.aws_iam_role_policy_attachment.additional",
            "module.eks.module.eks_managed_node_group.aws_iam_role_policy_attachment.this",
            "module.eks.module.eks_managed_node_group.aws_launch_template.this",
            "module.eks.module.eks_managed_node_group.data.aws_caller_identity.current",
            "module.eks.module.eks_managed_node_group.data.aws_iam_policy_document.assume_role_policy",
            "module.eks.module.eks_managed_node_group.data.aws_partition.current",
            "module.eks.module.eks_managed_node_group.module.user_data.data.cloudinit_config.linux_eks_managed_node_group",
            "module.eks.module.fargate_profile.aws_eks_fargate_profile.this",
            "module.eks.module.fargate_profile.aws_iam_role.this",
            "module.eks.module.fargate_profile.aws_iam_role_policy_attachment.additional",
            "module.eks.module.fargate_profile.aws_iam_role_policy_attachment.this",
            "module.eks.module.fargate_profile.data.aws_caller_identity.current",
            "module.eks.module.fargate_profile.data.aws_iam_policy_document.assume_role_policy",
            "module.eks.module.fargate_profile.data.aws_partition.current",
            "module.eks.module.kms.aws_kms_alias.this",
            "module.eks.module.kms.aws_kms_external_key.this",
            "module.eks.module.kms.aws_kms_grant.this",
            "module.eks.module.kms.aws_kms_key.this",
            "module.eks.module.kms.data.aws_caller_identity.current",
            "module.eks.module.kms.data.aws_iam_policy_document.this",
            "module.eks.module.kms.data.aws_partition.current",
            "module.eks.module.self_managed_node_group.aws_autoscaling_group.this",
            "module.eks.module.self_managed_node_group.aws_autoscaling_schedule.this",
            "module.eks.module.self_managed_node_group.aws_iam_instance_profile.this",
            "module.eks.module.self_managed_node_group.aws_iam_role.this",
            "module.eks.module.self_managed_node_group.aws_iam_role_policy_attachment.additional",
            "module.eks.module.self_managed_node_group.aws_iam_role_policy_attachment.this",
            "module.eks.module.self_managed_node_group.aws_launch_template.this",
            "module.eks.module.self_managed_node_group.data.aws_ami.eks_default",
            "module.eks.module.self_managed_node_group.data.aws_caller_identity.current",
            "module.eks.module.self_managed_node_group.data.aws_iam_policy_document.assume_role_policy",
            "module.eks.module.self_managed_node_group.data.aws_partition.current",
            "module.eks.module.self_managed_node_group.module.user_data.data.cloudinit_config.linux_eks_managed_node_group",
            "module.eks.time_sleep.this",
            "module.vpc.aws_subnet.private",
            "module.vpc.aws_vpc.this",
            "module.vpc.aws_vpc_ipv4_cidr_block_association.this"
          ]
        },
        {
          "index_key": "worker-gpu-on-demand-label/flyte.org/node-role",
          "schema_version": 0,
          "attributes": {
            "autoscaling_group_name": "eks-worker-gpu-on-demand-20240821225512414700000042-c2c8bb93-5d81-0123-9255-1c3d54e379cd",
            "id": "eks-worker-gpu-on-demand-20240821225512414700000042-c2c8bb93-5d81-0123-9255-1c3d54e379cd,k8s.io/cluster-autoscaler/node-template/label/flyte.org/node-role",
            "tag": [
              {
                "key": "k8s.io/cluster-autoscaler/node-template/label/flyte.org/node-role",
                "propagate_at_launch": false,
                "value": "worker"
              }
            ]
          },
          "sensitive_attributes": [],
          "private": "bnVsbA==",
          "dependencies": [
            "data.aws_availability_zones.available",
            "data.aws_eks_cluster_auth.default",
            "module.eks.aws_cloudwatch_log_group.this",
            "module.eks.aws_ec2_tag.cluster_primary_security_group",
            "module.eks.aws_eks_addon.before_compute",
            "module.eks.aws_eks_addon.this",
            "module.eks.aws_eks_cluster.this",
            "module.eks.aws_eks_identity_provider_config.this",
            "module.eks.aws_iam_openid_connect_provider.oidc_provider",
            "module.eks.aws_iam_policy.cluster_encryption",
            "module.eks.aws_iam_policy.cni_ipv6_policy",
            "module.eks.aws_iam_role.this",
            "module.eks.aws_iam_role_policy_attachment.additional",
            "module.eks.aws_iam_role_policy_attachment.cluster_encryption",
            "module.eks.aws_iam_role_policy_attachment.this",
            "module.eks.aws_security_group.cluster",
            "module.eks.aws_security_group.node",
            "module.eks.aws_security_group_rule.cluster",
            "module.eks.aws_security_group_rule.node",
            "module.eks.data.aws_caller_identity.current",
            "module.eks.data.aws_eks_addon_version.this",
            "module.eks.data.aws_iam_policy_document.assume_role_policy",
            "module.eks.data.aws_iam_policy_document.cni_ipv6_policy",
            "module.eks.data.aws_iam_session_context.current",
            "module.eks.data.aws_partition.current",
            "module.eks.data.tls_certificate.this",
            "module.eks.kubernetes_config_map.aws_auth",
            "module.eks.kubernetes_config_map_v1_data.aws_auth",
            "module.eks.module.eks_managed_node_group.aws_eks_node_group.this",
            "module.eks.module.eks_managed_node_group.aws_iam_role.this",
            "module.eks.module.eks_managed_node_group.aws_iam_role_policy_attachment.additional",
            "module.eks.module.eks_managed_node_group.aws_iam_role_policy_attachment.this",
            "module.eks.module.eks_managed_node_group.aws_launch_template.this",
            "module.eks.module.eks_managed_node_group.data.aws_caller_identity.current",
            "module.eks.module.eks_managed_node_group.data.aws_iam_policy_document.assume_role_policy",
            "module.eks.module.eks_managed_node_group.data.aws_partition.current",
            "module.eks.module.eks_managed_node_group.module.user_data.data.cloudinit_config.linux_eks_managed_node_group",
            "module.eks.module.fargate_profile.aws_eks_fargate_profile.this",
            "module.eks.module.fargate_profile.aws_iam_role.this",
            "module.eks.module.fargate_profile.aws_iam_role_policy_attachment.additional",
            "module.eks.module.fargate_profile.aws_iam_role_policy_attachment.this",
            "module.eks.module.fargate_profile.data.aws_caller_identity.current",
            "module.eks.module.fargate_profile.data.aws_iam_policy_document.assume_role_policy",
            "module.eks.module.fargate_profile.data.aws_partition.current",
            "module.eks.module.kms.aws_kms_alias.this",
            "module.eks.module.kms.aws_kms_external_key.this",
            "module.eks.module.kms.aws_kms_grant.this",
            "module.eks.module.kms.aws_kms_key.this",
            "module.eks.module.kms.data.aws_caller_identity.current",
            "module.eks.module.kms.data.aws_iam_policy_document.this",
            "module.eks.module.kms.data.aws_partition.current",
            "module.eks.module.self_managed_node_group.aws_autoscaling_group.this",
            "module.eks.module.self_managed_node_group.aws_autoscaling_schedule.this",
            "module.eks.module.self_managed_node_group.aws_iam_instance_profile.this",
            "module.eks.module.self_managed_node_group.aws_iam_role.this",
            "module.eks.module.self_managed_node_group.aws_iam_role_policy_attachment.additional",
            "module.eks.module.self_managed_node_group.aws_iam_role_policy_attachment.this",
            "module.eks.module.self_managed_node_group.aws_launch_template.this",
            "module.eks.module.self_managed_node_group.data.aws_ami.eks_default",
            "module.eks.module.self_managed_node_group.data.aws_caller_identity.current",
            "module.eks.module.self_managed_node_group.data.aws_iam_policy_document.assume_role_policy",
            "module.eks.module.self_managed_node_group.data.aws_partition.current",
            "module.eks.module.self_managed_node_group.module.user_data.data.cloudinit_config.linux_eks_managed_node_group",
            "module.eks.time_sleep.this",
            "module.vpc.aws_subnet.private",
            "module.vpc.aws_vpc.this",
            "module.vpc.aws_vpc_ipv4_cidr_block_association.this"
          ]
        },
        {
          "index_key": "worker-gpu-on-demand-label/k8s.amazonaws.com/accelerator",
          "schema_version": 0,
          "attributes": {
            "autoscaling_group_name": "eks-worker-gpu-on-demand-20240821225512414700000042-c2c8bb93-5d81-0123-9255-1c3d54e379cd",
            "id": "eks-worker-gpu-on-demand-20240821225512414700000042-c2c8bb93-5d81-0123-9255-1c3d54e379cd,k8s.io/cluster-autoscaler/node-template/label/k8s.amazonaws.com/accelerator",
            "tag": [
              {
                "key": "k8s.io/cluster-autoscaler/node-template/label/k8s.amazonaws.com/accelerator",
                "propagate_at_launch": false,
                "value": "nvidia-tesla-t4"
              }
            ]
          },
          "sensitive_attributes": [],
          "private": "bnVsbA==",
          "dependencies": [
            "data.aws_availability_zones.available",
            "data.aws_eks_cluster_auth.default",
            "module.eks.aws_cloudwatch_log_group.this",
            "module.eks.aws_ec2_tag.cluster_primary_security_group",
            "module.eks.aws_eks_addon.before_compute",
            "module.eks.aws_eks_addon.this",
            "module.eks.aws_eks_cluster.this",
            "module.eks.aws_eks_identity_provider_config.this",
            "module.eks.aws_iam_openid_connect_provider.oidc_provider",
            "module.eks.aws_iam_policy.cluster_encryption",
            "module.eks.aws_iam_policy.cni_ipv6_policy",
            "module.eks.aws_iam_role.this",
            "module.eks.aws_iam_role_policy_attachment.additional",
            "module.eks.aws_iam_role_policy_attachment.cluster_encryption",
            "module.eks.aws_iam_role_policy_attachment.this",
            "module.eks.aws_security_group.cluster",
            "module.eks.aws_security_group.node",
            "module.eks.aws_security_group_rule.cluster",
            "module.eks.aws_security_group_rule.node",
            "module.eks.data.aws_caller_identity.current",
            "module.eks.data.aws_eks_addon_version.this",
            "module.eks.data.aws_iam_policy_document.assume_role_policy",
            "module.eks.data.aws_iam_policy_document.cni_ipv6_policy",
            "module.eks.data.aws_iam_session_context.current",
            "module.eks.data.aws_partition.current",
            "module.eks.data.tls_certificate.this",
            "module.eks.kubernetes_config_map.aws_auth",
            "module.eks.kubernetes_config_map_v1_data.aws_auth",
            "module.eks.module.eks_managed_node_group.aws_eks_node_group.this",
            "module.eks.module.eks_managed_node_group.aws_iam_role.this",
            "module.eks.module.eks_managed_node_group.aws_iam_role_policy_attachment.additional",
            "module.eks.module.eks_managed_node_group.aws_iam_role_policy_attachment.this",
            "module.eks.module.eks_managed_node_group.aws_launch_template.this",
            "module.eks.module.eks_managed_node_group.data.aws_caller_identity.current",
            "module.eks.module.eks_managed_node_group.data.aws_iam_policy_document.assume_role_policy",
            "module.eks.module.eks_managed_node_group.data.aws_partition.current",
            "module.eks.module.eks_managed_node_group.module.user_data.data.cloudinit_config.linux_eks_managed_node_group",
            "module.eks.module.fargate_profile.aws_eks_fargate_profile.this",
            "module.eks.module.fargate_profile.aws_iam_role.this",
            "module.eks.module.fargate_profile.aws_iam_role_policy_attachment.additional",
            "module.eks.module.fargate_profile.aws_iam_role_policy_attachment.this",
            "module.eks.module.fargate_profile.data.aws_caller_identity.current",
            "module.eks.module.fargate_profile.data.aws_iam_policy_document.assume_role_policy",
            "module.eks.module.fargate_profile.data.aws_partition.current",
            "module.eks.module.kms.aws_kms_alias.this",
            "module.eks.module.kms.aws_kms_external_key.this",
            "module.eks.module.kms.aws_kms_grant.this",
            "module.eks.module.kms.aws_kms_key.this",
            "module.eks.module.kms.data.aws_caller_identity.current",
            "module.eks.module.kms.data.aws_iam_policy_document.this",
            "module.eks.module.kms.data.aws_partition.current",
            "module.eks.module.self_managed_node_group.aws_autoscaling_group.this",
            "module.eks.module.self_managed_node_group.aws_autoscaling_schedule.this",
            "module.eks.module.self_managed_node_group.aws_iam_instance_profile.this",
            "module.eks.module.self_managed_node_group.aws_iam_role.this",
            "module.eks.module.self_managed_node_group.aws_iam_role_policy_attachment.additional",
            "module.eks.module.self_managed_node_group.aws_iam_role_policy_attachment.this",
            "module.eks.module.self_managed_node_group.aws_launch_template.this",
            "module.eks.module.self_managed_node_group.data.aws_ami.eks_default",
            "module.eks.module.self_managed_node_group.data.aws_caller_identity.current",
            "module.eks.module.self_managed_node_group.data.aws_iam_policy_document.assume_role_policy",
            "module.eks.module.self_managed_node_group.data.aws_partition.current",
            "module.eks.module.self_managed_node_group.module.user_data.data.cloudinit_config.linux_eks_managed_node_group",
            "module.eks.time_sleep.this",
            "module.vpc.aws_subnet.private",
            "module.vpc.aws_vpc.this",
            "module.vpc.aws_vpc_ipv4_cidr_block_association.this"
          ]
        },
        {
          "index_key": "worker-gpu-on-demand-resources/ephemeral-storage",
          "schema_version": 0,
          "attributes": {
            "autoscaling_group_name": "eks-worker-gpu-on-demand-20240821225512414700000042-c2c8bb93-5d81-0123-9255-1c3d54e379cd",
            "id": "eks-worker-gpu-on-demand-20240821225512414700000042-c2c8bb93-5d81-0123-9255-1c3d54e379cd,k8s.io/cluster-autoscaler/node-template/resources/ephemeral-storage",
            "tag": [
              {
                "key": "k8s.io/cluster-autoscaler/node-template/resources/ephemeral-storage",
                "propagate_at_launch": false,
                "value": "1800G"
              }
            ]
          },
          "sensitive_attributes": [],
          "private": "bnVsbA==",
          "dependencies": [
            "data.aws_availability_zones.available",
            "data.aws_eks_cluster_auth.default",
            "module.eks.aws_cloudwatch_log_group.this",
            "module.eks.aws_ec2_tag.cluster_primary_security_group",
            "module.eks.aws_eks_addon.before_compute",
            "module.eks.aws_eks_addon.this",
            "module.eks.aws_eks_cluster.this",
            "module.eks.aws_eks_identity_provider_config.this",
            "module.eks.aws_iam_openid_connect_provider.oidc_provider",
            "module.eks.aws_iam_policy.cluster_encryption",
            "module.eks.aws_iam_policy.cni_ipv6_policy",
            "module.eks.aws_iam_role.this",
            "module.eks.aws_iam_role_policy_attachment.additional",
            "module.eks.aws_iam_role_policy_attachment.cluster_encryption",
            "module.eks.aws_iam_role_policy_attachment.this",
            "module.eks.aws_security_group.cluster",
            "module.eks.aws_security_group.node",
            "module.eks.aws_security_group_rule.cluster",
            "module.eks.aws_security_group_rule.node",
            "module.eks.data.aws_caller_identity.current",
            "module.eks.data.aws_eks_addon_version.this",
            "module.eks.data.aws_iam_policy_document.assume_role_policy",
            "module.eks.data.aws_iam_policy_document.cni_ipv6_policy",
            "module.eks.data.aws_iam_session_context.current",
            "module.eks.data.aws_partition.current",
            "module.eks.data.tls_certificate.this",
            "module.eks.kubernetes_config_map.aws_auth",
            "module.eks.kubernetes_config_map_v1_data.aws_auth",
            "module.eks.module.eks_managed_node_group.aws_eks_node_group.this",
            "module.eks.module.eks_managed_node_group.aws_iam_role.this",
            "module.eks.module.eks_managed_node_group.aws_iam_role_policy_attachment.additional",
            "module.eks.module.eks_managed_node_group.aws_iam_role_policy_attachment.this",
            "module.eks.module.eks_managed_node_group.aws_launch_template.this",
            "module.eks.module.eks_managed_node_group.data.aws_caller_identity.current",
            "module.eks.module.eks_managed_node_group.data.aws_iam_policy_document.assume_role_policy",
            "module.eks.module.eks_managed_node_group.data.aws_partition.current",
            "module.eks.module.eks_managed_node_group.module.user_data.data.cloudinit_config.linux_eks_managed_node_group",
            "module.eks.module.fargate_profile.aws_eks_fargate_profile.this",
            "module.eks.module.fargate_profile.aws_iam_role.this",
            "module.eks.module.fargate_profile.aws_iam_role_policy_attachment.additional",
            "module.eks.module.fargate_profile.aws_iam_role_policy_attachment.this",
            "module.eks.module.fargate_profile.data.aws_caller_identity.current",
            "module.eks.module.fargate_profile.data.aws_iam_policy_document.assume_role_policy",
            "module.eks.module.fargate_profile.data.aws_partition.current",
            "module.eks.module.kms.aws_kms_alias.this",
            "module.eks.module.kms.aws_kms_external_key.this",
            "module.eks.module.kms.aws_kms_grant.this",
            "module.eks.module.kms.aws_kms_key.this",
            "module.eks.module.kms.data.aws_caller_identity.current",
            "module.eks.module.kms.data.aws_iam_policy_document.this",
            "module.eks.module.kms.data.aws_partition.current",
            "module.eks.module.self_managed_node_group.aws_autoscaling_group.this",
            "module.eks.module.self_managed_node_group.aws_autoscaling_schedule.this",
            "module.eks.module.self_managed_node_group.aws_iam_instance_profile.this",
            "module.eks.module.self_managed_node_group.aws_iam_role.this",
            "module.eks.module.self_managed_node_group.aws_iam_role_policy_attachment.additional",
            "module.eks.module.self_managed_node_group.aws_iam_role_policy_attachment.this",
            "module.eks.module.self_managed_node_group.aws_launch_template.this",
            "module.eks.module.self_managed_node_group.data.aws_ami.eks_default",
            "module.eks.module.self_managed_node_group.data.aws_caller_identity.current",
            "module.eks.module.self_managed_node_group.data.aws_iam_policy_document.assume_role_policy",
            "module.eks.module.self_managed_node_group.data.aws_partition.current",
            "module.eks.module.self_managed_node_group.module.user_data.data.cloudinit_config.linux_eks_managed_node_group",
            "module.eks.time_sleep.this",
            "module.vpc.aws_subnet.private",
            "module.vpc.aws_vpc.this",
            "module.vpc.aws_vpc_ipv4_cidr_block_association.this"
          ]
        },
        {
          "index_key": "worker-gpu-on-demand-resources/nvidia.com/gpu",
          "schema_version": 0,
          "attributes": {
            "autoscaling_group_name": "eks-worker-gpu-on-demand-20240821225512414700000042-c2c8bb93-5d81-0123-9255-1c3d54e379cd",
            "id": "eks-worker-gpu-on-demand-20240821225512414700000042-c2c8bb93-5d81-0123-9255-1c3d54e379cd,k8s.io/cluster-autoscaler/node-template/resources/nvidia.com/gpu",
            "tag": [
              {
                "key": "k8s.io/cluster-autoscaler/node-template/resources/nvidia.com/gpu",
                "propagate_at_launch": false,
                "value": "8"
              }
            ]
          },
          "sensitive_attributes": [],
          "private": "bnVsbA==",
          "dependencies": [
            "data.aws_availability_zones.available",
            "data.aws_eks_cluster_auth.default",
            "module.eks.aws_cloudwatch_log_group.this",
            "module.eks.aws_ec2_tag.cluster_primary_security_group",
            "module.eks.aws_eks_addon.before_compute",
            "module.eks.aws_eks_addon.this",
            "module.eks.aws_eks_cluster.this",
            "module.eks.aws_eks_identity_provider_config.this",
            "module.eks.aws_iam_openid_connect_provider.oidc_provider",
            "module.eks.aws_iam_policy.cluster_encryption",
            "module.eks.aws_iam_policy.cni_ipv6_policy",
            "module.eks.aws_iam_role.this",
            "module.eks.aws_iam_role_policy_attachment.additional",
            "module.eks.aws_iam_role_policy_attachment.cluster_encryption",
            "module.eks.aws_iam_role_policy_attachment.this",
            "module.eks.aws_security_group.cluster",
            "module.eks.aws_security_group.node",
            "module.eks.aws_security_group_rule.cluster",
            "module.eks.aws_security_group_rule.node",
            "module.eks.data.aws_caller_identity.current",
            "module.eks.data.aws_eks_addon_version.this",
            "module.eks.data.aws_iam_policy_document.assume_role_policy",
            "module.eks.data.aws_iam_policy_document.cni_ipv6_policy",
            "module.eks.data.aws_iam_session_context.current",
            "module.eks.data.aws_partition.current",
            "module.eks.data.tls_certificate.this",
            "module.eks.kubernetes_config_map.aws_auth",
            "module.eks.kubernetes_config_map_v1_data.aws_auth",
            "module.eks.module.eks_managed_node_group.aws_eks_node_group.this",
            "module.eks.module.eks_managed_node_group.aws_iam_role.this",
            "module.eks.module.eks_managed_node_group.aws_iam_role_policy_attachment.additional",
            "module.eks.module.eks_managed_node_group.aws_iam_role_policy_attachment.this",
            "module.eks.module.eks_managed_node_group.aws_launch_template.this",
            "module.eks.module.eks_managed_node_group.data.aws_caller_identity.current",
            "module.eks.module.eks_managed_node_group.data.aws_iam_policy_document.assume_role_policy",
            "module.eks.module.eks_managed_node_group.data.aws_partition.current",
            "module.eks.module.eks_managed_node_group.module.user_data.data.cloudinit_config.linux_eks_managed_node_group",
            "module.eks.module.fargate_profile.aws_eks_fargate_profile.this",
            "module.eks.module.fargate_profile.aws_iam_role.this",
            "module.eks.module.fargate_profile.aws_iam_role_policy_attachment.additional",
            "module.eks.module.fargate_profile.aws_iam_role_policy_attachment.this",
            "module.eks.module.fargate_profile.data.aws_caller_identity.current",
            "module.eks.module.fargate_profile.data.aws_iam_policy_document.assume_role_policy",
            "module.eks.module.fargate_profile.data.aws_partition.current",
            "module.eks.module.kms.aws_kms_alias.this",
            "module.eks.module.kms.aws_kms_external_key.this",
            "module.eks.module.kms.aws_kms_grant.this",
            "module.eks.module.kms.aws_kms_key.this",
            "module.eks.module.kms.data.aws_caller_identity.current",
            "module.eks.module.kms.data.aws_iam_policy_document.this",
            "module.eks.module.kms.data.aws_partition.current",
            "module.eks.module.self_managed_node_group.aws_autoscaling_group.this",
            "module.eks.module.self_managed_node_group.aws_autoscaling_schedule.this",
            "module.eks.module.self_managed_node_group.aws_iam_instance_profile.this",
            "module.eks.module.self_managed_node_group.aws_iam_role.this",
            "module.eks.module.self_managed_node_group.aws_iam_role_policy_attachment.additional",
            "module.eks.module.self_managed_node_group.aws_iam_role_policy_attachment.this",
            "module.eks.module.self_managed_node_group.aws_launch_template.this",
            "module.eks.module.self_managed_node_group.data.aws_ami.eks_default",
            "module.eks.module.self_managed_node_group.data.aws_caller_identity.current",
            "module.eks.module.self_managed_node_group.data.aws_iam_policy_document.assume_role_policy",
            "module.eks.module.self_managed_node_group.data.aws_partition.current",
            "module.eks.module.self_managed_node_group.module.user_data.data.cloudinit_config.linux_eks_managed_node_group",
            "module.eks.time_sleep.this",
            "module.vpc.aws_subnet.private",
            "module.vpc.aws_vpc.this",
            "module.vpc.aws_vpc_ipv4_cidr_block_association.this"
          ]
        },
        {
          "index_key": "worker-gpu-on-demand-taint/flyte.org/node-role",
          "schema_version": 0,
          "attributes": {
            "autoscaling_group_name": "eks-worker-gpu-on-demand-20240821225512414700000042-c2c8bb93-5d81-0123-9255-1c3d54e379cd",
            "id": "eks-worker-gpu-on-demand-20240821225512414700000042-c2c8bb93-5d81-0123-9255-1c3d54e379cd,k8s.io/cluster-autoscaler/node-template/taint/flyte.org/node-role",
            "tag": [
              {
                "key": "k8s.io/cluster-autoscaler/node-template/taint/flyte.org/node-role",
                "propagate_at_launch": false,
                "value": "worker:NoSchedule"
              }
            ]
          },
          "sensitive_attributes": [],
          "private": "bnVsbA==",
          "dependencies": [
            "data.aws_availability_zones.available",
            "data.aws_eks_cluster_auth.default",
            "module.eks.aws_cloudwatch_log_group.this",
            "module.eks.aws_ec2_tag.cluster_primary_security_group",
            "module.eks.aws_eks_addon.before_compute",
            "module.eks.aws_eks_addon.this",
            "module.eks.aws_eks_cluster.this",
            "module.eks.aws_eks_identity_provider_config.this",
            "module.eks.aws_iam_openid_connect_provider.oidc_provider",
            "module.eks.aws_iam_policy.cluster_encryption",
            "module.eks.aws_iam_policy.cni_ipv6_policy",
            "module.eks.aws_iam_role.this",
            "module.eks.aws_iam_role_policy_attachment.additional",
            "module.eks.aws_iam_role_policy_attachment.cluster_encryption",
            "module.eks.aws_iam_role_policy_attachment.this",
            "module.eks.aws_security_group.cluster",
            "module.eks.aws_security_group.node",
            "module.eks.aws_security_group_rule.cluster",
            "module.eks.aws_security_group_rule.node",
            "module.eks.data.aws_caller_identity.current",
            "module.eks.data.aws_eks_addon_version.this",
            "module.eks.data.aws_iam_policy_document.assume_role_policy",
            "module.eks.data.aws_iam_policy_document.cni_ipv6_policy",
            "module.eks.data.aws_iam_session_context.current",
            "module.eks.data.aws_partition.current",
            "module.eks.data.tls_certificate.this",
            "module.eks.kubernetes_config_map.aws_auth",
            "module.eks.kubernetes_config_map_v1_data.aws_auth",
            "module.eks.module.eks_managed_node_group.aws_eks_node_group.this",
            "module.eks.module.eks_managed_node_group.aws_iam_role.this",
            "module.eks.module.eks_managed_node_group.aws_iam_role_policy_attachment.additional",
            "module.eks.module.eks_managed_node_group.aws_iam_role_policy_attachment.this",
            "module.eks.module.eks_managed_node_group.aws_launch_template.this",
            "module.eks.module.eks_managed_node_group.data.aws_caller_identity.current",
            "module.eks.module.eks_managed_node_group.data.aws_iam_policy_document.assume_role_policy",
            "module.eks.module.eks_managed_node_group.data.aws_partition.current",
            "module.eks.module.eks_managed_node_group.module.user_data.data.cloudinit_config.linux_eks_managed_node_group",
            "module.eks.module.fargate_profile.aws_eks_fargate_profile.this",
            "module.eks.module.fargate_profile.aws_iam_role.this",
            "module.eks.module.fargate_profile.aws_iam_role_policy_attachment.additional",
            "module.eks.module.fargate_profile.aws_iam_role_policy_attachment.this",
            "module.eks.module.fargate_profile.data.aws_caller_identity.current",
            "module.eks.module.fargate_profile.data.aws_iam_policy_document.assume_role_policy",
            "module.eks.module.fargate_profile.data.aws_partition.current",
            "module.eks.module.kms.aws_kms_alias.this",
            "module.eks.module.kms.aws_kms_external_key.this",
            "module.eks.module.kms.aws_kms_grant.this",
            "module.eks.module.kms.aws_kms_key.this",
            "module.eks.module.kms.data.aws_caller_identity.current",
            "module.eks.module.kms.data.aws_iam_policy_document.this",
            "module.eks.module.kms.data.aws_partition.current",
            "module.eks.module.self_managed_node_group.aws_autoscaling_group.this",
            "module.eks.module.self_managed_node_group.aws_autoscaling_schedule.this",
            "module.eks.module.self_managed_node_group.aws_iam_instance_profile.this",
            "module.eks.module.self_managed_node_group.aws_iam_role.this",
            "module.eks.module.self_managed_node_group.aws_iam_role_policy_attachment.additional",
            "module.eks.module.self_managed_node_group.aws_iam_role_policy_attachment.this",
            "module.eks.module.self_managed_node_group.aws_launch_template.this",
            "module.eks.module.self_managed_node_group.data.aws_ami.eks_default",
            "module.eks.module.self_managed_node_group.data.aws_caller_identity.current",
            "module.eks.module.self_managed_node_group.data.aws_iam_policy_document.assume_role_policy",
            "module.eks.module.self_managed_node_group.data.aws_partition.current",
            "module.eks.module.self_managed_node_group.module.user_data.data.cloudinit_config.linux_eks_managed_node_group",
            "module.eks.time_sleep.this",
            "module.vpc.aws_subnet.private",
            "module.vpc.aws_vpc.this",
            "module.vpc.aws_vpc_ipv4_cidr_block_association.this"
          ]
        },
        {
          "index_key": "worker-gpu-on-demand-taint/nvidia.com/gpu",
          "schema_version": 0,
          "attributes": {
            "autoscaling_group_name": "eks-worker-gpu-on-demand-20240821225512414700000042-c2c8bb93-5d81-0123-9255-1c3d54e379cd",
            "id": "eks-worker-gpu-on-demand-20240821225512414700000042-c2c8bb93-5d81-0123-9255-1c3d54e379cd,k8s.io/cluster-autoscaler/node-template/taint/nvidia.com/gpu",
            "tag": [
              {
                "key": "k8s.io/cluster-autoscaler/node-template/taint/nvidia.com/gpu",
                "propagate_at_launch": false,
                "value": "present:NoSchedule"
              }
            ]
          },
          "sensitive_attributes": [],
          "private": "bnVsbA==",
          "dependencies": [
            "data.aws_availability_zones.available",
            "data.aws_eks_cluster_auth.default",
            "module.eks.aws_cloudwatch_log_group.this",
            "module.eks.aws_ec2_tag.cluster_primary_security_group",
            "module.eks.aws_eks_addon.before_compute",
            "module.eks.aws_eks_addon.this",
            "module.eks.aws_eks_cluster.this",
            "module.eks.aws_eks_identity_provider_config.this",
            "module.eks.aws_iam_openid_connect_provider.oidc_provider",
            "module.eks.aws_iam_policy.cluster_encryption",
            "module.eks.aws_iam_policy.cni_ipv6_policy",
            "module.eks.aws_iam_role.this",
            "module.eks.aws_iam_role_policy_attachment.additional",
            "module.eks.aws_iam_role_policy_attachment.cluster_encryption",
            "module.eks.aws_iam_role_policy_attachment.this",
            "module.eks.aws_security_group.cluster",
            "module.eks.aws_security_group.node",
            "module.eks.aws_security_group_rule.cluster",
            "module.eks.aws_security_group_rule.node",
            "module.eks.data.aws_caller_identity.current",
            "module.eks.data.aws_eks_addon_version.this",
            "module.eks.data.aws_iam_policy_document.assume_role_policy",
            "module.eks.data.aws_iam_policy_document.cni_ipv6_policy",
            "module.eks.data.aws_iam_session_context.current",
            "module.eks.data.aws_partition.current",
            "module.eks.data.tls_certificate.this",
            "module.eks.kubernetes_config_map.aws_auth",
            "module.eks.kubernetes_config_map_v1_data.aws_auth",
            "module.eks.module.eks_managed_node_group.aws_eks_node_group.this",
            "module.eks.module.eks_managed_node_group.aws_iam_role.this",
            "module.eks.module.eks_managed_node_group.aws_iam_role_policy_attachment.additional",
            "module.eks.module.eks_managed_node_group.aws_iam_role_policy_attachment.this",
            "module.eks.module.eks_managed_node_group.aws_launch_template.this",
            "module.eks.module.eks_managed_node_group.data.aws_caller_identity.current",
            "module.eks.module.eks_managed_node_group.data.aws_iam_policy_document.assume_role_policy",
            "module.eks.module.eks_managed_node_group.data.aws_partition.current",
            "module.eks.module.eks_managed_node_group.module.user_data.data.cloudinit_config.linux_eks_managed_node_group",
            "module.eks.module.fargate_profile.aws_eks_fargate_profile.this",
            "module.eks.module.fargate_profile.aws_iam_role.this",
            "module.eks.module.fargate_profile.aws_iam_role_policy_attachment.additional",
            "module.eks.module.fargate_profile.aws_iam_role_policy_attachment.this",
            "module.eks.module.fargate_profile.data.aws_caller_identity.current",
            "module.eks.module.fargate_profile.data.aws_iam_policy_document.assume_role_policy",
            "module.eks.module.fargate_profile.data.aws_partition.current",
            "module.eks.module.kms.aws_kms_alias.this",
            "module.eks.module.kms.aws_kms_external_key.this",
            "module.eks.module.kms.aws_kms_grant.this",
            "module.eks.module.kms.aws_kms_key.this",
            "module.eks.module.kms.data.aws_caller_identity.current",
            "module.eks.module.kms.data.aws_iam_policy_document.this",
            "module.eks.module.kms.data.aws_partition.current",
            "module.eks.module.self_managed_node_group.aws_autoscaling_group.this",
            "module.eks.module.self_managed_node_group.aws_autoscaling_schedule.this",
            "module.eks.module.self_managed_node_group.aws_iam_instance_profile.this",
            "module.eks.module.self_managed_node_group.aws_iam_role.this",
            "module.eks.module.self_managed_node_group.aws_iam_role_policy_attachment.additional",
            "module.eks.module.self_managed_node_group.aws_iam_role_policy_attachment.this",
            "module.eks.module.self_managed_node_group.aws_launch_template.this",
            "module.eks.module.self_managed_node_group.data.aws_ami.eks_default",
            "module.eks.module.self_managed_node_group.data.aws_caller_identity.current",
            "module.eks.module.self_managed_node_group.data.aws_iam_policy_document.assume_role_policy",
            "module.eks.module.self_managed_node_group.data.aws_partition.current",
            "module.eks.module.self_managed_node_group.module.user_data.data.cloudinit_config.linux_eks_managed_node_group",
            "module.eks.time_sleep.this",
            "module.vpc.aws_subnet.private",
            "module.vpc.aws_vpc.this",
            "module.vpc.aws_vpc_ipv4_cidr_block_association.this"
          ]
        },
        {
          "index_key": "worker-large-on-demand-label/eks.amazonaws.com/capacityType",
          "schema_version": 0,
          "attributes": {
            "autoscaling_group_name": "eks-worker-large-on-demand-2024082122551241300000003e-3ec8bb93-5d85-4251-667b-7176ee46e74a",
            "id": "eks-worker-large-on-demand-2024082122551241300000003e-3ec8bb93-5d85-4251-667b-7176ee46e74a,k8s.io/cluster-autoscaler/node-template/label/eks.amazonaws.com/capacityType",
            "tag": [
              {
                "key": "k8s.io/cluster-autoscaler/node-template/label/eks.amazonaws.com/capacityType",
                "propagate_at_launch": false,
                "value": "ON_DEMAND"
              }
            ]
          },
          "sensitive_attributes": [],
          "private": "bnVsbA==",
          "dependencies": [
            "data.aws_availability_zones.available",
            "data.aws_eks_cluster_auth.default",
            "module.eks.aws_cloudwatch_log_group.this",
            "module.eks.aws_ec2_tag.cluster_primary_security_group",
            "module.eks.aws_eks_addon.before_compute",
            "module.eks.aws_eks_addon.this",
            "module.eks.aws_eks_cluster.this",
            "module.eks.aws_eks_identity_provider_config.this",
            "module.eks.aws_iam_openid_connect_provider.oidc_provider",
            "module.eks.aws_iam_policy.cluster_encryption",
            "module.eks.aws_iam_policy.cni_ipv6_policy",
            "module.eks.aws_iam_role.this",
            "module.eks.aws_iam_role_policy_attachment.additional",
            "module.eks.aws_iam_role_policy_attachment.cluster_encryption",
            "module.eks.aws_iam_role_policy_attachment.this",
            "module.eks.aws_security_group.cluster",
            "module.eks.aws_security_group.node",
            "module.eks.aws_security_group_rule.cluster",
            "module.eks.aws_security_group_rule.node",
            "module.eks.data.aws_caller_identity.current",
            "module.eks.data.aws_eks_addon_version.this",
            "module.eks.data.aws_iam_policy_document.assume_role_policy",
            "module.eks.data.aws_iam_policy_document.cni_ipv6_policy",
            "module.eks.data.aws_iam_session_context.current",
            "module.eks.data.aws_partition.current",
            "module.eks.data.tls_certificate.this",
            "module.eks.kubernetes_config_map.aws_auth",
            "module.eks.kubernetes_config_map_v1_data.aws_auth",
            "module.eks.module.eks_managed_node_group.aws_eks_node_group.this",
            "module.eks.module.eks_managed_node_group.aws_iam_role.this",
            "module.eks.module.eks_managed_node_group.aws_iam_role_policy_attachment.additional",
            "module.eks.module.eks_managed_node_group.aws_iam_role_policy_attachment.this",
            "module.eks.module.eks_managed_node_group.aws_launch_template.this",
            "module.eks.module.eks_managed_node_group.data.aws_caller_identity.current",
            "module.eks.module.eks_managed_node_group.data.aws_iam_policy_document.assume_role_policy",
            "module.eks.module.eks_managed_node_group.data.aws_partition.current",
            "module.eks.module.eks_managed_node_group.module.user_data.data.cloudinit_config.linux_eks_managed_node_group",
            "module.eks.module.fargate_profile.aws_eks_fargate_profile.this",
            "module.eks.module.fargate_profile.aws_iam_role.this",
            "module.eks.module.fargate_profile.aws_iam_role_policy_attachment.additional",
            "module.eks.module.fargate_profile.aws_iam_role_policy_attachment.this",
            "module.eks.module.fargate_profile.data.aws_caller_identity.current",
            "module.eks.module.fargate_profile.data.aws_iam_policy_document.assume_role_policy",
            "module.eks.module.fargate_profile.data.aws_partition.current",
            "module.eks.module.kms.aws_kms_alias.this",
            "module.eks.module.kms.aws_kms_external_key.this",
            "module.eks.module.kms.aws_kms_grant.this",
            "module.eks.module.kms.aws_kms_key.this",
            "module.eks.module.kms.data.aws_caller_identity.current",
            "module.eks.module.kms.data.aws_iam_policy_document.this",
            "module.eks.module.kms.data.aws_partition.current",
            "module.eks.module.self_managed_node_group.aws_autoscaling_group.this",
            "module.eks.module.self_managed_node_group.aws_autoscaling_schedule.this",
            "module.eks.module.self_managed_node_group.aws_iam_instance_profile.this",
            "module.eks.module.self_managed_node_group.aws_iam_role.this",
            "module.eks.module.self_managed_node_group.aws_iam_role_policy_attachment.additional",
            "module.eks.module.self_managed_node_group.aws_iam_role_policy_attachment.this",
            "module.eks.module.self_managed_node_group.aws_launch_template.this",
            "module.eks.module.self_managed_node_group.data.aws_ami.eks_default",
            "module.eks.module.self_managed_node_group.data.aws_caller_identity.current",
            "module.eks.module.self_managed_node_group.data.aws_iam_policy_document.assume_role_policy",
            "module.eks.module.self_managed_node_group.data.aws_partition.current",
            "module.eks.module.self_managed_node_group.module.user_data.data.cloudinit_config.linux_eks_managed_node_group",
            "module.eks.time_sleep.this",
            "module.vpc.aws_subnet.private",
            "module.vpc.aws_vpc.this",
            "module.vpc.aws_vpc_ipv4_cidr_block_association.this"
          ]
        },
        {
          "index_key": "worker-large-on-demand-label/flyte.org/node-role",
          "schema_version": 0,
          "attributes": {
            "autoscaling_group_name": "eks-worker-large-on-demand-2024082122551241300000003e-3ec8bb93-5d85-4251-667b-7176ee46e74a",
            "id": "eks-worker-large-on-demand-2024082122551241300000003e-3ec8bb93-5d85-4251-667b-7176ee46e74a,k8s.io/cluster-autoscaler/node-template/label/flyte.org/node-role",
            "tag": [
              {
                "key": "k8s.io/cluster-autoscaler/node-template/label/flyte.org/node-role",
                "propagate_at_launch": false,
                "value": "worker"
              }
            ]
          },
          "sensitive_attributes": [],
          "private": "bnVsbA==",
          "dependencies": [
            "data.aws_availability_zones.available",
            "data.aws_eks_cluster_auth.default",
            "module.eks.aws_cloudwatch_log_group.this",
            "module.eks.aws_ec2_tag.cluster_primary_security_group",
            "module.eks.aws_eks_addon.before_compute",
            "module.eks.aws_eks_addon.this",
            "module.eks.aws_eks_cluster.this",
            "module.eks.aws_eks_identity_provider_config.this",
            "module.eks.aws_iam_openid_connect_provider.oidc_provider",
            "module.eks.aws_iam_policy.cluster_encryption",
            "module.eks.aws_iam_policy.cni_ipv6_policy",
            "module.eks.aws_iam_role.this",
            "module.eks.aws_iam_role_policy_attachment.additional",
            "module.eks.aws_iam_role_policy_attachment.cluster_encryption",
            "module.eks.aws_iam_role_policy_attachment.this",
            "module.eks.aws_security_group.cluster",
            "module.eks.aws_security_group.node",
            "module.eks.aws_security_group_rule.cluster",
            "module.eks.aws_security_group_rule.node",
            "module.eks.data.aws_caller_identity.current",
            "module.eks.data.aws_eks_addon_version.this",
            "module.eks.data.aws_iam_policy_document.assume_role_policy",
            "module.eks.data.aws_iam_policy_document.cni_ipv6_policy",
            "module.eks.data.aws_iam_session_context.current",
            "module.eks.data.aws_partition.current",
            "module.eks.data.tls_certificate.this",
            "module.eks.kubernetes_config_map.aws_auth",
            "module.eks.kubernetes_config_map_v1_data.aws_auth",
            "module.eks.module.eks_managed_node_group.aws_eks_node_group.this",
            "module.eks.module.eks_managed_node_group.aws_iam_role.this",
            "module.eks.module.eks_managed_node_group.aws_iam_role_policy_attachment.additional",
            "module.eks.module.eks_managed_node_group.aws_iam_role_policy_attachment.this",
            "module.eks.module.eks_managed_node_group.aws_launch_template.this",
            "module.eks.module.eks_managed_node_group.data.aws_caller_identity.current",
            "module.eks.module.eks_managed_node_group.data.aws_iam_policy_document.assume_role_policy",
            "module.eks.module.eks_managed_node_group.data.aws_partition.current",
            "module.eks.module.eks_managed_node_group.module.user_data.data.cloudinit_config.linux_eks_managed_node_group",
            "module.eks.module.fargate_profile.aws_eks_fargate_profile.this",
            "module.eks.module.fargate_profile.aws_iam_role.this",
            "module.eks.module.fargate_profile.aws_iam_role_policy_attachment.additional",
            "module.eks.module.fargate_profile.aws_iam_role_policy_attachment.this",
            "module.eks.module.fargate_profile.data.aws_caller_identity.current",
            "module.eks.module.fargate_profile.data.aws_iam_policy_document.assume_role_policy",
            "module.eks.module.fargate_profile.data.aws_partition.current",
            "module.eks.module.kms.aws_kms_alias.this",
            "module.eks.module.kms.aws_kms_external_key.this",
            "module.eks.module.kms.aws_kms_grant.this",
            "module.eks.module.kms.aws_kms_key.this",
            "module.eks.module.kms.data.aws_caller_identity.current",
            "module.eks.module.kms.data.aws_iam_policy_document.this",
            "module.eks.module.kms.data.aws_partition.current",
            "module.eks.module.self_managed_node_group.aws_autoscaling_group.this",
            "module.eks.module.self_managed_node_group.aws_autoscaling_schedule.this",
            "module.eks.module.self_managed_node_group.aws_iam_instance_profile.this",
            "module.eks.module.self_managed_node_group.aws_iam_role.this",
            "module.eks.module.self_managed_node_group.aws_iam_role_policy_attachment.additional",
            "module.eks.module.self_managed_node_group.aws_iam_role_policy_attachment.this",
            "module.eks.module.self_managed_node_group.aws_launch_template.this",
            "module.eks.module.self_managed_node_group.data.aws_ami.eks_default",
            "module.eks.module.self_managed_node_group.data.aws_caller_identity.current",
            "module.eks.module.self_managed_node_group.data.aws_iam_policy_document.assume_role_policy",
            "module.eks.module.self_managed_node_group.data.aws_partition.current",
            "module.eks.module.self_managed_node_group.module.user_data.data.cloudinit_config.linux_eks_managed_node_group",
            "module.eks.time_sleep.this",
            "module.vpc.aws_subnet.private",
            "module.vpc.aws_vpc.this",
            "module.vpc.aws_vpc_ipv4_cidr_block_association.this"
          ]
        },
        {
          "index_key": "worker-large-on-demand-resources/ephemeral-storage",
          "schema_version": 0,
          "attributes": {
            "autoscaling_group_name": "eks-worker-large-on-demand-2024082122551241300000003e-3ec8bb93-5d85-4251-667b-7176ee46e74a",
            "id": "eks-worker-large-on-demand-2024082122551241300000003e-3ec8bb93-5d85-4251-667b-7176ee46e74a,k8s.io/cluster-autoscaler/node-template/resources/ephemeral-storage",
            "tag": [
              {
                "key": "k8s.io/cluster-autoscaler/node-template/resources/ephemeral-storage",
                "propagate_at_launch": false,
                "value": "500G"
              }
            ]
          },
          "sensitive_attributes": [],
          "private": "bnVsbA==",
          "dependencies": [
            "data.aws_availability_zones.available",
            "data.aws_eks_cluster_auth.default",
            "module.eks.aws_cloudwatch_log_group.this",
            "module.eks.aws_ec2_tag.cluster_primary_security_group",
            "module.eks.aws_eks_addon.before_compute",
            "module.eks.aws_eks_addon.this",
            "module.eks.aws_eks_cluster.this",
            "module.eks.aws_eks_identity_provider_config.this",
            "module.eks.aws_iam_openid_connect_provider.oidc_provider",
            "module.eks.aws_iam_policy.cluster_encryption",
            "module.eks.aws_iam_policy.cni_ipv6_policy",
            "module.eks.aws_iam_role.this",
            "module.eks.aws_iam_role_policy_attachment.additional",
            "module.eks.aws_iam_role_policy_attachment.cluster_encryption",
            "module.eks.aws_iam_role_policy_attachment.this",
            "module.eks.aws_security_group.cluster",
            "module.eks.aws_security_group.node",
            "module.eks.aws_security_group_rule.cluster",
            "module.eks.aws_security_group_rule.node",
            "module.eks.data.aws_caller_identity.current",
            "module.eks.data.aws_eks_addon_version.this",
            "module.eks.data.aws_iam_policy_document.assume_role_policy",
            "module.eks.data.aws_iam_policy_document.cni_ipv6_policy",
            "module.eks.data.aws_iam_session_context.current",
            "module.eks.data.aws_partition.current",
            "module.eks.data.tls_certificate.this",
            "module.eks.kubernetes_config_map.aws_auth",
            "module.eks.kubernetes_config_map_v1_data.aws_auth",
            "module.eks.module.eks_managed_node_group.aws_eks_node_group.this",
            "module.eks.module.eks_managed_node_group.aws_iam_role.this",
            "module.eks.module.eks_managed_node_group.aws_iam_role_policy_attachment.additional",
            "module.eks.module.eks_managed_node_group.aws_iam_role_policy_attachment.this",
            "module.eks.module.eks_managed_node_group.aws_launch_template.this",
            "module.eks.module.eks_managed_node_group.data.aws_caller_identity.current",
            "module.eks.module.eks_managed_node_group.data.aws_iam_policy_document.assume_role_policy",
            "module.eks.module.eks_managed_node_group.data.aws_partition.current",
            "module.eks.module.eks_managed_node_group.module.user_data.data.cloudinit_config.linux_eks_managed_node_group",
            "module.eks.module.fargate_profile.aws_eks_fargate_profile.this",
            "module.eks.module.fargate_profile.aws_iam_role.this",
            "module.eks.module.fargate_profile.aws_iam_role_policy_attachment.additional",
            "module.eks.module.fargate_profile.aws_iam_role_policy_attachment.this",
            "module.eks.module.fargate_profile.data.aws_caller_identity.current",
            "module.eks.module.fargate_profile.data.aws_iam_policy_document.assume_role_policy",
            "module.eks.module.fargate_profile.data.aws_partition.current",
            "module.eks.module.kms.aws_kms_alias.this",
            "module.eks.module.kms.aws_kms_external_key.this",
            "module.eks.module.kms.aws_kms_grant.this",
            "module.eks.module.kms.aws_kms_key.this",
            "module.eks.module.kms.data.aws_caller_identity.current",
            "module.eks.module.kms.data.aws_iam_policy_document.this",
            "module.eks.module.kms.data.aws_partition.current",
            "module.eks.module.self_managed_node_group.aws_autoscaling_group.this",
            "module.eks.module.self_managed_node_group.aws_autoscaling_schedule.this",
            "module.eks.module.self_managed_node_group.aws_iam_instance_profile.this",
            "module.eks.module.self_managed_node_group.aws_iam_role.this",
            "module.eks.module.self_managed_node_group.aws_iam_role_policy_attachment.additional",
            "module.eks.module.self_managed_node_group.aws_iam_role_policy_attachment.this",
            "module.eks.module.self_managed_node_group.aws_launch_template.this",
            "module.eks.module.self_managed_node_group.data.aws_ami.eks_default",
            "module.eks.module.self_managed_node_group.data.aws_caller_identity.current",
            "module.eks.module.self_managed_node_group.data.aws_iam_policy_document.assume_role_policy",
            "module.eks.module.self_managed_node_group.data.aws_partition.current",
            "module.eks.module.self_managed_node_group.module.user_data.data.cloudinit_config.linux_eks_managed_node_group",
            "module.eks.time_sleep.this",
            "module.vpc.aws_subnet.private",
            "module.vpc.aws_vpc.this",
            "module.vpc.aws_vpc_ipv4_cidr_block_association.this"
          ]
        },
        {
          "index_key": "worker-large-on-demand-taint/flyte.org/node-role",
          "schema_version": 0,
          "attributes": {
            "autoscaling_group_name": "eks-worker-large-on-demand-2024082122551241300000003e-3ec8bb93-5d85-4251-667b-7176ee46e74a",
            "id": "eks-worker-large-on-demand-2024082122551241300000003e-3ec8bb93-5d85-4251-667b-7176ee46e74a,k8s.io/cluster-autoscaler/node-template/taint/flyte.org/node-role",
            "tag": [
              {
                "key": "k8s.io/cluster-autoscaler/node-template/taint/flyte.org/node-role",
                "propagate_at_launch": false,
                "value": "worker:NoSchedule"
              }
            ]
          },
          "sensitive_attributes": [],
          "private": "bnVsbA==",
          "dependencies": [
            "data.aws_availability_zones.available",
            "data.aws_eks_cluster_auth.default",
            "module.eks.aws_cloudwatch_log_group.this",
            "module.eks.aws_ec2_tag.cluster_primary_security_group",
            "module.eks.aws_eks_addon.before_compute",
            "module.eks.aws_eks_addon.this",
            "module.eks.aws_eks_cluster.this",
            "module.eks.aws_eks_identity_provider_config.this",
            "module.eks.aws_iam_openid_connect_provider.oidc_provider",
            "module.eks.aws_iam_policy.cluster_encryption",
            "module.eks.aws_iam_policy.cni_ipv6_policy",
            "module.eks.aws_iam_role.this",
            "module.eks.aws_iam_role_policy_attachment.additional",
            "module.eks.aws_iam_role_policy_attachment.cluster_encryption",
            "module.eks.aws_iam_role_policy_attachment.this",
            "module.eks.aws_security_group.cluster",
            "module.eks.aws_security_group.node",
            "module.eks.aws_security_group_rule.cluster",
            "module.eks.aws_security_group_rule.node",
            "module.eks.data.aws_caller_identity.current",
            "module.eks.data.aws_eks_addon_version.this",
            "module.eks.data.aws_iam_policy_document.assume_role_policy",
            "module.eks.data.aws_iam_policy_document.cni_ipv6_policy",
            "module.eks.data.aws_iam_session_context.current",
            "module.eks.data.aws_partition.current",
            "module.eks.data.tls_certificate.this",
            "module.eks.kubernetes_config_map.aws_auth",
            "module.eks.kubernetes_config_map_v1_data.aws_auth",
            "module.eks.module.eks_managed_node_group.aws_eks_node_group.this",
            "module.eks.module.eks_managed_node_group.aws_iam_role.this",
            "module.eks.module.eks_managed_node_group.aws_iam_role_policy_attachment.additional",
            "module.eks.module.eks_managed_node_group.aws_iam_role_policy_attachment.this",
            "module.eks.module.eks_managed_node_group.aws_launch_template.this",
            "module.eks.module.eks_managed_node_group.data.aws_caller_identity.current",
            "module.eks.module.eks_managed_node_group.data.aws_iam_policy_document.assume_role_policy",
            "module.eks.module.eks_managed_node_group.data.aws_partition.current",
            "module.eks.module.eks_managed_node_group.module.user_data.data.cloudinit_config.linux_eks_managed_node_group",
            "module.eks.module.fargate_profile.aws_eks_fargate_profile.this",
            "module.eks.module.fargate_profile.aws_iam_role.this",
            "module.eks.module.fargate_profile.aws_iam_role_policy_attachment.additional",
            "module.eks.module.fargate_profile.aws_iam_role_policy_attachment.this",
            "module.eks.module.fargate_profile.data.aws_caller_identity.current",
            "module.eks.module.fargate_profile.data.aws_iam_policy_document.assume_role_policy",
            "module.eks.module.fargate_profile.data.aws_partition.current",
            "module.eks.module.kms.aws_kms_alias.this",
            "module.eks.module.kms.aws_kms_external_key.this",
            "module.eks.module.kms.aws_kms_grant.this",
            "module.eks.module.kms.aws_kms_key.this",
            "module.eks.module.kms.data.aws_caller_identity.current",
            "module.eks.module.kms.data.aws_iam_policy_document.this",
            "module.eks.module.kms.data.aws_partition.current",
            "module.eks.module.self_managed_node_group.aws_autoscaling_group.this",
            "module.eks.module.self_managed_node_group.aws_autoscaling_schedule.this",
            "module.eks.module.self_managed_node_group.aws_iam_instance_profile.this",
            "module.eks.module.self_managed_node_group.aws_iam_role.this",
            "module.eks.module.self_managed_node_group.aws_iam_role_policy_attachment.additional",
            "module.eks.module.self_managed_node_group.aws_iam_role_policy_attachment.this",
            "module.eks.module.self_managed_node_group.aws_launch_template.this",
            "module.eks.module.self_managed_node_group.data.aws_ami.eks_default",
            "module.eks.module.self_managed_node_group.data.aws_caller_identity.current",
            "module.eks.module.self_managed_node_group.data.aws_iam_policy_document.assume_role_policy",
            "module.eks.module.self_managed_node_group.data.aws_partition.current",
            "module.eks.module.self_managed_node_group.module.user_data.data.cloudinit_config.linux_eks_managed_node_group",
            "module.eks.time_sleep.this",
            "module.vpc.aws_subnet.private",
            "module.vpc.aws_vpc.this",
            "module.vpc.aws_vpc_ipv4_cidr_block_association.this"
          ]
        },
        {
          "index_key": "worker-large-spot-label/eks.amazonaws.com/capacityType",
          "schema_version": 0,
          "attributes": {
            "autoscaling_group_name": "eks-worker-large-spot-20240821225512414700000040-d4c8bb93-5d8f-fec9-c8ad-7ef985de44aa",
            "id": "eks-worker-large-spot-20240821225512414700000040-d4c8bb93-5d8f-fec9-c8ad-7ef985de44aa,k8s.io/cluster-autoscaler/node-template/label/eks.amazonaws.com/capacityType",
            "tag": [
              {
                "key": "k8s.io/cluster-autoscaler/node-template/label/eks.amazonaws.com/capacityType",
                "propagate_at_launch": false,
                "value": "SPOT"
              }
            ]
          },
          "sensitive_attributes": [],
          "private": "bnVsbA==",
          "dependencies": [
            "data.aws_availability_zones.available",
            "data.aws_eks_cluster_auth.default",
            "module.eks.aws_cloudwatch_log_group.this",
            "module.eks.aws_ec2_tag.cluster_primary_security_group",
            "module.eks.aws_eks_addon.before_compute",
            "module.eks.aws_eks_addon.this",
            "module.eks.aws_eks_cluster.this",
            "module.eks.aws_eks_identity_provider_config.this",
            "module.eks.aws_iam_openid_connect_provider.oidc_provider",
            "module.eks.aws_iam_policy.cluster_encryption",
            "module.eks.aws_iam_policy.cni_ipv6_policy",
            "module.eks.aws_iam_role.this",
            "module.eks.aws_iam_role_policy_attachment.additional",
            "module.eks.aws_iam_role_policy_attachment.cluster_encryption",
            "module.eks.aws_iam_role_policy_attachment.this",
            "module.eks.aws_security_group.cluster",
            "module.eks.aws_security_group.node",
            "module.eks.aws_security_group_rule.cluster",
            "module.eks.aws_security_group_rule.node",
            "module.eks.data.aws_caller_identity.current",
            "module.eks.data.aws_eks_addon_version.this",
            "module.eks.data.aws_iam_policy_document.assume_role_policy",
            "module.eks.data.aws_iam_policy_document.cni_ipv6_policy",
            "module.eks.data.aws_iam_session_context.current",
            "module.eks.data.aws_partition.current",
            "module.eks.data.tls_certificate.this",
            "module.eks.kubernetes_config_map.aws_auth",
            "module.eks.kubernetes_config_map_v1_data.aws_auth",
            "module.eks.module.eks_managed_node_group.aws_eks_node_group.this",
            "module.eks.module.eks_managed_node_group.aws_iam_role.this",
            "module.eks.module.eks_managed_node_group.aws_iam_role_policy_attachment.additional",
            "module.eks.module.eks_managed_node_group.aws_iam_role_policy_attachment.this",
            "module.eks.module.eks_managed_node_group.aws_launch_template.this",
            "module.eks.module.eks_managed_node_group.data.aws_caller_identity.current",
            "module.eks.module.eks_managed_node_group.data.aws_iam_policy_document.assume_role_policy",
            "module.eks.module.eks_managed_node_group.data.aws_partition.current",
            "module.eks.module.eks_managed_node_group.module.user_data.data.cloudinit_config.linux_eks_managed_node_group",
            "module.eks.module.fargate_profile.aws_eks_fargate_profile.this",
            "module.eks.module.fargate_profile.aws_iam_role.this",
            "module.eks.module.fargate_profile.aws_iam_role_policy_attachment.additional",
            "module.eks.module.fargate_profile.aws_iam_role_policy_attachment.this",
            "module.eks.module.fargate_profile.data.aws_caller_identity.current",
            "module.eks.module.fargate_profile.data.aws_iam_policy_document.assume_role_policy",
            "module.eks.module.fargate_profile.data.aws_partition.current",
            "module.eks.module.kms.aws_kms_alias.this",
            "module.eks.module.kms.aws_kms_external_key.this",
            "module.eks.module.kms.aws_kms_grant.this",
            "module.eks.module.kms.aws_kms_key.this",
            "module.eks.module.kms.data.aws_caller_identity.current",
            "module.eks.module.kms.data.aws_iam_policy_document.this",
            "module.eks.module.kms.data.aws_partition.current",
            "module.eks.module.self_managed_node_group.aws_autoscaling_group.this",
            "module.eks.module.self_managed_node_group.aws_autoscaling_schedule.this",
            "module.eks.module.self_managed_node_group.aws_iam_instance_profile.this",
            "module.eks.module.self_managed_node_group.aws_iam_role.this",
            "module.eks.module.self_managed_node_group.aws_iam_role_policy_attachment.additional",
            "module.eks.module.self_managed_node_group.aws_iam_role_policy_attachment.this",
            "module.eks.module.self_managed_node_group.aws_launch_template.this",
            "module.eks.module.self_managed_node_group.data.aws_ami.eks_default",
            "module.eks.module.self_managed_node_group.data.aws_caller_identity.current",
            "module.eks.module.self_managed_node_group.data.aws_iam_policy_document.assume_role_policy",
            "module.eks.module.self_managed_node_group.data.aws_partition.current",
            "module.eks.module.self_managed_node_group.module.user_data.data.cloudinit_config.linux_eks_managed_node_group",
            "module.eks.time_sleep.this",
            "module.vpc.aws_subnet.private",
            "module.vpc.aws_vpc.this",
            "module.vpc.aws_vpc_ipv4_cidr_block_association.this"
          ]
        },
        {
          "index_key": "worker-large-spot-label/flyte.org/node-role",
          "schema_version": 0,
          "attributes": {
            "autoscaling_group_name": "eks-worker-large-spot-20240821225512414700000040-d4c8bb93-5d8f-fec9-c8ad-7ef985de44aa",
            "id": "eks-worker-large-spot-20240821225512414700000040-d4c8bb93-5d8f-fec9-c8ad-7ef985de44aa,k8s.io/cluster-autoscaler/node-template/label/flyte.org/node-role",
            "tag": [
              {
                "key": "k8s.io/cluster-autoscaler/node-template/label/flyte.org/node-role",
                "propagate_at_launch": false,
                "value": "worker"
              }
            ]
          },
          "sensitive_attributes": [],
          "private": "bnVsbA==",
          "dependencies": [
            "data.aws_availability_zones.available",
            "data.aws_eks_cluster_auth.default",
            "module.eks.aws_cloudwatch_log_group.this",
            "module.eks.aws_ec2_tag.cluster_primary_security_group",
            "module.eks.aws_eks_addon.before_compute",
            "module.eks.aws_eks_addon.this",
            "module.eks.aws_eks_cluster.this",
            "module.eks.aws_eks_identity_provider_config.this",
            "module.eks.aws_iam_openid_connect_provider.oidc_provider",
            "module.eks.aws_iam_policy.cluster_encryption",
            "module.eks.aws_iam_policy.cni_ipv6_policy",
            "module.eks.aws_iam_role.this",
            "module.eks.aws_iam_role_policy_attachment.additional",
            "module.eks.aws_iam_role_policy_attachment.cluster_encryption",
            "module.eks.aws_iam_role_policy_attachment.this",
            "module.eks.aws_security_group.cluster",
            "module.eks.aws_security_group.node",
            "module.eks.aws_security_group_rule.cluster",
            "module.eks.aws_security_group_rule.node",
            "module.eks.data.aws_caller_identity.current",
            "module.eks.data.aws_eks_addon_version.this",
            "module.eks.data.aws_iam_policy_document.assume_role_policy",
            "module.eks.data.aws_iam_policy_document.cni_ipv6_policy",
            "module.eks.data.aws_iam_session_context.current",
            "module.eks.data.aws_partition.current",
            "module.eks.data.tls_certificate.this",
            "module.eks.kubernetes_config_map.aws_auth",
            "module.eks.kubernetes_config_map_v1_data.aws_auth",
            "module.eks.module.eks_managed_node_group.aws_eks_node_group.this",
            "module.eks.module.eks_managed_node_group.aws_iam_role.this",
            "module.eks.module.eks_managed_node_group.aws_iam_role_policy_attachment.additional",
            "module.eks.module.eks_managed_node_group.aws_iam_role_policy_attachment.this",
            "module.eks.module.eks_managed_node_group.aws_launch_template.this",
            "module.eks.module.eks_managed_node_group.data.aws_caller_identity.current",
            "module.eks.module.eks_managed_node_group.data.aws_iam_policy_document.assume_role_policy",
            "module.eks.module.eks_managed_node_group.data.aws_partition.current",
            "module.eks.module.eks_managed_node_group.module.user_data.data.cloudinit_config.linux_eks_managed_node_group",
            "module.eks.module.fargate_profile.aws_eks_fargate_profile.this",
            "module.eks.module.fargate_profile.aws_iam_role.this",
            "module.eks.module.fargate_profile.aws_iam_role_policy_attachment.additional",
            "module.eks.module.fargate_profile.aws_iam_role_policy_attachment.this",
            "module.eks.module.fargate_profile.data.aws_caller_identity.current",
            "module.eks.module.fargate_profile.data.aws_iam_policy_document.assume_role_policy",
            "module.eks.module.fargate_profile.data.aws_partition.current",
            "module.eks.module.kms.aws_kms_alias.this",
            "module.eks.module.kms.aws_kms_external_key.this",
            "module.eks.module.kms.aws_kms_grant.this",
            "module.eks.module.kms.aws_kms_key.this",
            "module.eks.module.kms.data.aws_caller_identity.current",
            "module.eks.module.kms.data.aws_iam_policy_document.this",
            "module.eks.module.kms.data.aws_partition.current",
            "module.eks.module.self_managed_node_group.aws_autoscaling_group.this",
            "module.eks.module.self_managed_node_group.aws_autoscaling_schedule.this",
            "module.eks.module.self_managed_node_group.aws_iam_instance_profile.this",
            "module.eks.module.self_managed_node_group.aws_iam_role.this",
            "module.eks.module.self_managed_node_group.aws_iam_role_policy_attachment.additional",
            "module.eks.module.self_managed_node_group.aws_iam_role_policy_attachment.this",
            "module.eks.module.self_managed_node_group.aws_launch_template.this",
            "module.eks.module.self_managed_node_group.data.aws_ami.eks_default",
            "module.eks.module.self_managed_node_group.data.aws_caller_identity.current",
            "module.eks.module.self_managed_node_group.data.aws_iam_policy_document.assume_role_policy",
            "module.eks.module.self_managed_node_group.data.aws_partition.current",
            "module.eks.module.self_managed_node_group.module.user_data.data.cloudinit_config.linux_eks_managed_node_group",
            "module.eks.time_sleep.this",
            "module.vpc.aws_subnet.private",
            "module.vpc.aws_vpc.this",
            "module.vpc.aws_vpc_ipv4_cidr_block_association.this"
          ]
        },
        {
          "index_key": "worker-large-spot-resources/ephemeral-storage",
          "schema_version": 0,
          "attributes": {
            "autoscaling_group_name": "eks-worker-large-spot-20240821225512414700000040-d4c8bb93-5d8f-fec9-c8ad-7ef985de44aa",
            "id": "eks-worker-large-spot-20240821225512414700000040-d4c8bb93-5d8f-fec9-c8ad-7ef985de44aa,k8s.io/cluster-autoscaler/node-template/resources/ephemeral-storage",
            "tag": [
              {
                "key": "k8s.io/cluster-autoscaler/node-template/resources/ephemeral-storage",
                "propagate_at_launch": false,
                "value": "500G"
              }
            ]
          },
          "sensitive_attributes": [],
          "private": "bnVsbA==",
          "dependencies": [
            "data.aws_availability_zones.available",
            "data.aws_eks_cluster_auth.default",
            "module.eks.aws_cloudwatch_log_group.this",
            "module.eks.aws_ec2_tag.cluster_primary_security_group",
            "module.eks.aws_eks_addon.before_compute",
            "module.eks.aws_eks_addon.this",
            "module.eks.aws_eks_cluster.this",
            "module.eks.aws_eks_identity_provider_config.this",
            "module.eks.aws_iam_openid_connect_provider.oidc_provider",
            "module.eks.aws_iam_policy.cluster_encryption",
            "module.eks.aws_iam_policy.cni_ipv6_policy",
            "module.eks.aws_iam_role.this",
            "module.eks.aws_iam_role_policy_attachment.additional",
            "module.eks.aws_iam_role_policy_attachment.cluster_encryption",
            "module.eks.aws_iam_role_policy_attachment.this",
            "module.eks.aws_security_group.cluster",
            "module.eks.aws_security_group.node",
            "module.eks.aws_security_group_rule.cluster",
            "module.eks.aws_security_group_rule.node",
            "module.eks.data.aws_caller_identity.current",
            "module.eks.data.aws_eks_addon_version.this",
            "module.eks.data.aws_iam_policy_document.assume_role_policy",
            "module.eks.data.aws_iam_policy_document.cni_ipv6_policy",
            "module.eks.data.aws_iam_session_context.current",
            "module.eks.data.aws_partition.current",
            "module.eks.data.tls_certificate.this",
            "module.eks.kubernetes_config_map.aws_auth",
            "module.eks.kubernetes_config_map_v1_data.aws_auth",
            "module.eks.module.eks_managed_node_group.aws_eks_node_group.this",
            "module.eks.module.eks_managed_node_group.aws_iam_role.this",
            "module.eks.module.eks_managed_node_group.aws_iam_role_policy_attachment.additional",
            "module.eks.module.eks_managed_node_group.aws_iam_role_policy_attachment.this",
            "module.eks.module.eks_managed_node_group.aws_launch_template.this",
            "module.eks.module.eks_managed_node_group.data.aws_caller_identity.current",
            "module.eks.module.eks_managed_node_group.data.aws_iam_policy_document.assume_role_policy",
            "module.eks.module.eks_managed_node_group.data.aws_partition.current",
            "module.eks.module.eks_managed_node_group.module.user_data.data.cloudinit_config.linux_eks_managed_node_group",
            "module.eks.module.fargate_profile.aws_eks_fargate_profile.this",
            "module.eks.module.fargate_profile.aws_iam_role.this",
            "module.eks.module.fargate_profile.aws_iam_role_policy_attachment.additional",
            "module.eks.module.fargate_profile.aws_iam_role_policy_attachment.this",
            "module.eks.module.fargate_profile.data.aws_caller_identity.current",
            "module.eks.module.fargate_profile.data.aws_iam_policy_document.assume_role_policy",
            "module.eks.module.fargate_profile.data.aws_partition.current",
            "module.eks.module.kms.aws_kms_alias.this",
            "module.eks.module.kms.aws_kms_external_key.this",
            "module.eks.module.kms.aws_kms_grant.this",
            "module.eks.module.kms.aws_kms_key.this",
            "module.eks.module.kms.data.aws_caller_identity.current",
            "module.eks.module.kms.data.aws_iam_policy_document.this",
            "module.eks.module.kms.data.aws_partition.current",
            "module.eks.module.self_managed_node_group.aws_autoscaling_group.this",
            "module.eks.module.self_managed_node_group.aws_autoscaling_schedule.this",
            "module.eks.module.self_managed_node_group.aws_iam_instance_profile.this",
            "module.eks.module.self_managed_node_group.aws_iam_role.this",
            "module.eks.module.self_managed_node_group.aws_iam_role_policy_attachment.additional",
            "module.eks.module.self_managed_node_group.aws_iam_role_policy_attachment.this",
            "module.eks.module.self_managed_node_group.aws_launch_template.this",
            "module.eks.module.self_managed_node_group.data.aws_ami.eks_default",
            "module.eks.module.self_managed_node_group.data.aws_caller_identity.current",
            "module.eks.module.self_managed_node_group.data.aws_iam_policy_document.assume_role_policy",
            "module.eks.module.self_managed_node_group.data.aws_partition.current",
            "module.eks.module.self_managed_node_group.module.user_data.data.cloudinit_config.linux_eks_managed_node_group",
            "module.eks.time_sleep.this",
            "module.vpc.aws_subnet.private",
            "module.vpc.aws_vpc.this",
            "module.vpc.aws_vpc_ipv4_cidr_block_association.this"
          ]
        },
        {
          "index_key": "worker-large-spot-taint/flyte.org/node-role",
          "schema_version": 0,
          "attributes": {
            "autoscaling_group_name": "eks-worker-large-spot-20240821225512414700000040-d4c8bb93-5d8f-fec9-c8ad-7ef985de44aa",
            "id": "eks-worker-large-spot-20240821225512414700000040-d4c8bb93-5d8f-fec9-c8ad-7ef985de44aa,k8s.io/cluster-autoscaler/node-template/taint/flyte.org/node-role",
            "tag": [
              {
                "key": "k8s.io/cluster-autoscaler/node-template/taint/flyte.org/node-role",
                "propagate_at_launch": false,
                "value": "worker:NoSchedule"
              }
            ]
          },
          "sensitive_attributes": [],
          "private": "bnVsbA==",
          "dependencies": [
            "data.aws_availability_zones.available",
            "data.aws_eks_cluster_auth.default",
            "module.eks.aws_cloudwatch_log_group.this",
            "module.eks.aws_ec2_tag.cluster_primary_security_group",
            "module.eks.aws_eks_addon.before_compute",
            "module.eks.aws_eks_addon.this",
            "module.eks.aws_eks_cluster.this",
            "module.eks.aws_eks_identity_provider_config.this",
            "module.eks.aws_iam_openid_connect_provider.oidc_provider",
            "module.eks.aws_iam_policy.cluster_encryption",
            "module.eks.aws_iam_policy.cni_ipv6_policy",
            "module.eks.aws_iam_role.this",
            "module.eks.aws_iam_role_policy_attachment.additional",
            "module.eks.aws_iam_role_policy_attachment.cluster_encryption",
            "module.eks.aws_iam_role_policy_attachment.this",
            "module.eks.aws_security_group.cluster",
            "module.eks.aws_security_group.node",
            "module.eks.aws_security_group_rule.cluster",
            "module.eks.aws_security_group_rule.node",
            "module.eks.data.aws_caller_identity.current",
            "module.eks.data.aws_eks_addon_version.this",
            "module.eks.data.aws_iam_policy_document.assume_role_policy",
            "module.eks.data.aws_iam_policy_document.cni_ipv6_policy",
            "module.eks.data.aws_iam_session_context.current",
            "module.eks.data.aws_partition.current",
            "module.eks.data.tls_certificate.this",
            "module.eks.kubernetes_config_map.aws_auth",
            "module.eks.kubernetes_config_map_v1_data.aws_auth",
            "module.eks.module.eks_managed_node_group.aws_eks_node_group.this",
            "module.eks.module.eks_managed_node_group.aws_iam_role.this",
            "module.eks.module.eks_managed_node_group.aws_iam_role_policy_attachment.additional",
            "module.eks.module.eks_managed_node_group.aws_iam_role_policy_attachment.this",
            "module.eks.module.eks_managed_node_group.aws_launch_template.this",
            "module.eks.module.eks_managed_node_group.data.aws_caller_identity.current",
            "module.eks.module.eks_managed_node_group.data.aws_iam_policy_document.assume_role_policy",
            "module.eks.module.eks_managed_node_group.data.aws_partition.current",
            "module.eks.module.eks_managed_node_group.module.user_data.data.cloudinit_config.linux_eks_managed_node_group",
            "module.eks.module.fargate_profile.aws_eks_fargate_profile.this",
            "module.eks.module.fargate_profile.aws_iam_role.this",
            "module.eks.module.fargate_profile.aws_iam_role_policy_attachment.additional",
            "module.eks.module.fargate_profile.aws_iam_role_policy_attachment.this",
            "module.eks.module.fargate_profile.data.aws_caller_identity.current",
            "module.eks.module.fargate_profile.data.aws_iam_policy_document.assume_role_policy",
            "module.eks.module.fargate_profile.data.aws_partition.current",
            "module.eks.module.kms.aws_kms_alias.this",
            "module.eks.module.kms.aws_kms_external_key.this",
            "module.eks.module.kms.aws_kms_grant.this",
            "module.eks.module.kms.aws_kms_key.this",
            "module.eks.module.kms.data.aws_caller_identity.current",
            "module.eks.module.kms.data.aws_iam_policy_document.this",
            "module.eks.module.kms.data.aws_partition.current",
            "module.eks.module.self_managed_node_group.aws_autoscaling_group.this",
            "module.eks.module.self_managed_node_group.aws_autoscaling_schedule.this",
            "module.eks.module.self_managed_node_group.aws_iam_instance_profile.this",
            "module.eks.module.self_managed_node_group.aws_iam_role.this",
            "module.eks.module.self_managed_node_group.aws_iam_role_policy_attachment.additional",
            "module.eks.module.self_managed_node_group.aws_iam_role_policy_attachment.this",
            "module.eks.module.self_managed_node_group.aws_launch_template.this",
            "module.eks.module.self_managed_node_group.data.aws_ami.eks_default",
            "module.eks.module.self_managed_node_group.data.aws_caller_identity.current",
            "module.eks.module.self_managed_node_group.data.aws_iam_policy_document.assume_role_policy",
            "module.eks.module.self_managed_node_group.data.aws_partition.current",
            "module.eks.module.self_managed_node_group.module.user_data.data.cloudinit_config.linux_eks_managed_node_group",
            "module.eks.time_sleep.this",
            "module.vpc.aws_subnet.private",
            "module.vpc.aws_vpc.this",
            "module.vpc.aws_vpc_ipv4_cidr_block_association.this"
          ]
        },
        {
          "index_key": "worker-on-demand-label/eks.amazonaws.com/capacityType",
          "schema_version": 0,
          "attributes": {
            "autoscaling_group_name": "eks-worker-on-demand-20240821225512414700000044-8ec8bb93-5d89-ff95-bfd3-eed89d25f443",
            "id": "eks-worker-on-demand-20240821225512414700000044-8ec8bb93-5d89-ff95-bfd3-eed89d25f443,k8s.io/cluster-autoscaler/node-template/label/eks.amazonaws.com/capacityType",
            "tag": [
              {
                "key": "k8s.io/cluster-autoscaler/node-template/label/eks.amazonaws.com/capacityType",
                "propagate_at_launch": false,
                "value": "ON_DEMAND"
              }
            ]
          },
          "sensitive_attributes": [],
          "private": "bnVsbA==",
          "dependencies": [
            "data.aws_availability_zones.available",
            "data.aws_eks_cluster_auth.default",
            "module.eks.aws_cloudwatch_log_group.this",
            "module.eks.aws_ec2_tag.cluster_primary_security_group",
            "module.eks.aws_eks_addon.before_compute",
            "module.eks.aws_eks_addon.this",
            "module.eks.aws_eks_cluster.this",
            "module.eks.aws_eks_identity_provider_config.this",
            "module.eks.aws_iam_openid_connect_provider.oidc_provider",
            "module.eks.aws_iam_policy.cluster_encryption",
            "module.eks.aws_iam_policy.cni_ipv6_policy",
            "module.eks.aws_iam_role.this",
            "module.eks.aws_iam_role_policy_attachment.additional",
            "module.eks.aws_iam_role_policy_attachment.cluster_encryption",
            "module.eks.aws_iam_role_policy_attachment.this",
            "module.eks.aws_security_group.cluster",
            "module.eks.aws_security_group.node",
            "module.eks.aws_security_group_rule.cluster",
            "module.eks.aws_security_group_rule.node",
            "module.eks.data.aws_caller_identity.current",
            "module.eks.data.aws_eks_addon_version.this",
            "module.eks.data.aws_iam_policy_document.assume_role_policy",
            "module.eks.data.aws_iam_policy_document.cni_ipv6_policy",
            "module.eks.data.aws_iam_session_context.current",
            "module.eks.data.aws_partition.current",
            "module.eks.data.tls_certificate.this",
            "module.eks.kubernetes_config_map.aws_auth",
            "module.eks.kubernetes_config_map_v1_data.aws_auth",
            "module.eks.module.eks_managed_node_group.aws_eks_node_group.this",
            "module.eks.module.eks_managed_node_group.aws_iam_role.this",
            "module.eks.module.eks_managed_node_group.aws_iam_role_policy_attachment.additional",
            "module.eks.module.eks_managed_node_group.aws_iam_role_policy_attachment.this",
            "module.eks.module.eks_managed_node_group.aws_launch_template.this",
            "module.eks.module.eks_managed_node_group.data.aws_caller_identity.current",
            "module.eks.module.eks_managed_node_group.data.aws_iam_policy_document.assume_role_policy",
            "module.eks.module.eks_managed_node_group.data.aws_partition.current",
            "module.eks.module.eks_managed_node_group.module.user_data.data.cloudinit_config.linux_eks_managed_node_group",
            "module.eks.module.fargate_profile.aws_eks_fargate_profile.this",
            "module.eks.module.fargate_profile.aws_iam_role.this",
            "module.eks.module.fargate_profile.aws_iam_role_policy_attachment.additional",
            "module.eks.module.fargate_profile.aws_iam_role_policy_attachment.this",
            "module.eks.module.fargate_profile.data.aws_caller_identity.current",
            "module.eks.module.fargate_profile.data.aws_iam_policy_document.assume_role_policy",
            "module.eks.module.fargate_profile.data.aws_partition.current",
            "module.eks.module.kms.aws_kms_alias.this",
            "module.eks.module.kms.aws_kms_external_key.this",
            "module.eks.module.kms.aws_kms_grant.this",
            "module.eks.module.kms.aws_kms_key.this",
            "module.eks.module.kms.data.aws_caller_identity.current",
            "module.eks.module.kms.data.aws_iam_policy_document.this",
            "module.eks.module.kms.data.aws_partition.current",
            "module.eks.module.self_managed_node_group.aws_autoscaling_group.this",
            "module.eks.module.self_managed_node_group.aws_autoscaling_schedule.this",
            "module.eks.module.self_managed_node_group.aws_iam_instance_profile.this",
            "module.eks.module.self_managed_node_group.aws_iam_role.this",
            "module.eks.module.self_managed_node_group.aws_iam_role_policy_attachment.additional",
            "module.eks.module.self_managed_node_group.aws_iam_role_policy_attachment.this",
            "module.eks.module.self_managed_node_group.aws_launch_template.this",
            "module.eks.module.self_managed_node_group.data.aws_ami.eks_default",
            "module.eks.module.self_managed_node_group.data.aws_caller_identity.current",
            "module.eks.module.self_managed_node_group.data.aws_iam_policy_document.assume_role_policy",
            "module.eks.module.self_managed_node_group.data.aws_partition.current",
            "module.eks.module.self_managed_node_group.module.user_data.data.cloudinit_config.linux_eks_managed_node_group",
            "module.eks.time_sleep.this",
            "module.vpc.aws_subnet.private",
            "module.vpc.aws_vpc.this",
            "module.vpc.aws_vpc_ipv4_cidr_block_association.this"
          ]
        },
        {
          "index_key": "worker-on-demand-label/flyte.org/node-role",
          "schema_version": 0,
          "attributes": {
            "autoscaling_group_name": "eks-worker-on-demand-20240821225512414700000044-8ec8bb93-5d89-ff95-bfd3-eed89d25f443",
            "id": "eks-worker-on-demand-20240821225512414700000044-8ec8bb93-5d89-ff95-bfd3-eed89d25f443,k8s.io/cluster-autoscaler/node-template/label/flyte.org/node-role",
            "tag": [
              {
                "key": "k8s.io/cluster-autoscaler/node-template/label/flyte.org/node-role",
                "propagate_at_launch": false,
                "value": "worker"
              }
            ]
          },
          "sensitive_attributes": [],
          "private": "bnVsbA==",
          "dependencies": [
            "data.aws_availability_zones.available",
            "data.aws_eks_cluster_auth.default",
            "module.eks.aws_cloudwatch_log_group.this",
            "module.eks.aws_ec2_tag.cluster_primary_security_group",
            "module.eks.aws_eks_addon.before_compute",
            "module.eks.aws_eks_addon.this",
            "module.eks.aws_eks_cluster.this",
            "module.eks.aws_eks_identity_provider_config.this",
            "module.eks.aws_iam_openid_connect_provider.oidc_provider",
            "module.eks.aws_iam_policy.cluster_encryption",
            "module.eks.aws_iam_policy.cni_ipv6_policy",
            "module.eks.aws_iam_role.this",
            "module.eks.aws_iam_role_policy_attachment.additional",
            "module.eks.aws_iam_role_policy_attachment.cluster_encryption",
            "module.eks.aws_iam_role_policy_attachment.this",
            "module.eks.aws_security_group.cluster",
            "module.eks.aws_security_group.node",
            "module.eks.aws_security_group_rule.cluster",
            "module.eks.aws_security_group_rule.node",
            "module.eks.data.aws_caller_identity.current",
            "module.eks.data.aws_eks_addon_version.this",
            "module.eks.data.aws_iam_policy_document.assume_role_policy",
            "module.eks.data.aws_iam_policy_document.cni_ipv6_policy",
            "module.eks.data.aws_iam_session_context.current",
            "module.eks.data.aws_partition.current",
            "module.eks.data.tls_certificate.this",
            "module.eks.kubernetes_config_map.aws_auth",
            "module.eks.kubernetes_config_map_v1_data.aws_auth",
            "module.eks.module.eks_managed_node_group.aws_eks_node_group.this",
            "module.eks.module.eks_managed_node_group.aws_iam_role.this",
            "module.eks.module.eks_managed_node_group.aws_iam_role_policy_attachment.additional",
            "module.eks.module.eks_managed_node_group.aws_iam_role_policy_attachment.this",
            "module.eks.module.eks_managed_node_group.aws_launch_template.this",
            "module.eks.module.eks_managed_node_group.data.aws_caller_identity.current",
            "module.eks.module.eks_managed_node_group.data.aws_iam_policy_document.assume_role_policy",
            "module.eks.module.eks_managed_node_group.data.aws_partition.current",
            "module.eks.module.eks_managed_node_group.module.user_data.data.cloudinit_config.linux_eks_managed_node_group",
            "module.eks.module.fargate_profile.aws_eks_fargate_profile.this",
            "module.eks.module.fargate_profile.aws_iam_role.this",
            "module.eks.module.fargate_profile.aws_iam_role_policy_attachment.additional",
            "module.eks.module.fargate_profile.aws_iam_role_policy_attachment.this",
            "module.eks.module.fargate_profile.data.aws_caller_identity.current",
            "module.eks.module.fargate_profile.data.aws_iam_policy_document.assume_role_policy",
            "module.eks.module.fargate_profile.data.aws_partition.current",
            "module.eks.module.kms.aws_kms_alias.this",
            "module.eks.module.kms.aws_kms_external_key.this",
            "module.eks.module.kms.aws_kms_grant.this",
            "module.eks.module.kms.aws_kms_key.this",
            "module.eks.module.kms.data.aws_caller_identity.current",
            "module.eks.module.kms.data.aws_iam_policy_document.this",
            "module.eks.module.kms.data.aws_partition.current",
            "module.eks.module.self_managed_node_group.aws_autoscaling_group.this",
            "module.eks.module.self_managed_node_group.aws_autoscaling_schedule.this",
            "module.eks.module.self_managed_node_group.aws_iam_instance_profile.this",
            "module.eks.module.self_managed_node_group.aws_iam_role.this",
            "module.eks.module.self_managed_node_group.aws_iam_role_policy_attachment.additional",
            "module.eks.module.self_managed_node_group.aws_iam_role_policy_attachment.this",
            "module.eks.module.self_managed_node_group.aws_launch_template.this",
            "module.eks.module.self_managed_node_group.data.aws_ami.eks_default",
            "module.eks.module.self_managed_node_group.data.aws_caller_identity.current",
            "module.eks.module.self_managed_node_group.data.aws_iam_policy_document.assume_role_policy",
            "module.eks.module.self_managed_node_group.data.aws_partition.current",
            "module.eks.module.self_managed_node_group.module.user_data.data.cloudinit_config.linux_eks_managed_node_group",
            "module.eks.time_sleep.this",
            "module.vpc.aws_subnet.private",
            "module.vpc.aws_vpc.this",
            "module.vpc.aws_vpc_ipv4_cidr_block_association.this"
          ]
        },
        {
          "index_key": "worker-on-demand-resources/ephemeral-storage",
          "schema_version": 0,
          "attributes": {
            "autoscaling_group_name": "eks-worker-on-demand-20240821225512414700000044-8ec8bb93-5d89-ff95-bfd3-eed89d25f443",
            "id": "eks-worker-on-demand-20240821225512414700000044-8ec8bb93-5d89-ff95-bfd3-eed89d25f443,k8s.io/cluster-autoscaler/node-template/resources/ephemeral-storage",
            "tag": [
              {
                "key": "k8s.io/cluster-autoscaler/node-template/resources/ephemeral-storage",
                "propagate_at_launch": false,
                "value": "500G"
              }
            ]
          },
          "sensitive_attributes": [],
          "private": "bnVsbA==",
          "dependencies": [
            "data.aws_availability_zones.available",
            "data.aws_eks_cluster_auth.default",
            "module.eks.aws_cloudwatch_log_group.this",
            "module.eks.aws_ec2_tag.cluster_primary_security_group",
            "module.eks.aws_eks_addon.before_compute",
            "module.eks.aws_eks_addon.this",
            "module.eks.aws_eks_cluster.this",
            "module.eks.aws_eks_identity_provider_config.this",
            "module.eks.aws_iam_openid_connect_provider.oidc_provider",
            "module.eks.aws_iam_policy.cluster_encryption",
            "module.eks.aws_iam_policy.cni_ipv6_policy",
            "module.eks.aws_iam_role.this",
            "module.eks.aws_iam_role_policy_attachment.additional",
            "module.eks.aws_iam_role_policy_attachment.cluster_encryption",
            "module.eks.aws_iam_role_policy_attachment.this",
            "module.eks.aws_security_group.cluster",
            "module.eks.aws_security_group.node",
            "module.eks.aws_security_group_rule.cluster",
            "module.eks.aws_security_group_rule.node",
            "module.eks.data.aws_caller_identity.current",
            "module.eks.data.aws_eks_addon_version.this",
            "module.eks.data.aws_iam_policy_document.assume_role_policy",
            "module.eks.data.aws_iam_policy_document.cni_ipv6_policy",
            "module.eks.data.aws_iam_session_context.current",
            "module.eks.data.aws_partition.current",
            "module.eks.data.tls_certificate.this",
            "module.eks.kubernetes_config_map.aws_auth",
            "module.eks.kubernetes_config_map_v1_data.aws_auth",
            "module.eks.module.eks_managed_node_group.aws_eks_node_group.this",
            "module.eks.module.eks_managed_node_group.aws_iam_role.this",
            "module.eks.module.eks_managed_node_group.aws_iam_role_policy_attachment.additional",
            "module.eks.module.eks_managed_node_group.aws_iam_role_policy_attachment.this",
            "module.eks.module.eks_managed_node_group.aws_launch_template.this",
            "module.eks.module.eks_managed_node_group.data.aws_caller_identity.current",
            "module.eks.module.eks_managed_node_group.data.aws_iam_policy_document.assume_role_policy",
            "module.eks.module.eks_managed_node_group.data.aws_partition.current",
            "module.eks.module.eks_managed_node_group.module.user_data.data.cloudinit_config.linux_eks_managed_node_group",
            "module.eks.module.fargate_profile.aws_eks_fargate_profile.this",
            "module.eks.module.fargate_profile.aws_iam_role.this",
            "module.eks.module.fargate_profile.aws_iam_role_policy_attachment.additional",
            "module.eks.module.fargate_profile.aws_iam_role_policy_attachment.this",
            "module.eks.module.fargate_profile.data.aws_caller_identity.current",
            "module.eks.module.fargate_profile.data.aws_iam_policy_document.assume_role_policy",
            "module.eks.module.fargate_profile.data.aws_partition.current",
            "module.eks.module.kms.aws_kms_alias.this",
            "module.eks.module.kms.aws_kms_external_key.this",
            "module.eks.module.kms.aws_kms_grant.this",
            "module.eks.module.kms.aws_kms_key.this",
            "module.eks.module.kms.data.aws_caller_identity.current",
            "module.eks.module.kms.data.aws_iam_policy_document.this",
            "module.eks.module.kms.data.aws_partition.current",
            "module.eks.module.self_managed_node_group.aws_autoscaling_group.this",
            "module.eks.module.self_managed_node_group.aws_autoscaling_schedule.this",
            "module.eks.module.self_managed_node_group.aws_iam_instance_profile.this",
            "module.eks.module.self_managed_node_group.aws_iam_role.this",
            "module.eks.module.self_managed_node_group.aws_iam_role_policy_attachment.additional",
            "module.eks.module.self_managed_node_group.aws_iam_role_policy_attachment.this",
            "module.eks.module.self_managed_node_group.aws_launch_template.this",
            "module.eks.module.self_managed_node_group.data.aws_ami.eks_default",
            "module.eks.module.self_managed_node_group.data.aws_caller_identity.current",
            "module.eks.module.self_managed_node_group.data.aws_iam_policy_document.assume_role_policy",
            "module.eks.module.self_managed_node_group.data.aws_partition.current",
            "module.eks.module.self_managed_node_group.module.user_data.data.cloudinit_config.linux_eks_managed_node_group",
            "module.eks.time_sleep.this",
            "module.vpc.aws_subnet.private",
            "module.vpc.aws_vpc.this",
            "module.vpc.aws_vpc_ipv4_cidr_block_association.this"
          ]
        },
        {
          "index_key": "worker-on-demand-taint/flyte.org/node-role",
          "schema_version": 0,
          "attributes": {
            "autoscaling_group_name": "eks-worker-on-demand-20240821225512414700000044-8ec8bb93-5d89-ff95-bfd3-eed89d25f443",
            "id": "eks-worker-on-demand-20240821225512414700000044-8ec8bb93-5d89-ff95-bfd3-eed89d25f443,k8s.io/cluster-autoscaler/node-template/taint/flyte.org/node-role",
            "tag": [
              {
                "key": "k8s.io/cluster-autoscaler/node-template/taint/flyte.org/node-role",
                "propagate_at_launch": false,
                "value": "worker:NoSchedule"
              }
            ]
          },
          "sensitive_attributes": [],
          "private": "bnVsbA==",
          "dependencies": [
            "data.aws_availability_zones.available",
            "data.aws_eks_cluster_auth.default",
            "module.eks.aws_cloudwatch_log_group.this",
            "module.eks.aws_ec2_tag.cluster_primary_security_group",
            "module.eks.aws_eks_addon.before_compute",
            "module.eks.aws_eks_addon.this",
            "module.eks.aws_eks_cluster.this",
            "module.eks.aws_eks_identity_provider_config.this",
            "module.eks.aws_iam_openid_connect_provider.oidc_provider",
            "module.eks.aws_iam_policy.cluster_encryption",
            "module.eks.aws_iam_policy.cni_ipv6_policy",
            "module.eks.aws_iam_role.this",
            "module.eks.aws_iam_role_policy_attachment.additional",
            "module.eks.aws_iam_role_policy_attachment.cluster_encryption",
            "module.eks.aws_iam_role_policy_attachment.this",
            "module.eks.aws_security_group.cluster",
            "module.eks.aws_security_group.node",
            "module.eks.aws_security_group_rule.cluster",
            "module.eks.aws_security_group_rule.node",
            "module.eks.data.aws_caller_identity.current",
            "module.eks.data.aws_eks_addon_version.this",
            "module.eks.data.aws_iam_policy_document.assume_role_policy",
            "module.eks.data.aws_iam_policy_document.cni_ipv6_policy",
            "module.eks.data.aws_iam_session_context.current",
            "module.eks.data.aws_partition.current",
            "module.eks.data.tls_certificate.this",
            "module.eks.kubernetes_config_map.aws_auth",
            "module.eks.kubernetes_config_map_v1_data.aws_auth",
            "module.eks.module.eks_managed_node_group.aws_eks_node_group.this",
            "module.eks.module.eks_managed_node_group.aws_iam_role.this",
            "module.eks.module.eks_managed_node_group.aws_iam_role_policy_attachment.additional",
            "module.eks.module.eks_managed_node_group.aws_iam_role_policy_attachment.this",
            "module.eks.module.eks_managed_node_group.aws_launch_template.this",
            "module.eks.module.eks_managed_node_group.data.aws_caller_identity.current",
            "module.eks.module.eks_managed_node_group.data.aws_iam_policy_document.assume_role_policy",
            "module.eks.module.eks_managed_node_group.data.aws_partition.current",
            "module.eks.module.eks_managed_node_group.module.user_data.data.cloudinit_config.linux_eks_managed_node_group",
            "module.eks.module.fargate_profile.aws_eks_fargate_profile.this",
            "module.eks.module.fargate_profile.aws_iam_role.this",
            "module.eks.module.fargate_profile.aws_iam_role_policy_attachment.additional",
            "module.eks.module.fargate_profile.aws_iam_role_policy_attachment.this",
            "module.eks.module.fargate_profile.data.aws_caller_identity.current",
            "module.eks.module.fargate_profile.data.aws_iam_policy_document.assume_role_policy",
            "module.eks.module.fargate_profile.data.aws_partition.current",
            "module.eks.module.kms.aws_kms_alias.this",
            "module.eks.module.kms.aws_kms_external_key.this",
            "module.eks.module.kms.aws_kms_grant.this",
            "module.eks.module.kms.aws_kms_key.this",
            "module.eks.module.kms.data.aws_caller_identity.current",
            "module.eks.module.kms.data.aws_iam_policy_document.this",
            "module.eks.module.kms.data.aws_partition.current",
            "module.eks.module.self_managed_node_group.aws_autoscaling_group.this",
            "module.eks.module.self_managed_node_group.aws_autoscaling_schedule.this",
            "module.eks.module.self_managed_node_group.aws_iam_instance_profile.this",
            "module.eks.module.self_managed_node_group.aws_iam_role.this",
            "module.eks.module.self_managed_node_group.aws_iam_role_policy_attachment.additional",
            "module.eks.module.self_managed_node_group.aws_iam_role_policy_attachment.this",
            "module.eks.module.self_managed_node_group.aws_launch_template.this",
            "module.eks.module.self_managed_node_group.data.aws_ami.eks_default",
            "module.eks.module.self_managed_node_group.data.aws_caller_identity.current",
            "module.eks.module.self_managed_node_group.data.aws_iam_policy_document.assume_role_policy",
            "module.eks.module.self_managed_node_group.data.aws_partition.current",
            "module.eks.module.self_managed_node_group.module.user_data.data.cloudinit_config.linux_eks_managed_node_group",
            "module.eks.time_sleep.this",
            "module.vpc.aws_subnet.private",
            "module.vpc.aws_vpc.this",
            "module.vpc.aws_vpc_ipv4_cidr_block_association.this"
          ]
        },
        {
          "index_key": "worker-spot-label/eks.amazonaws.com/capacityType",
          "schema_version": 0,
          "attributes": {
            "autoscaling_group_name": "eks-worker-spot-2024082122551241240000003c-0cc8bb93-5d85-590d-be99-2086b02961a8",
            "id": "eks-worker-spot-2024082122551241240000003c-0cc8bb93-5d85-590d-be99-2086b02961a8,k8s.io/cluster-autoscaler/node-template/label/eks.amazonaws.com/capacityType",
            "tag": [
              {
                "key": "k8s.io/cluster-autoscaler/node-template/label/eks.amazonaws.com/capacityType",
                "propagate_at_launch": false,
                "value": "SPOT"
              }
            ]
          },
          "sensitive_attributes": [],
          "private": "bnVsbA==",
          "dependencies": [
            "data.aws_availability_zones.available",
            "data.aws_eks_cluster_auth.default",
            "module.eks.aws_cloudwatch_log_group.this",
            "module.eks.aws_ec2_tag.cluster_primary_security_group",
            "module.eks.aws_eks_addon.before_compute",
            "module.eks.aws_eks_addon.this",
            "module.eks.aws_eks_cluster.this",
            "module.eks.aws_eks_identity_provider_config.this",
            "module.eks.aws_iam_openid_connect_provider.oidc_provider",
            "module.eks.aws_iam_policy.cluster_encryption",
            "module.eks.aws_iam_policy.cni_ipv6_policy",
            "module.eks.aws_iam_role.this",
            "module.eks.aws_iam_role_policy_attachment.additional",
            "module.eks.aws_iam_role_policy_attachment.cluster_encryption",
            "module.eks.aws_iam_role_policy_attachment.this",
            "module.eks.aws_security_group.cluster",
            "module.eks.aws_security_group.node",
            "module.eks.aws_security_group_rule.cluster",
            "module.eks.aws_security_group_rule.node",
            "module.eks.data.aws_caller_identity.current",
            "module.eks.data.aws_eks_addon_version.this",
            "module.eks.data.aws_iam_policy_document.assume_role_policy",
            "module.eks.data.aws_iam_policy_document.cni_ipv6_policy",
            "module.eks.data.aws_iam_session_context.current",
            "module.eks.data.aws_partition.current",
            "module.eks.data.tls_certificate.this",
            "module.eks.kubernetes_config_map.aws_auth",
            "module.eks.kubernetes_config_map_v1_data.aws_auth",
            "module.eks.module.eks_managed_node_group.aws_eks_node_group.this",
            "module.eks.module.eks_managed_node_group.aws_iam_role.this",
            "module.eks.module.eks_managed_node_group.aws_iam_role_policy_attachment.additional",
            "module.eks.module.eks_managed_node_group.aws_iam_role_policy_attachment.this",
            "module.eks.module.eks_managed_node_group.aws_launch_template.this",
            "module.eks.module.eks_managed_node_group.data.aws_caller_identity.current",
            "module.eks.module.eks_managed_node_group.data.aws_iam_policy_document.assume_role_policy",
            "module.eks.module.eks_managed_node_group.data.aws_partition.current",
            "module.eks.module.eks_managed_node_group.module.user_data.data.cloudinit_config.linux_eks_managed_node_group",
            "module.eks.module.fargate_profile.aws_eks_fargate_profile.this",
            "module.eks.module.fargate_profile.aws_iam_role.this",
            "module.eks.module.fargate_profile.aws_iam_role_policy_attachment.additional",
            "module.eks.module.fargate_profile.aws_iam_role_policy_attachment.this",
            "module.eks.module.fargate_profile.data.aws_caller_identity.current",
            "module.eks.module.fargate_profile.data.aws_iam_policy_document.assume_role_policy",
            "module.eks.module.fargate_profile.data.aws_partition.current",
            "module.eks.module.kms.aws_kms_alias.this",
            "module.eks.module.kms.aws_kms_external_key.this",
            "module.eks.module.kms.aws_kms_grant.this",
            "module.eks.module.kms.aws_kms_key.this",
            "module.eks.module.kms.data.aws_caller_identity.current",
            "module.eks.module.kms.data.aws_iam_policy_document.this",
            "module.eks.module.kms.data.aws_partition.current",
            "module.eks.module.self_managed_node_group.aws_autoscaling_group.this",
            "module.eks.module.self_managed_node_group.aws_autoscaling_schedule.this",
            "module.eks.module.self_managed_node_group.aws_iam_instance_profile.this",
            "module.eks.module.self_managed_node_group.aws_iam_role.this",
            "module.eks.module.self_managed_node_group.aws_iam_role_policy_attachment.additional",
            "module.eks.module.self_managed_node_group.aws_iam_role_policy_attachment.this",
            "module.eks.module.self_managed_node_group.aws_launch_template.this",
            "module.eks.module.self_managed_node_group.data.aws_ami.eks_default",
            "module.eks.module.self_managed_node_group.data.aws_caller_identity.current",
            "module.eks.module.self_managed_node_group.data.aws_iam_policy_document.assume_role_policy",
            "module.eks.module.self_managed_node_group.data.aws_partition.current",
            "module.eks.module.self_managed_node_group.module.user_data.data.cloudinit_config.linux_eks_managed_node_group",
            "module.eks.time_sleep.this",
            "module.vpc.aws_subnet.private",
            "module.vpc.aws_vpc.this",
            "module.vpc.aws_vpc_ipv4_cidr_block_association.this"
          ]
        },
        {
          "index_key": "worker-spot-label/flyte.org/node-role",
          "schema_version": 0,
          "attributes": {
            "autoscaling_group_name": "eks-worker-spot-2024082122551241240000003c-0cc8bb93-5d85-590d-be99-2086b02961a8",
            "id": "eks-worker-spot-2024082122551241240000003c-0cc8bb93-5d85-590d-be99-2086b02961a8,k8s.io/cluster-autoscaler/node-template/label/flyte.org/node-role",
            "tag": [
              {
                "key": "k8s.io/cluster-autoscaler/node-template/label/flyte.org/node-role",
                "propagate_at_launch": false,
                "value": "worker"
              }
            ]
          },
          "sensitive_attributes": [],
          "private": "bnVsbA==",
          "dependencies": [
            "data.aws_availability_zones.available",
            "data.aws_eks_cluster_auth.default",
            "module.eks.aws_cloudwatch_log_group.this",
            "module.eks.aws_ec2_tag.cluster_primary_security_group",
            "module.eks.aws_eks_addon.before_compute",
            "module.eks.aws_eks_addon.this",
            "module.eks.aws_eks_cluster.this",
            "module.eks.aws_eks_identity_provider_config.this",
            "module.eks.aws_iam_openid_connect_provider.oidc_provider",
            "module.eks.aws_iam_policy.cluster_encryption",
            "module.eks.aws_iam_policy.cni_ipv6_policy",
            "module.eks.aws_iam_role.this",
            "module.eks.aws_iam_role_policy_attachment.additional",
            "module.eks.aws_iam_role_policy_attachment.cluster_encryption",
            "module.eks.aws_iam_role_policy_attachment.this",
            "module.eks.aws_security_group.cluster",
            "module.eks.aws_security_group.node",
            "module.eks.aws_security_group_rule.cluster",
            "module.eks.aws_security_group_rule.node",
            "module.eks.data.aws_caller_identity.current",
            "module.eks.data.aws_eks_addon_version.this",
            "module.eks.data.aws_iam_policy_document.assume_role_policy",
            "module.eks.data.aws_iam_policy_document.cni_ipv6_policy",
            "module.eks.data.aws_iam_session_context.current",
            "module.eks.data.aws_partition.current",
            "module.eks.data.tls_certificate.this",
            "module.eks.kubernetes_config_map.aws_auth",
            "module.eks.kubernetes_config_map_v1_data.aws_auth",
            "module.eks.module.eks_managed_node_group.aws_eks_node_group.this",
            "module.eks.module.eks_managed_node_group.aws_iam_role.this",
            "module.eks.module.eks_managed_node_group.aws_iam_role_policy_attachment.additional",
            "module.eks.module.eks_managed_node_group.aws_iam_role_policy_attachment.this",
            "module.eks.module.eks_managed_node_group.aws_launch_template.this",
            "module.eks.module.eks_managed_node_group.data.aws_caller_identity.current",
            "module.eks.module.eks_managed_node_group.data.aws_iam_policy_document.assume_role_policy",
            "module.eks.module.eks_managed_node_group.data.aws_partition.current",
            "module.eks.module.eks_managed_node_group.module.user_data.data.cloudinit_config.linux_eks_managed_node_group",
            "module.eks.module.fargate_profile.aws_eks_fargate_profile.this",
            "module.eks.module.fargate_profile.aws_iam_role.this",
            "module.eks.module.fargate_profile.aws_iam_role_policy_attachment.additional",
            "module.eks.module.fargate_profile.aws_iam_role_policy_attachment.this",
            "module.eks.module.fargate_profile.data.aws_caller_identity.current",
            "module.eks.module.fargate_profile.data.aws_iam_policy_document.assume_role_policy",
            "module.eks.module.fargate_profile.data.aws_partition.current",
            "module.eks.module.kms.aws_kms_alias.this",
            "module.eks.module.kms.aws_kms_external_key.this",
            "module.eks.module.kms.aws_kms_grant.this",
            "module.eks.module.kms.aws_kms_key.this",
            "module.eks.module.kms.data.aws_caller_identity.current",
            "module.eks.module.kms.data.aws_iam_policy_document.this",
            "module.eks.module.kms.data.aws_partition.current",
            "module.eks.module.self_managed_node_group.aws_autoscaling_group.this",
            "module.eks.module.self_managed_node_group.aws_autoscaling_schedule.this",
            "module.eks.module.self_managed_node_group.aws_iam_instance_profile.this",
            "module.eks.module.self_managed_node_group.aws_iam_role.this",
            "module.eks.module.self_managed_node_group.aws_iam_role_policy_attachment.additional",
            "module.eks.module.self_managed_node_group.aws_iam_role_policy_attachment.this",
            "module.eks.module.self_managed_node_group.aws_launch_template.this",
            "module.eks.module.self_managed_node_group.data.aws_ami.eks_default",
            "module.eks.module.self_managed_node_group.data.aws_caller_identity.current",
            "module.eks.module.self_managed_node_group.data.aws_iam_policy_document.assume_role_policy",
            "module.eks.module.self_managed_node_group.data.aws_partition.current",
            "module.eks.module.self_managed_node_group.module.user_data.data.cloudinit_config.linux_eks_managed_node_group",
            "module.eks.time_sleep.this",
            "module.vpc.aws_subnet.private",
            "module.vpc.aws_vpc.this",
            "module.vpc.aws_vpc_ipv4_cidr_block_association.this"
          ]
        },
        {
          "index_key": "worker-spot-resources/ephemeral-storage",
          "schema_version": 0,
          "attributes": {
            "autoscaling_group_name": "eks-worker-spot-2024082122551241240000003c-0cc8bb93-5d85-590d-be99-2086b02961a8",
            "id": "eks-worker-spot-2024082122551241240000003c-0cc8bb93-5d85-590d-be99-2086b02961a8,k8s.io/cluster-autoscaler/node-template/resources/ephemeral-storage",
            "tag": [
              {
                "key": "k8s.io/cluster-autoscaler/node-template/resources/ephemeral-storage",
                "propagate_at_launch": false,
                "value": "500G"
              }
            ]
          },
          "sensitive_attributes": [],
          "private": "bnVsbA==",
          "dependencies": [
            "data.aws_availability_zones.available",
            "data.aws_eks_cluster_auth.default",
            "module.eks.aws_cloudwatch_log_group.this",
            "module.eks.aws_ec2_tag.cluster_primary_security_group",
            "module.eks.aws_eks_addon.before_compute",
            "module.eks.aws_eks_addon.this",
            "module.eks.aws_eks_cluster.this",
            "module.eks.aws_eks_identity_provider_config.this",
            "module.eks.aws_iam_openid_connect_provider.oidc_provider",
            "module.eks.aws_iam_policy.cluster_encryption",
            "module.eks.aws_iam_policy.cni_ipv6_policy",
            "module.eks.aws_iam_role.this",
            "module.eks.aws_iam_role_policy_attachment.additional",
            "module.eks.aws_iam_role_policy_attachment.cluster_encryption",
            "module.eks.aws_iam_role_policy_attachment.this",
            "module.eks.aws_security_group.cluster",
            "module.eks.aws_security_group.node",
            "module.eks.aws_security_group_rule.cluster",
            "module.eks.aws_security_group_rule.node",
            "module.eks.data.aws_caller_identity.current",
            "module.eks.data.aws_eks_addon_version.this",
            "module.eks.data.aws_iam_policy_document.assume_role_policy",
            "module.eks.data.aws_iam_policy_document.cni_ipv6_policy",
            "module.eks.data.aws_iam_session_context.current",
            "module.eks.data.aws_partition.current",
            "module.eks.data.tls_certificate.this",
            "module.eks.kubernetes_config_map.aws_auth",
            "module.eks.kubernetes_config_map_v1_data.aws_auth",
            "module.eks.module.eks_managed_node_group.aws_eks_node_group.this",
            "module.eks.module.eks_managed_node_group.aws_iam_role.this",
            "module.eks.module.eks_managed_node_group.aws_iam_role_policy_attachment.additional",
            "module.eks.module.eks_managed_node_group.aws_iam_role_policy_attachment.this",
            "module.eks.module.eks_managed_node_group.aws_launch_template.this",
            "module.eks.module.eks_managed_node_group.data.aws_caller_identity.current",
            "module.eks.module.eks_managed_node_group.data.aws_iam_policy_document.assume_role_policy",
            "module.eks.module.eks_managed_node_group.data.aws_partition.current",
            "module.eks.module.eks_managed_node_group.module.user_data.data.cloudinit_config.linux_eks_managed_node_group",
            "module.eks.module.fargate_profile.aws_eks_fargate_profile.this",
            "module.eks.module.fargate_profile.aws_iam_role.this",
            "module.eks.module.fargate_profile.aws_iam_role_policy_attachment.additional",
            "module.eks.module.fargate_profile.aws_iam_role_policy_attachment.this",
            "module.eks.module.fargate_profile.data.aws_caller_identity.current",
            "module.eks.module.fargate_profile.data.aws_iam_policy_document.assume_role_policy",
            "module.eks.module.fargate_profile.data.aws_partition.current",
            "module.eks.module.kms.aws_kms_alias.this",
            "module.eks.module.kms.aws_kms_external_key.this",
            "module.eks.module.kms.aws_kms_grant.this",
            "module.eks.module.kms.aws_kms_key.this",
            "module.eks.module.kms.data.aws_caller_identity.current",
            "module.eks.module.kms.data.aws_iam_policy_document.this",
            "module.eks.module.kms.data.aws_partition.current",
            "module.eks.module.self_managed_node_group.aws_autoscaling_group.this",
            "module.eks.module.self_managed_node_group.aws_autoscaling_schedule.this",
            "module.eks.module.self_managed_node_group.aws_iam_instance_profile.this",
            "module.eks.module.self_managed_node_group.aws_iam_role.this",
            "module.eks.module.self_managed_node_group.aws_iam_role_policy_attachment.additional",
            "module.eks.module.self_managed_node_group.aws_iam_role_policy_attachment.this",
            "module.eks.module.self_managed_node_group.aws_launch_template.this",
            "module.eks.module.self_managed_node_group.data.aws_ami.eks_default",
            "module.eks.module.self_managed_node_group.data.aws_caller_identity.current",
            "module.eks.module.self_managed_node_group.data.aws_iam_policy_document.assume_role_policy",
            "module.eks.module.self_managed_node_group.data.aws_partition.current",
            "module.eks.module.self_managed_node_group.module.user_data.data.cloudinit_config.linux_eks_managed_node_group",
            "module.eks.time_sleep.this",
            "module.vpc.aws_subnet.private",
            "module.vpc.aws_vpc.this",
            "module.vpc.aws_vpc_ipv4_cidr_block_association.this"
          ]
        },
        {
          "index_key": "worker-spot-taint/flyte.org/node-role",
          "schema_version": 0,
          "attributes": {
            "autoscaling_group_name": "eks-worker-spot-2024082122551241240000003c-0cc8bb93-5d85-590d-be99-2086b02961a8",
            "id": "eks-worker-spot-2024082122551241240000003c-0cc8bb93-5d85-590d-be99-2086b02961a8,k8s.io/cluster-autoscaler/node-template/taint/flyte.org/node-role",
            "tag": [
              {
                "key": "k8s.io/cluster-autoscaler/node-template/taint/flyte.org/node-role",
                "propagate_at_launch": false,
                "value": "worker:NoSchedule"
              }
            ]
          },
          "sensitive_attributes": [],
          "private": "bnVsbA==",
          "dependencies": [
            "data.aws_availability_zones.available",
            "data.aws_eks_cluster_auth.default",
            "module.eks.aws_cloudwatch_log_group.this",
            "module.eks.aws_ec2_tag.cluster_primary_security_group",
            "module.eks.aws_eks_addon.before_compute",
            "module.eks.aws_eks_addon.this",
            "module.eks.aws_eks_cluster.this",
            "module.eks.aws_eks_identity_provider_config.this",
            "module.eks.aws_iam_openid_connect_provider.oidc_provider",
            "module.eks.aws_iam_policy.cluster_encryption",
            "module.eks.aws_iam_policy.cni_ipv6_policy",
            "module.eks.aws_iam_role.this",
            "module.eks.aws_iam_role_policy_attachment.additional",
            "module.eks.aws_iam_role_policy_attachment.cluster_encryption",
            "module.eks.aws_iam_role_policy_attachment.this",
            "module.eks.aws_security_group.cluster",
            "module.eks.aws_security_group.node",
            "module.eks.aws_security_group_rule.cluster",
            "module.eks.aws_security_group_rule.node",
            "module.eks.data.aws_caller_identity.current",
            "module.eks.data.aws_eks_addon_version.this",
            "module.eks.data.aws_iam_policy_document.assume_role_policy",
            "module.eks.data.aws_iam_policy_document.cni_ipv6_policy",
            "module.eks.data.aws_iam_session_context.current",
            "module.eks.data.aws_partition.current",
            "module.eks.data.tls_certificate.this",
            "module.eks.kubernetes_config_map.aws_auth",
            "module.eks.kubernetes_config_map_v1_data.aws_auth",
            "module.eks.module.eks_managed_node_group.aws_eks_node_group.this",
            "module.eks.module.eks_managed_node_group.aws_iam_role.this",
            "module.eks.module.eks_managed_node_group.aws_iam_role_policy_attachment.additional",
            "module.eks.module.eks_managed_node_group.aws_iam_role_policy_attachment.this",
            "module.eks.module.eks_managed_node_group.aws_launch_template.this",
            "module.eks.module.eks_managed_node_group.data.aws_caller_identity.current",
            "module.eks.module.eks_managed_node_group.data.aws_iam_policy_document.assume_role_policy",
            "module.eks.module.eks_managed_node_group.data.aws_partition.current",
            "module.eks.module.eks_managed_node_group.module.user_data.data.cloudinit_config.linux_eks_managed_node_group",
            "module.eks.module.fargate_profile.aws_eks_fargate_profile.this",
            "module.eks.module.fargate_profile.aws_iam_role.this",
            "module.eks.module.fargate_profile.aws_iam_role_policy_attachment.additional",
            "module.eks.module.fargate_profile.aws_iam_role_policy_attachment.this",
            "module.eks.module.fargate_profile.data.aws_caller_identity.current",
            "module.eks.module.fargate_profile.data.aws_iam_policy_document.assume_role_policy",
            "module.eks.module.fargate_profile.data.aws_partition.current",
            "module.eks.module.kms.aws_kms_alias.this",
            "module.eks.module.kms.aws_kms_external_key.this",
            "module.eks.module.kms.aws_kms_grant.this",
            "module.eks.module.kms.aws_kms_key.this",
            "module.eks.module.kms.data.aws_caller_identity.current",
            "module.eks.module.kms.data.aws_iam_policy_document.this",
            "module.eks.module.kms.data.aws_partition.current",
            "module.eks.module.self_managed_node_group.aws_autoscaling_group.this",
            "module.eks.module.self_managed_node_group.aws_autoscaling_schedule.this",
            "module.eks.module.self_managed_node_group.aws_iam_instance_profile.this",
            "module.eks.module.self_managed_node_group.aws_iam_role.this",
            "module.eks.module.self_managed_node_group.aws_iam_role_policy_attachment.additional",
            "module.eks.module.self_managed_node_group.aws_iam_role_policy_attachment.this",
            "module.eks.module.self_managed_node_group.aws_launch_template.this",
            "module.eks.module.self_managed_node_group.data.aws_ami.eks_default",
            "module.eks.module.self_managed_node_group.data.aws_caller_identity.current",
            "module.eks.module.self_managed_node_group.data.aws_iam_policy_document.assume_role_policy",
            "module.eks.module.self_managed_node_group.data.aws_partition.current",
            "module.eks.module.self_managed_node_group.module.user_data.data.cloudinit_config.linux_eks_managed_node_group",
            "module.eks.time_sleep.this",
            "module.vpc.aws_subnet.private",
            "module.vpc.aws_vpc.this",
            "module.vpc.aws_vpc_ipv4_cidr_block_association.this"
          ]
        }
      ]
    },
    {
      "mode": "managed",
      "type": "aws_iam_policy",
      "name": "aws-load-balancer-controller-iam-policy",
      "provider": "provider[\"registry.opentofu.org/hashicorp/aws\"]",
      "instances": [
        {
          "schema_version": 0,
          "attributes": {
            "arn": "arn:aws:iam::024848460340:policy/flyte-terraform-alb-policy",
            "attachment_count": 0,
            "description": "",
            "id": "arn:aws:iam::024848460340:policy/flyte-terraform-alb-policy",
            "name": "flyte-terraform-alb-policy",
            "name_prefix": "",
            "path": "/",
            "policy": "{\"Statement\":[{\"Action\":[\"iam:CreateServiceLinkedRole\"],\"Condition\":{\"StringEquals\":{\"iam:AWSServiceName\":\"elasticloadbalancing.amazonaws.com\"}},\"Effect\":\"Allow\",\"Resource\":\"*\"},{\"Action\":[\"ec2:DescribeAccountAttributes\",\"ec2:DescribeAddresses\",\"ec2:DescribeAvailabilityZones\",\"ec2:DescribeInternetGateways\",\"ec2:DescribeVpcs\",\"ec2:DescribeVpcPeeringConnections\",\"ec2:DescribeSubnets\",\"ec2:DescribeSecurityGroups\",\"ec2:DescribeInstances\",\"ec2:DescribeNetworkInterfaces\",\"ec2:DescribeTags\",\"ec2:GetCoipPoolUsage\",\"ec2:DescribeCoipPools\",\"elasticloadbalancing:DescribeLoadBalancers\",\"elasticloadbalancing:DescribeLoadBalancerAttributes\",\"elasticloadbalancing:DescribeListeners\",\"elasticloadbalancing:DescribeListenerCertificates\",\"elasticloadbalancing:DescribeSSLPolicies\",\"elasticloadbalancing:DescribeRules\",\"elasticloadbalancing:DescribeTargetGroups\",\"elasticloadbalancing:DescribeTargetGroupAttributes\",\"elasticloadbalancing:DescribeTargetHealth\",\"elasticloadbalancing:DescribeTags\"],\"Effect\":\"Allow\",\"Resource\":\"*\"},{\"Action\":[\"cognito-idp:DescribeUserPoolClient\",\"acm:ListCertificates\",\"acm:DescribeCertificate\",\"iam:ListServerCertificates\",\"iam:GetServerCertificate\",\"waf-regional:GetWebACL\",\"waf-regional:GetWebACLForResource\",\"waf-regional:AssociateWebACL\",\"waf-regional:DisassociateWebACL\",\"wafv2:GetWebACL\",\"wafv2:GetWebACLForResource\",\"wafv2:AssociateWebACL\",\"wafv2:DisassociateWebACL\",\"shield:GetSubscriptionState\",\"shield:DescribeProtection\",\"shield:CreateProtection\",\"shield:DeleteProtection\"],\"Effect\":\"Allow\",\"Resource\":\"*\"},{\"Action\":[\"ec2:AuthorizeSecurityGroupIngress\",\"ec2:RevokeSecurityGroupIngress\"],\"Effect\":\"Allow\",\"Resource\":\"*\"},{\"Action\":[\"ec2:CreateSecurityGroup\"],\"Effect\":\"Allow\",\"Resource\":\"*\"},{\"Action\":[\"ec2:CreateTags\"],\"Condition\":{\"Null\":{\"aws:RequestTag/elbv2.k8s.aws/cluster\":\"false\"},\"StringEquals\":{\"ec2:CreateAction\":\"CreateSecurityGroup\"}},\"Effect\":\"Allow\",\"Resource\":\"arn:aws:ec2:*:*:security-group/*\"},{\"Action\":[\"ec2:CreateTags\",\"ec2:DeleteTags\"],\"Condition\":{\"Null\":{\"aws:RequestTag/elbv2.k8s.aws/cluster\":\"true\",\"aws:ResourceTag/elbv2.k8s.aws/cluster\":\"false\"}},\"Effect\":\"Allow\",\"Resource\":\"arn:aws:ec2:*:*:security-group/*\"},{\"Action\":[\"ec2:AuthorizeSecurityGroupIngress\",\"ec2:RevokeSecurityGroupIngress\",\"ec2:DeleteSecurityGroup\"],\"Condition\":{\"Null\":{\"aws:ResourceTag/elbv2.k8s.aws/cluster\":\"false\"}},\"Effect\":\"Allow\",\"Resource\":\"*\"},{\"Action\":[\"elasticloadbalancing:CreateLoadBalancer\",\"elasticloadbalancing:CreateTargetGroup\"],\"Condition\":{\"Null\":{\"aws:RequestTag/elbv2.k8s.aws/cluster\":\"false\"}},\"Effect\":\"Allow\",\"Resource\":\"*\"},{\"Action\":[\"elasticloadbalancing:CreateListener\",\"elasticloadbalancing:DeleteListener\",\"elasticloadbalancing:CreateRule\",\"elasticloadbalancing:DeleteRule\"],\"Effect\":\"Allow\",\"Resource\":\"*\"},{\"Action\":[\"elasticloadbalancing:AddTags\",\"elasticloadbalancing:RemoveTags\"],\"Condition\":{\"Null\":{\"aws:RequestTag/elbv2.k8s.aws/cluster\":\"true\",\"aws:ResourceTag/elbv2.k8s.aws/cluster\":\"false\"}},\"Effect\":\"Allow\",\"Resource\":[\"arn:aws:elasticloadbalancing:*:*:targetgroup/*/*\",\"arn:aws:elasticloadbalancing:*:*:loadbalancer/net/*/*\",\"arn:aws:elasticloadbalancing:*:*:loadbalancer/app/*/*\"]},{\"Action\":[\"elasticloadbalancing:AddTags\",\"elasticloadbalancing:RemoveTags\"],\"Effect\":\"Allow\",\"Resource\":[\"arn:aws:elasticloadbalancing:*:*:listener/net/*/*/*\",\"arn:aws:elasticloadbalancing:*:*:listener/app/*/*/*\",\"arn:aws:elasticloadbalancing:*:*:listener-rule/net/*/*/*\",\"arn:aws:elasticloadbalancing:*:*:listener-rule/app/*/*/*\"]},{\"Action\":[\"elasticloadbalancing:AddTags\"],\"Condition\":{\"Null\":{\"aws:RequestTag/elbv2.k8s.aws/cluster\":\"false\"},\"StringEquals\":{\"elasticloadbalancing:CreateAction\":[\"CreateTargetGroup\",\"CreateLoadBalancer\"]}},\"Effect\":\"Allow\",\"Resource\":[\"arn:aws:elasticloadbalancing:*:*:targetgroup/*/*\",\"arn:aws:elasticloadbalancing:*:*:loadbalancer/net/*/*\",\"arn:aws:elasticloadbalancing:*:*:loadbalancer/app/*/*\"]},{\"Action\":[\"elasticloadbalancing:ModifyLoadBalancerAttributes\",\"elasticloadbalancing:SetIpAddressType\",\"elasticloadbalancing:SetSecurityGroups\",\"elasticloadbalancing:SetSubnets\",\"elasticloadbalancing:DeleteLoadBalancer\",\"elasticloadbalancing:ModifyTargetGroup\",\"elasticloadbalancing:ModifyTargetGroupAttributes\",\"elasticloadbalancing:DeleteTargetGroup\"],\"Condition\":{\"Null\":{\"aws:ResourceTag/elbv2.k8s.aws/cluster\":\"false\"}},\"Effect\":\"Allow\",\"Resource\":\"*\"},{\"Action\":[\"elasticloadbalancing:RegisterTargets\",\"elasticloadbalancing:DeregisterTargets\"],\"Effect\":\"Allow\",\"Resource\":\"arn:aws:elasticloadbalancing:*:*:targetgroup/*/*\"},{\"Action\":[\"elasticloadbalancing:SetWebAcl\",\"elasticloadbalancing:ModifyListener\",\"elasticloadbalancing:AddListenerCertificates\",\"elasticloadbalancing:RemoveListenerCertificates\",\"elasticloadbalancing:ModifyRule\"],\"Effect\":\"Allow\",\"Resource\":\"*\"}],\"Version\":\"2012-10-17\"}",
            "policy_id": "ANPAQLSIVNI2BTB7EJKFY",
            "tags": null,
            "tags_all": {}
          },
          "sensitive_attributes": [],
          "private": "bnVsbA==",
          "dependencies": [
            "data.http.alb-controller-policy-source"
          ]
        }
      ]
    },
    {
      "mode": "managed",
      "type": "aws_iam_policy",
      "name": "flyte_binary_iam_policy",
      "provider": "provider[\"registry.opentofu.org/hashicorp/aws\"]",
      "instances": [
        {
          "schema_version": 0,
          "attributes": {
            "arn": "arn:aws:iam::024848460340:policy/flyte-terraform-flyte-binary-iam-policy",
            "attachment_count": 0,
            "description": "",
            "id": "arn:aws:iam::024848460340:policy/flyte-terraform-flyte-binary-iam-policy",
            "name": "flyte-terraform-flyte-binary-iam-policy",
            "name_prefix": "",
            "path": "/",
            "policy": "{\"Statement\":[{\"Action\":[\"s3:PutObject*\",\"s3:ListBucket\",\"s3:GetObject*\",\"s3:DeleteObject*\"],\"Effect\":\"Allow\",\"Resource\":[\"arn:aws:s3:::024848460340-flyte-terraform-data/*\",\"arn:aws:s3:::024848460340-flyte-terraform-data\"]}],\"Version\":\"2012-10-17\"}",
            "policy_id": "ANPAQLSIVNI2O7SCPEKVE",
            "tags": null,
            "tags_all": {}
          },
          "sensitive_attributes": [],
          "private": "bnVsbA==",
          "dependencies": [
            "data.aws_caller_identity.current",
            "data.aws_iam_policy_document.flyte_binary_iam_policy",
            "data.aws_iam_policy_document.flyte_data_bucket_policy",
            "module.flyte_data.aws_s3_bucket.this",
            "module.flyte_data.aws_s3_bucket_policy.this",
            "module.flyte_data.data.aws_caller_identity.current",
            "module.flyte_data.data.aws_elb_service_account.this",
            "module.flyte_data.data.aws_iam_policy_document.combined",
            "module.flyte_data.data.aws_iam_policy_document.deny_insecure_transport",
            "module.flyte_data.data.aws_iam_policy_document.elb_log_delivery",
            "module.flyte_data.data.aws_iam_policy_document.inventory_and_analytics_destination_policy",
            "module.flyte_data.data.aws_iam_policy_document.lb_log_delivery",
            "module.flyte_data.data.aws_iam_policy_document.require_latest_tls"
          ]
        }
      ]
    },
    {
      "mode": "managed",
      "type": "aws_iam_policy",
      "name": "flyte_worker_iam_policy",
      "provider": "provider[\"registry.opentofu.org/hashicorp/aws\"]",
      "instances": [
        {
          "schema_version": 0,
          "attributes": {
            "arn": "arn:aws:iam::024848460340:policy/flyte-terraform-flyte-worker-iam-policy",
            "attachment_count": 0,
            "description": "",
            "id": "arn:aws:iam::024848460340:policy/flyte-terraform-flyte-worker-iam-policy",
            "name": "flyte-terraform-flyte-worker-iam-policy",
            "name_prefix": "",
            "path": "/",
            "policy": "{\"Statement\":[{\"Action\":[\"s3:PutObject*\",\"s3:ListBucket\",\"s3:GetObject*\",\"s3:DeleteObject*\"],\"Effect\":\"Allow\",\"Resource\":[\"arn:aws:s3:::024848460340-flyte-terraform-data/*\",\"arn:aws:s3:::024848460340-flyte-terraform-data\"]}],\"Version\":\"2012-10-17\"}",
            "policy_id": "ANPAQLSIVNI2CARN6EHMU",
            "tags": null,
            "tags_all": {}
          },
          "sensitive_attributes": [],
          "private": "bnVsbA==",
          "dependencies": [
            "data.aws_caller_identity.current",
            "data.aws_iam_policy_document.flyte_data_bucket_policy",
            "data.aws_iam_policy_document.flyte_worker_iam_policy",
            "module.flyte_data.aws_s3_bucket.this",
            "module.flyte_data.aws_s3_bucket_policy.this",
            "module.flyte_data.data.aws_caller_identity.current",
            "module.flyte_data.data.aws_elb_service_account.this",
            "module.flyte_data.data.aws_iam_policy_document.combined",
            "module.flyte_data.data.aws_iam_policy_document.deny_insecure_transport",
            "module.flyte_data.data.aws_iam_policy_document.elb_log_delivery",
            "module.flyte_data.data.aws_iam_policy_document.inventory_and_analytics_destination_policy",
            "module.flyte_data.data.aws_iam_policy_document.lb_log_delivery",
            "module.flyte_data.data.aws_iam_policy_document.require_latest_tls"
          ]
        }
      ]
    },
    {
      "mode": "managed",
      "type": "aws_iam_role_policy_attachment",
      "name": "alb-policy-attachment",
      "provider": "provider[\"registry.opentofu.org/hashicorp/aws\"]",
      "instances": [
        {
          "schema_version": 0,
          "attributes": {
            "id": "flyte-terraform-aws-load-balancer-controller-2024082122544380990000002a",
            "policy_arn": "arn:aws:iam::024848460340:policy/flyte-terraform-alb-policy",
            "role": "flyte-terraform-aws-load-balancer-controller"
          },
          "sensitive_attributes": [],
          "private": "bnVsbA==",
          "dependencies": [
            "aws_iam_policy.aws-load-balancer-controller-iam-policy",
            "data.aws_availability_zones.available",
            "data.http.alb-controller-policy-source",
            "module.aws_load_balancer_controller_irsa_role.aws_iam_role.this",
            "module.aws_load_balancer_controller_irsa_role.data.aws_caller_identity.current",
            "module.aws_load_balancer_controller_irsa_role.data.aws_iam_policy_document.this",
            "module.aws_load_balancer_controller_irsa_role.data.aws_partition.current",
            "module.eks.aws_cloudwatch_log_group.this",
            "module.eks.aws_eks_cluster.this",
            "module.eks.aws_iam_openid_connect_provider.oidc_provider",
            "module.eks.aws_iam_policy.cni_ipv6_policy",
            "module.eks.aws_iam_role.this",
            "module.eks.aws_iam_role_policy_attachment.this",
            "module.eks.aws_security_group.cluster",
            "module.eks.aws_security_group.node",
            "module.eks.aws_security_group_rule.cluster",
            "module.eks.aws_security_group_rule.node",
            "module.eks.data.aws_caller_identity.current",
            "module.eks.data.aws_iam_policy_document.assume_role_policy",
            "module.eks.data.aws_iam_policy_document.cni_ipv6_policy",
            "module.eks.data.aws_iam_session_context.current",
            "module.eks.data.aws_partition.current",
            "module.eks.data.tls_certificate.this",
            "module.eks.module.kms.aws_kms_external_key.this",
            "module.eks.module.kms.aws_kms_key.this",
            "module.eks.module.kms.data.aws_caller_identity.current",
            "module.eks.module.kms.data.aws_iam_policy_document.this",
            "module.eks.module.kms.data.aws_partition.current",
            "module.vpc.aws_subnet.private",
            "module.vpc.aws_vpc.this",
            "module.vpc.aws_vpc_ipv4_cidr_block_association.this"
          ]
        }
      ]
    },
    {
      "mode": "managed",
      "type": "aws_route53_record",
      "name": "cert_validation_record",
      "provider": "provider[\"registry.opentofu.org/hashicorp/aws\"]",
      "instances": [
        {
          "index_key": "flytetf.fthwdemo.com",
          "schema_version": 2,
          "attributes": {
            "alias": [],
            "allow_overwrite": true,
            "cidr_routing_policy": [],
            "failover_routing_policy": [],
            "fqdn": "_cfd79f75521f6b35b4ece7f9a1ce0e10.flytetf.fthwdemo.com",
            "geolocation_routing_policy": [],
            "geoproximity_routing_policy": [],
            "health_check_id": "",
            "id": "Z05932572QJOETBO2GB51__cfd79f75521f6b35b4ece7f9a1ce0e10.flytetf.fthwdemo.com._CNAME",
            "latency_routing_policy": [],
            "multivalue_answer_routing_policy": false,
            "name": "_cfd79f75521f6b35b4ece7f9a1ce0e10.flytetf.fthwdemo.com",
            "records": [
              "_2165ff16aca3358a30c172cead6d6645.djqtsrsxkq.acm-validations.aws."
            ],
            "set_identifier": "",
            "ttl": 60,
            "type": "CNAME",
            "weighted_routing_policy": [],
            "zone_id": "Z05932572QJOETBO2GB51"
          },
          "sensitive_attributes": [],
          "private": "eyJzY2hlbWFfdmVyc2lvbiI6IjIifQ==",
          "dependencies": [
            "aws_acm_certificate.flyte_cert",
            "data.aws_route53_zone.zone"
          ]
        }
      ]
    },
    {
      "mode": "managed",
      "type": "helm_release",
      "name": "aws_cloudwatch_metrics",
      "provider": "provider[\"registry.opentofu.org/hashicorp/helm\"]",
      "instances": [
        {
          "schema_version": 1,
          "attributes": {
            "atomic": false,
            "chart": "aws-cloudwatch-metrics",
            "cleanup_on_fail": false,
            "create_namespace": false,
            "dependency_update": false,
            "description": null,
            "devel": null,
            "disable_crd_hooks": false,
            "disable_openapi_validation": false,
            "disable_webhooks": false,
            "force_update": false,
            "id": "aws-cloudwatch-metrics",
            "keyring": null,
            "lint": false,
            "manifest": null,
            "max_history": 0,
            "metadata": [
              {
                "app_version": "1.247350",
                "chart": "aws-cloudwatch-metrics",
                "first_deployed": 1724280900,
                "last_deployed": 1724280900,
                "name": "aws-cloudwatch-metrics",
                "namespace": "kube-system",
                "notes": "aws-cloudwatch-metrics has been installed or updated. To check the status of pods, run:\n\nkubectl get pods -l app.kubernetes.io/name: aws-cloudwatch-metrics\n",
                "revision": 1,
                "values": "{\"clusterName\":\"flyte-terraform\",\"serviceAccount\":{\"annotations\":{\"eks.amazonaws.com/role-arn\":\"arn:aws:iam::024848460340:role/flyte-terraform-aws-cloudwatch-metrics\"}},\"tolerations\":[{\"operator\":\"Exists\"}]}",
                "version": "0.0.8"
              }
            ],
            "name": "aws-cloudwatch-metrics",
            "namespace": "kube-system",
            "pass_credentials": false,
            "postrender": [],
            "recreate_pods": false,
            "render_subchart_notes": true,
            "replace": false,
            "repository": "https://aws.github.io/eks-charts",
            "repository_ca_file": null,
            "repository_cert_file": null,
            "repository_key_file": null,
            "repository_password": null,
            "repository_username": null,
            "reset_values": false,
            "reuse_values": false,
            "set": [
              {
                "name": "clusterName",
                "type": "",
                "value": "flyte-terraform"
              },
              {
                "name": "serviceAccount.annotations.eks\\.amazonaws\\.com/role-arn",
                "type": "",
                "value": "arn:aws:iam::024848460340:role/flyte-terraform-aws-cloudwatch-metrics"
              },
              {
                "name": "tolerations[0].operator",
                "type": "",
                "value": "Exists"
              }
            ],
            "set_list": [],
            "set_sensitive": [],
            "skip_crds": false,
            "status": "deployed",
            "timeout": 600,
            "upgrade_install": null,
            "values": null,
            "verify": false,
            "version": "0.0.8",
            "wait": true,
            "wait_for_jobs": false
          },
          "sensitive_attributes": [],
          "private": "eyJzY2hlbWFfdmVyc2lvbiI6IjEifQ==",
          "dependencies": [
            "data.aws_availability_zones.available",
            "data.aws_eks_cluster_auth.default",
            "module.aws_cloudwatch_metrics_irsa_role.aws_iam_role.this",
            "module.aws_cloudwatch_metrics_irsa_role.data.aws_caller_identity.current",
            "module.aws_cloudwatch_metrics_irsa_role.data.aws_iam_policy_document.this",
            "module.aws_cloudwatch_metrics_irsa_role.data.aws_partition.current",
            "module.eks.aws_cloudwatch_log_group.this",
            "module.eks.aws_eks_cluster.this",
            "module.eks.aws_iam_openid_connect_provider.oidc_provider",
            "module.eks.aws_iam_policy.cni_ipv6_policy",
            "module.eks.aws_iam_role.this",
            "module.eks.aws_iam_role_policy_attachment.this",
            "module.eks.aws_security_group.cluster",
            "module.eks.aws_security_group.node",
            "module.eks.aws_security_group_rule.cluster",
            "module.eks.aws_security_group_rule.node",
            "module.eks.data.aws_caller_identity.current",
            "module.eks.data.aws_iam_policy_document.assume_role_policy",
            "module.eks.data.aws_iam_policy_document.cni_ipv6_policy",
            "module.eks.data.aws_iam_session_context.current",
            "module.eks.data.aws_partition.current",
            "module.eks.data.tls_certificate.this",
            "module.eks.module.kms.aws_kms_external_key.this",
            "module.eks.module.kms.aws_kms_key.this",
            "module.eks.module.kms.data.aws_caller_identity.current",
            "module.eks.module.kms.data.aws_iam_policy_document.this",
            "module.eks.module.kms.data.aws_partition.current",
            "module.vpc.aws_subnet.private",
            "module.vpc.aws_vpc.this",
            "module.vpc.aws_vpc_ipv4_cidr_block_association.this"
          ]
        }
      ]
    },
    {
      "mode": "managed",
      "type": "helm_release",
      "name": "aws_cluster_autoscaler",
      "provider": "provider[\"registry.opentofu.org/hashicorp/helm\"]",
      "instances": [
        {
          "schema_version": 1,
          "attributes": {
            "atomic": false,
            "chart": "cluster-autoscaler",
            "cleanup_on_fail": false,
            "create_namespace": false,
            "dependency_update": false,
            "description": null,
            "devel": null,
            "disable_crd_hooks": false,
            "disable_openapi_validation": false,
            "disable_webhooks": false,
            "force_update": false,
            "id": "aws-cluster-autoscaler",
            "keyring": null,
            "lint": false,
            "manifest": null,
            "max_history": 0,
            "metadata": [
              {
                "app_version": "1.23.0",
                "chart": "cluster-autoscaler",
                "first_deployed": 1724280898,
                "last_deployed": 1724280898,
                "name": "aws-cluster-autoscaler",
                "namespace": "kube-system",
                "notes": "To verify that cluster-autoscaler has started, run:\n\n  kubectl --namespace=kube-system get pods -l \"app.kubernetes.io/name=aws-cluster-autoscaler,app.kubernetes.io/instance=aws-cluster-autoscaler\"",
                "revision": 1,
                "values": "{\"autoDiscovery\":{\"clusterName\":\"flyte-terraform\"},\"awsRegion\":\"us-east-2\",\"rbac\":{\"serviceAccount\":{\"annotations\":{\"eks.amazonaws.com/role-arn\":\"arn:aws:iam::024848460340:role/flyte-terraform-cluster-autoscaler\"}}}}",
                "version": "9.24.0"
              }
            ],
            "name": "aws-cluster-autoscaler",
            "namespace": "kube-system",
            "pass_credentials": false,
            "postrender": [],
            "recreate_pods": false,
            "render_subchart_notes": true,
            "replace": false,
            "repository": "https://kubernetes.github.io/autoscaler",
            "repository_ca_file": null,
            "repository_cert_file": null,
            "repository_key_file": null,
            "repository_password": null,
            "repository_username": null,
            "reset_values": false,
            "reuse_values": false,
            "set": [
              {
                "name": "autoDiscovery.clusterName",
                "type": "",
                "value": "flyte-terraform"
              },
              {
                "name": "awsRegion",
                "type": "",
                "value": "us-east-2"
              },
              {
                "name": "rbac.serviceAccount.annotations.eks\\.amazonaws\\.com/role-arn",
                "type": "",
                "value": "arn:aws:iam::024848460340:role/flyte-terraform-cluster-autoscaler"
              }
            ],
            "set_list": [],
            "set_sensitive": [],
            "skip_crds": false,
            "status": "deployed",
            "timeout": 600,
            "upgrade_install": null,
            "values": null,
            "verify": false,
            "version": "9.24.0",
            "wait": true,
            "wait_for_jobs": false
          },
          "sensitive_attributes": [],
          "private": "eyJzY2hlbWFfdmVyc2lvbiI6IjEifQ==",
          "dependencies": [
            "data.aws_availability_zones.available",
            "data.aws_eks_cluster_auth.default",
            "data.aws_region.current",
            "module.cluster_autoscaler_irsa_role.aws_iam_role.this",
            "module.cluster_autoscaler_irsa_role.data.aws_caller_identity.current",
            "module.cluster_autoscaler_irsa_role.data.aws_iam_policy_document.this",
            "module.cluster_autoscaler_irsa_role.data.aws_partition.current",
            "module.eks.aws_cloudwatch_log_group.this",
            "module.eks.aws_eks_cluster.this",
            "module.eks.aws_iam_openid_connect_provider.oidc_provider",
            "module.eks.aws_iam_policy.cni_ipv6_policy",
            "module.eks.aws_iam_role.this",
            "module.eks.aws_iam_role_policy_attachment.this",
            "module.eks.aws_security_group.cluster",
            "module.eks.aws_security_group.node",
            "module.eks.aws_security_group_rule.cluster",
            "module.eks.aws_security_group_rule.node",
            "module.eks.data.aws_caller_identity.current",
            "module.eks.data.aws_iam_policy_document.assume_role_policy",
            "module.eks.data.aws_iam_policy_document.cni_ipv6_policy",
            "module.eks.data.aws_iam_session_context.current",
            "module.eks.data.aws_partition.current",
            "module.eks.data.tls_certificate.this",
            "module.eks.module.kms.aws_kms_external_key.this",
            "module.eks.module.kms.aws_kms_key.this",
            "module.eks.module.kms.data.aws_caller_identity.current",
            "module.eks.module.kms.data.aws_iam_policy_document.this",
            "module.eks.module.kms.data.aws_partition.current",
            "module.vpc.aws_subnet.private",
            "module.vpc.aws_vpc.this",
            "module.vpc.aws_vpc_ipv4_cidr_block_association.this"
          ]
        }
      ]
    },
    {
      "mode": "managed",
      "type": "helm_release",
      "name": "aws_load_balancer_controller",
      "provider": "provider[\"registry.opentofu.org/hashicorp/helm\"]",
      "instances": [
        {
          "schema_version": 1,
          "attributes": {
            "atomic": false,
            "chart": "aws-load-balancer-controller",
            "cleanup_on_fail": false,
            "create_namespace": false,
            "dependency_update": false,
            "description": null,
            "devel": null,
            "disable_crd_hooks": false,
            "disable_openapi_validation": false,
            "disable_webhooks": false,
            "force_update": false,
            "id": "aws-load-balancer-controller",
            "keyring": null,
            "lint": false,
            "manifest": null,
            "max_history": 0,
            "metadata": [
              {
                "app_version": "v2.4.6",
                "chart": "aws-load-balancer-controller",
                "first_deployed": 1724280898,
                "last_deployed": 1724280898,
                "name": "aws-load-balancer-controller",
                "namespace": "kube-system",
                "notes": "AWS Load Balancer controller installed!\n",
                "revision": 1,
                "values": "{\"clusterName\":\"flyte-terraform\",\"serviceAccount\":{\"annotations\":{\"eks.amazonaws.com/role-arn\":\"arn:aws:iam::024848460340:role/flyte-terraform-aws-load-balancer-controller\"}}}",
                "version": "1.4.7"
              }
            ],
            "name": "aws-load-balancer-controller",
            "namespace": "kube-system",
            "pass_credentials": false,
            "postrender": [],
            "recreate_pods": false,
            "render_subchart_notes": true,
            "replace": false,
            "repository": "https://aws.github.io/eks-charts",
            "repository_ca_file": null,
            "repository_cert_file": null,
            "repository_key_file": null,
            "repository_password": null,
            "repository_username": null,
            "reset_values": false,
            "reuse_values": false,
            "set": [
              {
                "name": "clusterName",
                "type": "",
                "value": "flyte-terraform"
              },
              {
                "name": "serviceAccount.annotations.eks\\.amazonaws\\.com/role-arn",
                "type": "",
                "value": "arn:aws:iam::024848460340:role/flyte-terraform-aws-load-balancer-controller"
              }
            ],
            "set_list": [],
            "set_sensitive": [],
            "skip_crds": false,
            "status": "deployed",
            "timeout": 600,
            "upgrade_install": null,
            "values": null,
            "verify": false,
            "version": "1.4.7",
            "wait": true,
            "wait_for_jobs": false
          },
          "sensitive_attributes": [],
          "private": "eyJzY2hlbWFfdmVyc2lvbiI6IjEifQ==",
          "dependencies": [
            "data.aws_availability_zones.available",
            "data.aws_eks_cluster_auth.default",
            "module.aws_load_balancer_controller_irsa_role.aws_iam_role.this",
            "module.aws_load_balancer_controller_irsa_role.data.aws_caller_identity.current",
            "module.aws_load_balancer_controller_irsa_role.data.aws_iam_policy_document.this",
            "module.aws_load_balancer_controller_irsa_role.data.aws_partition.current",
            "module.eks.aws_cloudwatch_log_group.this",
            "module.eks.aws_eks_cluster.this",
            "module.eks.aws_iam_openid_connect_provider.oidc_provider",
            "module.eks.aws_iam_policy.cni_ipv6_policy",
            "module.eks.aws_iam_role.this",
            "module.eks.aws_iam_role_policy_attachment.this",
            "module.eks.aws_security_group.cluster",
            "module.eks.aws_security_group.node",
            "module.eks.aws_security_group_rule.cluster",
            "module.eks.aws_security_group_rule.node",
            "module.eks.data.aws_caller_identity.current",
            "module.eks.data.aws_iam_policy_document.assume_role_policy",
            "module.eks.data.aws_iam_policy_document.cni_ipv6_policy",
            "module.eks.data.aws_iam_session_context.current",
            "module.eks.data.aws_partition.current",
            "module.eks.data.tls_certificate.this",
            "module.eks.module.kms.aws_kms_external_key.this",
            "module.eks.module.kms.aws_kms_key.this",
            "module.eks.module.kms.data.aws_caller_identity.current",
            "module.eks.module.kms.data.aws_iam_policy_document.this",
            "module.eks.module.kms.data.aws_partition.current",
            "module.vpc.aws_subnet.private",
            "module.vpc.aws_vpc.this",
            "module.vpc.aws_vpc_ipv4_cidr_block_association.this"
          ]
        }
      ]
    },
    {
      "mode": "managed",
      "type": "helm_release",
      "name": "external_dns",
      "provider": "provider[\"registry.opentofu.org/hashicorp/helm\"]",
      "instances": [
        {
          "schema_version": 1,
          "attributes": {
            "atomic": false,
            "chart": "external-dns",
            "cleanup_on_fail": false,
            "create_namespace": false,
            "dependency_update": false,
            "description": null,
            "devel": null,
            "disable_crd_hooks": false,
            "disable_openapi_validation": false,
            "disable_webhooks": false,
            "force_update": false,
            "id": "external-dns",
            "keyring": null,
            "lint": false,
            "manifest": null,
            "max_history": 0,
            "metadata": [
              {
                "app_version": "0.13.2",
                "chart": "external-dns",
                "first_deployed": 1724280903,
                "last_deployed": 1724280903,
                "name": "external-dns",
                "namespace": "kube-system",
                "notes": "***********************************************************************\n* External DNS                                                        *\n***********************************************************************\n  Chart version: 1.12.1\n  App version:   0.13.2\n  Image tag:     registry.k8s.io/external-dns/external-dns:v0.13.2\n***********************************************************************\n",
                "revision": 1,
                "values": "{\"provider\":\"aws\",\"serviceAccount\":{\"annotations\":{\"eks.amazonaws.com/role-arn\":\"arn:aws:iam::024848460340:role/fthw-external-dns\"}}}",
                "version": "1.12.1"
              }
            ],
            "name": "external-dns",
            "namespace": "kube-system",
            "pass_credentials": false,
            "postrender": [],
            "recreate_pods": false,
            "render_subchart_notes": true,
            "replace": false,
            "repository": "https://kubernetes-sigs.github.io/external-dns/",
            "repository_ca_file": null,
            "repository_cert_file": null,
            "repository_key_file": null,
            "repository_password": null,
            "repository_username": null,
            "reset_values": false,
            "reuse_values": false,
            "set": [
              {
                "name": "provider",
                "type": "",
                "value": "aws"
              },
              {
                "name": "serviceAccount.annotations.eks\\.amazonaws\\.com/role-arn",
                "type": "",
                "value": "arn:aws:iam::024848460340:role/fthw-external-dns"
              }
            ],
            "set_list": [],
            "set_sensitive": [],
            "skip_crds": false,
            "status": "deployed",
            "timeout": 600,
            "upgrade_install": null,
            "values": null,
            "verify": false,
            "version": "1.12.1",
            "wait": true,
            "wait_for_jobs": false
          },
          "sensitive_attributes": [],
          "private": "eyJzY2hlbWFfdmVyc2lvbiI6IjEifQ==",
          "dependencies": [
            "data.aws_availability_zones.available",
            "data.aws_eks_cluster_auth.default",
            "module.eks.aws_cloudwatch_log_group.this",
            "module.eks.aws_eks_cluster.this",
            "module.eks.aws_iam_openid_connect_provider.oidc_provider",
            "module.eks.aws_iam_policy.cni_ipv6_policy",
            "module.eks.aws_iam_role.this",
            "module.eks.aws_iam_role_policy_attachment.this",
            "module.eks.aws_security_group.cluster",
            "module.eks.aws_security_group.node",
            "module.eks.aws_security_group_rule.cluster",
            "module.eks.aws_security_group_rule.node",
            "module.eks.data.aws_caller_identity.current",
            "module.eks.data.aws_iam_policy_document.assume_role_policy",
            "module.eks.data.aws_iam_policy_document.cni_ipv6_policy",
            "module.eks.data.aws_iam_session_context.current",
            "module.eks.data.aws_partition.current",
            "module.eks.data.tls_certificate.this",
            "module.eks.module.kms.aws_kms_external_key.this",
            "module.eks.module.kms.aws_kms_key.this",
            "module.eks.module.kms.data.aws_caller_identity.current",
            "module.eks.module.kms.data.aws_iam_policy_document.this",
            "module.eks.module.kms.data.aws_partition.current",
            "module.external_dns_irsa_role.aws_iam_role.this",
            "module.external_dns_irsa_role.data.aws_caller_identity.current",
            "module.external_dns_irsa_role.data.aws_iam_policy_document.this",
            "module.external_dns_irsa_role.data.aws_partition.current",
            "module.vpc.aws_subnet.private",
            "module.vpc.aws_vpc.this",
            "module.vpc.aws_vpc_ipv4_cidr_block_association.this"
          ]
        }
      ]
    },
    {
      "mode": "managed",
      "type": "helm_release",
      "name": "flyte-core",
      "provider": "provider[\"registry.opentofu.org/hashicorp/helm\"]",
      "instances": [
        {
          "schema_version": 1,
          "attributes": {
            "atomic": false,
            "chart": "flyte-core",
            "cleanup_on_fail": false,
            "create_namespace": true,
            "dependency_update": false,
            "description": null,
            "devel": null,
            "disable_crd_hooks": false,
            "disable_openapi_validation": false,
            "disable_webhooks": false,
            "force_update": false,
            "id": "flyte-core",
            "keyring": null,
            "lint": false,
            "manifest": null,
            "max_history": 0,
            "metadata": [
              {
                "app_version": "",
                "chart": "flyte-core",
                "first_deployed": 1724281030,
                "last_deployed": 1724281030,
                "name": "flyte-core",
                "namespace": "flyte",
                "notes": "",
                "revision": 1,
                "values": "{\"cluster_resource_manager\":{\"config\":{\"cluster_resources\":{\"customData\":[{\"production\":[{\"projectQuotaCpu\":{\"value\":\"5\"}},{\"projectQuotaMemory\":{\"value\":\"4000Mi\"}},{\"defaultIamRole\":{\"value\":\"{{ .Values.userSettings.workerIAMRole}} \"}}]},{\"staging\":[{\"projectQuotaCpu\":{\"value\":\"2\"}},{\"projectQuotaMemory\":{\"value\":\"3000Mi\"}},{\"defaultIamRole\":{\"value\":\"{{ .Values.userSettings.workerIAMRole}} \"}}]},{\"development\":[{\"projectQuotaCpu\":{\"value\":\"4\"}},{\"projectQuotaMemory\":{\"value\":\"3000Mi\"}},{\"defaultIamRole\":{\"value\":\"{{ .Values.userSettings.workerIAMRole}} \"}}]}]}},\"enabled\":true,\"standalone_deploy\":false,\"templates\":[{\"key\":\"aa_namespace\",\"value\":\"apiVersion: v1\\nkind: Namespace\\nmetadata:\\n  name: {{ namespace }}\\nspec:\\n  finalizers:\\n  - kubernetes\\n\"},{\"key\":\"aab_default_service_account\",\"value\":\"apiVersion: v1\\nkind: ServiceAccount\\nmetadata:\\n  name: default\\n  namespace: {{ namespace }}\\n  annotations:\\n    eks.amazonaws.com/role-arn: {{ defaultIamRole }}\\n\"},{\"key\":\"ab_project_resource_quota\",\"value\":\"apiVersion: v1\\nkind: ResourceQuota\\nmetadata:\\n  name: project-quota\\n  namespace: {{ namespace }}\\nspec:\\n  hard:\\n    limits.cpu: {{ projectQuotaCpu }}\\n    limits.memory: {{ projectQuotaMemory }}\\n\"}]},\"common\":{\"databaseSecret\":{\"name\":\"db-pass\",\"secretManifest\":{\"apiVersion\":\"v1\",\"kind\":\"Secret\",\"metadata\":{\"name\":\"db-pass\"},\"stringData\":{\"pass.txt\":\"{{ .Values.userSettings.dbPassword }}\"},\"type\":\"Opaque\"}},\"ingress\":{\"albSSLRedirect\":true,\"annotations\":{\"alb.ingress.kubernetes.io/actions.ssl-redirect\":\"{\\\"Type\\\": \\\"redirect\\\", \\\"RedirectConfig\\\": { \\\"Protocol\\\": \\\"HTTPS\\\", \\\"Port\\\": \\\"443\\\", \\\"StatusCode\\\": \\\"HTTP_301\\\"}}\",\"alb.ingress.kubernetes.io/certificate-arn\":\"{{ .Values.userSettings.certificateArn }}\",\"alb.ingress.kubernetes.io/group.name\":\"flyte\",\"alb.ingress.kubernetes.io/listen-ports\":\"[{\\\"HTTP\\\": 80}, {\\\"HTTPS\\\":443}]\",\"alb.ingress.kubernetes.io/scheme\":\"internet-facing\",\"alb.ingress.kubernetes.io/tags\":\"service_instance=production\",\"alb.ingress.kubernetes.io/target-type\":\"ip\",\"kubernetes.io/ingress.class\":\"alb\"},\"host\":\"{{ .Values.userSettings.ingressHost }}\",\"separateGrpcIngress\":true,\"separateGrpcIngressAnnotations\":{\"alb.ingress.kubernetes.io/backend-protocol-version\":\"GRPC\"}}},\"configmap\":{\"adminServer\":{\"server\":{\"grpc\":{\"port\":8089},\"httpPort\":8088,\"security\":{\"allowCors\":true,\"allowedHeaders\":[\"Content-Type\"],\"allowedOrigins\":[\"*\"],\"secure\":false,\"useAuth\":false}}},\"core\":{\"propeller\":{\"gc-interval\":\"12h\",\"kube-client-config\":{\"burst\":25,\"qps\":100,\"timeout\":\"30s\"},\"max-workflow-retries\":50,\"queue\":{\"sub-queue\":{\"capacity\":1000,\"rate\":100,\"type\":\"bucket\"}},\"rawoutput-prefix\":\"s3://{{ .Values.userSettings.rawDataBucketName }}/\",\"workers\":40}},\"enabled_plugins\":{\"tasks\":{\"task-plugins\":{\"default-for-task-types\":{\"container\":\"container\",\"container_array\":\"k8s-array\",\"sidecar\":\"sidecar\"},\"enabled-plugins\":[\"container\",\"sidecar\",\"k8s-array\",\"agent-service\"]}}},\"resource_manager\":{\"propeller\":{\"resourcemanager\":{\"type\":\"noop\"}}},\"task_logs\":{\"plugins\":{\"logs\":{\"cloudwatch-enabled\":true,\"cloudwatch-log-group\":\"{{ .Values.userSettings.logGroup }}\",\"cloudwatch-region\":\"{{ .Values.userSettings.accountRegion }}\",\"kubernetes-enabled\":false}}},\"task_resource_defaults\":{\"task_resources\":{\"defaults\":{\"cpu\":\"1000m\",\"memory\":\"1000Mi\",\"storage\":\"1000Mi\"},\"limits\":{\"storage\":\"2000Mi\"}}}},\"datacatalog\":{\"affinity\":{\"podAntiAffinity\":{\"requiredDuringSchedulingIgnoredDuringExecution\":[{\"labelSelector\":{\"matchLabels\":{\"app.kubernetes.io/name\":\"datacatalog\"}},\"topologyKey\":\"kubernetes.io/hostname\"}]}},\"replicaCount\":2,\"resources\":{\"limits\":{\"cpu\":1,\"ephemeral-storage\":\"200Mi\"},\"requests\":{\"cpu\":\"500m\",\"ephemeral-storage\":\"200Mi\",\"memory\":\"200Mi\"}},\"serviceAccount\":{\"annotations\":{\"eks.amazonaws.com/role-arn\":\"{{ .Values.userSettings.backendIAMRole }}\"},\"create\":true}},\"db\":{\"admin\":{\"database\":{\"dbname\":\"{{ .Values.userSettings.dbUser }}\",\"host\":\"{{ .Values.userSettings.rdsHost }}\",\"passwordPath\":\"/etc/db/pass.txt\",\"port\":5432,\"username\":\"{{ .Values.userSettings.dbUser }}\"}},\"datacatalog\":{\"database\":{\"dbname\":\"{{ .Values.userSettings.dbUser }}\",\"host\":\"{{ .Values.userSettings.rdsHost }}\",\"passwordPath\":\"/etc/db/pass.txt\",\"port\":5432,\"username\":\"{{ .Values.userSettings.dbUser }}\"}}},\"flyteadmin\":{\"affinity\":{\"podAntiAffinity\":{\"requiredDuringSchedulingIgnoredDuringExecution\":[{\"labelSelector\":{\"matchLabels\":{\"app.kubernetes.io/name\":\"flyteadmin\"}},\"topologyKey\":\"kubernetes.io/hostname\"}]}},\"replicaCount\":2,\"resources\":{\"limits\":{\"ephemeral-storage\":\"200Mi\"},\"requests\":{\"cpu\":\"50m\",\"ephemeral-storage\":\"200Mi\",\"memory\":\"200Mi\"}},\"serviceAccount\":{\"annotations\":{\"eks.amazonaws.com/role-arn\":\"{{ .Values.userSettings.backendIAMRole }}\"},\"create\":true},\"serviceMonitor\":{\"enabled\":false}},\"flyteagent\":{\"enabled\":false},\"flyteconsole\":{\"affinity\":{\"podAntiAffinity\":{\"requiredDuringSchedulingIgnoredDuringExecution\":[{\"labelSelector\":{\"matchLabels\":{\"app.kubernetes.io/name\":\"flyteconsole\"}},\"topologyKey\":\"kubernetes.io/hostname\"}]}},\"replicaCount\":2,\"resources\":{\"limits\":{\"cpu\":\"250m\"}}},\"flytepropeller\":{\"affinity\":{\"podAntiAffinity\":{\"requiredDuringSchedulingIgnoredDuringExecution\":[{\"labelSelector\":{\"matchLabels\":{\"app.kubernetes.io/name\":\"flytepropeller\"}},\"topologyKey\":\"kubernetes.io/hostname\"}]}},\"cacheSizeMbs\":1024,\"manager\":false,\"priorityClassName\":\"system-cluster-critical\",\"replicaCount\":2,\"resources\":{\"limits\":{\"cpu\":1,\"ephemeral-storage\":\"1Gi\",\"memory\":\"2Gi\"},\"requests\":{\"cpu\":1,\"ephemeral-storage\":\"1Gi\",\"memory\":\"2Gi\"}},\"service\":{\"enabled\":false},\"serviceAccount\":{\"annotations\":{\"eks.amazonaws.com/role-arn\":\"{{ .Values.userSettings.backendIAMRole }}\"},\"create\":true},\"serviceMonitor\":{\"enabled\":false}},\"flytescheduler\":{},\"sparkoperator\":{\"enabled\":false},\"storage\":{\"bucketName\":\"{{ .Values.userSettings.bucketName }}\",\"s3\":{\"region\":\"{{ .Values.userSettings.accountRegion }}\"},\"type\":\"s3\"},\"userSettings\":{\"accountRegion\":\"us-east-2\",\"backendIAMRole\":\"arn:aws:iam::024848460340:role/flyte-terraform-flyte-binary\",\"bucketName\":\"024848460340-flyte-terraform-data\",\"certificateArn\":\"arn:aws:acm:us-east-2:024848460340:certificate/8d5f2e85-f069-406a-b165-aa9129907624\",\"dbPassword\":\"HP0SKK9el21GiOXZI9Y2G7fP7KJB2DYlIRVDBNoJWhkn9Cfgc9qaWViPU4hPPnE\",\"dbUser\":\"flyte\",\"ingressHost\":\"flytetf.fthwdemo.com\",\"logGroup\":\"\\u003cLOG_GROUP_NAME\\u003e\",\"rawDataBucketName\":\"024848460340-flyte-terraform-data\",\"rdsHost\":\"flyte-terraform-db.cluster-cpy8gcy48u9f.us-east-2.rds.amazonaws.com\",\"redisHostKey\":\"\\u003cREDIS_HOST_KEY\\u003e\",\"redisHostUrl\":\"\\u003cREDIS_HOST_URL\\u003e\",\"workerIAMRole\":\"arn:aws:iam::024848460340:role/flyte-terraform-flyte-worker\"},\"workflow_notifications\":{\"config\":{\"notifications\":{\"emailer\":{\"body\":\"\\\"Execution {{ workflow.project }}/{{ workflow.domain }}/{{ workflow.name }}/{{ name }} has {{ phase }}.\\n Details: https://flyte.example.com/console/projects/{{ project }}/domains/{{ domain }}/executions/{{ name }}.\\n {{ error }}\\\"\\n\",\"sender\":\"flyte@example.com\",\"subject\":\"Flyte: {{ project }}/{{ domain }}/{{ launch_plan.name }} has {{ phase }}\"},\"processor\":{\"accountId\":\"{{ .Values.userSettings.accountNumber }}\",\"queueName\":\"flyte-notifications-queue\"},\"publisher\":{\"topicName\":\"arn:aws:sns:{{ .Values.userSettings.accountRegion }}:{{ .Values.userSettings.accountNumber }}:flyte-notifications-topic\"},\"region\":\"{{ .Values.userSettings.accountRegion }}\",\"type\":\"aws\"}},\"enabled\":false},\"workflow_scheduler\":{\"enabled\":true,\"type\":\"native\"}}",
                "version": "v1.13.0"
              }
            ],
            "name": "flyte-core",
            "namespace": "flyte",
            "pass_credentials": false,
            "postrender": [],
            "recreate_pods": false,
            "render_subchart_notes": true,
            "replace": false,
            "repository": "https://flyteorg.github.io/flyte",
            "repository_ca_file": null,
            "repository_cert_file": null,
            "repository_key_file": null,
            "repository_password": null,
            "repository_username": null,
            "reset_values": false,
            "reuse_values": false,
            "set": [],
            "set_list": [],
            "set_sensitive": [],
            "skip_crds": false,
            "status": "deployed",
            "timeout": 600,
            "upgrade_install": null,
            "values": [
              "userSettings:\n  accountRegion: us-east-2\n  certificateArn: arn:aws:acm:us-east-2:024848460340:certificate/8d5f2e85-f069-406a-b165-aa9129907624\n  dbPassword: HP0SKK9el21GiOXZI9Y2G7fP7KJB2DYlIRVDBNoJWhkn9Cfgc9qaWViPU4hPPnE\n  dbUser: flyte\n  rdsHost: flyte-terraform-db.cluster-cpy8gcy48u9f.us-east-2.rds.amazonaws.com\n# These two storage buckets could be the same or you could specify different buckets if required. Both keys are required.\n# Learn more https://docs.flyte.org/en/latest/concepts/data_management.html#understand-how-flyte-handles-data \n  bucketName: 024848460340-flyte-terraform-data \n  rawDataBucketName: 024848460340-flyte-terraform-data  \n  logGroup: \u003cLOG_GROUP_NAME\u003e\n  redisHostUrl: \u003cREDIS_HOST_URL\u003e\n  redisHostKey: \u003cREDIS_HOST_KEY\u003e\n  backendIAMRole: arn:aws:iam::024848460340:role/flyte-terraform-flyte-binary     \n  workerIAMRole: arn:aws:iam::024848460340:role/flyte-terraform-flyte-worker \n  ingressHost: flytetf.fthwdemo.com\n#\n# FLYTEADMIN\n#\n\nflyteadmin:\n  replicaCount: 2\n  # -- IAM role for SA: https://docs.aws.amazon.com/eks/latest/userguide/iam-roles-for-service-accounts.html\n  serviceAccount:\n    # -- If the service account is created by you, make this false, else a new service account will be created and the iam-role-flyte will be added\n    # you can change the name of this role\n    create: true\n    annotations:\n      eks.amazonaws.com/role-arn: \"{{ .Values.userSettings.backendIAMRole }}\"\n  serviceMonitor:\n    enabled: false\n\n  resources:\n    limits:\n      ephemeral-storage: 200Mi\n    requests:\n      cpu: 50m\n      ephemeral-storage: 200Mi\n      memory: 200Mi\n  affinity:\n    podAntiAffinity:\n      requiredDuringSchedulingIgnoredDuringExecution:\n        - labelSelector:\n            matchLabels:\n              app.kubernetes.io/name: flyteadmin\n          topologyKey: kubernetes.io/hostname\n\n#\n# FLYTESCHEDULER\n#\n\nflytescheduler: {}\n\n#\n# DATACATALOG\n#\n\ndatacatalog:\n  replicaCount: 2\n  serviceAccount:\n    # -- If the service account is created by you, make this false\n    create: true\n    annotations:\n      eks.amazonaws.com/role-arn: \"{{ .Values.userSettings.backendIAMRole }}\"\n  resources:\n    limits:\n      cpu: 1\n      ephemeral-storage: 200Mi\n    requests:\n      cpu: 500m\n      ephemeral-storage: 200Mi\n      memory: 200Mi\n  affinity:\n    podAntiAffinity:\n      requiredDuringSchedulingIgnoredDuringExecution:\n        - labelSelector:\n            matchLabels:\n              app.kubernetes.io/name: datacatalog\n          topologyKey: kubernetes.io/hostname\n\n#\n# FLYTEPROPELLER\n#\n\nflytepropeller:\n  replicaCount: 2\n  manager: false\n  serviceMonitor:\n    enabled: false\n  service:\n    enabled: false\n  serviceAccount:\n    # -- If the service account is created by you, make this false\n    create: true\n    annotations:\n      eks.amazonaws.com/role-arn: \"{{ .Values.userSettings.backendIAMRole }}\"\n  resources:\n    limits:\n      cpu: 1\n      ephemeral-storage: 1Gi\n      memory: 2Gi\n    requests:\n      cpu: 1\n      ephemeral-storage: 1Gi\n      memory: 2Gi\n  cacheSizeMbs: 1024\n  # -- Sets priorityClassName for propeller pod(s).\n  priorityClassName: \"system-cluster-critical\"\n  affinity:\n    podAntiAffinity:\n      requiredDuringSchedulingIgnoredDuringExecution:\n        - labelSelector:\n            matchLabels:\n              app.kubernetes.io/name: flytepropeller\n          topologyKey: kubernetes.io/hostname\n\n#\n# FLYTE_AGENT\n#\nflyteagent:\n  enabled: false\n\n#\n# FLYTECONSOLE\n#\n\nflyteconsole:\n  replicaCount: 2\n  resources:\n    limits:\n      cpu: 250m\n  affinity:\n    podAntiAffinity:\n      requiredDuringSchedulingIgnoredDuringExecution:\n        - labelSelector:\n            matchLabels:\n              app.kubernetes.io/name: flyteconsole\n          topologyKey: kubernetes.io/hostname\n\n#\n# COMMON\n#\n\ncommon:\n  ingress:\n    albSSLRedirect: true\n    separateGrpcIngress: true\n    annotations:\n      # -- aws-load-balancer-controller v2.1 or higher is required - https://kubernetes-sigs.github.io/aws-load-balancer-controller/v2.1/\n      # For EKS if using [ALB](https://kubernetes-sigs.github.io/aws-load-balancer-controller/guide/ingress/annotations/), these annotations are set\n      kubernetes.io/ingress.class: alb\n      alb.ingress.kubernetes.io/tags: service_instance=production\n      alb.ingress.kubernetes.io/scheme: internet-facing\n      alb.ingress.kubernetes.io/target-type: ip\n      # -- This is the certificate arn of the cert imported in AWS certificate manager.\n      alb.ingress.kubernetes.io/certificate-arn: \"{{ .Values.userSettings.certificateArn }}\"\n      alb.ingress.kubernetes.io/listen-ports: '[{\"HTTP\": 80}, {\"HTTPS\":443}]'\n      alb.ingress.kubernetes.io/actions.ssl-redirect: '{\"Type\": \"redirect\", \"RedirectConfig\": { \"Protocol\": \"HTTPS\", \"Port\": \"443\", \"StatusCode\": \"HTTP_301\"}}'\n      # -- Instruct ALB Controller to not create multiple load balancers (and hence maintain a single endpoint for both GRPC and Http)\n      alb.ingress.kubernetes.io/group.name: flyte\n    separateGrpcIngressAnnotations:\n      alb.ingress.kubernetes.io/backend-protocol-version: GRPC\n    host: \"{{ .Values.userSettings.ingressHost }}\"\n  databaseSecret:\n    name: db-pass\n    secretManifest:\n      # -- Leave it empty if your secret already exists\n      # Else you can create your own secret object. You can use Kubernetes secrets, else you can configure external secrets\n      # For external secrets please install Necessary dependencies, like, of your choice\n      # - https://github.com/hashicorp/vault\n      # - https://github.com/godaddy/kubernetes-external-secrets\n      apiVersion: v1\n      kind: Secret\n      metadata:\n        name: db-pass\n      type: Opaque\n      stringData:\n        # -- If using plain text you can provide the password here\n        pass.txt: \"{{ .Values.userSettings.dbPassword }}\"\n\n# -----------------------------------------------------\n# Core dependencies that should be configured for Flyte to work on any platform\n# Specifically 2 - Storage (s3, gcs etc), Production RDBMS - Aurora, CloudSQL etc\n# ------------------------------------------------------\n#\n# STORAGE SETTINGS\n#\n\nstorage:\n  # -- Sets the storage type. Supported values are sandbox, s3, gcs and custom.\n  type: s3\n  # -- bucketName defines the storage bucket flyte will use. Required for all types except for sandbox.\n  bucketName: \"{{ .Values.userSettings.bucketName }}\"\n  s3:\n    region: \"{{ .Values.userSettings.accountRegion }}\"\n\ndb:\n  datacatalog:\n    database:\n      port: 5432\n      # -- Create a user called flyteadmin\n      username: \"{{ .Values.userSettings.dbUser }}\"\n      host: \"{{ .Values.userSettings.rdsHost }}\"\n      # -- Create a DB called datacatalog (OR change the name here)\n      dbname: \"{{ .Values.userSettings.dbUser }}\"\n      passwordPath: /etc/db/pass.txt\n  admin:\n    database:\n      port: 5432\n      # -- Create a user called flyteadmin\n      username: \"{{ .Values.userSettings.dbUser }}\"\n      host: \"{{ .Values.userSettings.rdsHost }}\"\n      # -- Create a DB called flyteadmin (OR change the name here)\n      dbname: \"{{ .Values.userSettings.dbUser }}\"\n      passwordPath: /etc/db/pass.txt\n#\n# CONFIGMAPS\n#\n\nconfigmap:\n  adminServer:\n    server:\n      httpPort: 8088\n      grpc:\n        port: 8089\n      security:\n        secure: false\n        useAuth: false\n        allowCors: true\n        allowedOrigins:\n          # Accepting all domains for Sandbox installation\n          - \"*\"\n        allowedHeaders:\n          - \"Content-Type\"\n\n  task_resource_defaults:\n    task_resources:\n      defaults:\n        cpu: 1000m\n        memory: 1000Mi\n        storage: 1000Mi\n      limits:\n        storage: 2000Mi\n\n  core:\n    propeller:\n      rawoutput-prefix: \"s3://{{ .Values.userSettings.rawDataBucketName }}/\"\n      workers: 40\n      gc-interval: 12h\n      max-workflow-retries: 50\n      kube-client-config:\n        qps: 100\n        burst: 25\n        timeout: 30s\n      queue:\n        sub-queue:\n          type: bucket\n          rate: 100\n          capacity: 1000\n\n  # -- Resource manager configuration\n  resource_manager:\n    # -- resource manager configuration\n    propeller:\n      resourcemanager:\n        type: noop\n        # Note: By default resource manager is disabled for propeller, Please use `type: redis` to enable\n        # type: redis\n        # resourceMaxQuota: 10000\n        # redis:\n        #   hostPath: \"{{ .Values.userSettings.redisHostUrl }}\"\n        #   hostKey: \"{{ .Values.userSettings.redisHostKey }}\"\n\n\n  enabled_plugins:\n    # -- Tasks specific configuration [structure](https://pkg.go.dev/github.com/flyteorg/flytepropeller/pkg/controller/nodes/task/config#GetConfig)\n    tasks:\n      # -- Plugins configuration, [structure](https://pkg.go.dev/github.com/flyteorg/flytepropeller/pkg/controller/nodes/task/config#TaskPluginConfig)\n      task-plugins:\n        # -- [Enabled Plugins](https://pkg.go.dev/github.com/lyft/flyteplugins/go/tasks/config#Config). Enable sagemaker*, athena if you install the backend\n        # plugins\n        enabled-plugins:\n          - container\n          - sidecar\n          - k8s-array\n          - agent-service\n        #          - sagemaker_hyperparameter_tuning\n        #          - sagemaker_custom_training\n        #          - sagemaker_training\n        default-for-task-types:\n          container: container\n          sidecar: sidecar\n          container_array: k8s-array\n  #          sagemaker_custom_training_task: sagemaker_custom_training\n  #          sagemaker_custom_training_job_task: sagemaker_custom_training\n\n\n  # -- Section that configures how the Task logs are displayed on the UI. This has to be changed based on your actual logging provider.\n  # Refer to [structure](https://pkg.go.dev/github.com/lyft/flyteplugins/go/tasks/logs#LogConfig) to understand how to configure various\n  # logging engines\n  task_logs:\n    plugins:\n      logs:\n        kubernetes-enabled: false\n        # -- One option is to enable cloudwatch logging for EKS, update the region and log group accordingly\n        # You can even disable this\n        cloudwatch-enabled: true\n        # -- region where logs are hosted\n        cloudwatch-region: \"{{ .Values.userSettings.accountRegion }}\"\n        # -- cloudwatch log-group\n        cloudwatch-log-group: \"{{ .Values.userSettings.logGroup }}\"\n\n# ----------------------------------------------------------------\n# Optional Modules\n# Flyte built extensions that enable various additional features in Flyte.\n# All these features are optional, but are critical to run certain features\n# ------------------------------------------------------------------------\n\n# -- # Flyte uses a cloud hosted Cron scheduler to run workflows on a schedule. The following module is optional. Without,\n# this module, you will not have scheduled launchplans/workflows.\n# by default aws use flyte native scheduler i.e flytescheduler\n# To use aws native scheduler please override the eks values\nworkflow_scheduler:\n  enabled: true\n  type: native\n\n# --\n# Workflow notifications module is an optional dependency. Flyte uses cloud native pub-sub systems to notify users of\n# various events in their workflows\nworkflow_notifications:\n  enabled: false\n  config:\n    notifications:\n      type: aws\n      region: \"{{ .Values.userSettings.accountRegion }}\"\n      publisher:\n        topicName: \"arn:aws:sns:{{ .Values.userSettings.accountRegion }}:{{ .Values.userSettings.accountNumber }}:flyte-notifications-topic\"\n      processor:\n        queueName: flyte-notifications-queue\n        accountId: \"{{ .Values.userSettings.accountNumber }}\"\n      emailer:\n        subject: \"Flyte: {{ project }}/{{ domain }}/{{ launch_plan.name }} has {{ phase }}\"\n        sender: \"flyte@example.com\"\n        body: |\n         \"Execution {{ workflow.project }}/{{ workflow.domain }}/{{ workflow.name }}/{{ name }} has {{ phase }}.\n          Details: https://flyte.example.com/console/projects/{{ project }}/domains/{{ domain }}/executions/{{ name }}.\n          {{ error }}\"\n\n# -- Configuration for the Cluster resource manager component. This is an optional component, that enables automatic\n# cluster configuration. This is useful to set default quotas, manage namespaces etc that map to a project/domain\ncluster_resource_manager:\n  # -- Enables the Cluster resource manager component\n  enabled: true\n  # -- Starts the cluster resource manager in standalone mode with requisite auth credentials to call flyteadmin service endpoints\n  standalone_deploy: false\n  config:\n    cluster_resources:\n      customData:\n        - production:\n            - projectQuotaCpu:\n                value: \"5\"\n            - projectQuotaMemory:\n                value: \"4000Mi\"\n            - defaultIamRole:\n                value: \"{{ .Values.userSettings.workerIAMRole}} \"\n        - staging:\n            - projectQuotaCpu:\n                value: \"2\"\n            - projectQuotaMemory:\n                value: \"3000Mi\"\n            - defaultIamRole:\n                value: \"{{ .Values.userSettings.workerIAMRole}} \"\n        - development:\n            - projectQuotaCpu:\n                value: \"4\"\n            - projectQuotaMemory:\n                value: \"3000Mi\"\n            - defaultIamRole:\n                value: \"{{ .Values.userSettings.workerIAMRole}} \"\n\n  templates:\n    # -- Template for namespaces resources\n    - key: aa_namespace\n      value: |\n        apiVersion: v1\n        kind: Namespace\n        metadata:\n          name: {{ namespace }}\n        spec:\n          finalizers:\n          - kubernetes\n\n    # -- Patch default service account\n    - key: aab_default_service_account\n      value: |\n        apiVersion: v1\n        kind: ServiceAccount\n        metadata:\n          name: default\n          namespace: {{ namespace }}\n          annotations:\n            eks.amazonaws.com/role-arn: {{ defaultIamRole }}\n\n    - key: ab_project_resource_quota\n      value: |\n        apiVersion: v1\n        kind: ResourceQuota\n        metadata:\n          name: project-quota\n          namespace: {{ namespace }}\n        spec:\n          hard:\n            limits.cpu: {{ projectQuotaCpu }}\n            limits.memory: {{ projectQuotaMemory }}\n\n\n\n#\n# SPARKOPERATOR\n#\n\nsparkoperator:\n  enabled: false"
            ],
            "verify": false,
            "version": "v1.13.0",
            "wait": true,
            "wait_for_jobs": false
          },
          "sensitive_attributes": [
            [
              {
                "type": "get_attr",
                "value": "values"
              },
              {
                "type": "index",
                "value": {
                  "value": 0,
                  "type": "number"
                }
              }
            ]
          ],
          "private": "eyJzY2hlbWFfdmVyc2lvbiI6IjEifQ==",
          "dependencies": [
            "aws_acm_certificate.flyte_cert",
            "aws_acm_certificate_validation.dns_validated_cert",
            "aws_iam_policy.flyte_binary_iam_policy",
            "aws_iam_policy.flyte_worker_iam_policy",
            "aws_route53_record.cert_validation_record",
            "data.aws_availability_zones.available",
            "data.aws_caller_identity.current",
            "data.aws_eks_cluster_auth.default",
            "data.aws_iam_policy_document.flyte_binary_iam_policy",
            "data.aws_iam_policy_document.flyte_data_bucket_policy",
            "data.aws_iam_policy_document.flyte_worker_iam_policy",
            "data.aws_route53_zone.zone",
            "module.eks.aws_cloudwatch_log_group.this",
            "module.eks.aws_ec2_tag.cluster_primary_security_group",
            "module.eks.aws_eks_addon.before_compute",
            "module.eks.aws_eks_addon.this",
            "module.eks.aws_eks_cluster.this",
            "module.eks.aws_eks_identity_provider_config.this",
            "module.eks.aws_iam_openid_connect_provider.oidc_provider",
            "module.eks.aws_iam_policy.cluster_encryption",
            "module.eks.aws_iam_policy.cni_ipv6_policy",
            "module.eks.aws_iam_role.this",
            "module.eks.aws_iam_role_policy_attachment.additional",
            "module.eks.aws_iam_role_policy_attachment.cluster_encryption",
            "module.eks.aws_iam_role_policy_attachment.this",
            "module.eks.aws_security_group.cluster",
            "module.eks.aws_security_group.node",
            "module.eks.aws_security_group_rule.cluster",
            "module.eks.aws_security_group_rule.node",
            "module.eks.data.aws_caller_identity.current",
            "module.eks.data.aws_eks_addon_version.this",
            "module.eks.data.aws_iam_policy_document.assume_role_policy",
            "module.eks.data.aws_iam_policy_document.cni_ipv6_policy",
            "module.eks.data.aws_iam_session_context.current",
            "module.eks.data.aws_partition.current",
            "module.eks.data.tls_certificate.this",
            "module.eks.kubernetes_config_map.aws_auth",
            "module.eks.kubernetes_config_map_v1_data.aws_auth",
            "module.eks.module.eks_managed_node_group.aws_eks_node_group.this",
            "module.eks.module.eks_managed_node_group.aws_iam_role.this",
            "module.eks.module.eks_managed_node_group.aws_iam_role_policy_attachment.additional",
            "module.eks.module.eks_managed_node_group.aws_iam_role_policy_attachment.this",
            "module.eks.module.eks_managed_node_group.aws_launch_template.this",
            "module.eks.module.eks_managed_node_group.data.aws_caller_identity.current",
            "module.eks.module.eks_managed_node_group.data.aws_iam_policy_document.assume_role_policy",
            "module.eks.module.eks_managed_node_group.data.aws_partition.current",
            "module.eks.module.eks_managed_node_group.module.user_data.data.cloudinit_config.linux_eks_managed_node_group",
            "module.eks.module.fargate_profile.aws_eks_fargate_profile.this",
            "module.eks.module.fargate_profile.aws_iam_role.this",
            "module.eks.module.fargate_profile.aws_iam_role_policy_attachment.additional",
            "module.eks.module.fargate_profile.aws_iam_role_policy_attachment.this",
            "module.eks.module.fargate_profile.data.aws_caller_identity.current",
            "module.eks.module.fargate_profile.data.aws_iam_policy_document.assume_role_policy",
            "module.eks.module.fargate_profile.data.aws_partition.current",
            "module.eks.module.kms.aws_kms_alias.this",
            "module.eks.module.kms.aws_kms_external_key.this",
            "module.eks.module.kms.aws_kms_grant.this",
            "module.eks.module.kms.aws_kms_key.this",
            "module.eks.module.kms.data.aws_caller_identity.current",
            "module.eks.module.kms.data.aws_iam_policy_document.this",
            "module.eks.module.kms.data.aws_partition.current",
            "module.eks.module.self_managed_node_group.aws_autoscaling_group.this",
            "module.eks.module.self_managed_node_group.aws_autoscaling_schedule.this",
            "module.eks.module.self_managed_node_group.aws_iam_instance_profile.this",
            "module.eks.module.self_managed_node_group.aws_iam_role.this",
            "module.eks.module.self_managed_node_group.aws_iam_role_policy_attachment.additional",
            "module.eks.module.self_managed_node_group.aws_iam_role_policy_attachment.this",
            "module.eks.module.self_managed_node_group.aws_launch_template.this",
            "module.eks.module.self_managed_node_group.data.aws_ami.eks_default",
            "module.eks.module.self_managed_node_group.data.aws_caller_identity.current",
            "module.eks.module.self_managed_node_group.data.aws_iam_policy_document.assume_role_policy",
            "module.eks.module.self_managed_node_group.data.aws_partition.current",
            "module.eks.module.self_managed_node_group.module.user_data.data.cloudinit_config.linux_eks_managed_node_group",
            "module.eks.time_sleep.this",
            "module.flyte_backend_irsa_role.aws_iam_policy.amazon_managed_service_prometheus",
            "module.flyte_backend_irsa_role.aws_iam_policy.appmesh_controller",
            "module.flyte_backend_irsa_role.aws_iam_policy.appmesh_envoy_proxy",
            "module.flyte_backend_irsa_role.aws_iam_policy.cert_manager",
            "module.flyte_backend_irsa_role.aws_iam_policy.cluster_autoscaler",
            "module.flyte_backend_irsa_role.aws_iam_policy.ebs_csi",
            "module.flyte_backend_irsa_role.aws_iam_policy.efs_csi",
            "module.flyte_backend_irsa_role.aws_iam_policy.external_dns",
            "module.flyte_backend_irsa_role.aws_iam_policy.external_secrets",
            "module.flyte_backend_irsa_role.aws_iam_policy.fsx_lustre_csi",
            "module.flyte_backend_irsa_role.aws_iam_policy.karpenter_controller",
            "module.flyte_backend_irsa_role.aws_iam_policy.load_balancer_controller",
            "module.flyte_backend_irsa_role.aws_iam_policy.load_balancer_controller_targetgroup_only",
            "module.flyte_backend_irsa_role.aws_iam_policy.node_termination_handler",
            "module.flyte_backend_irsa_role.aws_iam_policy.velero",
            "module.flyte_backend_irsa_role.aws_iam_policy.vpc_cni",
            "module.flyte_backend_irsa_role.aws_iam_role.this",
            "module.flyte_backend_irsa_role.aws_iam_role_policy_attachment.amazon_managed_service_prometheus",
            "module.flyte_backend_irsa_role.aws_iam_role_policy_attachment.appmesh_controller",
            "module.flyte_backend_irsa_role.aws_iam_role_policy_attachment.appmesh_envoy_proxy",
            "module.flyte_backend_irsa_role.aws_iam_role_policy_attachment.cert_manager",
            "module.flyte_backend_irsa_role.aws_iam_role_policy_attachment.cluster_autoscaler",
            "module.flyte_backend_irsa_role.aws_iam_role_policy_attachment.ebs_csi",
            "module.flyte_backend_irsa_role.aws_iam_role_policy_attachment.efs_csi",
            "module.flyte_backend_irsa_role.aws_iam_role_policy_attachment.external_dns",
            "module.flyte_backend_irsa_role.aws_iam_role_policy_attachment.external_secrets",
            "module.flyte_backend_irsa_role.aws_iam_role_policy_attachment.fsx_lustre_csi",
            "module.flyte_backend_irsa_role.aws_iam_role_policy_attachment.karpenter_controller",
            "module.flyte_backend_irsa_role.aws_iam_role_policy_attachment.load_balancer_controller",
            "module.flyte_backend_irsa_role.aws_iam_role_policy_attachment.load_balancer_controller_targetgroup_only",
            "module.flyte_backend_irsa_role.aws_iam_role_policy_attachment.node_termination_handler",
            "module.flyte_backend_irsa_role.aws_iam_role_policy_attachment.this",
            "module.flyte_backend_irsa_role.aws_iam_role_policy_attachment.velero",
            "module.flyte_backend_irsa_role.aws_iam_role_policy_attachment.vpc_cni",
            "module.flyte_backend_irsa_role.data.aws_caller_identity.current",
            "module.flyte_backend_irsa_role.data.aws_iam_policy_document.amazon_managed_service_prometheus",
            "module.flyte_backend_irsa_role.data.aws_iam_policy_document.appmesh_controller",
            "module.flyte_backend_irsa_role.data.aws_iam_policy_document.appmesh_envoy_proxy",
            "module.flyte_backend_irsa_role.data.aws_iam_policy_document.cert_manager",
            "module.flyte_backend_irsa_role.data.aws_iam_policy_document.cluster_autoscaler",
            "module.flyte_backend_irsa_role.data.aws_iam_policy_document.ebs_csi",
            "module.flyte_backend_irsa_role.data.aws_iam_policy_document.efs_csi",
            "module.flyte_backend_irsa_role.data.aws_iam_policy_document.external_dns",
            "module.flyte_backend_irsa_role.data.aws_iam_policy_document.external_secrets",
            "module.flyte_backend_irsa_role.data.aws_iam_policy_document.fsx_lustre_csi",
            "module.flyte_backend_irsa_role.data.aws_iam_policy_document.karpenter_controller",
            "module.flyte_backend_irsa_role.data.aws_iam_policy_document.load_balancer_controller",
            "module.flyte_backend_irsa_role.data.aws_iam_policy_document.load_balancer_controller_targetgroup_only",
            "module.flyte_backend_irsa_role.data.aws_iam_policy_document.node_termination_handler",
            "module.flyte_backend_irsa_role.data.aws_iam_policy_document.this",
            "module.flyte_backend_irsa_role.data.aws_iam_policy_document.velero",
            "module.flyte_backend_irsa_role.data.aws_iam_policy_document.vpc_cni",
            "module.flyte_backend_irsa_role.data.aws_partition.current",
            "module.flyte_data.aws_s3_bucket.this",
            "module.flyte_data.aws_s3_bucket_policy.this",
            "module.flyte_data.data.aws_caller_identity.current",
            "module.flyte_data.data.aws_elb_service_account.this",
            "module.flyte_data.data.aws_iam_policy_document.combined",
            "module.flyte_data.data.aws_iam_policy_document.deny_insecure_transport",
            "module.flyte_data.data.aws_iam_policy_document.elb_log_delivery",
            "module.flyte_data.data.aws_iam_policy_document.inventory_and_analytics_destination_policy",
            "module.flyte_data.data.aws_iam_policy_document.lb_log_delivery",
            "module.flyte_data.data.aws_iam_policy_document.require_latest_tls",
            "module.flyte_db.aws_appautoscaling_policy.this",
            "module.flyte_db.aws_appautoscaling_target.this",
            "module.flyte_db.aws_db_parameter_group.this",
            "module.flyte_db.aws_db_subnet_group.this",
            "module.flyte_db.aws_iam_role.rds_enhanced_monitoring",
            "module.flyte_db.aws_iam_role_policy_attachment.rds_enhanced_monitoring",
            "module.flyte_db.aws_rds_cluster.this",
            "module.flyte_db.aws_rds_cluster_endpoint.this",
            "module.flyte_db.aws_rds_cluster_instance.this",
            "module.flyte_db.aws_rds_cluster_parameter_group.this",
            "module.flyte_db.aws_rds_cluster_role_association.this",
            "module.flyte_db.aws_security_group.this",
            "module.flyte_db.aws_security_group_rule.cidr_ingress",
            "module.flyte_db.aws_security_group_rule.default_ingress",
            "module.flyte_db.aws_security_group_rule.egress",
            "module.flyte_db.data.aws_iam_policy_document.monitoring_rds_assume_role",
            "module.flyte_db.data.aws_partition.current",
            "module.flyte_db.random_id.snapshot_identifier",
            "module.flyte_db.random_password.master_password",
            "module.flyte_worker_irsa_role.aws_iam_policy.amazon_managed_service_prometheus",
            "module.flyte_worker_irsa_role.aws_iam_policy.appmesh_controller",
            "module.flyte_worker_irsa_role.aws_iam_policy.appmesh_envoy_proxy",
            "module.flyte_worker_irsa_role.aws_iam_policy.cert_manager",
            "module.flyte_worker_irsa_role.aws_iam_policy.cluster_autoscaler",
            "module.flyte_worker_irsa_role.aws_iam_policy.ebs_csi",
            "module.flyte_worker_irsa_role.aws_iam_policy.efs_csi",
            "module.flyte_worker_irsa_role.aws_iam_policy.external_dns",
            "module.flyte_worker_irsa_role.aws_iam_policy.external_secrets",
            "module.flyte_worker_irsa_role.aws_iam_policy.fsx_lustre_csi",
            "module.flyte_worker_irsa_role.aws_iam_policy.karpenter_controller",
            "module.flyte_worker_irsa_role.aws_iam_policy.load_balancer_controller",
            "module.flyte_worker_irsa_role.aws_iam_policy.load_balancer_controller_targetgroup_only",
            "module.flyte_worker_irsa_role.aws_iam_policy.node_termination_handler",
            "module.flyte_worker_irsa_role.aws_iam_policy.velero",
            "module.flyte_worker_irsa_role.aws_iam_policy.vpc_cni",
            "module.flyte_worker_irsa_role.aws_iam_role.this",
            "module.flyte_worker_irsa_role.aws_iam_role_policy_attachment.amazon_managed_service_prometheus",
            "module.flyte_worker_irsa_role.aws_iam_role_policy_attachment.appmesh_controller",
            "module.flyte_worker_irsa_role.aws_iam_role_policy_attachment.appmesh_envoy_proxy",
            "module.flyte_worker_irsa_role.aws_iam_role_policy_attachment.cert_manager",
            "module.flyte_worker_irsa_role.aws_iam_role_policy_attachment.cluster_autoscaler",
            "module.flyte_worker_irsa_role.aws_iam_role_policy_attachment.ebs_csi",
            "module.flyte_worker_irsa_role.aws_iam_role_policy_attachment.efs_csi",
            "module.flyte_worker_irsa_role.aws_iam_role_policy_attachment.external_dns",
            "module.flyte_worker_irsa_role.aws_iam_role_policy_attachment.external_secrets",
            "module.flyte_worker_irsa_role.aws_iam_role_policy_attachment.fsx_lustre_csi",
            "module.flyte_worker_irsa_role.aws_iam_role_policy_attachment.karpenter_controller",
            "module.flyte_worker_irsa_role.aws_iam_role_policy_attachment.load_balancer_controller",
            "module.flyte_worker_irsa_role.aws_iam_role_policy_attachment.load_balancer_controller_targetgroup_only",
            "module.flyte_worker_irsa_role.aws_iam_role_policy_attachment.node_termination_handler",
            "module.flyte_worker_irsa_role.aws_iam_role_policy_attachment.this",
            "module.flyte_worker_irsa_role.aws_iam_role_policy_attachment.velero",
            "module.flyte_worker_irsa_role.aws_iam_role_policy_attachment.vpc_cni",
            "module.flyte_worker_irsa_role.data.aws_caller_identity.current",
            "module.flyte_worker_irsa_role.data.aws_iam_policy_document.amazon_managed_service_prometheus",
            "module.flyte_worker_irsa_role.data.aws_iam_policy_document.appmesh_controller",
            "module.flyte_worker_irsa_role.data.aws_iam_policy_document.appmesh_envoy_proxy",
            "module.flyte_worker_irsa_role.data.aws_iam_policy_document.cert_manager",
            "module.flyte_worker_irsa_role.data.aws_iam_policy_document.cluster_autoscaler",
            "module.flyte_worker_irsa_role.data.aws_iam_policy_document.ebs_csi",
            "module.flyte_worker_irsa_role.data.aws_iam_policy_document.efs_csi",
            "module.flyte_worker_irsa_role.data.aws_iam_policy_document.external_dns",
            "module.flyte_worker_irsa_role.data.aws_iam_policy_document.external_secrets",
            "module.flyte_worker_irsa_role.data.aws_iam_policy_document.fsx_lustre_csi",
            "module.flyte_worker_irsa_role.data.aws_iam_policy_document.karpenter_controller",
            "module.flyte_worker_irsa_role.data.aws_iam_policy_document.load_balancer_controller",
            "module.flyte_worker_irsa_role.data.aws_iam_policy_document.load_balancer_controller_targetgroup_only",
            "module.flyte_worker_irsa_role.data.aws_iam_policy_document.node_termination_handler",
            "module.flyte_worker_irsa_role.data.aws_iam_policy_document.this",
            "module.flyte_worker_irsa_role.data.aws_iam_policy_document.velero",
            "module.flyte_worker_irsa_role.data.aws_iam_policy_document.vpc_cni",
            "module.flyte_worker_irsa_role.data.aws_partition.current",
            "module.vpc.aws_subnet.database",
            "module.vpc.aws_subnet.private",
            "module.vpc.aws_vpc.this",
            "module.vpc.aws_vpc_ipv4_cidr_block_association.this"
          ]
        }
      ]
    },
    {
      "mode": "managed",
      "type": "null_resource",
      "name": "elb_envvar",
      "provider": "provider[\"registry.opentofu.org/hashicorp/null\"]",
      "instances": [
        {
          "schema_version": 0,
          "attributes": {
            "id": "3410550862320974669",
            "triggers": null
          },
          "sensitive_attributes": [],
          "dependencies": [
            "aws_acm_certificate.flyte_cert",
            "aws_acm_certificate_validation.dns_validated_cert",
            "aws_route53_record.cert_validation_record",
            "data.aws_route53_zone.zone"
          ]
        }
      ]
    },
    {
      "module": "module.aws_cloudwatch_metrics_irsa_role",
      "mode": "data",
      "type": "aws_caller_identity",
      "name": "current",
      "provider": "provider[\"registry.opentofu.org/hashicorp/aws\"]",
      "instances": [
        {
          "schema_version": 0,
          "attributes": {
            "account_id": "024848460340",
            "arn": "arn:aws:sts::024848460340:assumed-role/AWSReservedSSO_UnionAdministratorAccess_87feb53664e97359/david.espejo@union.ai",
            "id": "024848460340",
            "user_id": "AROAQLSIVNI2CGJO6D7LZ:david.espejo@union.ai"
          },
          "sensitive_attributes": []
        }
      ]
    },
    {
      "module": "module.aws_cloudwatch_metrics_irsa_role",
      "mode": "data",
      "type": "aws_iam_policy_document",
      "name": "this",
      "provider": "provider[\"registry.opentofu.org/hashicorp/aws\"]",
      "instances": [
        {
          "index_key": 0,
          "schema_version": 0,
          "attributes": {
            "id": "1070959946",
            "json": "{\n  \"Version\": \"2012-10-17\",\n  \"Statement\": [\n    {\n      \"Effect\": \"Allow\",\n      \"Action\": \"sts:AssumeRoleWithWebIdentity\",\n      \"Principal\": {\n        \"Federated\": \"arn:aws:iam::024848460340:oidc-provider/oidc.eks.us-east-2.amazonaws.com/id/08E10F8220DCD9132E3BD3C0289987AE\"\n      },\n      \"Condition\": {\n        \"StringEquals\": {\n          \"oidc.eks.us-east-2.amazonaws.com/id/08E10F8220DCD9132E3BD3C0289987AE:aud\": \"sts.amazonaws.com\",\n          \"oidc.eks.us-east-2.amazonaws.com/id/08E10F8220DCD9132E3BD3C0289987AE:sub\": \"system:serviceaccount:kube-system:aws-cloudwatch-metrics\"\n        }\n      }\n    }\n  ]\n}",
            "minified_json": "{\"Version\":\"2012-10-17\",\"Statement\":[{\"Effect\":\"Allow\",\"Action\":\"sts:AssumeRoleWithWebIdentity\",\"Principal\":{\"Federated\":\"arn:aws:iam::024848460340:oidc-provider/oidc.eks.us-east-2.amazonaws.com/id/08E10F8220DCD9132E3BD3C0289987AE\"},\"Condition\":{\"StringEquals\":{\"oidc.eks.us-east-2.amazonaws.com/id/08E10F8220DCD9132E3BD3C0289987AE:aud\":\"sts.amazonaws.com\",\"oidc.eks.us-east-2.amazonaws.com/id/08E10F8220DCD9132E3BD3C0289987AE:sub\":\"system:serviceaccount:kube-system:aws-cloudwatch-metrics\"}}}]}",
            "override_json": null,
            "override_policy_documents": null,
            "policy_id": null,
            "source_json": null,
            "source_policy_documents": null,
            "statement": [
              {
                "actions": [
                  "sts:AssumeRoleWithWebIdentity"
                ],
                "condition": [
                  {
                    "test": "StringEquals",
                    "values": [
                      "sts.amazonaws.com"
                    ],
                    "variable": "oidc.eks.us-east-2.amazonaws.com/id/08E10F8220DCD9132E3BD3C0289987AE:aud"
                  },
                  {
                    "test": "StringEquals",
                    "values": [
                      "system:serviceaccount:kube-system:aws-cloudwatch-metrics"
                    ],
                    "variable": "oidc.eks.us-east-2.amazonaws.com/id/08E10F8220DCD9132E3BD3C0289987AE:sub"
                  }
                ],
                "effect": "Allow",
                "not_actions": [],
                "not_principals": [],
                "not_resources": [],
                "principals": [
                  {
                    "identifiers": [
                      "arn:aws:iam::024848460340:oidc-provider/oidc.eks.us-east-2.amazonaws.com/id/08E10F8220DCD9132E3BD3C0289987AE"
                    ],
                    "type": "Federated"
                  }
                ],
                "resources": [],
                "sid": ""
              }
            ],
            "version": "2012-10-17"
          },
          "sensitive_attributes": []
        }
      ]
    },
    {
      "module": "module.aws_cloudwatch_metrics_irsa_role",
      "mode": "data",
      "type": "aws_partition",
      "name": "current",
      "provider": "provider[\"registry.opentofu.org/hashicorp/aws\"]",
      "instances": [
        {
          "schema_version": 0,
          "attributes": {
            "dns_suffix": "amazonaws.com",
            "id": "aws",
            "partition": "aws",
            "reverse_dns_prefix": "com.amazonaws"
          },
          "sensitive_attributes": []
        }
      ]
    },
    {
      "module": "module.aws_cloudwatch_metrics_irsa_role",
      "mode": "managed",
      "type": "aws_iam_role",
      "name": "this",
      "provider": "provider[\"registry.opentofu.org/hashicorp/aws\"]",
      "instances": [
        {
          "index_key": 0,
          "schema_version": 0,
          "attributes": {
            "arn": "arn:aws:iam::024848460340:role/flyte-terraform-aws-cloudwatch-metrics",
            "assume_role_policy": "{\"Statement\":[{\"Action\":\"sts:AssumeRoleWithWebIdentity\",\"Condition\":{\"StringEquals\":{\"oidc.eks.us-east-2.amazonaws.com/id/08E10F8220DCD9132E3BD3C0289987AE:aud\":\"sts.amazonaws.com\",\"oidc.eks.us-east-2.amazonaws.com/id/08E10F8220DCD9132E3BD3C0289987AE:sub\":\"system:serviceaccount:kube-system:aws-cloudwatch-metrics\"}},\"Effect\":\"Allow\",\"Principal\":{\"Federated\":\"arn:aws:iam::024848460340:oidc-provider/oidc.eks.us-east-2.amazonaws.com/id/08E10F8220DCD9132E3BD3C0289987AE\"}}],\"Version\":\"2012-10-17\"}",
            "create_date": "2024-08-21T22:54:43Z",
            "description": "",
            "force_detach_policies": true,
            "id": "flyte-terraform-aws-cloudwatch-metrics",
            "inline_policy": [],
            "managed_policy_arns": [],
            "max_session_duration": 3600,
            "name": "flyte-terraform-aws-cloudwatch-metrics",
            "name_prefix": "",
            "path": "/",
            "permissions_boundary": "",
            "tags": null,
            "tags_all": {},
            "unique_id": "AROAQLSIVNI2DOSOM3TWC"
          },
          "sensitive_attributes": [],
          "private": "bnVsbA==",
          "dependencies": [
            "data.aws_availability_zones.available",
            "module.aws_cloudwatch_metrics_irsa_role.data.aws_caller_identity.current",
            "module.aws_cloudwatch_metrics_irsa_role.data.aws_iam_policy_document.this",
            "module.aws_cloudwatch_metrics_irsa_role.data.aws_partition.current",
            "module.eks.aws_cloudwatch_log_group.this",
            "module.eks.aws_eks_cluster.this",
            "module.eks.aws_iam_openid_connect_provider.oidc_provider",
            "module.eks.aws_iam_policy.cni_ipv6_policy",
            "module.eks.aws_iam_role.this",
            "module.eks.aws_iam_role_policy_attachment.this",
            "module.eks.aws_security_group.cluster",
            "module.eks.aws_security_group.node",
            "module.eks.aws_security_group_rule.cluster",
            "module.eks.aws_security_group_rule.node",
            "module.eks.data.aws_caller_identity.current",
            "module.eks.data.aws_iam_policy_document.assume_role_policy",
            "module.eks.data.aws_iam_policy_document.cni_ipv6_policy",
            "module.eks.data.aws_iam_session_context.current",
            "module.eks.data.aws_partition.current",
            "module.eks.data.tls_certificate.this",
            "module.eks.module.kms.aws_kms_external_key.this",
            "module.eks.module.kms.aws_kms_key.this",
            "module.eks.module.kms.data.aws_caller_identity.current",
            "module.eks.module.kms.data.aws_iam_policy_document.this",
            "module.eks.module.kms.data.aws_partition.current",
            "module.vpc.aws_subnet.private",
            "module.vpc.aws_vpc.this",
            "module.vpc.aws_vpc_ipv4_cidr_block_association.this"
          ]
        }
      ]
    },
    {
      "module": "module.aws_cloudwatch_metrics_irsa_role",
      "mode": "managed",
      "type": "aws_iam_role_policy_attachment",
      "name": "this",
      "provider": "provider[\"registry.opentofu.org/hashicorp/aws\"]",
      "instances": [
        {
          "index_key": "default",
          "schema_version": 0,
          "attributes": {
            "id": "flyte-terraform-aws-cloudwatch-metrics-2024082122544390280000002d",
            "policy_arn": "arn:aws:iam::aws:policy/CloudWatchAgentServerPolicy",
            "role": "flyte-terraform-aws-cloudwatch-metrics"
          },
          "sensitive_attributes": [],
          "private": "bnVsbA==",
          "dependencies": [
            "data.aws_availability_zones.available",
            "data.aws_iam_policy.cloudwatch_agent_server_policy",
            "module.aws_cloudwatch_metrics_irsa_role.aws_iam_role.this",
            "module.aws_cloudwatch_metrics_irsa_role.data.aws_caller_identity.current",
            "module.aws_cloudwatch_metrics_irsa_role.data.aws_iam_policy_document.this",
            "module.aws_cloudwatch_metrics_irsa_role.data.aws_partition.current",
            "module.eks.aws_cloudwatch_log_group.this",
            "module.eks.aws_eks_cluster.this",
            "module.eks.aws_iam_openid_connect_provider.oidc_provider",
            "module.eks.aws_iam_policy.cni_ipv6_policy",
            "module.eks.aws_iam_role.this",
            "module.eks.aws_iam_role_policy_attachment.this",
            "module.eks.aws_security_group.cluster",
            "module.eks.aws_security_group.node",
            "module.eks.aws_security_group_rule.cluster",
            "module.eks.aws_security_group_rule.node",
            "module.eks.data.aws_caller_identity.current",
            "module.eks.data.aws_iam_policy_document.assume_role_policy",
            "module.eks.data.aws_iam_policy_document.cni_ipv6_policy",
            "module.eks.data.aws_iam_session_context.current",
            "module.eks.data.aws_partition.current",
            "module.eks.data.tls_certificate.this",
            "module.eks.module.kms.aws_kms_external_key.this",
            "module.eks.module.kms.aws_kms_key.this",
            "module.eks.module.kms.data.aws_caller_identity.current",
            "module.eks.module.kms.data.aws_iam_policy_document.this",
            "module.eks.module.kms.data.aws_partition.current",
            "module.vpc.aws_subnet.private",
            "module.vpc.aws_vpc.this",
            "module.vpc.aws_vpc_ipv4_cidr_block_association.this"
          ]
        }
      ]
    },
    {
      "module": "module.aws_load_balancer_controller_irsa_role",
      "mode": "data",
      "type": "aws_caller_identity",
      "name": "current",
      "provider": "provider[\"registry.opentofu.org/hashicorp/aws\"]",
      "instances": [
        {
          "schema_version": 0,
          "attributes": {
            "account_id": "024848460340",
            "arn": "arn:aws:sts::024848460340:assumed-role/AWSReservedSSO_UnionAdministratorAccess_87feb53664e97359/david.espejo@union.ai",
            "id": "024848460340",
            "user_id": "AROAQLSIVNI2CGJO6D7LZ:david.espejo@union.ai"
          },
          "sensitive_attributes": []
        }
      ]
    },
    {
      "module": "module.aws_load_balancer_controller_irsa_role",
      "mode": "data",
      "type": "aws_iam_policy_document",
      "name": "this",
      "provider": "provider[\"registry.opentofu.org/hashicorp/aws\"]",
      "instances": [
        {
          "index_key": 0,
          "schema_version": 0,
          "attributes": {
            "id": "3558950063",
            "json": "{\n  \"Version\": \"2012-10-17\",\n  \"Statement\": [\n    {\n      \"Effect\": \"Allow\",\n      \"Action\": \"sts:AssumeRoleWithWebIdentity\",\n      \"Principal\": {\n        \"Federated\": \"arn:aws:iam::024848460340:oidc-provider/oidc.eks.us-east-2.amazonaws.com/id/08E10F8220DCD9132E3BD3C0289987AE\"\n      },\n      \"Condition\": {\n        \"StringEquals\": {\n          \"oidc.eks.us-east-2.amazonaws.com/id/08E10F8220DCD9132E3BD3C0289987AE:aud\": \"sts.amazonaws.com\",\n          \"oidc.eks.us-east-2.amazonaws.com/id/08E10F8220DCD9132E3BD3C0289987AE:sub\": \"system:serviceaccount:kube-system:aws-load-balancer-controller\"\n        }\n      }\n    }\n  ]\n}",
            "minified_json": "{\"Version\":\"2012-10-17\",\"Statement\":[{\"Effect\":\"Allow\",\"Action\":\"sts:AssumeRoleWithWebIdentity\",\"Principal\":{\"Federated\":\"arn:aws:iam::024848460340:oidc-provider/oidc.eks.us-east-2.amazonaws.com/id/08E10F8220DCD9132E3BD3C0289987AE\"},\"Condition\":{\"StringEquals\":{\"oidc.eks.us-east-2.amazonaws.com/id/08E10F8220DCD9132E3BD3C0289987AE:aud\":\"sts.amazonaws.com\",\"oidc.eks.us-east-2.amazonaws.com/id/08E10F8220DCD9132E3BD3C0289987AE:sub\":\"system:serviceaccount:kube-system:aws-load-balancer-controller\"}}}]}",
            "override_json": null,
            "override_policy_documents": null,
            "policy_id": null,
            "source_json": null,
            "source_policy_documents": null,
            "statement": [
              {
                "actions": [
                  "sts:AssumeRoleWithWebIdentity"
                ],
                "condition": [
                  {
                    "test": "StringEquals",
                    "values": [
                      "sts.amazonaws.com"
                    ],
                    "variable": "oidc.eks.us-east-2.amazonaws.com/id/08E10F8220DCD9132E3BD3C0289987AE:aud"
                  },
                  {
                    "test": "StringEquals",
                    "values": [
                      "system:serviceaccount:kube-system:aws-load-balancer-controller"
                    ],
                    "variable": "oidc.eks.us-east-2.amazonaws.com/id/08E10F8220DCD9132E3BD3C0289987AE:sub"
                  }
                ],
                "effect": "Allow",
                "not_actions": [],
                "not_principals": [],
                "not_resources": [],
                "principals": [
                  {
                    "identifiers": [
                      "arn:aws:iam::024848460340:oidc-provider/oidc.eks.us-east-2.amazonaws.com/id/08E10F8220DCD9132E3BD3C0289987AE"
                    ],
                    "type": "Federated"
                  }
                ],
                "resources": [],
                "sid": ""
              }
            ],
            "version": "2012-10-17"
          },
          "sensitive_attributes": []
        }
      ]
    },
    {
      "module": "module.aws_load_balancer_controller_irsa_role",
      "mode": "data",
      "type": "aws_partition",
      "name": "current",
      "provider": "provider[\"registry.opentofu.org/hashicorp/aws\"]",
      "instances": [
        {
          "schema_version": 0,
          "attributes": {
            "dns_suffix": "amazonaws.com",
            "id": "aws",
            "partition": "aws",
            "reverse_dns_prefix": "com.amazonaws"
          },
          "sensitive_attributes": []
        }
      ]
    },
    {
      "module": "module.aws_load_balancer_controller_irsa_role",
      "mode": "managed",
      "type": "aws_iam_role",
      "name": "this",
      "provider": "provider[\"registry.opentofu.org/hashicorp/aws\"]",
      "instances": [
        {
          "index_key": 0,
          "schema_version": 0,
          "attributes": {
            "arn": "arn:aws:iam::024848460340:role/flyte-terraform-aws-load-balancer-controller",
            "assume_role_policy": "{\"Statement\":[{\"Action\":\"sts:AssumeRoleWithWebIdentity\",\"Condition\":{\"StringEquals\":{\"oidc.eks.us-east-2.amazonaws.com/id/08E10F8220DCD9132E3BD3C0289987AE:aud\":\"sts.amazonaws.com\",\"oidc.eks.us-east-2.amazonaws.com/id/08E10F8220DCD9132E3BD3C0289987AE:sub\":\"system:serviceaccount:kube-system:aws-load-balancer-controller\"}},\"Effect\":\"Allow\",\"Principal\":{\"Federated\":\"arn:aws:iam::024848460340:oidc-provider/oidc.eks.us-east-2.amazonaws.com/id/08E10F8220DCD9132E3BD3C0289987AE\"}}],\"Version\":\"2012-10-17\"}",
            "create_date": "2024-08-21T22:54:43Z",
            "description": "",
            "force_detach_policies": true,
            "id": "flyte-terraform-aws-load-balancer-controller",
            "inline_policy": [],
            "managed_policy_arns": [],
            "max_session_duration": 3600,
            "name": "flyte-terraform-aws-load-balancer-controller",
            "name_prefix": "",
            "path": "/",
            "permissions_boundary": "",
            "tags": null,
            "tags_all": {},
            "unique_id": "AROAQLSIVNI2I7QR7NHFB"
          },
          "sensitive_attributes": [],
          "private": "bnVsbA==",
          "dependencies": [
            "data.aws_availability_zones.available",
            "module.aws_load_balancer_controller_irsa_role.data.aws_caller_identity.current",
            "module.aws_load_balancer_controller_irsa_role.data.aws_iam_policy_document.this",
            "module.aws_load_balancer_controller_irsa_role.data.aws_partition.current",
            "module.eks.aws_cloudwatch_log_group.this",
            "module.eks.aws_eks_cluster.this",
            "module.eks.aws_iam_openid_connect_provider.oidc_provider",
            "module.eks.aws_iam_policy.cni_ipv6_policy",
            "module.eks.aws_iam_role.this",
            "module.eks.aws_iam_role_policy_attachment.this",
            "module.eks.aws_security_group.cluster",
            "module.eks.aws_security_group.node",
            "module.eks.aws_security_group_rule.cluster",
            "module.eks.aws_security_group_rule.node",
            "module.eks.data.aws_caller_identity.current",
            "module.eks.data.aws_iam_policy_document.assume_role_policy",
            "module.eks.data.aws_iam_policy_document.cni_ipv6_policy",
            "module.eks.data.aws_iam_session_context.current",
            "module.eks.data.aws_partition.current",
            "module.eks.data.tls_certificate.this",
            "module.eks.module.kms.aws_kms_external_key.this",
            "module.eks.module.kms.aws_kms_key.this",
            "module.eks.module.kms.data.aws_caller_identity.current",
            "module.eks.module.kms.data.aws_iam_policy_document.this",
            "module.eks.module.kms.data.aws_partition.current",
            "module.vpc.aws_subnet.private",
            "module.vpc.aws_vpc.this",
            "module.vpc.aws_vpc_ipv4_cidr_block_association.this"
          ]
        }
      ]
    },
    {
      "module": "module.cluster_autoscaler_irsa_role",
      "mode": "data",
      "type": "aws_caller_identity",
      "name": "current",
      "provider": "provider[\"registry.opentofu.org/hashicorp/aws\"]",
      "instances": [
        {
          "schema_version": 0,
          "attributes": {
            "account_id": "024848460340",
            "arn": "arn:aws:sts::024848460340:assumed-role/AWSReservedSSO_UnionAdministratorAccess_87feb53664e97359/david.espejo@union.ai",
            "id": "024848460340",
            "user_id": "AROAQLSIVNI2CGJO6D7LZ:david.espejo@union.ai"
          },
          "sensitive_attributes": []
        }
      ]
    },
    {
      "module": "module.cluster_autoscaler_irsa_role",
      "mode": "data",
      "type": "aws_iam_policy_document",
      "name": "cluster_autoscaler",
      "provider": "provider[\"registry.opentofu.org/hashicorp/aws\"]",
      "instances": [
        {
          "index_key": 0,
          "schema_version": 0,
          "attributes": {
            "id": "498993533",
            "json": "{\n  \"Version\": \"2012-10-17\",\n  \"Statement\": [\n    {\n      \"Effect\": \"Allow\",\n      \"Action\": [\n        \"eks:DescribeNodegroup\",\n        \"ec2:DescribeLaunchTemplateVersions\",\n        \"ec2:DescribeInstanceTypes\",\n        \"autoscaling:DescribeTags\",\n        \"autoscaling:DescribeScalingActivities\",\n        \"autoscaling:DescribeLaunchConfigurations\",\n        \"autoscaling:DescribeAutoScalingInstances\",\n        \"autoscaling:DescribeAutoScalingGroups\"\n      ],\n      \"Resource\": \"*\"\n    },\n    {\n      \"Effect\": \"Allow\",\n      \"Action\": [\n        \"autoscaling:UpdateAutoScalingGroup\",\n        \"autoscaling:TerminateInstanceInAutoScalingGroup\",\n        \"autoscaling:SetDesiredCapacity\"\n      ],\n      \"Resource\": \"*\",\n      \"Condition\": {\n        \"StringEquals\": {\n          \"autoscaling:ResourceTag/kubernetes.io/cluster/flyte-terraform\": \"owned\"\n        }\n      }\n    }\n  ]\n}",
            "minified_json": "{\"Version\":\"2012-10-17\",\"Statement\":[{\"Effect\":\"Allow\",\"Action\":[\"eks:DescribeNodegroup\",\"ec2:DescribeLaunchTemplateVersions\",\"ec2:DescribeInstanceTypes\",\"autoscaling:DescribeTags\",\"autoscaling:DescribeScalingActivities\",\"autoscaling:DescribeLaunchConfigurations\",\"autoscaling:DescribeAutoScalingInstances\",\"autoscaling:DescribeAutoScalingGroups\"],\"Resource\":\"*\"},{\"Effect\":\"Allow\",\"Action\":[\"autoscaling:UpdateAutoScalingGroup\",\"autoscaling:TerminateInstanceInAutoScalingGroup\",\"autoscaling:SetDesiredCapacity\"],\"Resource\":\"*\",\"Condition\":{\"StringEquals\":{\"autoscaling:ResourceTag/kubernetes.io/cluster/flyte-terraform\":\"owned\"}}}]}",
            "override_json": null,
            "override_policy_documents": null,
            "policy_id": null,
            "source_json": null,
            "source_policy_documents": null,
            "statement": [
              {
                "actions": [
                  "autoscaling:DescribeAutoScalingGroups",
                  "autoscaling:DescribeAutoScalingInstances",
                  "autoscaling:DescribeLaunchConfigurations",
                  "autoscaling:DescribeScalingActivities",
                  "autoscaling:DescribeTags",
                  "ec2:DescribeInstanceTypes",
                  "ec2:DescribeLaunchTemplateVersions",
                  "eks:DescribeNodegroup"
                ],
                "condition": [],
                "effect": "Allow",
                "not_actions": [],
                "not_principals": [],
                "not_resources": [],
                "principals": [],
                "resources": [
                  "*"
                ],
                "sid": ""
              },
              {
                "actions": [
                  "autoscaling:SetDesiredCapacity",
                  "autoscaling:TerminateInstanceInAutoScalingGroup",
                  "autoscaling:UpdateAutoScalingGroup"
                ],
                "condition": [
                  {
                    "test": "StringEquals",
                    "values": [
                      "owned"
                    ],
                    "variable": "autoscaling:ResourceTag/kubernetes.io/cluster/flyte-terraform"
                  }
                ],
                "effect": "Allow",
                "not_actions": [],
                "not_principals": [],
                "not_resources": [],
                "principals": [],
                "resources": [
                  "*"
                ],
                "sid": ""
              }
            ],
            "version": "2012-10-17"
          },
          "sensitive_attributes": []
        }
      ]
    },
    {
      "module": "module.cluster_autoscaler_irsa_role",
      "mode": "data",
      "type": "aws_iam_policy_document",
      "name": "this",
      "provider": "provider[\"registry.opentofu.org/hashicorp/aws\"]",
      "instances": [
        {
          "index_key": 0,
          "schema_version": 0,
          "attributes": {
            "id": "302634446",
            "json": "{\n  \"Version\": \"2012-10-17\",\n  \"Statement\": [\n    {\n      \"Effect\": \"Allow\",\n      \"Action\": \"sts:AssumeRoleWithWebIdentity\",\n      \"Principal\": {\n        \"Federated\": \"arn:aws:iam::024848460340:oidc-provider/oidc.eks.us-east-2.amazonaws.com/id/08E10F8220DCD9132E3BD3C0289987AE\"\n      },\n      \"Condition\": {\n        \"StringEquals\": {\n          \"oidc.eks.us-east-2.amazonaws.com/id/08E10F8220DCD9132E3BD3C0289987AE:aud\": \"sts.amazonaws.com\",\n          \"oidc.eks.us-east-2.amazonaws.com/id/08E10F8220DCD9132E3BD3C0289987AE:sub\": \"system:serviceaccount:kube-system:aws-cluster-autoscaler\"\n        }\n      }\n    }\n  ]\n}",
            "minified_json": "{\"Version\":\"2012-10-17\",\"Statement\":[{\"Effect\":\"Allow\",\"Action\":\"sts:AssumeRoleWithWebIdentity\",\"Principal\":{\"Federated\":\"arn:aws:iam::024848460340:oidc-provider/oidc.eks.us-east-2.amazonaws.com/id/08E10F8220DCD9132E3BD3C0289987AE\"},\"Condition\":{\"StringEquals\":{\"oidc.eks.us-east-2.amazonaws.com/id/08E10F8220DCD9132E3BD3C0289987AE:aud\":\"sts.amazonaws.com\",\"oidc.eks.us-east-2.amazonaws.com/id/08E10F8220DCD9132E3BD3C0289987AE:sub\":\"system:serviceaccount:kube-system:aws-cluster-autoscaler\"}}}]}",
            "override_json": null,
            "override_policy_documents": null,
            "policy_id": null,
            "source_json": null,
            "source_policy_documents": null,
            "statement": [
              {
                "actions": [
                  "sts:AssumeRoleWithWebIdentity"
                ],
                "condition": [
                  {
                    "test": "StringEquals",
                    "values": [
                      "sts.amazonaws.com"
                    ],
                    "variable": "oidc.eks.us-east-2.amazonaws.com/id/08E10F8220DCD9132E3BD3C0289987AE:aud"
                  },
                  {
                    "test": "StringEquals",
                    "values": [
                      "system:serviceaccount:kube-system:aws-cluster-autoscaler"
                    ],
                    "variable": "oidc.eks.us-east-2.amazonaws.com/id/08E10F8220DCD9132E3BD3C0289987AE:sub"
                  }
                ],
                "effect": "Allow",
                "not_actions": [],
                "not_principals": [],
                "not_resources": [],
                "principals": [
                  {
                    "identifiers": [
                      "arn:aws:iam::024848460340:oidc-provider/oidc.eks.us-east-2.amazonaws.com/id/08E10F8220DCD9132E3BD3C0289987AE"
                    ],
                    "type": "Federated"
                  }
                ],
                "resources": [],
                "sid": ""
              }
            ],
            "version": "2012-10-17"
          },
          "sensitive_attributes": []
        }
      ]
    },
    {
      "module": "module.cluster_autoscaler_irsa_role",
      "mode": "data",
      "type": "aws_partition",
      "name": "current",
      "provider": "provider[\"registry.opentofu.org/hashicorp/aws\"]",
      "instances": [
        {
          "schema_version": 0,
          "attributes": {
            "dns_suffix": "amazonaws.com",
            "id": "aws",
            "partition": "aws",
            "reverse_dns_prefix": "com.amazonaws"
          },
          "sensitive_attributes": []
        }
      ]
    },
    {
      "module": "module.cluster_autoscaler_irsa_role",
      "mode": "managed",
      "type": "aws_iam_policy",
      "name": "cluster_autoscaler",
      "provider": "provider[\"registry.opentofu.org/hashicorp/aws\"]",
      "instances": [
        {
          "index_key": 0,
          "schema_version": 0,
          "attributes": {
            "arn": "arn:aws:iam::024848460340:policy/AmazonEKS_Cluster_Autoscaler_Policy-20240821225440736500000027",
            "attachment_count": 0,
            "description": "Cluster autoscaler policy to allow examination and modification of EC2 Auto Scaling Groups",
            "id": "arn:aws:iam::024848460340:policy/AmazonEKS_Cluster_Autoscaler_Policy-20240821225440736500000027",
            "name": "AmazonEKS_Cluster_Autoscaler_Policy-20240821225440736500000027",
            "name_prefix": "AmazonEKS_Cluster_Autoscaler_Policy-",
            "path": "/",
            "policy": "{\"Statement\":[{\"Action\":[\"eks:DescribeNodegroup\",\"ec2:DescribeLaunchTemplateVersions\",\"ec2:DescribeInstanceTypes\",\"autoscaling:DescribeTags\",\"autoscaling:DescribeScalingActivities\",\"autoscaling:DescribeLaunchConfigurations\",\"autoscaling:DescribeAutoScalingInstances\",\"autoscaling:DescribeAutoScalingGroups\"],\"Effect\":\"Allow\",\"Resource\":\"*\"},{\"Action\":[\"autoscaling:UpdateAutoScalingGroup\",\"autoscaling:TerminateInstanceInAutoScalingGroup\",\"autoscaling:SetDesiredCapacity\"],\"Condition\":{\"StringEquals\":{\"autoscaling:ResourceTag/kubernetes.io/cluster/flyte-terraform\":\"owned\"}},\"Effect\":\"Allow\",\"Resource\":\"*\"}],\"Version\":\"2012-10-17\"}",
            "policy_id": "ANPAQLSIVNI2J7OT7VXXZ",
            "tags": null,
            "tags_all": {}
          },
          "sensitive_attributes": [],
          "private": "bnVsbA==",
          "dependencies": [
            "data.aws_availability_zones.available",
            "module.cluster_autoscaler_irsa_role.data.aws_iam_policy_document.cluster_autoscaler",
            "module.eks.aws_cloudwatch_log_group.this",
            "module.eks.aws_eks_cluster.this",
            "module.eks.aws_iam_policy.cni_ipv6_policy",
            "module.eks.aws_iam_role.this",
            "module.eks.aws_iam_role_policy_attachment.this",
            "module.eks.aws_security_group.cluster",
            "module.eks.aws_security_group.node",
            "module.eks.aws_security_group_rule.cluster",
            "module.eks.aws_security_group_rule.node",
            "module.eks.data.aws_caller_identity.current",
            "module.eks.data.aws_iam_policy_document.assume_role_policy",
            "module.eks.data.aws_iam_policy_document.cni_ipv6_policy",
            "module.eks.data.aws_iam_session_context.current",
            "module.eks.data.aws_partition.current",
            "module.eks.module.kms.aws_kms_external_key.this",
            "module.eks.module.kms.aws_kms_key.this",
            "module.eks.module.kms.data.aws_caller_identity.current",
            "module.eks.module.kms.data.aws_iam_policy_document.this",
            "module.eks.module.kms.data.aws_partition.current",
            "module.vpc.aws_subnet.private",
            "module.vpc.aws_vpc.this",
            "module.vpc.aws_vpc_ipv4_cidr_block_association.this"
          ]
        }
      ]
    },
    {
      "module": "module.cluster_autoscaler_irsa_role",
      "mode": "managed",
      "type": "aws_iam_role",
      "name": "this",
      "provider": "provider[\"registry.opentofu.org/hashicorp/aws\"]",
      "instances": [
        {
          "index_key": 0,
          "schema_version": 0,
          "attributes": {
            "arn": "arn:aws:iam::024848460340:role/flyte-terraform-cluster-autoscaler",
            "assume_role_policy": "{\"Statement\":[{\"Action\":\"sts:AssumeRoleWithWebIdentity\",\"Condition\":{\"StringEquals\":{\"oidc.eks.us-east-2.amazonaws.com/id/08E10F8220DCD9132E3BD3C0289987AE:aud\":\"sts.amazonaws.com\",\"oidc.eks.us-east-2.amazonaws.com/id/08E10F8220DCD9132E3BD3C0289987AE:sub\":\"system:serviceaccount:kube-system:aws-cluster-autoscaler\"}},\"Effect\":\"Allow\",\"Principal\":{\"Federated\":\"arn:aws:iam::024848460340:oidc-provider/oidc.eks.us-east-2.amazonaws.com/id/08E10F8220DCD9132E3BD3C0289987AE\"}}],\"Version\":\"2012-10-17\"}",
            "create_date": "2024-08-21T22:54:43Z",
            "description": "",
            "force_detach_policies": true,
            "id": "flyte-terraform-cluster-autoscaler",
            "inline_policy": [],
            "managed_policy_arns": [],
            "max_session_duration": 3600,
            "name": "flyte-terraform-cluster-autoscaler",
            "name_prefix": "",
            "path": "/",
            "permissions_boundary": "",
            "tags": null,
            "tags_all": {},
            "unique_id": "AROAQLSIVNI2MWQBXNUO6"
          },
          "sensitive_attributes": [],
          "private": "bnVsbA==",
          "dependencies": [
            "data.aws_availability_zones.available",
            "module.cluster_autoscaler_irsa_role.data.aws_caller_identity.current",
            "module.cluster_autoscaler_irsa_role.data.aws_iam_policy_document.this",
            "module.cluster_autoscaler_irsa_role.data.aws_partition.current",
            "module.eks.aws_cloudwatch_log_group.this",
            "module.eks.aws_eks_cluster.this",
            "module.eks.aws_iam_openid_connect_provider.oidc_provider",
            "module.eks.aws_iam_policy.cni_ipv6_policy",
            "module.eks.aws_iam_role.this",
            "module.eks.aws_iam_role_policy_attachment.this",
            "module.eks.aws_security_group.cluster",
            "module.eks.aws_security_group.node",
            "module.eks.aws_security_group_rule.cluster",
            "module.eks.aws_security_group_rule.node",
            "module.eks.data.aws_caller_identity.current",
            "module.eks.data.aws_iam_policy_document.assume_role_policy",
            "module.eks.data.aws_iam_policy_document.cni_ipv6_policy",
            "module.eks.data.aws_iam_session_context.current",
            "module.eks.data.aws_partition.current",
            "module.eks.data.tls_certificate.this",
            "module.eks.module.kms.aws_kms_external_key.this",
            "module.eks.module.kms.aws_kms_key.this",
            "module.eks.module.kms.data.aws_caller_identity.current",
            "module.eks.module.kms.data.aws_iam_policy_document.this",
            "module.eks.module.kms.data.aws_partition.current",
            "module.vpc.aws_subnet.private",
            "module.vpc.aws_vpc.this",
            "module.vpc.aws_vpc_ipv4_cidr_block_association.this"
          ]
        }
      ]
    },
    {
      "module": "module.cluster_autoscaler_irsa_role",
      "mode": "managed",
      "type": "aws_iam_role_policy_attachment",
      "name": "cluster_autoscaler",
      "provider": "provider[\"registry.opentofu.org/hashicorp/aws\"]",
      "instances": [
        {
          "index_key": 0,
          "schema_version": 0,
          "attributes": {
            "id": "flyte-terraform-cluster-autoscaler-20240821225443790100000029",
            "policy_arn": "arn:aws:iam::024848460340:policy/AmazonEKS_Cluster_Autoscaler_Policy-20240821225440736500000027",
            "role": "flyte-terraform-cluster-autoscaler"
          },
          "sensitive_attributes": [],
          "private": "bnVsbA==",
          "dependencies": [
            "data.aws_availability_zones.available",
            "module.cluster_autoscaler_irsa_role.aws_iam_policy.cluster_autoscaler",
            "module.cluster_autoscaler_irsa_role.aws_iam_role.this",
            "module.cluster_autoscaler_irsa_role.data.aws_caller_identity.current",
            "module.cluster_autoscaler_irsa_role.data.aws_iam_policy_document.cluster_autoscaler",
            "module.cluster_autoscaler_irsa_role.data.aws_iam_policy_document.this",
            "module.cluster_autoscaler_irsa_role.data.aws_partition.current",
            "module.eks.aws_cloudwatch_log_group.this",
            "module.eks.aws_eks_cluster.this",
            "module.eks.aws_iam_openid_connect_provider.oidc_provider",
            "module.eks.aws_iam_policy.cni_ipv6_policy",
            "module.eks.aws_iam_role.this",
            "module.eks.aws_iam_role_policy_attachment.this",
            "module.eks.aws_security_group.cluster",
            "module.eks.aws_security_group.node",
            "module.eks.aws_security_group_rule.cluster",
            "module.eks.aws_security_group_rule.node",
            "module.eks.data.aws_caller_identity.current",
            "module.eks.data.aws_iam_policy_document.assume_role_policy",
            "module.eks.data.aws_iam_policy_document.cni_ipv6_policy",
            "module.eks.data.aws_iam_session_context.current",
            "module.eks.data.aws_partition.current",
            "module.eks.data.tls_certificate.this",
            "module.eks.module.kms.aws_kms_external_key.this",
            "module.eks.module.kms.aws_kms_key.this",
            "module.eks.module.kms.data.aws_caller_identity.current",
            "module.eks.module.kms.data.aws_iam_policy_document.this",
            "module.eks.module.kms.data.aws_partition.current",
            "module.vpc.aws_subnet.private",
            "module.vpc.aws_vpc.this",
            "module.vpc.aws_vpc_ipv4_cidr_block_association.this"
          ]
        }
      ]
    },
    {
      "module": "module.eks",
      "mode": "data",
      "type": "aws_caller_identity",
      "name": "current",
      "provider": "provider[\"registry.opentofu.org/hashicorp/aws\"]",
      "instances": [
        {
          "schema_version": 0,
          "attributes": {
            "account_id": "024848460340",
            "arn": "arn:aws:sts::024848460340:assumed-role/AWSReservedSSO_UnionAdministratorAccess_87feb53664e97359/david.espejo@union.ai",
            "id": "024848460340",
            "user_id": "AROAQLSIVNI2CGJO6D7LZ:david.espejo@union.ai"
          },
          "sensitive_attributes": []
        }
      ]
    },
    {
      "module": "module.eks",
      "mode": "data",
      "type": "aws_eks_addon_version",
      "name": "this",
      "provider": "provider[\"registry.opentofu.org/hashicorp/aws\"]",
      "instances": []
    },
    {
      "module": "module.eks",
      "mode": "data",
      "type": "aws_iam_policy_document",
      "name": "assume_role_policy",
      "provider": "provider[\"registry.opentofu.org/hashicorp/aws\"]",
      "instances": [
        {
          "index_key": 0,
          "schema_version": 0,
          "attributes": {
            "id": "2764486067",
            "json": "{\n  \"Version\": \"2012-10-17\",\n  \"Statement\": [\n    {\n      \"Sid\": \"EKSClusterAssumeRole\",\n      \"Effect\": \"Allow\",\n      \"Action\": \"sts:AssumeRole\",\n      \"Principal\": {\n        \"Service\": \"eks.amazonaws.com\"\n      }\n    }\n  ]\n}",
            "minified_json": "{\"Version\":\"2012-10-17\",\"Statement\":[{\"Sid\":\"EKSClusterAssumeRole\",\"Effect\":\"Allow\",\"Action\":\"sts:AssumeRole\",\"Principal\":{\"Service\":\"eks.amazonaws.com\"}}]}",
            "override_json": null,
            "override_policy_documents": null,
            "policy_id": null,
            "source_json": null,
            "source_policy_documents": null,
            "statement": [
              {
                "actions": [
                  "sts:AssumeRole"
                ],
                "condition": [],
                "effect": "Allow",
                "not_actions": [],
                "not_principals": [],
                "not_resources": [],
                "principals": [
                  {
                    "identifiers": [
                      "eks.amazonaws.com"
                    ],
                    "type": "Service"
                  }
                ],
                "resources": [],
                "sid": "EKSClusterAssumeRole"
              }
            ],
            "version": "2012-10-17"
          },
          "sensitive_attributes": []
        }
      ]
    },
    {
      "module": "module.eks",
      "mode": "data",
      "type": "aws_iam_policy_document",
      "name": "cni_ipv6_policy",
      "provider": "provider[\"registry.opentofu.org/hashicorp/aws\"]",
      "instances": []
    },
    {
      "module": "module.eks",
      "mode": "data",
      "type": "aws_iam_session_context",
      "name": "current",
      "provider": "provider[\"registry.opentofu.org/hashicorp/aws\"]",
      "instances": [
        {
          "schema_version": 0,
          "attributes": {
            "arn": "arn:aws:sts::024848460340:assumed-role/AWSReservedSSO_UnionAdministratorAccess_87feb53664e97359/david.espejo@union.ai",
            "id": "arn:aws:sts::024848460340:assumed-role/AWSReservedSSO_UnionAdministratorAccess_87feb53664e97359/david.espejo@union.ai",
            "issuer_arn": "arn:aws:iam::024848460340:role/aws-reserved/sso.amazonaws.com/us-east-2/AWSReservedSSO_UnionAdministratorAccess_87feb53664e97359",
            "issuer_id": "AROAQLSIVNI2CGJO6D7LZ",
            "issuer_name": "AWSReservedSSO_UnionAdministratorAccess_87feb53664e97359",
            "session_name": "david.espejo@union.ai"
          },
          "sensitive_attributes": []
        }
      ]
    },
    {
      "module": "module.eks",
      "mode": "data",
      "type": "aws_partition",
      "name": "current",
      "provider": "provider[\"registry.opentofu.org/hashicorp/aws\"]",
      "instances": [
        {
          "schema_version": 0,
          "attributes": {
            "dns_suffix": "amazonaws.com",
            "id": "aws",
            "partition": "aws",
            "reverse_dns_prefix": "com.amazonaws"
          },
          "sensitive_attributes": []
        }
      ]
    },
    {
      "module": "module.eks",
      "mode": "data",
      "type": "tls_certificate",
      "name": "this",
      "provider": "provider[\"registry.opentofu.org/hashicorp/tls\"]",
      "instances": [
        {
          "index_key": 0,
          "schema_version": 0,
          "attributes": {
            "certificates": [
              {
                "cert_pem": "-----BEGIN CERTIFICATE-----\nMIIEdTCCA12gAwIBAgIJAKcOSkw0grd/MA0GCSqGSIb3DQEBCwUAMGgxCzAJBgNV\nBAYTAlVTMSUwIwYDVQQKExxTdGFyZmllbGQgVGVjaG5vbG9naWVzLCBJbmMuMTIw\nMAYDVQQLEylTdGFyZmllbGQgQ2xhc3MgMiBDZXJ0aWZpY2F0aW9uIEF1dGhvcml0\neTAeFw0wOTA5MDIwMDAwMDBaFw0zNDA2MjgxNzM5MTZaMIGYMQswCQYDVQQGEwJV\nUzEQMA4GA1UECBMHQXJpem9uYTETMBEGA1UEBxMKU2NvdHRzZGFsZTElMCMGA1UE\nChMcU3RhcmZpZWxkIFRlY2hub2xvZ2llcywgSW5jLjE7MDkGA1UEAxMyU3RhcmZp\nZWxkIFNlcnZpY2VzIFJvb3QgQ2VydGlmaWNhdGUgQXV0aG9yaXR5IC0gRzIwggEi\nMA0GCSqGSIb3DQEBAQUAA4IBDwAwggEKAoIBAQDVDDrEKvlO4vW+GZdfjohTsR8/\ny8+fIBNtKTrID30892t2OGPZNmCom15cAICyL1l/9of5JUOG52kbUpqQ4XHj2C0N\nTm/2yEnZtvMaVq4rtnQU68/7JuMauh2WLmo7WJSJR1b/JaCTcFOD2oR0FMNnngRo\nOt+OQFodSk7PQ5E751bWAHDLUu57fa4657wx+UX2wmDPE1kCK4DMNEffud6QZW0C\nzyyRpqbn3oUYSXxmTqM6bam17jQuug0DuDPfR+uxa40l2ZvOgdFFRjKWcIfeAg5J\nQ4W2bHO7ZOphQazJ1FTfhy/HIrImzJ9ZVGif/L4qL8RVHHVAYBeFAlU5i38FAgMB\nAAGjgfAwge0wDwYDVR0TAQH/BAUwAwEB/zAOBgNVHQ8BAf8EBAMCAYYwHQYDVR0O\nBBYEFJxfAN+qAdcwKziIorhtSpzyEZGDMB8GA1UdIwQYMBaAFL9ft9HO3R+G9FtV\nrNzXEMIOqYjnME8GCCsGAQUFBwEBBEMwQTAcBggrBgEFBQcwAYYQaHR0cDovL28u\nc3MyLnVzLzAhBggrBgEFBQcwAoYVaHR0cDovL3guc3MyLnVzL3guY2VyMCYGA1Ud\nHwQfMB0wG6AZoBeGFWh0dHA6Ly9zLnNzMi51cy9yLmNybDARBgNVHSAECjAIMAYG\nBFUdIAAwDQYJKoZIhvcNAQELBQADggEBACMd44pXyn3pF3lM8R5V/cxTbj5HD9/G\nVfKyBDbtgB9TxF00KGu+x1X8Z+rLP3+QsjPNG1gQggL4+C/1E2DUBc7xgQjB3ad1\nl08YuW3e95ORCLp+QCztweq7dp4zBncdDQh/U90bZKuCJ/Fp1U1ervShw3WnWEQt\n8jxwmKy6abaVd38PMV4s/KCHOkdp8Hlf9BRUpJVeEXgSYCfOn8J3/yNTd126/+pZ\n59vPr5KW7ySaNRB6nJHGDn2Z9j8Z3/VyVOEVqQdZe4O/Ui5GjLIAZHYcSNPYeehu\nVsyuLAOQ1xk4meTKCRlb/weWsKh/NEnfVqn3sF/tM+2MR7cwA130A4w=\n-----END CERTIFICATE-----\n",
                "is_ca": true,
                "issuer": "OU=Starfield Class 2 Certification Authority,O=Starfield Technologies\\, Inc.,C=US",
                "not_after": "2034-06-28T17:39:16Z",
                "not_before": "2009-09-02T00:00:00Z",
                "public_key_algorithm": "RSA",
                "serial_number": "12037640545166866303",
                "sha1_fingerprint": "9e99a48a9960b14926bb7f3b02e22da2b0ab7280",
                "signature_algorithm": "SHA256-RSA",
                "subject": "CN=Starfield Services Root Certificate Authority - G2,O=Starfield Technologies\\, Inc.,L=Scottsdale,ST=Arizona,C=US",
                "version": 3
              },
              {
                "cert_pem": "-----BEGIN CERTIFICATE-----\nMIIEkjCCA3qgAwIBAgITBn+USionzfP6wq4rAfkI7rnExjANBgkqhkiG9w0BAQsF\nADCBmDELMAkGA1UEBhMCVVMxEDAOBgNVBAgTB0FyaXpvbmExEzARBgNVBAcTClNj\nb3R0c2RhbGUxJTAjBgNVBAoTHFN0YXJmaWVsZCBUZWNobm9sb2dpZXMsIEluYy4x\nOzA5BgNVBAMTMlN0YXJmaWVsZCBTZXJ2aWNlcyBSb290IENlcnRpZmljYXRlIEF1\ndGhvcml0eSAtIEcyMB4XDTE1MDUyNTEyMDAwMFoXDTM3MTIzMTAxMDAwMFowOTEL\nMAkGA1UEBhMCVVMxDzANBgNVBAoTBkFtYXpvbjEZMBcGA1UEAxMQQW1hem9uIFJv\nb3QgQ0EgMTCCASIwDQYJKoZIhvcNAQEBBQADggEPADCCAQoCggEBALJ4gHHKeNXj\nca9HgFB0fW7Y14h29Jlo91ghYPl0hAEvrAIthtOgQ3pOsqTQNroBvo3bSMgHFzZM\n9O6II8c+6zf1tRn4SWiw3te5djgdYZ6k/oI2peVKVuRF4fn9tBb6dNqcmzU5L/qw\nIFAGbHrQgLKm+a/sRxmPUDgH3KKHOVj4utWp+UhnMJbulHheb4mjUcAwhmahRWa6\nVOujw5H5SNz/0egwLX0tdHA114gk957EWW67c4cX8jJGKLhD+rcdqsq08p8kDi1L\n93FcXmn/6pUCyziKrlA4b9v7LWIbxcceVOF34GfID5yHI9Y/QCB/IIDEgEw+OyQm\njgSubJrIqg0CAwEAAaOCATEwggEtMA8GA1UdEwEB/wQFMAMBAf8wDgYDVR0PAQH/\nBAQDAgGGMB0GA1UdDgQWBBSEGMyFNOy8DJSULghZnMeyEE4KCDAfBgNVHSMEGDAW\ngBScXwDfqgHXMCs4iKK4bUqc8hGRgzB4BggrBgEFBQcBAQRsMGowLgYIKwYBBQUH\nMAGGImh0dHA6Ly9vY3NwLnJvb3RnMi5hbWF6b250cnVzdC5jb20wOAYIKwYBBQUH\nMAKGLGh0dHA6Ly9jcnQucm9vdGcyLmFtYXpvbnRydXN0LmNvbS9yb290ZzIuY2Vy\nMD0GA1UdHwQ2MDQwMqAwoC6GLGh0dHA6Ly9jcmwucm9vdGcyLmFtYXpvbnRydXN0\nLmNvbS9yb290ZzIuY3JsMBEGA1UdIAQKMAgwBgYEVR0gADANBgkqhkiG9w0BAQsF\nAAOCAQEAYjdCXLwQtT6LLOkMm2xF4gcAevnFWAu5CIw+7bMlPLVvUOTNNWqnkzSW\nMiGpSESrnO09tKpzbeR/FoCJbM8oAxiDR3mjEH4wW6w7sGDgd9QIpuEdfF7Au/ma\neyKdpwAJfqxGF4PcnCZXmTA5YpaP7dreqsXMGz7KQ2hsVxa81Q4gLv7/wmpdLqBK\nbRRYh5TmOTFffHPLkIhqhBGWJ6bt2YFGpn6jcgAKUj6DiAdjd4lpFw85hdKrCEVN\n0FE6/V1dN2RMfjCyVSRCnTawXZwXgWHxyvkQAiSr6w10kY17RSlQOYiypok1JR4U\nakcjMS9cmvqtmg5iUaQqqcT5NJ0hGA==\n-----END CERTIFICATE-----\n",
                "is_ca": true,
                "issuer": "CN=Starfield Services Root Certificate Authority - G2,O=Starfield Technologies\\, Inc.,L=Scottsdale,ST=Arizona,C=US",
                "not_after": "2037-12-31T01:00:00Z",
                "not_before": "2015-05-25T12:00:00Z",
                "public_key_algorithm": "RSA",
                "serial_number": "144918191876577076464031512351042010504348870",
                "sha1_fingerprint": "06b25927c42a721631c1efd9431e648fa62e1e39",
                "signature_algorithm": "SHA256-RSA",
                "subject": "CN=Amazon Root CA 1,O=Amazon,C=US",
                "version": 3
              },
              {
                "cert_pem": "-----BEGIN CERTIFICATE-----\nMIIEXjCCA0agAwIBAgITB3MSTNQG0mfAmRzdKZqfODF5hTANBgkqhkiG9w0BAQsF\nADA5MQswCQYDVQQGEwJVUzEPMA0GA1UEChMGQW1hem9uMRkwFwYDVQQDExBBbWF6\nb24gUm9vdCBDQSAxMB4XDTIyMDgyMzIyMjYwNFoXDTMwMDgyMzIyMjYwNFowPDEL\nMAkGA1UEBhMCVVMxDzANBgNVBAoTBkFtYXpvbjEcMBoGA1UEAxMTQW1hem9uIFJT\nQSAyMDQ4IE0wMzCCASIwDQYJKoZIhvcNAQEBBQADggEPADCCAQoCggEBALd/pVko\n8vuM475Tf45HV3BbCl/B9Jy89G1CRkFjcPY06WA9lS+7dWbUA7GtWUKoksr69hKM\nwcMsNpxlw7b3jeXFgxB09/nmalcAWtnLzF+LaDKEA5DQmvKzuh1nfIfqEiKCQSmX\nXh09Xs+dO7cm5qbaL2hhNJCSAejciwcvOFgFNgEMR42wm6KIFHsQW28jhA+1u/M0\np6fVwReuEgZfLfdx82Px0LJck3lST3EB/JfbdsdOzzzg5YkY1dfuqf8y5fUeZ7Cz\nWXbTjujwX/TovmeWKA36VLCz75azW6tDNuDn66FOpADZZ9omVaF6BqNJiLMVl6P3\n/c0OiUMC6Z5OfKcCAwEAAaOCAVowggFWMBIGA1UdEwEB/wQIMAYBAf8CAQAwDgYD\nVR0PAQH/BAQDAgGGMB0GA1UdJQQWMBQGCCsGAQUFBwMBBggrBgEFBQcDAjAdBgNV\nHQ4EFgQUVdkYX9IczAHhWLS+q9lVQgHXLgIwHwYDVR0jBBgwFoAUhBjMhTTsvAyU\nlC4IWZzHshBOCggwewYIKwYBBQUHAQEEbzBtMC8GCCsGAQUFBzABhiNodHRwOi8v\nb2NzcC5yb290Y2ExLmFtYXpvbnRydXN0LmNvbTA6BggrBgEFBQcwAoYuaHR0cDov\nL2NydC5yb290Y2ExLmFtYXpvbnRydXN0LmNvbS9yb290Y2ExLmNlcjA/BgNVHR8E\nODA2MDSgMqAwhi5odHRwOi8vY3JsLnJvb3RjYTEuYW1hem9udHJ1c3QuY29tL3Jv\nb3RjYTEuY3JsMBMGA1UdIAQMMAowCAYGZ4EMAQIBMA0GCSqGSIb3DQEBCwUAA4IB\nAQAGjeWm2cC+3z2MzSCnte46/7JZvj3iQZDY7EvODNdZF41n71Lrk9kbfNwerK0d\nVNzW36Wefr7j7ZSwBVg50W5ay65jNSN74TTQV1yt4WnSbVvN6KlMs1hiyOZdoHKs\nKDV2UGNxbdoBYCQNa2GYF8FQIWLugNp35aSOpMy6cFlymFQomIrnOQHwK1nvVY4q\nxDSJMU/gNJz17D8ArPN3ngnyZ2TwepJ0uBINz3G5te2rdFUF4i4Y3Bb7FUlHDYm4\nu8aIRGpk2ZpfXmxaoxnbIBZRvGLPSUuPwnwoUOMsJ8jirI5vs2dvchPb7MtI1rle\ni02f2ivH2vxkjDLltSpe2fiC\n-----END CERTIFICATE-----\n",
                "is_ca": true,
                "issuer": "CN=Amazon Root CA 1,O=Amazon,C=US",
                "not_after": "2030-08-23T22:26:04Z",
                "not_before": "2022-08-23T22:26:04Z",
                "public_key_algorithm": "RSA",
                "serial_number": "166129356476704345391986644047206454194698629",
                "sha1_fingerprint": "d9fe0a65fa00cabf61f5120d373a8135e1461f15",
                "signature_algorithm": "SHA256-RSA",
                "subject": "CN=Amazon RSA 2048 M03,O=Amazon,C=US",
                "version": 3
              },
              {
                "cert_pem": "-----BEGIN CERTIFICATE-----\nMIIF6TCCBNGgAwIBAgIQC1pmj3MJbfdZEwuZaK0yeDANBgkqhkiG9w0BAQsFADA8\nMQswCQYDVQQGEwJVUzEPMA0GA1UEChMGQW1hem9uMRwwGgYDVQQDExNBbWF6b24g\nUlNBIDIwNDggTTAzMB4XDTI0MDMyNzAwMDAwMFoXDTI1MDQyNTIzNTk1OVowKDEm\nMCQGA1UEAwwdKi5la3MudXMtZWFzdC0yLmFtYXpvbmF3cy5jb20wggEiMA0GCSqG\nSIb3DQEBAQUAA4IBDwAwggEKAoIBAQCyfP2lMr2GZr3NlTFQcpZ1LcOH8Zao627X\ntI4MO+P1IarmDJT7rne8+pjduGWhmddZmN8IcpiDCREoFvyf2jC5Lk0CwRnzLIhZ\nj6vd75gFCWJFzKnfz6F/xtUudATESARr/E8JlsScKY5eoqHPRPqMgzW6HFY46ONu\nBN8pk3iA6S8tN2LvF/aWUc8J546V1Zrruw2h3FvGAQtqDxBgcA/SwXjiIO6+4D8P\ntu0qdTlA7/AS8ph1tJDQ5Xv4wG0ZJ5uMm9S9pS/3SPWMEkTKNp+QpNMGYvX7sure\n0oqX+oJIDC9IbKIscrsmkAwqS7PWFWszpojo8Ur/62RmLQOiJ/PXAgMBAAGjggL5\nMIIC9TAfBgNVHSMEGDAWgBRV2Rhf0hzMAeFYtL6r2VVCAdcuAjAdBgNVHQ4EFgQU\npytkck5Jdaa1DjuIJMpyBxd3ztMwKAYDVR0RBCEwH4IdKi5la3MudXMtZWFzdC0y\nLmFtYXpvbmF3cy5jb20wEwYDVR0gBAwwCjAIBgZngQwBAgEwDgYDVR0PAQH/BAQD\nAgWgMB0GA1UdJQQWMBQGCCsGAQUFBwMBBggrBgEFBQcDAjA7BgNVHR8ENDAyMDCg\nLqAshipodHRwOi8vY3JsLnIybTAzLmFtYXpvbnRydXN0LmNvbS9yMm0wMy5jcmww\ndQYIKwYBBQUHAQEEaTBnMC0GCCsGAQUFBzABhiFodHRwOi8vb2NzcC5yMm0wMy5h\nbWF6b250cnVzdC5jb20wNgYIKwYBBQUHMAKGKmh0dHA6Ly9jcnQucjJtMDMuYW1h\nem9udHJ1c3QuY29tL3IybTAzLmNlcjAMBgNVHRMBAf8EAjAAMIIBgQYKKwYBBAHW\neQIEAgSCAXEEggFtAWsAdwBOdaMnXJoQwzhbbNTfP1LrHfDgjhuNacCx+mSxYpo5\n3wAAAY6B4toRAAAEAwBIMEYCIQCL2lZOGqo75PNnFiLldA7Gd39egtnXDTY+HHYO\n++O98gIhALSzX7cp+Y17fzfL5TAFWZm0+/7LFdyrQEEsgntEXCdTAHcAfVkeEuF4\nKnscYWd8Xv340IdcFKBOlZ65Ay/ZDowuebgAAAGOgeLZyAAABAMASDBGAiEA2EeA\nVUmkO2biyHSh0v+5Uo/NRG53wDwMKBRMLB+03oYCIQCBdgI4o8mFSYNASwhYKGWP\nIt5yi7Hmoi1pFefYiBmGbAB3AObSMWNAd4zBEEEG13G5zsHSQPaWhIb7uocyHf0e\nN45QAAABjoHi2dgAAAQDAEgwRgIhAK2MT0pX3Et7hx26gxiJwGj7u3v/9xMJHVhK\nC5fnxlfNAiEAizPUX2b3GrMeYnINHOy98KbPvkCzGHtN6qcdbf7w3T8wDQYJKoZI\nhvcNAQELBQADggEBAKknRf08AG7Hpn2h4HOyZPC0weNsrS/c8VIXRRSFth1nxQsZ\nyscbVOiJ6j7M6VvfjEmvsL7tvj3UlWmxJuadatX9HIX2KT2mq1fJxv/kX0laHtGl\nWbP3+CYHYCnZf8yPV7EaRJB2AtbGwV7rBd6mb9tDy2uAouTeANQi2XNVoCvGNkSQ\n/zIt0K+TA+efYW3wGhFuMHJOnwJ0a4mXwI7rHclijeztb680ga+F+Indpp5pMmsr\neNyO2TImDxtfDd/l8z2qNDzpyXIeSt2JgORnO5AjGC0EWD2p/hIsLCbG+QnB5IYo\nwHAg3LNrgxkdOWoY23z/WYylg4DdPzPT1SuHKYk=\n-----END CERTIFICATE-----\n",
                "is_ca": false,
                "issuer": "CN=Amazon RSA 2048 M03,O=Amazon,C=US",
                "not_after": "2025-04-25T23:59:59Z",
                "not_before": "2024-03-27T00:00:00Z",
                "public_key_algorithm": "RSA",
                "serial_number": "15090894841911196861235261040086561400",
                "sha1_fingerprint": "32f9e66ae934e90332545a9e7494591af3f34938",
                "signature_algorithm": "SHA256-RSA",
                "subject": "CN=*.eks.us-east-2.amazonaws.com",
                "version": 3
              }
            ],
            "content": null,
            "id": "41c9ad86376859231a2244535dff0f089ba892cb",
            "url": "https://oidc.eks.us-east-2.amazonaws.com/id/08E10F8220DCD9132E3BD3C0289987AE",
            "verify_chain": true
          },
          "sensitive_attributes": []
        }
      ]
    },
    {
      "module": "module.eks",
      "mode": "managed",
      "type": "aws_cloudwatch_log_group",
      "name": "this",
      "provider": "provider[\"registry.opentofu.org/hashicorp/aws\"]",
      "instances": [
        {
          "index_key": 0,
          "schema_version": 0,
          "attributes": {
            "arn": "arn:aws:logs:us-east-2:024848460340:log-group:/aws/eks/flyte-terraform/cluster",
            "id": "/aws/eks/flyte-terraform/cluster",
            "kms_key_id": "",
            "log_group_class": "STANDARD",
            "name": "/aws/eks/flyte-terraform/cluster",
            "name_prefix": "",
            "retention_in_days": 90,
            "skip_destroy": false,
            "tags": null,
            "tags_all": {}
          },
          "sensitive_attributes": [],
          "private": "bnVsbA==",
          "create_before_destroy": true
        }
      ]
    },
    {
      "module": "module.eks",
      "mode": "managed",
      "type": "aws_eks_addon",
      "name": "this",
      "provider": "provider[\"registry.opentofu.org/hashicorp/aws\"]",
      "instances": []
    },
    {
      "module": "module.eks",
      "mode": "managed",
      "type": "aws_eks_cluster",
      "name": "this",
      "provider": "provider[\"registry.opentofu.org/hashicorp/aws\"]",
      "instances": [
        {
          "index_key": 0,
          "schema_version": 1,
          "attributes": {
            "access_config": [
              {
                "authentication_mode": "CONFIG_MAP",
                "bootstrap_cluster_creator_admin_permissions": true
              }
            ],
            "arn": "arn:aws:eks:us-east-2:024848460340:cluster/flyte-terraform",
            "bootstrap_self_managed_addons": true,
            "certificate_authority": [
              {
                "data": "LS0tLS1CRUdJTiBDRVJUSUZJQ0FURS0tLS0tCk1JSUMvakNDQWVhZ0F3SUJBZ0lCQURBTkJna3Foa2lHOXcwQkFRc0ZBREFWTVJNd0VRWURWUVFERXdwcmRXSmwKY201bGRHVnpNQjRYRFRJME1EZ3lNVEl5TlRFd01Wb1hEVE0wTURneE9USXlOVEV3TVZvd0ZURVRNQkVHQTFVRQpBeE1LYTNWaVpYSnVaWFJsY3pDQ0FTSXdEUVlKS29aSWh2Y05BUUVCQlFBRGdnRVBBRENDQVFvQ2dnRUJBTFhkCmxmcGwwUC9QU1hqRlBQL2NXa2VBaGJnWno3Y3JSVUk1QWJ6ZEUxajcxaktNTHBZd095NjRmS3dOcGxRNVlFc2wKOFlINSs2ejZrL2VyQ0o3bysxOUhZS3didjVmd0l5Znpac0RobGF1N1Q2Y0hKUU5jalpWU3JOWDFKd2F0ZW15MAoxR1U3TnQ4bzRMNVRmM3grTFpRaDNXOUNtemF3ZHlJVGczbmtuRUhHck1QU3B0NHFoNzlhZWgrTnI0N21YM3NnCmc1djB0Rmk4dUZsVEYzcWxsMjk3QVJiOTFMZ0d1a1BGM2VmcW5GeXQrdDZQWlJHQXNHSGowdDI0NUwyWU9UTHQKRFkrVDlhek5nbzBpZlEwS1J1M1FuSnd4ZFFnZVJ0K2FIVTdCUDFMc3ltK0prbU9vU1BxaHpDbGk1T2xpSUlQMQpLS21HcEkxYVFPS2ZRRE1Xa2IwQ0F3RUFBYU5aTUZjd0RnWURWUjBQQVFIL0JBUURBZ0trTUE4R0ExVWRFd0VCCi93UUZNQU1CQWY4d0hRWURWUjBPQkJZRUZERk1UVFFmQlRpbHhOdm83YXAvcnIzSU53Q3FNQlVHQTFVZEVRUU8KTUF5Q0NtdDFZbVZ5Ym1WMFpYTXdEUVlKS29aSWh2Y05BUUVMQlFBRGdnRUJBS0Z1b3ZCeGJTQ04zR3p5OXE2OAoxejZMWFZGLzloSll1UEFQbDFtQWwxaFVLd1NGVThHZEtBaDNMRG9WZHUxU2Q5VUwzN1B2T3Q0RnhpQ3kzWFFrClBteElndUhZMmptVTZmZ2pUR1hVNEtXRGRlMVdvd2hEK2tNYlZPclJTTGZ3UkpidTVXcGZvZSt3Tm9Fd0RDdHMKUyt5SUpVSHhYVmp4eC92UGNFNEhzMjRabEg0Y3crQnJYNlRPdkJRVEF2RnpXWWlwTG4rb21SQzA0SjIweHpVQgpNSGhHYkhDbkpMclYxVllnQnREUlZ0MVVIaW5PVnZVWElTL3A5SnVlQjdpZmtQaEUvcDJ4b0ZWclU0Qml0SUlRCkR6c0xhWXVyUGNNUkY2Sk8zUWZ2dTJXQWlUTHhFQkxzeFZGUUMyU2pWOW03NWU1amJaY1BQcWpUUWh6RHFnYUcKNy9JPQotLS0tLUVORCBDRVJUSUZJQ0FURS0tLS0tCg=="
              }
            ],
            "cluster_id": null,
            "created_at": "2024-08-21 22:46:09.241 +0000 UTC",
            "enabled_cluster_log_types": [
              "api",
              "audit",
              "authenticator"
            ],
            "encryption_config": [
              {
                "provider": [
                  {
                    "key_arn": "arn:aws:kms:us-east-2:024848460340:key/900b1916-3a6c-42ee-802b-3f60736e58b2"
                  }
                ],
                "resources": [
                  "secrets"
                ]
              }
            ],
            "endpoint": "https://08E10F8220DCD9132E3BD3C0289987AE.gr7.us-east-2.eks.amazonaws.com",
            "id": "flyte-terraform",
            "identity": [
              {
                "oidc": [
                  {
                    "issuer": "https://oidc.eks.us-east-2.amazonaws.com/id/08E10F8220DCD9132E3BD3C0289987AE"
                  }
                ]
              }
            ],
            "kubernetes_network_config": [
              {
                "ip_family": "ipv4",
                "service_ipv4_cidr": "172.20.0.0/16",
                "service_ipv6_cidr": ""
              }
            ],
            "name": "flyte-terraform",
            "outpost_config": [],
            "platform_version": "eks.26",
            "role_arn": "arn:aws:iam::024848460340:role/flyte-terraform-cluster-20240821224541040800000003",
            "status": "ACTIVE",
            "tags": null,
            "tags_all": {},
            "timeouts": {
              "create": null,
              "delete": null,
              "update": null
            },
            "upgrade_policy": [
              {
                "support_type": "EXTENDED"
              }
            ],
            "version": "1.24",
            "vpc_config": [
              {
                "cluster_security_group_id": "sg-0820fcc7679bc63e4",
                "endpoint_private_access": true,
                "endpoint_public_access": true,
                "public_access_cidrs": [
                  "0.0.0.0/0"
                ],
                "security_group_ids": [
                  "sg-01d9db2c72b63cf81"
                ],
                "subnet_ids": [
                  "subnet-03c05063bb71a0d40",
                  "subnet-092a617fac202eb32",
                  "subnet-0f709e001570ad8c4"
                ],
                "vpc_id": "vpc-098b18b243f95386f"
              }
            ]
          },
          "sensitive_attributes": [],
          "private": "eyJlMmJmYjczMC1lY2FhLTExZTYtOGY4OC0zNDM2M2JjN2M0YzAiOnsiY3JlYXRlIjoxODAwMDAwMDAwMDAwLCJkZWxldGUiOjkwMDAwMDAwMDAwMCwidXBkYXRlIjozNjAwMDAwMDAwMDAwfSwic2NoZW1hX3ZlcnNpb24iOiIxIn0=",
          "dependencies": [
            "data.aws_availability_zones.available",
            "module.eks.aws_cloudwatch_log_group.this",
            "module.eks.aws_iam_policy.cni_ipv6_policy",
            "module.eks.aws_iam_role.this",
            "module.eks.aws_iam_role_policy_attachment.this",
            "module.eks.aws_security_group.cluster",
            "module.eks.aws_security_group.node",
            "module.eks.aws_security_group_rule.cluster",
            "module.eks.aws_security_group_rule.node",
            "module.eks.data.aws_caller_identity.current",
            "module.eks.data.aws_iam_policy_document.assume_role_policy",
            "module.eks.data.aws_iam_policy_document.cni_ipv6_policy",
            "module.eks.data.aws_iam_session_context.current",
            "module.eks.data.aws_partition.current",
            "module.eks.module.kms.aws_kms_external_key.this",
            "module.eks.module.kms.aws_kms_key.this",
            "module.eks.module.kms.data.aws_caller_identity.current",
            "module.eks.module.kms.data.aws_iam_policy_document.this",
            "module.eks.module.kms.data.aws_partition.current",
            "module.vpc.aws_subnet.private",
            "module.vpc.aws_vpc.this",
            "module.vpc.aws_vpc_ipv4_cidr_block_association.this"
          ],
          "create_before_destroy": true
        }
      ]
    },
    {
      "module": "module.eks",
      "mode": "managed",
      "type": "aws_eks_identity_provider_config",
      "name": "this",
      "provider": "provider[\"registry.opentofu.org/hashicorp/aws\"]",
      "instances": []
    },
    {
      "module": "module.eks",
      "mode": "managed",
      "type": "aws_iam_openid_connect_provider",
      "name": "oidc_provider",
      "provider": "provider[\"registry.opentofu.org/hashicorp/aws\"]",
      "instances": [
        {
          "index_key": 0,
          "schema_version": 0,
          "attributes": {
            "arn": "arn:aws:iam::024848460340:oidc-provider/oidc.eks.us-east-2.amazonaws.com/id/08E10F8220DCD9132E3BD3C0289987AE",
            "client_id_list": [
              "sts.amazonaws.com"
            ],
            "id": "arn:aws:iam::024848460340:oidc-provider/oidc.eks.us-east-2.amazonaws.com/id/08E10F8220DCD9132E3BD3C0289987AE",
            "tags": {
              "Name": "flyte-terraform-eks-irsa"
            },
            "tags_all": {
              "Name": "flyte-terraform-eks-irsa"
            },
            "thumbprint_list": [
              "9e99a48a9960b14926bb7f3b02e22da2b0ab7280",
              "06b25927c42a721631c1efd9431e648fa62e1e39",
              "d9fe0a65fa00cabf61f5120d373a8135e1461f15",
              "32f9e66ae934e90332545a9e7494591af3f34938"
            ],
            "url": "oidc.eks.us-east-2.amazonaws.com/id/08E10F8220DCD9132E3BD3C0289987AE"
          },
          "sensitive_attributes": [],
          "private": "bnVsbA==",
          "dependencies": [
            "data.aws_availability_zones.available",
            "module.eks.aws_cloudwatch_log_group.this",
            "module.eks.aws_eks_cluster.this",
            "module.eks.aws_iam_policy.cni_ipv6_policy",
            "module.eks.aws_iam_role.this",
            "module.eks.aws_iam_role_policy_attachment.this",
            "module.eks.aws_security_group.cluster",
            "module.eks.aws_security_group.node",
            "module.eks.aws_security_group_rule.cluster",
            "module.eks.aws_security_group_rule.node",
            "module.eks.data.aws_caller_identity.current",
            "module.eks.data.aws_iam_policy_document.assume_role_policy",
            "module.eks.data.aws_iam_policy_document.cni_ipv6_policy",
            "module.eks.data.aws_iam_session_context.current",
            "module.eks.data.aws_partition.current",
            "module.eks.data.tls_certificate.this",
            "module.eks.module.kms.aws_kms_external_key.this",
            "module.eks.module.kms.aws_kms_key.this",
            "module.eks.module.kms.data.aws_caller_identity.current",
            "module.eks.module.kms.data.aws_iam_policy_document.this",
            "module.eks.module.kms.data.aws_partition.current",
            "module.vpc.aws_subnet.private",
            "module.vpc.aws_vpc.this",
            "module.vpc.aws_vpc_ipv4_cidr_block_association.this"
          ]
        }
      ]
    },
    {
      "module": "module.eks",
      "mode": "managed",
      "type": "aws_iam_policy",
      "name": "cluster_encryption",
      "provider": "provider[\"registry.opentofu.org/hashicorp/aws\"]",
      "instances": [
        {
          "index_key": 0,
          "schema_version": 0,
          "attributes": {
            "arn": "arn:aws:iam::024848460340:policy/flyte-terraform-cluster-ClusterEncryption20240821224601866700000009",
            "attachment_count": 0,
            "description": "Cluster encryption policy to allow cluster role to utilize CMK provided",
            "id": "arn:aws:iam::024848460340:policy/flyte-terraform-cluster-ClusterEncryption20240821224601866700000009",
            "name": "flyte-terraform-cluster-ClusterEncryption20240821224601866700000009",
            "name_prefix": "flyte-terraform-cluster-ClusterEncryption",
            "path": "/",
            "policy": "{\"Statement\":[{\"Action\":[\"kms:Encrypt\",\"kms:Decrypt\",\"kms:ListGrants\",\"kms:DescribeKey\"],\"Effect\":\"Allow\",\"Resource\":\"arn:aws:kms:us-east-2:024848460340:key/900b1916-3a6c-42ee-802b-3f60736e58b2\"}],\"Version\":\"2012-10-17\"}",
            "policy_id": "ANPAQLSIVNI2GHTF73GO7",
            "tags": null,
            "tags_all": {}
          },
          "sensitive_attributes": [],
          "private": "bnVsbA==",
          "dependencies": [
            "module.eks.aws_iam_role.this",
            "module.eks.data.aws_caller_identity.current",
            "module.eks.data.aws_iam_policy_document.assume_role_policy",
            "module.eks.data.aws_iam_session_context.current",
            "module.eks.data.aws_partition.current",
            "module.eks.module.kms.aws_kms_external_key.this",
            "module.eks.module.kms.aws_kms_key.this",
            "module.eks.module.kms.data.aws_caller_identity.current",
            "module.eks.module.kms.data.aws_iam_policy_document.this",
            "module.eks.module.kms.data.aws_partition.current"
          ]
        }
      ]
    },
    {
      "module": "module.eks",
      "mode": "managed",
      "type": "aws_iam_policy",
      "name": "cni_ipv6_policy",
      "provider": "provider[\"registry.opentofu.org/hashicorp/aws\"]",
      "instances": []
    },
    {
      "module": "module.eks",
      "mode": "managed",
      "type": "aws_iam_role",
      "name": "this",
      "provider": "provider[\"registry.opentofu.org/hashicorp/aws\"]",
      "instances": [
        {
          "index_key": 0,
          "schema_version": 0,
          "attributes": {
            "arn": "arn:aws:iam::024848460340:role/flyte-terraform-cluster-20240821224541040800000003",
            "assume_role_policy": "{\"Statement\":[{\"Action\":\"sts:AssumeRole\",\"Effect\":\"Allow\",\"Principal\":{\"Service\":\"eks.amazonaws.com\"},\"Sid\":\"EKSClusterAssumeRole\"}],\"Version\":\"2012-10-17\"}",
            "create_date": "2024-08-21T22:45:41Z",
            "description": "",
            "force_detach_policies": true,
            "id": "flyte-terraform-cluster-20240821224541040800000003",
            "inline_policy": [
              {
                "name": "flyte-terraform-cluster",
                "policy": "{\"Version\":\"2012-10-17\",\"Statement\":[{\"Action\":[\"logs:CreateLogGroup\"],\"Effect\":\"Deny\",\"Resource\":\"*\"}]}"
              }
            ],
            "managed_policy_arns": [],
            "max_session_duration": 3600,
            "name": "flyte-terraform-cluster-20240821224541040800000003",
            "name_prefix": "flyte-terraform-cluster-",
            "path": "/",
            "permissions_boundary": "",
            "tags": null,
            "tags_all": {},
            "unique_id": "AROAQLSIVNI2OYDWJYMLJ"
          },
          "sensitive_attributes": [],
          "private": "bnVsbA==",
          "dependencies": [
            "module.eks.data.aws_iam_policy_document.assume_role_policy",
            "module.eks.data.aws_partition.current"
          ],
          "create_before_destroy": true
        }
      ]
    },
    {
      "module": "module.eks",
      "mode": "managed",
      "type": "aws_iam_role_policy_attachment",
      "name": "cluster_encryption",
      "provider": "provider[\"registry.opentofu.org/hashicorp/aws\"]",
      "instances": [
        {
          "index_key": 0,
          "schema_version": 0,
          "attributes": {
            "id": "flyte-terraform-cluster-20240821224541040800000003-2024082122460251990000000a",
            "policy_arn": "arn:aws:iam::024848460340:policy/flyte-terraform-cluster-ClusterEncryption20240821224601866700000009",
            "role": "flyte-terraform-cluster-20240821224541040800000003"
          },
          "sensitive_attributes": [],
          "private": "bnVsbA==",
          "dependencies": [
            "module.eks.aws_iam_policy.cluster_encryption",
            "module.eks.aws_iam_role.this",
            "module.eks.data.aws_caller_identity.current",
            "module.eks.data.aws_iam_policy_document.assume_role_policy",
            "module.eks.data.aws_iam_session_context.current",
            "module.eks.data.aws_partition.current",
            "module.eks.module.kms.aws_kms_external_key.this",
            "module.eks.module.kms.aws_kms_key.this",
            "module.eks.module.kms.data.aws_caller_identity.current",
            "module.eks.module.kms.data.aws_iam_policy_document.this",
            "module.eks.module.kms.data.aws_partition.current"
          ]
        }
      ]
    },
    {
      "module": "module.eks",
      "mode": "managed",
      "type": "aws_iam_role_policy_attachment",
      "name": "this",
      "provider": "provider[\"registry.opentofu.org/hashicorp/aws\"]",
      "instances": [
        {
          "index_key": "AmazonEKSClusterPolicy",
          "schema_version": 0,
          "attributes": {
            "id": "flyte-terraform-cluster-20240821224541040800000003-20240821224542636500000005",
            "policy_arn": "arn:aws:iam::aws:policy/AmazonEKSClusterPolicy",
            "role": "flyte-terraform-cluster-20240821224541040800000003"
          },
          "sensitive_attributes": [],
          "private": "bnVsbA==",
          "dependencies": [
            "module.eks.aws_iam_role.this",
            "module.eks.data.aws_iam_policy_document.assume_role_policy",
            "module.eks.data.aws_partition.current"
          ],
          "create_before_destroy": true
        },
        {
          "index_key": "AmazonEKSVPCResourceController",
          "schema_version": 0,
          "attributes": {
            "id": "flyte-terraform-cluster-20240821224541040800000003-20240821224542626600000004",
            "policy_arn": "arn:aws:iam::aws:policy/AmazonEKSVPCResourceController",
            "role": "flyte-terraform-cluster-20240821224541040800000003"
          },
          "sensitive_attributes": [],
          "private": "bnVsbA==",
          "dependencies": [
            "module.eks.aws_iam_role.this",
            "module.eks.data.aws_iam_policy_document.assume_role_policy",
            "module.eks.data.aws_partition.current"
          ],
          "create_before_destroy": true
        }
      ]
    },
    {
      "module": "module.eks",
      "mode": "managed",
      "type": "aws_security_group",
      "name": "cluster",
      "provider": "provider[\"registry.opentofu.org/hashicorp/aws\"]",
      "instances": [
        {
          "index_key": 0,
          "schema_version": 1,
          "attributes": {
            "arn": "arn:aws:ec2:us-east-2:024848460340:security-group/sg-01d9db2c72b63cf81",
            "description": "EKS cluster security group",
            "egress": [],
            "id": "sg-01d9db2c72b63cf81",
            "ingress": [],
            "name": "flyte-terraform-cluster-20240821224554079900000006",
            "name_prefix": "flyte-terraform-cluster-",
            "owner_id": "024848460340",
            "revoke_rules_on_delete": false,
            "tags": {
              "Name": "flyte-terraform-cluster"
            },
            "tags_all": {
              "Name": "flyte-terraform-cluster"
            },
            "timeouts": null,
            "vpc_id": "vpc-098b18b243f95386f"
          },
          "sensitive_attributes": [],
          "private": "eyJlMmJmYjczMC1lY2FhLTExZTYtOGY4OC0zNDM2M2JjN2M0YzAiOnsiY3JlYXRlIjo2MDAwMDAwMDAwMDAsImRlbGV0ZSI6OTAwMDAwMDAwMDAwfSwic2NoZW1hX3ZlcnNpb24iOiIxIn0=",
          "dependencies": [
            "module.vpc.aws_vpc.this"
          ],
          "create_before_destroy": true
        }
      ]
    },
    {
      "module": "module.eks",
      "mode": "managed",
      "type": "aws_security_group",
      "name": "node",
      "provider": "provider[\"registry.opentofu.org/hashicorp/aws\"]",
      "instances": [
        {
          "index_key": 0,
          "schema_version": 1,
          "attributes": {
            "arn": "arn:aws:ec2:us-east-2:024848460340:security-group/sg-06ffe1a3ce1bced87",
            "description": "EKS node shared security group",
            "egress": [],
            "id": "sg-06ffe1a3ce1bced87",
            "ingress": [],
            "name": "flyte-terraform-node-20240821224555065000000008",
            "name_prefix": "flyte-terraform-node-",
            "owner_id": "024848460340",
            "revoke_rules_on_delete": false,
            "tags": {
              "Name": "flyte-terraform-node",
              "kubernetes.io/cluster/flyte-terraform": "owned"
            },
            "tags_all": {
              "Name": "flyte-terraform-node",
              "kubernetes.io/cluster/flyte-terraform": "owned"
            },
            "timeouts": null,
            "vpc_id": "vpc-098b18b243f95386f"
          },
          "sensitive_attributes": [],
          "private": "eyJlMmJmYjczMC1lY2FhLTExZTYtOGY4OC0zNDM2M2JjN2M0YzAiOnsiY3JlYXRlIjo2MDAwMDAwMDAwMDAsImRlbGV0ZSI6OTAwMDAwMDAwMDAwfSwic2NoZW1hX3ZlcnNpb24iOiIxIn0=",
          "dependencies": [
            "module.vpc.aws_vpc.this"
          ],
          "create_before_destroy": true
        }
      ]
    },
    {
      "module": "module.eks",
      "mode": "managed",
      "type": "aws_security_group_rule",
      "name": "cluster",
      "provider": "provider[\"registry.opentofu.org/hashicorp/aws\"]",
      "instances": [
        {
          "index_key": "ingress_nodes_443",
          "schema_version": 2,
          "attributes": {
            "cidr_blocks": null,
            "description": "Node groups to cluster API",
            "from_port": 443,
            "id": "sgrule-379860477",
            "ipv6_cidr_blocks": null,
            "prefix_list_ids": null,
            "protocol": "tcp",
            "security_group_id": "sg-01d9db2c72b63cf81",
            "security_group_rule_id": "sgr-0aa98417480132866",
            "self": false,
            "source_security_group_id": "sg-06ffe1a3ce1bced87",
            "timeouts": null,
            "to_port": 443,
            "type": "ingress"
          },
          "sensitive_attributes": [],
          "private": "eyJlMmJmYjczMC1lY2FhLTExZTYtOGY4OC0zNDM2M2JjN2M0YzAiOnsiY3JlYXRlIjozMDAwMDAwMDAwMDB9LCJzY2hlbWFfdmVyc2lvbiI6IjIifQ==",
          "dependencies": [
            "module.eks.aws_security_group.cluster",
            "module.eks.aws_security_group.node",
            "module.vpc.aws_vpc.this"
          ],
          "create_before_destroy": true
        }
      ]
    },
    {
      "module": "module.eks",
      "mode": "managed",
      "type": "aws_security_group_rule",
      "name": "node",
      "provider": "provider[\"registry.opentofu.org/hashicorp/aws\"]",
      "instances": [
        {
          "index_key": "egress_all",
          "schema_version": 2,
          "attributes": {
            "cidr_blocks": [
              "0.0.0.0/0"
            ],
            "description": "Allow all egress",
            "from_port": 0,
            "id": "sgrule-2711305660",
            "ipv6_cidr_blocks": null,
            "prefix_list_ids": [],
            "protocol": "-1",
            "security_group_id": "sg-06ffe1a3ce1bced87",
            "security_group_rule_id": "sgr-0d72c0531631c5347",
            "self": false,
            "source_security_group_id": null,
            "timeouts": null,
            "to_port": 0,
            "type": "egress"
          },
          "sensitive_attributes": [],
          "private": "eyJlMmJmYjczMC1lY2FhLTExZTYtOGY4OC0zNDM2M2JjN2M0YzAiOnsiY3JlYXRlIjozMDAwMDAwMDAwMDB9LCJzY2hlbWFfdmVyc2lvbiI6IjIifQ==",
          "dependencies": [
            "module.eks.aws_security_group.cluster",
            "module.eks.aws_security_group.node",
            "module.vpc.aws_vpc.this"
          ],
          "create_before_destroy": true
        },
        {
          "index_key": "ingress_cluster_443",
          "schema_version": 2,
          "attributes": {
            "cidr_blocks": null,
            "description": "Cluster API to node groups",
            "from_port": 443,
            "id": "sgrule-3596242200",
            "ipv6_cidr_blocks": null,
            "prefix_list_ids": [],
            "protocol": "tcp",
            "security_group_id": "sg-06ffe1a3ce1bced87",
            "security_group_rule_id": "sgr-009a50b20c3d194e8",
            "self": false,
            "source_security_group_id": "sg-01d9db2c72b63cf81",
            "timeouts": null,
            "to_port": 443,
            "type": "ingress"
          },
          "sensitive_attributes": [],
          "private": "eyJlMmJmYjczMC1lY2FhLTExZTYtOGY4OC0zNDM2M2JjN2M0YzAiOnsiY3JlYXRlIjozMDAwMDAwMDAwMDB9LCJzY2hlbWFfdmVyc2lvbiI6IjIifQ==",
          "dependencies": [
            "module.eks.aws_security_group.cluster",
            "module.eks.aws_security_group.node",
            "module.vpc.aws_vpc.this"
          ],
          "create_before_destroy": true
        },
        {
          "index_key": "ingress_cluster_4443_webhook",
          "schema_version": 2,
          "attributes": {
            "cidr_blocks": null,
            "description": "Cluster API to node 4443/tcp webhook",
            "from_port": 4443,
            "id": "sgrule-45375932",
            "ipv6_cidr_blocks": null,
            "prefix_list_ids": [],
            "protocol": "tcp",
            "security_group_id": "sg-06ffe1a3ce1bced87",
            "security_group_rule_id": "sgr-02a44e20afec273af",
            "self": false,
            "source_security_group_id": "sg-01d9db2c72b63cf81",
            "timeouts": null,
            "to_port": 4443,
            "type": "ingress"
          },
          "sensitive_attributes": [],
          "private": "eyJlMmJmYjczMC1lY2FhLTExZTYtOGY4OC0zNDM2M2JjN2M0YzAiOnsiY3JlYXRlIjozMDAwMDAwMDAwMDB9LCJzY2hlbWFfdmVyc2lvbiI6IjIifQ==",
          "dependencies": [
            "module.eks.aws_security_group.cluster",
            "module.eks.aws_security_group.node",
            "module.vpc.aws_vpc.this"
          ],
          "create_before_destroy": true
        },
        {
          "index_key": "ingress_cluster_6443_webhook",
          "schema_version": 2,
          "attributes": {
            "cidr_blocks": null,
            "description": "Cluster API to node 6443/tcp webhook",
            "from_port": 6443,
            "id": "sgrule-3421898282",
            "ipv6_cidr_blocks": null,
            "prefix_list_ids": [],
            "protocol": "tcp",
            "security_group_id": "sg-06ffe1a3ce1bced87",
            "security_group_rule_id": "sgr-09d5a26ff22bf1462",
            "self": false,
            "source_security_group_id": "sg-01d9db2c72b63cf81",
            "timeouts": null,
            "to_port": 6443,
            "type": "ingress"
          },
          "sensitive_attributes": [],
          "private": "eyJlMmJmYjczMC1lY2FhLTExZTYtOGY4OC0zNDM2M2JjN2M0YzAiOnsiY3JlYXRlIjozMDAwMDAwMDAwMDB9LCJzY2hlbWFfdmVyc2lvbiI6IjIifQ==",
          "dependencies": [
            "module.eks.aws_security_group.cluster",
            "module.eks.aws_security_group.node",
            "module.vpc.aws_vpc.this"
          ],
          "create_before_destroy": true
        },
        {
          "index_key": "ingress_cluster_8443_webhook",
          "schema_version": 2,
          "attributes": {
            "cidr_blocks": null,
            "description": "Cluster API to node 8443/tcp webhook",
            "from_port": 8443,
            "id": "sgrule-3635034635",
            "ipv6_cidr_blocks": null,
            "prefix_list_ids": [],
            "protocol": "tcp",
            "security_group_id": "sg-06ffe1a3ce1bced87",
            "security_group_rule_id": "sgr-00d5abed3f75ea936",
            "self": false,
            "source_security_group_id": "sg-01d9db2c72b63cf81",
            "timeouts": null,
            "to_port": 8443,
            "type": "ingress"
          },
          "sensitive_attributes": [],
          "private": "eyJlMmJmYjczMC1lY2FhLTExZTYtOGY4OC0zNDM2M2JjN2M0YzAiOnsiY3JlYXRlIjozMDAwMDAwMDAwMDB9LCJzY2hlbWFfdmVyc2lvbiI6IjIifQ==",
          "dependencies": [
            "module.eks.aws_security_group.cluster",
            "module.eks.aws_security_group.node",
            "module.vpc.aws_vpc.this"
          ],
          "create_before_destroy": true
        },
        {
          "index_key": "ingress_cluster_9443_webhook",
          "schema_version": 2,
          "attributes": {
            "cidr_blocks": null,
            "description": "Cluster API to node 9443/tcp webhook",
            "from_port": 9443,
            "id": "sgrule-3154840000",
            "ipv6_cidr_blocks": null,
            "prefix_list_ids": [],
            "protocol": "tcp",
            "security_group_id": "sg-06ffe1a3ce1bced87",
            "security_group_rule_id": "sgr-03cd524d5f8b29e20",
            "self": false,
            "source_security_group_id": "sg-01d9db2c72b63cf81",
            "timeouts": null,
            "to_port": 9443,
            "type": "ingress"
          },
          "sensitive_attributes": [],
          "private": "eyJlMmJmYjczMC1lY2FhLTExZTYtOGY4OC0zNDM2M2JjN2M0YzAiOnsiY3JlYXRlIjozMDAwMDAwMDAwMDB9LCJzY2hlbWFfdmVyc2lvbiI6IjIifQ==",
          "dependencies": [
            "module.eks.aws_security_group.cluster",
            "module.eks.aws_security_group.node",
            "module.vpc.aws_vpc.this"
          ],
          "create_before_destroy": true
        },
        {
          "index_key": "ingress_cluster_kubelet",
          "schema_version": 2,
          "attributes": {
            "cidr_blocks": null,
            "description": "Cluster API to node kubelets",
            "from_port": 10250,
            "id": "sgrule-1096906706",
            "ipv6_cidr_blocks": null,
            "prefix_list_ids": [],
            "protocol": "tcp",
            "security_group_id": "sg-06ffe1a3ce1bced87",
            "security_group_rule_id": "sgr-0f46bc327a34b40d3",
            "self": false,
            "source_security_group_id": "sg-01d9db2c72b63cf81",
            "timeouts": null,
            "to_port": 10250,
            "type": "ingress"
          },
          "sensitive_attributes": [],
          "private": "eyJlMmJmYjczMC1lY2FhLTExZTYtOGY4OC0zNDM2M2JjN2M0YzAiOnsiY3JlYXRlIjozMDAwMDAwMDAwMDB9LCJzY2hlbWFfdmVyc2lvbiI6IjIifQ==",
          "dependencies": [
            "module.eks.aws_security_group.cluster",
            "module.eks.aws_security_group.node",
            "module.vpc.aws_vpc.this"
          ],
          "create_before_destroy": true
        },
        {
          "index_key": "ingress_nodes_ephemeral",
          "schema_version": 2,
          "attributes": {
            "cidr_blocks": null,
            "description": "Node to node ingress on ephemeral ports",
            "from_port": 1025,
            "id": "sgrule-3679150709",
            "ipv6_cidr_blocks": null,
            "prefix_list_ids": [],
            "protocol": "tcp",
            "security_group_id": "sg-06ffe1a3ce1bced87",
            "security_group_rule_id": "sgr-0b62384c536e5ae56",
            "self": true,
            "source_security_group_id": null,
            "timeouts": null,
            "to_port": 65535,
            "type": "ingress"
          },
          "sensitive_attributes": [],
          "private": "eyJlMmJmYjczMC1lY2FhLTExZTYtOGY4OC0zNDM2M2JjN2M0YzAiOnsiY3JlYXRlIjozMDAwMDAwMDAwMDB9LCJzY2hlbWFfdmVyc2lvbiI6IjIifQ==",
          "dependencies": [
            "module.eks.aws_security_group.cluster",
            "module.eks.aws_security_group.node",
            "module.vpc.aws_vpc.this"
          ],
          "create_before_destroy": true
        },
        {
          "index_key": "ingress_self_coredns_tcp",
          "schema_version": 2,
          "attributes": {
            "cidr_blocks": null,
            "description": "Node to node CoreDNS",
            "from_port": 53,
            "id": "sgrule-3451062500",
            "ipv6_cidr_blocks": null,
            "prefix_list_ids": [],
            "protocol": "tcp",
            "security_group_id": "sg-06ffe1a3ce1bced87",
            "security_group_rule_id": "sgr-074af1de70763ae66",
            "self": true,
            "source_security_group_id": null,
            "timeouts": null,
            "to_port": 53,
            "type": "ingress"
          },
          "sensitive_attributes": [],
          "private": "eyJlMmJmYjczMC1lY2FhLTExZTYtOGY4OC0zNDM2M2JjN2M0YzAiOnsiY3JlYXRlIjozMDAwMDAwMDAwMDB9LCJzY2hlbWFfdmVyc2lvbiI6IjIifQ==",
          "dependencies": [
            "module.eks.aws_security_group.cluster",
            "module.eks.aws_security_group.node",
            "module.vpc.aws_vpc.this"
          ],
          "create_before_destroy": true
        },
        {
          "index_key": "ingress_self_coredns_udp",
          "schema_version": 2,
          "attributes": {
            "cidr_blocks": null,
            "description": "Node to node CoreDNS UDP",
            "from_port": 53,
            "id": "sgrule-1777117963",
            "ipv6_cidr_blocks": null,
            "prefix_list_ids": [],
            "protocol": "udp",
            "security_group_id": "sg-06ffe1a3ce1bced87",
            "security_group_rule_id": "sgr-0dc6036fb4e01a77a",
            "self": true,
            "source_security_group_id": null,
            "timeouts": null,
            "to_port": 53,
            "type": "ingress"
          },
          "sensitive_attributes": [],
          "private": "eyJlMmJmYjczMC1lY2FhLTExZTYtOGY4OC0zNDM2M2JjN2M0YzAiOnsiY3JlYXRlIjozMDAwMDAwMDAwMDB9LCJzY2hlbWFfdmVyc2lvbiI6IjIifQ==",
          "dependencies": [
            "module.eks.aws_security_group.cluster",
            "module.eks.aws_security_group.node",
            "module.vpc.aws_vpc.this"
          ],
          "create_before_destroy": true
        }
      ]
    },
    {
      "module": "module.eks",
      "mode": "managed",
      "type": "time_sleep",
      "name": "this",
      "provider": "provider[\"registry.opentofu.org/hashicorp/time\"]",
      "instances": [
        {
          "index_key": 0,
          "schema_version": 0,
          "attributes": {
            "create_duration": "30s",
            "destroy_duration": null,
            "id": "2024-08-21T22:55:10Z",
            "triggers": {
              "cluster_certificate_authority_data": "LS0tLS1CRUdJTiBDRVJUSUZJQ0FURS0tLS0tCk1JSUMvakNDQWVhZ0F3SUJBZ0lCQURBTkJna3Foa2lHOXcwQkFRc0ZBREFWTVJNd0VRWURWUVFERXdwcmRXSmwKY201bGRHVnpNQjRYRFRJME1EZ3lNVEl5TlRFd01Wb1hEVE0wTURneE9USXlOVEV3TVZvd0ZURVRNQkVHQTFVRQpBeE1LYTNWaVpYSnVaWFJsY3pDQ0FTSXdEUVlKS29aSWh2Y05BUUVCQlFBRGdnRVBBRENDQVFvQ2dnRUJBTFhkCmxmcGwwUC9QU1hqRlBQL2NXa2VBaGJnWno3Y3JSVUk1QWJ6ZEUxajcxaktNTHBZd095NjRmS3dOcGxRNVlFc2wKOFlINSs2ejZrL2VyQ0o3bysxOUhZS3didjVmd0l5Znpac0RobGF1N1Q2Y0hKUU5jalpWU3JOWDFKd2F0ZW15MAoxR1U3TnQ4bzRMNVRmM3grTFpRaDNXOUNtemF3ZHlJVGczbmtuRUhHck1QU3B0NHFoNzlhZWgrTnI0N21YM3NnCmc1djB0Rmk4dUZsVEYzcWxsMjk3QVJiOTFMZ0d1a1BGM2VmcW5GeXQrdDZQWlJHQXNHSGowdDI0NUwyWU9UTHQKRFkrVDlhek5nbzBpZlEwS1J1M1FuSnd4ZFFnZVJ0K2FIVTdCUDFMc3ltK0prbU9vU1BxaHpDbGk1T2xpSUlQMQpLS21HcEkxYVFPS2ZRRE1Xa2IwQ0F3RUFBYU5aTUZjd0RnWURWUjBQQVFIL0JBUURBZ0trTUE4R0ExVWRFd0VCCi93UUZNQU1CQWY4d0hRWURWUjBPQkJZRUZERk1UVFFmQlRpbHhOdm83YXAvcnIzSU53Q3FNQlVHQTFVZEVRUU8KTUF5Q0NtdDFZbVZ5Ym1WMFpYTXdEUVlKS29aSWh2Y05BUUVMQlFBRGdnRUJBS0Z1b3ZCeGJTQ04zR3p5OXE2OAoxejZMWFZGLzloSll1UEFQbDFtQWwxaFVLd1NGVThHZEtBaDNMRG9WZHUxU2Q5VUwzN1B2T3Q0RnhpQ3kzWFFrClBteElndUhZMmptVTZmZ2pUR1hVNEtXRGRlMVdvd2hEK2tNYlZPclJTTGZ3UkpidTVXcGZvZSt3Tm9Fd0RDdHMKUyt5SUpVSHhYVmp4eC92UGNFNEhzMjRabEg0Y3crQnJYNlRPdkJRVEF2RnpXWWlwTG4rb21SQzA0SjIweHpVQgpNSGhHYkhDbkpMclYxVllnQnREUlZ0MVVIaW5PVnZVWElTL3A5SnVlQjdpZmtQaEUvcDJ4b0ZWclU0Qml0SUlRCkR6c0xhWXVyUGNNUkY2Sk8zUWZ2dTJXQWlUTHhFQkxzeFZGUUMyU2pWOW03NWU1amJaY1BQcWpUUWh6RHFnYUcKNy9JPQotLS0tLUVORCBDRVJUSUZJQ0FURS0tLS0tCg==",
              "cluster_endpoint": "https://08E10F8220DCD9132E3BD3C0289987AE.gr7.us-east-2.eks.amazonaws.com",
              "cluster_name": "flyte-terraform",
              "cluster_version": "1.24"
            }
          },
          "sensitive_attributes": [],
          "dependencies": [
            "data.aws_availability_zones.available",
            "module.eks.aws_cloudwatch_log_group.this",
            "module.eks.aws_eks_cluster.this",
            "module.eks.aws_iam_policy.cni_ipv6_policy",
            "module.eks.aws_iam_role.this",
            "module.eks.aws_iam_role_policy_attachment.this",
            "module.eks.aws_security_group.cluster",
            "module.eks.aws_security_group.node",
            "module.eks.aws_security_group_rule.cluster",
            "module.eks.aws_security_group_rule.node",
            "module.eks.data.aws_caller_identity.current",
            "module.eks.data.aws_iam_policy_document.assume_role_policy",
            "module.eks.data.aws_iam_policy_document.cni_ipv6_policy",
            "module.eks.data.aws_iam_session_context.current",
            "module.eks.data.aws_partition.current",
            "module.eks.module.kms.aws_kms_external_key.this",
            "module.eks.module.kms.aws_kms_key.this",
            "module.eks.module.kms.data.aws_caller_identity.current",
            "module.eks.module.kms.data.aws_iam_policy_document.this",
            "module.eks.module.kms.data.aws_partition.current",
            "module.vpc.aws_subnet.private",
            "module.vpc.aws_vpc.this",
            "module.vpc.aws_vpc_ipv4_cidr_block_association.this"
          ],
          "create_before_destroy": true
        }
      ]
    },
    {
      "module": "module.eks.module.eks_managed_node_group[\"services\"]",
      "mode": "data",
      "type": "aws_caller_identity",
      "name": "current",
      "provider": "provider[\"registry.opentofu.org/hashicorp/aws\"]",
      "instances": [
        {
          "schema_version": 0,
          "attributes": {
            "account_id": "024848460340",
            "arn": "arn:aws:sts::024848460340:assumed-role/AWSReservedSSO_UnionAdministratorAccess_87feb53664e97359/david.espejo@union.ai",
            "id": "024848460340",
            "user_id": "AROAQLSIVNI2CGJO6D7LZ:david.espejo@union.ai"
          },
          "sensitive_attributes": []
        }
      ]
    },
    {
      "module": "module.eks.module.eks_managed_node_group[\"services\"]",
      "mode": "data",
      "type": "aws_iam_policy_document",
      "name": "assume_role_policy",
      "provider": "provider[\"registry.opentofu.org/hashicorp/aws\"]",
      "instances": [
        {
          "index_key": 0,
          "schema_version": 0,
          "attributes": {
            "id": "2560088296",
            "json": "{\n  \"Version\": \"2012-10-17\",\n  \"Statement\": [\n    {\n      \"Sid\": \"EKSNodeAssumeRole\",\n      \"Effect\": \"Allow\",\n      \"Action\": \"sts:AssumeRole\",\n      \"Principal\": {\n        \"Service\": \"ec2.amazonaws.com\"\n      }\n    }\n  ]\n}",
            "minified_json": "{\"Version\":\"2012-10-17\",\"Statement\":[{\"Sid\":\"EKSNodeAssumeRole\",\"Effect\":\"Allow\",\"Action\":\"sts:AssumeRole\",\"Principal\":{\"Service\":\"ec2.amazonaws.com\"}}]}",
            "override_json": null,
            "override_policy_documents": null,
            "policy_id": null,
            "source_json": null,
            "source_policy_documents": null,
            "statement": [
              {
                "actions": [
                  "sts:AssumeRole"
                ],
                "condition": [],
                "effect": "Allow",
                "not_actions": [],
                "not_principals": [],
                "not_resources": [],
                "principals": [
                  {
                    "identifiers": [
                      "ec2.amazonaws.com"
                    ],
                    "type": "Service"
                  }
                ],
                "resources": [],
                "sid": "EKSNodeAssumeRole"
              }
            ],
            "version": "2012-10-17"
          },
          "sensitive_attributes": []
        }
      ]
    },
    {
      "module": "module.eks.module.eks_managed_node_group[\"services\"]",
      "mode": "data",
      "type": "aws_partition",
      "name": "current",
      "provider": "provider[\"registry.opentofu.org/hashicorp/aws\"]",
      "instances": [
        {
          "schema_version": 0,
          "attributes": {
            "dns_suffix": "amazonaws.com",
            "id": "aws",
            "partition": "aws",
            "reverse_dns_prefix": "com.amazonaws"
          },
          "sensitive_attributes": []
        }
      ]
    },
    {
      "module": "module.eks.module.eks_managed_node_group[\"services\"]",
      "mode": "managed",
      "type": "aws_eks_node_group",
      "name": "this",
      "provider": "provider[\"registry.opentofu.org/hashicorp/aws\"]",
      "instances": [
        {
          "index_key": 0,
          "schema_version": 0,
          "attributes": {
            "ami_type": "AL2_x86_64",
            "arn": "arn:aws:eks:us-east-2:024848460340:nodegroup/flyte-terraform/services-2024082122551241230000003a/9cc8bb93-5d90-378f-7a0f-659e9a026fad",
            "capacity_type": "ON_DEMAND",
            "cluster_name": "flyte-terraform",
            "disk_size": 0,
            "force_update_version": null,
            "id": "flyte-terraform:services-2024082122551241230000003a",
            "instance_types": [
              "t3.xlarge"
            ],
            "labels": null,
            "launch_template": [
              {
                "id": "lt-0caca9261d36b8978",
                "name": "services-20240821225510822700000030",
                "version": "1"
              }
            ],
            "node_group_name": "services-2024082122551241230000003a",
            "node_group_name_prefix": "services-",
            "node_role_arn": "arn:aws:iam::024848460340:role/services-eks-node-group-20240821224606775000000012",
            "release_version": "1.24.17-20240817",
            "remote_access": [],
            "resources": [
              {
                "autoscaling_groups": [
                  {
                    "name": "eks-services-2024082122551241230000003a-9cc8bb93-5d90-378f-7a0f-659e9a026fad"
                  }
                ],
                "remote_access_security_group_id": ""
              }
            ],
            "scaling_config": [
              {
                "desired_size": 1,
                "max_size": 3,
                "min_size": 1
              }
            ],
            "status": "ACTIVE",
            "subnet_ids": [
              "subnet-03c05063bb71a0d40",
              "subnet-092a617fac202eb32",
              "subnet-0f709e001570ad8c4"
            ],
            "tags": {
              "Name": "services",
              "k8s.io/cluster-autoscaler/enabled": "true",
              "k8s.io/cluster-autoscaler/flyte-terraform": "true"
            },
            "tags_all": {
              "Name": "services",
              "k8s.io/cluster-autoscaler/enabled": "true",
              "k8s.io/cluster-autoscaler/flyte-terraform": "true"
            },
            "taint": [],
            "timeouts": {
              "create": null,
              "delete": null,
              "update": null
            },
            "update_config": [
              {
                "max_unavailable": 0,
                "max_unavailable_percentage": 33
              }
            ],
            "version": "1.24"
          },
          "sensitive_attributes": [],
          "private": "eyJlMmJmYjczMC1lY2FhLTExZTYtOGY4OC0zNDM2M2JjN2M0YzAiOnsiY3JlYXRlIjozNjAwMDAwMDAwMDAwLCJkZWxldGUiOjM2MDAwMDAwMDAwMDAsInVwZGF0ZSI6MzYwMDAwMDAwMDAwMH19",
          "dependencies": [
            "data.aws_availability_zones.available",
            "module.eks.aws_cloudwatch_log_group.this",
            "module.eks.aws_eks_cluster.this",
            "module.eks.aws_iam_policy.cni_ipv6_policy",
            "module.eks.aws_iam_role.this",
            "module.eks.aws_iam_role_policy_attachment.this",
            "module.eks.aws_security_group.cluster",
            "module.eks.aws_security_group.node",
            "module.eks.aws_security_group_rule.cluster",
            "module.eks.aws_security_group_rule.node",
            "module.eks.data.aws_caller_identity.current",
            "module.eks.data.aws_iam_policy_document.assume_role_policy",
            "module.eks.data.aws_iam_policy_document.cni_ipv6_policy",
            "module.eks.data.aws_iam_session_context.current",
            "module.eks.data.aws_partition.current",
            "module.eks.module.eks_managed_node_group.aws_iam_role.this",
            "module.eks.module.eks_managed_node_group.aws_iam_role_policy_attachment.this",
            "module.eks.module.eks_managed_node_group.aws_launch_template.this",
            "module.eks.module.eks_managed_node_group.data.aws_caller_identity.current",
            "module.eks.module.eks_managed_node_group.data.aws_iam_policy_document.assume_role_policy",
            "module.eks.module.eks_managed_node_group.data.aws_partition.current",
            "module.eks.module.eks_managed_node_group.module.user_data.data.cloudinit_config.linux_eks_managed_node_group",
            "module.eks.module.kms.aws_kms_external_key.this",
            "module.eks.module.kms.aws_kms_key.this",
            "module.eks.module.kms.data.aws_caller_identity.current",
            "module.eks.module.kms.data.aws_iam_policy_document.this",
            "module.eks.module.kms.data.aws_partition.current",
            "module.eks.time_sleep.this",
            "module.vpc.aws_subnet.private",
            "module.vpc.aws_vpc.this",
            "module.vpc.aws_vpc_ipv4_cidr_block_association.this"
          ],
          "create_before_destroy": true
        }
      ]
    },
    {
      "module": "module.eks.module.eks_managed_node_group[\"services\"]",
      "mode": "managed",
      "type": "aws_iam_role",
      "name": "this",
      "provider": "provider[\"registry.opentofu.org/hashicorp/aws\"]",
      "instances": [
        {
          "index_key": 0,
          "schema_version": 0,
          "attributes": {
            "arn": "arn:aws:iam::024848460340:role/services-eks-node-group-20240821224606775000000012",
            "assume_role_policy": "{\"Statement\":[{\"Action\":\"sts:AssumeRole\",\"Effect\":\"Allow\",\"Principal\":{\"Service\":\"ec2.amazonaws.com\"},\"Sid\":\"EKSNodeAssumeRole\"}],\"Version\":\"2012-10-17\"}",
            "create_date": "2024-08-21T22:46:07Z",
            "description": "EKS managed node group IAM role",
            "force_detach_policies": true,
            "id": "services-eks-node-group-20240821224606775000000012",
            "inline_policy": [],
            "managed_policy_arns": [],
            "max_session_duration": 3600,
            "name": "services-eks-node-group-20240821224606775000000012",
            "name_prefix": "services-eks-node-group-",
            "path": "/",
            "permissions_boundary": "",
            "tags": {
              "k8s.io/cluster-autoscaler/enabled": "true",
              "k8s.io/cluster-autoscaler/flyte-terraform": "true"
            },
            "tags_all": {
              "k8s.io/cluster-autoscaler/enabled": "true",
              "k8s.io/cluster-autoscaler/flyte-terraform": "true"
            },
            "unique_id": "AROAQLSIVNI2KC4SXTY4H"
          },
          "sensitive_attributes": [],
          "private": "bnVsbA==",
          "dependencies": [
            "data.aws_availability_zones.available",
            "module.eks.module.eks_managed_node_group.data.aws_iam_policy_document.assume_role_policy",
            "module.eks.module.eks_managed_node_group.data.aws_partition.current",
            "module.vpc.aws_subnet.private",
            "module.vpc.aws_vpc.this",
            "module.vpc.aws_vpc_ipv4_cidr_block_association.this"
          ],
          "create_before_destroy": true
        }
      ]
    },
    {
      "module": "module.eks.module.eks_managed_node_group[\"services\"]",
      "mode": "managed",
      "type": "aws_iam_role_policy_attachment",
      "name": "this",
      "provider": "provider[\"registry.opentofu.org/hashicorp/aws\"]",
      "instances": [
        {
          "index_key": "arn:aws:iam::aws:policy/AmazonEC2ContainerRegistryReadOnly",
          "schema_version": 0,
          "attributes": {
            "id": "services-eks-node-group-20240821224606775000000012-20240821224608857500000022",
            "policy_arn": "arn:aws:iam::aws:policy/AmazonEC2ContainerRegistryReadOnly",
            "role": "services-eks-node-group-20240821224606775000000012"
          },
          "sensitive_attributes": [],
          "private": "bnVsbA==",
          "dependencies": [
            "data.aws_availability_zones.available",
            "module.eks.module.eks_managed_node_group.aws_iam_role.this",
            "module.eks.module.eks_managed_node_group.data.aws_caller_identity.current",
            "module.eks.module.eks_managed_node_group.data.aws_iam_policy_document.assume_role_policy",
            "module.eks.module.eks_managed_node_group.data.aws_partition.current",
            "module.vpc.aws_subnet.private",
            "module.vpc.aws_vpc.this",
            "module.vpc.aws_vpc_ipv4_cidr_block_association.this"
          ],
          "create_before_destroy": true
        },
        {
          "index_key": "arn:aws:iam::aws:policy/AmazonEKSWorkerNodePolicy",
          "schema_version": 0,
          "attributes": {
            "id": "services-eks-node-group-20240821224606775000000012-20240821224608960900000025",
            "policy_arn": "arn:aws:iam::aws:policy/AmazonEKSWorkerNodePolicy",
            "role": "services-eks-node-group-20240821224606775000000012"
          },
          "sensitive_attributes": [],
          "private": "bnVsbA==",
          "dependencies": [
            "data.aws_availability_zones.available",
            "module.eks.module.eks_managed_node_group.aws_iam_role.this",
            "module.eks.module.eks_managed_node_group.data.aws_caller_identity.current",
            "module.eks.module.eks_managed_node_group.data.aws_iam_policy_document.assume_role_policy",
            "module.eks.module.eks_managed_node_group.data.aws_partition.current",
            "module.vpc.aws_subnet.private",
            "module.vpc.aws_vpc.this",
            "module.vpc.aws_vpc_ipv4_cidr_block_association.this"
          ],
          "create_before_destroy": true
        },
        {
          "index_key": "arn:aws:iam::aws:policy/AmazonEKS_CNI_Policy",
          "schema_version": 0,
          "attributes": {
            "id": "services-eks-node-group-20240821224606775000000012-20240821224608866700000023",
            "policy_arn": "arn:aws:iam::aws:policy/AmazonEKS_CNI_Policy",
            "role": "services-eks-node-group-20240821224606775000000012"
          },
          "sensitive_attributes": [],
          "private": "bnVsbA==",
          "dependencies": [
            "data.aws_availability_zones.available",
            "module.eks.module.eks_managed_node_group.aws_iam_role.this",
            "module.eks.module.eks_managed_node_group.data.aws_caller_identity.current",
            "module.eks.module.eks_managed_node_group.data.aws_iam_policy_document.assume_role_policy",
            "module.eks.module.eks_managed_node_group.data.aws_partition.current",
            "module.vpc.aws_subnet.private",
            "module.vpc.aws_vpc.this",
            "module.vpc.aws_vpc_ipv4_cidr_block_association.this"
          ],
          "create_before_destroy": true
        }
      ]
    },
    {
      "module": "module.eks.module.eks_managed_node_group[\"services\"]",
      "mode": "managed",
      "type": "aws_launch_template",
      "name": "this",
      "provider": "provider[\"registry.opentofu.org/hashicorp/aws\"]",
      "instances": [
        {
          "index_key": 0,
          "schema_version": 0,
          "attributes": {
            "arn": "arn:aws:ec2:us-east-2:024848460340:launch-template/lt-0caca9261d36b8978",
            "block_device_mappings": [
              {
                "device_name": "/dev/xvda",
                "ebs": [
                  {
                    "delete_on_termination": "",
                    "encrypted": "",
                    "iops": 0,
                    "kms_key_id": "",
                    "snapshot_id": "",
                    "throughput": 0,
                    "volume_size": 20,
                    "volume_type": ""
                  }
                ],
                "no_device": "",
                "virtual_name": ""
              }
            ],
            "capacity_reservation_specification": [],
            "cpu_options": [],
            "credit_specification": [],
            "default_version": 1,
            "description": "Custom launch template for services EKS managed node group",
            "disable_api_stop": false,
            "disable_api_termination": false,
            "ebs_optimized": "",
            "elastic_gpu_specifications": [],
            "elastic_inference_accelerator": [],
            "enclave_options": [],
            "hibernation_options": [],
            "iam_instance_profile": [],
            "id": "lt-0caca9261d36b8978",
            "image_id": "",
            "instance_initiated_shutdown_behavior": "",
            "instance_market_options": [],
            "instance_requirements": [],
            "instance_type": "",
            "kernel_id": "",
            "key_name": "",
            "latest_version": 1,
            "license_specification": [],
            "maintenance_options": [],
            "metadata_options": [
              {
                "http_endpoint": "enabled",
                "http_protocol_ipv6": "",
                "http_put_response_hop_limit": 2,
                "http_tokens": "required",
                "instance_metadata_tags": ""
              }
            ],
            "monitoring": [
              {
                "enabled": true
              }
            ],
            "name": "services-20240821225510822700000030",
            "name_prefix": "services-",
            "network_interfaces": [],
            "placement": [],
            "private_dns_name_options": [],
            "ram_disk_id": "",
            "security_group_names": null,
            "tag_specifications": [
              {
                "resource_type": "instance",
                "tags": {
                  "Name": "services",
                  "k8s.io/cluster-autoscaler/enabled": "true",
                  "k8s.io/cluster-autoscaler/flyte-terraform": "true"
                }
              },
              {
                "resource_type": "network-interface",
                "tags": {
                  "Name": "services",
                  "k8s.io/cluster-autoscaler/enabled": "true",
                  "k8s.io/cluster-autoscaler/flyte-terraform": "true"
                }
              },
              {
                "resource_type": "volume",
                "tags": {
                  "Name": "services",
                  "k8s.io/cluster-autoscaler/enabled": "true",
                  "k8s.io/cluster-autoscaler/flyte-terraform": "true"
                }
              }
            ],
            "tags": {
              "k8s.io/cluster-autoscaler/enabled": "true",
              "k8s.io/cluster-autoscaler/flyte-terraform": "true"
            },
            "tags_all": {
              "k8s.io/cluster-autoscaler/enabled": "true",
              "k8s.io/cluster-autoscaler/flyte-terraform": "true"
            },
            "update_default_version": true,
            "user_data": "",
            "vpc_security_group_ids": [
              "sg-06ffe1a3ce1bced87"
            ]
          },
          "sensitive_attributes": [],
          "private": "bnVsbA==",
          "dependencies": [
            "data.aws_availability_zones.available",
            "module.eks.aws_cloudwatch_log_group.this",
            "module.eks.aws_eks_cluster.this",
            "module.eks.aws_iam_policy.cni_ipv6_policy",
            "module.eks.aws_iam_role.this",
            "module.eks.aws_iam_role_policy_attachment.this",
            "module.eks.aws_security_group.cluster",
            "module.eks.aws_security_group.node",
            "module.eks.aws_security_group_rule.cluster",
            "module.eks.aws_security_group_rule.node",
            "module.eks.data.aws_caller_identity.current",
            "module.eks.data.aws_iam_policy_document.assume_role_policy",
            "module.eks.data.aws_iam_policy_document.cni_ipv6_policy",
            "module.eks.data.aws_iam_session_context.current",
            "module.eks.data.aws_partition.current",
            "module.eks.module.eks_managed_node_group.aws_iam_role.this",
            "module.eks.module.eks_managed_node_group.aws_iam_role_policy_attachment.this",
            "module.eks.module.eks_managed_node_group.data.aws_caller_identity.current",
            "module.eks.module.eks_managed_node_group.data.aws_iam_policy_document.assume_role_policy",
            "module.eks.module.eks_managed_node_group.data.aws_partition.current",
            "module.eks.module.eks_managed_node_group.module.user_data.data.cloudinit_config.linux_eks_managed_node_group",
            "module.eks.module.kms.aws_kms_external_key.this",
            "module.eks.module.kms.aws_kms_key.this",
            "module.eks.module.kms.data.aws_caller_identity.current",
            "module.eks.module.kms.data.aws_iam_policy_document.this",
            "module.eks.module.kms.data.aws_partition.current",
            "module.eks.time_sleep.this",
            "module.vpc.aws_subnet.private",
            "module.vpc.aws_vpc.this",
            "module.vpc.aws_vpc_ipv4_cidr_block_association.this"
          ],
          "create_before_destroy": true
        }
      ]
    },
    {
      "module": "module.eks.module.eks_managed_node_group[\"services\"].module.user_data",
      "mode": "data",
      "type": "cloudinit_config",
      "name": "linux_eks_managed_node_group",
      "provider": "provider[\"registry.opentofu.org/hashicorp/cloudinit\"]",
      "instances": []
    },
    {
      "module": "module.eks.module.eks_managed_node_group[\"worker-gpu-on-demand\"]",
      "mode": "data",
      "type": "aws_caller_identity",
      "name": "current",
      "provider": "provider[\"registry.opentofu.org/hashicorp/aws\"]",
      "instances": [
        {
          "schema_version": 0,
          "attributes": {
            "account_id": "024848460340",
            "arn": "arn:aws:sts::024848460340:assumed-role/AWSReservedSSO_UnionAdministratorAccess_87feb53664e97359/david.espejo@union.ai",
            "id": "024848460340",
            "user_id": "AROAQLSIVNI2CGJO6D7LZ:david.espejo@union.ai"
          },
          "sensitive_attributes": []
        }
      ]
    },
    {
      "module": "module.eks.module.eks_managed_node_group[\"worker-gpu-on-demand\"]",
      "mode": "data",
      "type": "aws_iam_policy_document",
      "name": "assume_role_policy",
      "provider": "provider[\"registry.opentofu.org/hashicorp/aws\"]",
      "instances": [
        {
          "index_key": 0,
          "schema_version": 0,
          "attributes": {
            "id": "2560088296",
            "json": "{\n  \"Version\": \"2012-10-17\",\n  \"Statement\": [\n    {\n      \"Sid\": \"EKSNodeAssumeRole\",\n      \"Effect\": \"Allow\",\n      \"Action\": \"sts:AssumeRole\",\n      \"Principal\": {\n        \"Service\": \"ec2.amazonaws.com\"\n      }\n    }\n  ]\n}",
            "minified_json": "{\"Version\":\"2012-10-17\",\"Statement\":[{\"Sid\":\"EKSNodeAssumeRole\",\"Effect\":\"Allow\",\"Action\":\"sts:AssumeRole\",\"Principal\":{\"Service\":\"ec2.amazonaws.com\"}}]}",
            "override_json": null,
            "override_policy_documents": null,
            "policy_id": null,
            "source_json": null,
            "source_policy_documents": null,
            "statement": [
              {
                "actions": [
                  "sts:AssumeRole"
                ],
                "condition": [],
                "effect": "Allow",
                "not_actions": [],
                "not_principals": [],
                "not_resources": [],
                "principals": [
                  {
                    "identifiers": [
                      "ec2.amazonaws.com"
                    ],
                    "type": "Service"
                  }
                ],
                "resources": [],
                "sid": "EKSNodeAssumeRole"
              }
            ],
            "version": "2012-10-17"
          },
          "sensitive_attributes": []
        }
      ]
    },
    {
      "module": "module.eks.module.eks_managed_node_group[\"worker-gpu-on-demand\"]",
      "mode": "data",
      "type": "aws_partition",
      "name": "current",
      "provider": "provider[\"registry.opentofu.org/hashicorp/aws\"]",
      "instances": [
        {
          "schema_version": 0,
          "attributes": {
            "dns_suffix": "amazonaws.com",
            "id": "aws",
            "partition": "aws",
            "reverse_dns_prefix": "com.amazonaws"
          },
          "sensitive_attributes": []
        }
      ]
    },
    {
      "module": "module.eks.module.eks_managed_node_group[\"worker-gpu-on-demand\"]",
      "mode": "managed",
      "type": "aws_eks_node_group",
      "name": "this",
      "provider": "provider[\"registry.opentofu.org/hashicorp/aws\"]",
      "instances": [
        {
          "index_key": 0,
          "schema_version": 0,
          "attributes": {
            "ami_type": "AL2_x86_64_GPU",
            "arn": "arn:aws:eks:us-east-2:024848460340:nodegroup/flyte-terraform/worker-gpu-on-demand-20240821225512414700000042/c2c8bb93-5d81-0123-9255-1c3d54e379cd",
            "capacity_type": "ON_DEMAND",
            "cluster_name": "flyte-terraform",
            "disk_size": 0,
            "force_update_version": null,
            "id": "flyte-terraform:worker-gpu-on-demand-20240821225512414700000042",
            "instance_types": [
              "g4dn.metal"
            ],
            "labels": {
              "flyte.org/node-role": "worker",
              "k8s.amazonaws.com/accelerator": "nvidia-tesla-t4"
            },
            "launch_template": [
              {
                "id": "lt-09beeff7eceb678ee",
                "name": "worker-gpu-on-demand-20240821225510835300000034",
                "version": "1"
              }
            ],
            "node_group_name": "worker-gpu-on-demand-20240821225512414700000042",
            "node_group_name_prefix": "worker-gpu-on-demand-",
            "node_role_arn": "arn:aws:iam::024848460340:role/worker-gpu-on-demand-eks-node-group-2024082122460633800000000e",
            "release_version": "1.24.17-20240817",
            "remote_access": [],
            "resources": [
              {
                "autoscaling_groups": [
                  {
                    "name": "eks-worker-gpu-on-demand-20240821225512414700000042-c2c8bb93-5d81-0123-9255-1c3d54e379cd"
                  }
                ],
                "remote_access_security_group_id": ""
              }
            ],
            "scaling_config": [
              {
                "desired_size": 0,
                "max_size": 3,
                "min_size": 0
              }
            ],
            "status": "ACTIVE",
            "subnet_ids": [
              "subnet-03c05063bb71a0d40",
              "subnet-092a617fac202eb32",
              "subnet-0f709e001570ad8c4"
            ],
            "tags": {
              "Name": "worker-gpu-on-demand",
              "k8s.io/cluster-autoscaler/enabled": "true",
              "k8s.io/cluster-autoscaler/flyte-terraform": "true"
            },
            "tags_all": {
              "Name": "worker-gpu-on-demand",
              "k8s.io/cluster-autoscaler/enabled": "true",
              "k8s.io/cluster-autoscaler/flyte-terraform": "true"
            },
            "taint": [
              {
                "effect": "NO_SCHEDULE",
                "key": "nvidia.com/gpu",
                "value": "present"
              }
            ],
            "timeouts": {
              "create": null,
              "delete": null,
              "update": null
            },
            "update_config": [
              {
                "max_unavailable": 0,
                "max_unavailable_percentage": 33
              }
            ],
            "version": "1.24"
          },
          "sensitive_attributes": [],
          "private": "eyJlMmJmYjczMC1lY2FhLTExZTYtOGY4OC0zNDM2M2JjN2M0YzAiOnsiY3JlYXRlIjozNjAwMDAwMDAwMDAwLCJkZWxldGUiOjM2MDAwMDAwMDAwMDAsInVwZGF0ZSI6MzYwMDAwMDAwMDAwMH19",
          "dependencies": [
            "data.aws_availability_zones.available",
            "module.eks.aws_cloudwatch_log_group.this",
            "module.eks.aws_eks_cluster.this",
            "module.eks.aws_iam_policy.cni_ipv6_policy",
            "module.eks.aws_iam_role.this",
            "module.eks.aws_iam_role_policy_attachment.this",
            "module.eks.aws_security_group.cluster",
            "module.eks.aws_security_group.node",
            "module.eks.aws_security_group_rule.cluster",
            "module.eks.aws_security_group_rule.node",
            "module.eks.data.aws_caller_identity.current",
            "module.eks.data.aws_iam_policy_document.assume_role_policy",
            "module.eks.data.aws_iam_policy_document.cni_ipv6_policy",
            "module.eks.data.aws_iam_session_context.current",
            "module.eks.data.aws_partition.current",
            "module.eks.module.eks_managed_node_group.aws_iam_role.this",
            "module.eks.module.eks_managed_node_group.aws_iam_role_policy_attachment.this",
            "module.eks.module.eks_managed_node_group.aws_launch_template.this",
            "module.eks.module.eks_managed_node_group.data.aws_caller_identity.current",
            "module.eks.module.eks_managed_node_group.data.aws_iam_policy_document.assume_role_policy",
            "module.eks.module.eks_managed_node_group.data.aws_partition.current",
            "module.eks.module.eks_managed_node_group.module.user_data.data.cloudinit_config.linux_eks_managed_node_group",
            "module.eks.module.kms.aws_kms_external_key.this",
            "module.eks.module.kms.aws_kms_key.this",
            "module.eks.module.kms.data.aws_caller_identity.current",
            "module.eks.module.kms.data.aws_iam_policy_document.this",
            "module.eks.module.kms.data.aws_partition.current",
            "module.eks.time_sleep.this",
            "module.vpc.aws_subnet.private",
            "module.vpc.aws_vpc.this",
            "module.vpc.aws_vpc_ipv4_cidr_block_association.this"
          ],
          "create_before_destroy": true
        }
      ]
    },
    {
      "module": "module.eks.module.eks_managed_node_group[\"worker-gpu-on-demand\"]",
      "mode": "managed",
      "type": "aws_iam_role",
      "name": "this",
      "provider": "provider[\"registry.opentofu.org/hashicorp/aws\"]",
      "instances": [
        {
          "index_key": 0,
          "schema_version": 0,
          "attributes": {
            "arn": "arn:aws:iam::024848460340:role/worker-gpu-on-demand-eks-node-group-2024082122460633800000000e",
            "assume_role_policy": "{\"Statement\":[{\"Action\":\"sts:AssumeRole\",\"Effect\":\"Allow\",\"Principal\":{\"Service\":\"ec2.amazonaws.com\"},\"Sid\":\"EKSNodeAssumeRole\"}],\"Version\":\"2012-10-17\"}",
            "create_date": "2024-08-21T22:46:06Z",
            "description": "EKS managed node group IAM role",
            "force_detach_policies": true,
            "id": "worker-gpu-on-demand-eks-node-group-2024082122460633800000000e",
            "inline_policy": [],
            "managed_policy_arns": [],
            "max_session_duration": 3600,
            "name": "worker-gpu-on-demand-eks-node-group-2024082122460633800000000e",
            "name_prefix": "worker-gpu-on-demand-eks-node-group-",
            "path": "/",
            "permissions_boundary": "",
            "tags": {
              "k8s.io/cluster-autoscaler/enabled": "true",
              "k8s.io/cluster-autoscaler/flyte-terraform": "true"
            },
            "tags_all": {
              "k8s.io/cluster-autoscaler/enabled": "true",
              "k8s.io/cluster-autoscaler/flyte-terraform": "true"
            },
            "unique_id": "AROAQLSIVNI2POIUTF6GH"
          },
          "sensitive_attributes": [],
          "private": "bnVsbA==",
          "dependencies": [
            "data.aws_availability_zones.available",
            "module.eks.module.eks_managed_node_group.data.aws_iam_policy_document.assume_role_policy",
            "module.eks.module.eks_managed_node_group.data.aws_partition.current",
            "module.vpc.aws_subnet.private",
            "module.vpc.aws_vpc.this",
            "module.vpc.aws_vpc_ipv4_cidr_block_association.this"
          ],
          "create_before_destroy": true
        }
      ]
    },
    {
      "module": "module.eks.module.eks_managed_node_group[\"worker-gpu-on-demand\"]",
      "mode": "managed",
      "type": "aws_iam_role_policy_attachment",
      "name": "this",
      "provider": "provider[\"registry.opentofu.org/hashicorp/aws\"]",
      "instances": [
        {
          "index_key": "arn:aws:iam::aws:policy/AmazonEC2ContainerRegistryReadOnly",
          "schema_version": 0,
          "attributes": {
            "id": "worker-gpu-on-demand-eks-node-group-2024082122460633800000000e-20240821224608848200000021",
            "policy_arn": "arn:aws:iam::aws:policy/AmazonEC2ContainerRegistryReadOnly",
            "role": "worker-gpu-on-demand-eks-node-group-2024082122460633800000000e"
          },
          "sensitive_attributes": [],
          "private": "bnVsbA==",
          "dependencies": [
            "data.aws_availability_zones.available",
            "module.eks.module.eks_managed_node_group.aws_iam_role.this",
            "module.eks.module.eks_managed_node_group.data.aws_caller_identity.current",
            "module.eks.module.eks_managed_node_group.data.aws_iam_policy_document.assume_role_policy",
            "module.eks.module.eks_managed_node_group.data.aws_partition.current",
            "module.vpc.aws_subnet.private",
            "module.vpc.aws_vpc.this",
            "module.vpc.aws_vpc_ipv4_cidr_block_association.this"
          ],
          "create_before_destroy": true
        },
        {
          "index_key": "arn:aws:iam::aws:policy/AmazonEKSWorkerNodePolicy",
          "schema_version": 0,
          "attributes": {
            "id": "worker-gpu-on-demand-eks-node-group-2024082122460633800000000e-2024082122460877540000001f",
            "policy_arn": "arn:aws:iam::aws:policy/AmazonEKSWorkerNodePolicy",
            "role": "worker-gpu-on-demand-eks-node-group-2024082122460633800000000e"
          },
          "sensitive_attributes": [],
          "private": "bnVsbA==",
          "dependencies": [
            "data.aws_availability_zones.available",
            "module.eks.module.eks_managed_node_group.aws_iam_role.this",
            "module.eks.module.eks_managed_node_group.data.aws_caller_identity.current",
            "module.eks.module.eks_managed_node_group.data.aws_iam_policy_document.assume_role_policy",
            "module.eks.module.eks_managed_node_group.data.aws_partition.current",
            "module.vpc.aws_subnet.private",
            "module.vpc.aws_vpc.this",
            "module.vpc.aws_vpc_ipv4_cidr_block_association.this"
          ],
          "create_before_destroy": true
        },
        {
          "index_key": "arn:aws:iam::aws:policy/AmazonEKS_CNI_Policy",
          "schema_version": 0,
          "attributes": {
            "id": "worker-gpu-on-demand-eks-node-group-2024082122460633800000000e-20240821224608832000000020",
            "policy_arn": "arn:aws:iam::aws:policy/AmazonEKS_CNI_Policy",
            "role": "worker-gpu-on-demand-eks-node-group-2024082122460633800000000e"
          },
          "sensitive_attributes": [],
          "private": "bnVsbA==",
          "dependencies": [
            "data.aws_availability_zones.available",
            "module.eks.module.eks_managed_node_group.aws_iam_role.this",
            "module.eks.module.eks_managed_node_group.data.aws_caller_identity.current",
            "module.eks.module.eks_managed_node_group.data.aws_iam_policy_document.assume_role_policy",
            "module.eks.module.eks_managed_node_group.data.aws_partition.current",
            "module.vpc.aws_subnet.private",
            "module.vpc.aws_vpc.this",
            "module.vpc.aws_vpc_ipv4_cidr_block_association.this"
          ],
          "create_before_destroy": true
        }
      ]
    },
    {
      "module": "module.eks.module.eks_managed_node_group[\"worker-gpu-on-demand\"]",
      "mode": "managed",
      "type": "aws_launch_template",
      "name": "this",
      "provider": "provider[\"registry.opentofu.org/hashicorp/aws\"]",
      "instances": [
        {
          "index_key": 0,
          "schema_version": 0,
          "attributes": {
            "arn": "arn:aws:ec2:us-east-2:024848460340:launch-template/lt-09beeff7eceb678ee",
            "block_device_mappings": [
              {
                "device_name": "/dev/xvda",
                "ebs": [
                  {
                    "delete_on_termination": "",
                    "encrypted": "",
                    "iops": 0,
                    "kms_key_id": "",
                    "snapshot_id": "",
                    "throughput": 0,
                    "volume_size": 200,
                    "volume_type": ""
                  }
                ],
                "no_device": "",
                "virtual_name": ""
              }
            ],
            "capacity_reservation_specification": [],
            "cpu_options": [],
            "credit_specification": [],
            "default_version": 1,
            "description": "Custom launch template for worker-gpu-on-demand EKS managed node group",
            "disable_api_stop": false,
            "disable_api_termination": false,
            "ebs_optimized": "",
            "elastic_gpu_specifications": [],
            "elastic_inference_accelerator": [],
            "enclave_options": [],
            "hibernation_options": [],
            "iam_instance_profile": [],
            "id": "lt-09beeff7eceb678ee",
            "image_id": "",
            "instance_initiated_shutdown_behavior": "",
            "instance_market_options": [],
            "instance_requirements": [],
            "instance_type": "",
            "kernel_id": "",
            "key_name": "",
            "latest_version": 1,
            "license_specification": [],
            "maintenance_options": [],
            "metadata_options": [
              {
                "http_endpoint": "enabled",
                "http_protocol_ipv6": "",
                "http_put_response_hop_limit": 2,
                "http_tokens": "required",
                "instance_metadata_tags": ""
              }
            ],
            "monitoring": [
              {
                "enabled": true
              }
            ],
            "name": "worker-gpu-on-demand-20240821225510835300000034",
            "name_prefix": "worker-gpu-on-demand-",
            "network_interfaces": [],
            "placement": [],
            "private_dns_name_options": [],
            "ram_disk_id": "",
            "security_group_names": null,
            "tag_specifications": [
              {
                "resource_type": "instance",
                "tags": {
                  "Name": "worker-gpu-on-demand",
                  "k8s.io/cluster-autoscaler/enabled": "true",
                  "k8s.io/cluster-autoscaler/flyte-terraform": "true"
                }
              },
              {
                "resource_type": "network-interface",
                "tags": {
                  "Name": "worker-gpu-on-demand",
                  "k8s.io/cluster-autoscaler/enabled": "true",
                  "k8s.io/cluster-autoscaler/flyte-terraform": "true"
                }
              },
              {
                "resource_type": "volume",
                "tags": {
                  "Name": "worker-gpu-on-demand",
                  "k8s.io/cluster-autoscaler/enabled": "true",
                  "k8s.io/cluster-autoscaler/flyte-terraform": "true"
                }
              }
            ],
            "tags": {
              "k8s.io/cluster-autoscaler/enabled": "true",
              "k8s.io/cluster-autoscaler/flyte-terraform": "true"
            },
            "tags_all": {
              "k8s.io/cluster-autoscaler/enabled": "true",
              "k8s.io/cluster-autoscaler/flyte-terraform": "true"
            },
            "update_default_version": true,
            "user_data": "Q29udGVudC1UeXBlOiBtdWx0aXBhcnQvbWl4ZWQ7IGJvdW5kYXJ5PSIvLyIKTUlNRS1WZXJzaW9uOiAxLjANCg0KLS0vLw0KQ29udGVudC1UcmFuc2Zlci1FbmNvZGluZzogN2JpdA0KQ29udGVudC1UeXBlOiB0ZXh0L3gtc2hlbGxzY3JpcHQNCk1pbWUtVmVyc2lvbjogMS4wDQoNCiMhL2Jpbi9iYXNoCgpzZXQgLWV4byBwaXBlZmFpbAoKX19iaW5kX21vdW50KCkgewogIGxvY2FsIHNvdXJjZT0iJDEiCiAgbG9jYWwgZGVzdGluYXRpb249IiQyIgoKICAjIE1vdmUgZXhpc3RpbmcgZGlyZWN0b3J5IGlmIGl0IGV4aXN0cwogIG1rZGlyIC1wICIkKGRpcm5hbWUgJHtzb3VyY2V9KSIKICBbICEgLWQgJHtkZXN0aW5hdGlvbn0gXSB8fCBtdiAke2Rlc3RpbmF0aW9ufSAke3NvdXJjZX0KCiAgIyBTZXQgdXAgYmluZCBtb3VudAogIG1rZGlyIC1wICR7c291cmNlfSAke2Rlc3RpbmF0aW9ufQogIGVjaG8gIiR7c291cmNlfSAke2Rlc3RpbmF0aW9ufSBub25lIGRlZmF1bHRzLGJpbmQgMCAwIiA+PiAvZXRjL2ZzdGFiCiAgbW91bnQgJHtkZXN0aW5hdGlvbn0KfQoKX19tb3VudHBhdGg9L21udC9sb2NhbC1zc2QtYXJyYXkKX19yYWlkX2RldmljZT0vZGV2L21kL2xvY2FsLXNzZC1hcnJheQpfX2RldmljZXM9KCAkKGZpbmQgL2Rldi9kaXNrL2J5LWlkIC1uYW1lICdudm1lLUFtYXpvbl9FQzJfTlZNZV9JbnN0YW5jZV9TdG9yYWdlX0FXUyotbnMtMScgfCB4YXJncykgKQpfX2NvdW50PSR7I19fZGV2aWNlc1tAXX0KCiMgbm8gc3NkcyBwcmVzZW50CmlmIFtbICR7X19jb3VudH0gLWVxIDAgXV07IHRoZW4KICBleGl0IDAKCmVsaWYgW1sgJHtfX2NvdW50fSAtZXEgMSBdXTsgdGhlbgogICMgb25seSAxIGRldmljZSBzbyBvbmx5IGZvcm1hdCBhbmQgbW91bnQKICBta2ZzLmV4dDQgIiR7X19kZXZpY2VzW0BdfSIKICBlY2hvICIke19fZGV2aWNlc1tAXX0iICR7X19tb3VudHBhdGh9IGV4dDQgZGVmYXVsdHMsbm9hdGltZSAwIDIgPj4gL2V0Yy9mc3RhYgoKZWxpZiBbWyAke19fY291bnR9IC1ndCAxIF1dOyB0aGVuCiAgIyBpbnN0YWxsIG1kYWRtCiAgeXVtIC15IGluc3RhbGwgbWRhZG0KICAjIGNvbmZpZyByYWlkIDAsIGZvcm1hdCwgYW5kIG1vdW50CiAgbWRhZG0gLS1jcmVhdGUgLS12ZXJib3NlIC0tbGV2ZWw9MCAke19fcmFpZF9kZXZpY2V9IC0tYXV0bz15ZXMgLS1yYWlkLWRldmljZXM9IiR7X19jb3VudH0iICIke19fZGV2aWNlc1tAXX0iCiAgbWRhZG0gLS13YWl0ICR7X19yYWlkX2RldmljZX0gfHw6CiAgbWtmcy5leHQ0ICR7X19yYWlkX2RldmljZX0KICBtZGFkbSAtLWRldGFpbCAtLXNjYW4gPj4gL2V0Yy9tZGFkbS5jb25mCiAgZHJhY3V0IC1IIC1mICIvYm9vdC9pbml0cmFtZnMtJCh1bmFtZSAtcikuaW1nIiAiJCh1bmFtZSAtcikiCiAgZWNobyAiJHtfX3JhaWRfZGV2aWNlfSAke19fbW91bnRwYXRofSBleHQ0IGRlZmF1bHRzLG5vYXRpbWUgMCAyIiA+PiAvZXRjL2ZzdGFiCmZpCgpta2RpciAtcCAke19fbW91bnRwYXRofQptb3VudCAke19fbW91bnRwYXRofQpfX2JpbmRfbW91bnQgIiR7X19tb3VudHBhdGh9L2NvbnRhaW5lcmQvcm9vdCIgL3Zhci9saWIvY29udGFpbmVyZApfX2JpbmRfbW91bnQgIiR7X19tb3VudHBhdGh9L2NvbnRhaW5lcmQvc3RhdGUiIC9ydW4vY29udGFpbmVyZApfX2JpbmRfbW91bnQgIiR7X19tb3VudHBhdGh9L2RvY2tlciIgL3Zhci9saWIvZG9ja2VyCl9fYmluZF9tb3VudCAiJHtfX21vdW50cGF0aH0va3ViZWxldCIgL3Zhci9saWIva3ViZWxldAoNCi0tLy8tLQ0K",
            "vpc_security_group_ids": [
              "sg-06ffe1a3ce1bced87"
            ]
          },
          "sensitive_attributes": [],
          "private": "bnVsbA==",
          "dependencies": [
            "data.aws_availability_zones.available",
            "module.eks.aws_cloudwatch_log_group.this",
            "module.eks.aws_eks_cluster.this",
            "module.eks.aws_iam_policy.cni_ipv6_policy",
            "module.eks.aws_iam_role.this",
            "module.eks.aws_iam_role_policy_attachment.this",
            "module.eks.aws_security_group.cluster",
            "module.eks.aws_security_group.node",
            "module.eks.aws_security_group_rule.cluster",
            "module.eks.aws_security_group_rule.node",
            "module.eks.data.aws_caller_identity.current",
            "module.eks.data.aws_iam_policy_document.assume_role_policy",
            "module.eks.data.aws_iam_policy_document.cni_ipv6_policy",
            "module.eks.data.aws_iam_session_context.current",
            "module.eks.data.aws_partition.current",
            "module.eks.module.eks_managed_node_group.aws_iam_role.this",
            "module.eks.module.eks_managed_node_group.aws_iam_role_policy_attachment.this",
            "module.eks.module.eks_managed_node_group.data.aws_caller_identity.current",
            "module.eks.module.eks_managed_node_group.data.aws_iam_policy_document.assume_role_policy",
            "module.eks.module.eks_managed_node_group.data.aws_partition.current",
            "module.eks.module.eks_managed_node_group.module.user_data.data.cloudinit_config.linux_eks_managed_node_group",
            "module.eks.module.kms.aws_kms_external_key.this",
            "module.eks.module.kms.aws_kms_key.this",
            "module.eks.module.kms.data.aws_caller_identity.current",
            "module.eks.module.kms.data.aws_iam_policy_document.this",
            "module.eks.module.kms.data.aws_partition.current",
            "module.eks.time_sleep.this",
            "module.vpc.aws_subnet.private",
            "module.vpc.aws_vpc.this",
            "module.vpc.aws_vpc_ipv4_cidr_block_association.this"
          ],
          "create_before_destroy": true
        }
      ]
    },
    {
      "module": "module.eks.module.eks_managed_node_group[\"worker-gpu-on-demand\"].module.user_data",
      "mode": "data",
      "type": "cloudinit_config",
      "name": "linux_eks_managed_node_group",
      "provider": "provider[\"registry.opentofu.org/hashicorp/cloudinit\"]",
      "instances": [
        {
          "index_key": 0,
          "schema_version": 0,
          "attributes": {
            "base64_encode": true,
            "boundary": "//",
            "gzip": false,
            "id": "956083863",
            "part": [
              {
                "content": "#!/bin/bash\n\nset -exo pipefail\n\n__bind_mount() {\n  local source=\"$1\"\n  local destination=\"$2\"\n\n  # Move existing directory if it exists\n  mkdir -p \"$(dirname ${source})\"\n  [ ! -d ${destination} ] || mv ${destination} ${source}\n\n  # Set up bind mount\n  mkdir -p ${source} ${destination}\n  echo \"${source} ${destination} none defaults,bind 0 0\" \u003e\u003e /etc/fstab\n  mount ${destination}\n}\n\n__mountpath=/mnt/local-ssd-array\n__raid_device=/dev/md/local-ssd-array\n__devices=( $(find /dev/disk/by-id -name 'nvme-Amazon_EC2_NVMe_Instance_Storage_AWS*-ns-1' | xargs) )\n__count=${#__devices[@]}\n\n# no ssds present\nif [[ ${__count} -eq 0 ]]; then\n  exit 0\n\nelif [[ ${__count} -eq 1 ]]; then\n  # only 1 device so only format and mount\n  mkfs.ext4 \"${__devices[@]}\"\n  echo \"${__devices[@]}\" ${__mountpath} ext4 defaults,noatime 0 2 \u003e\u003e /etc/fstab\n\nelif [[ ${__count} -gt 1 ]]; then\n  # install mdadm\n  yum -y install mdadm\n  # config raid 0, format, and mount\n  mdadm --create --verbose --level=0 ${__raid_device} --auto=yes --raid-devices=\"${__count}\" \"${__devices[@]}\"\n  mdadm --wait ${__raid_device} ||:\n  mkfs.ext4 ${__raid_device}\n  mdadm --detail --scan \u003e\u003e /etc/mdadm.conf\n  dracut -H -f \"/boot/initramfs-$(uname -r).img\" \"$(uname -r)\"\n  echo \"${__raid_device} ${__mountpath} ext4 defaults,noatime 0 2\" \u003e\u003e /etc/fstab\nfi\n\nmkdir -p ${__mountpath}\nmount ${__mountpath}\n__bind_mount \"${__mountpath}/containerd/root\" /var/lib/containerd\n__bind_mount \"${__mountpath}/containerd/state\" /run/containerd\n__bind_mount \"${__mountpath}/docker\" /var/lib/docker\n__bind_mount \"${__mountpath}/kubelet\" /var/lib/kubelet\n",
                "content_type": "text/x-shellscript",
                "filename": null,
                "merge_type": null
              }
            ],
            "rendered": "Q29udGVudC1UeXBlOiBtdWx0aXBhcnQvbWl4ZWQ7IGJvdW5kYXJ5PSIvLyIKTUlNRS1WZXJzaW9uOiAxLjANCg0KLS0vLw0KQ29udGVudC1UcmFuc2Zlci1FbmNvZGluZzogN2JpdA0KQ29udGVudC1UeXBlOiB0ZXh0L3gtc2hlbGxzY3JpcHQNCk1pbWUtVmVyc2lvbjogMS4wDQoNCiMhL2Jpbi9iYXNoCgpzZXQgLWV4byBwaXBlZmFpbAoKX19iaW5kX21vdW50KCkgewogIGxvY2FsIHNvdXJjZT0iJDEiCiAgbG9jYWwgZGVzdGluYXRpb249IiQyIgoKICAjIE1vdmUgZXhpc3RpbmcgZGlyZWN0b3J5IGlmIGl0IGV4aXN0cwogIG1rZGlyIC1wICIkKGRpcm5hbWUgJHtzb3VyY2V9KSIKICBbICEgLWQgJHtkZXN0aW5hdGlvbn0gXSB8fCBtdiAke2Rlc3RpbmF0aW9ufSAke3NvdXJjZX0KCiAgIyBTZXQgdXAgYmluZCBtb3VudAogIG1rZGlyIC1wICR7c291cmNlfSAke2Rlc3RpbmF0aW9ufQogIGVjaG8gIiR7c291cmNlfSAke2Rlc3RpbmF0aW9ufSBub25lIGRlZmF1bHRzLGJpbmQgMCAwIiA+PiAvZXRjL2ZzdGFiCiAgbW91bnQgJHtkZXN0aW5hdGlvbn0KfQoKX19tb3VudHBhdGg9L21udC9sb2NhbC1zc2QtYXJyYXkKX19yYWlkX2RldmljZT0vZGV2L21kL2xvY2FsLXNzZC1hcnJheQpfX2RldmljZXM9KCAkKGZpbmQgL2Rldi9kaXNrL2J5LWlkIC1uYW1lICdudm1lLUFtYXpvbl9FQzJfTlZNZV9JbnN0YW5jZV9TdG9yYWdlX0FXUyotbnMtMScgfCB4YXJncykgKQpfX2NvdW50PSR7I19fZGV2aWNlc1tAXX0KCiMgbm8gc3NkcyBwcmVzZW50CmlmIFtbICR7X19jb3VudH0gLWVxIDAgXV07IHRoZW4KICBleGl0IDAKCmVsaWYgW1sgJHtfX2NvdW50fSAtZXEgMSBdXTsgdGhlbgogICMgb25seSAxIGRldmljZSBzbyBvbmx5IGZvcm1hdCBhbmQgbW91bnQKICBta2ZzLmV4dDQgIiR7X19kZXZpY2VzW0BdfSIKICBlY2hvICIke19fZGV2aWNlc1tAXX0iICR7X19tb3VudHBhdGh9IGV4dDQgZGVmYXVsdHMsbm9hdGltZSAwIDIgPj4gL2V0Yy9mc3RhYgoKZWxpZiBbWyAke19fY291bnR9IC1ndCAxIF1dOyB0aGVuCiAgIyBpbnN0YWxsIG1kYWRtCiAgeXVtIC15IGluc3RhbGwgbWRhZG0KICAjIGNvbmZpZyByYWlkIDAsIGZvcm1hdCwgYW5kIG1vdW50CiAgbWRhZG0gLS1jcmVhdGUgLS12ZXJib3NlIC0tbGV2ZWw9MCAke19fcmFpZF9kZXZpY2V9IC0tYXV0bz15ZXMgLS1yYWlkLWRldmljZXM9IiR7X19jb3VudH0iICIke19fZGV2aWNlc1tAXX0iCiAgbWRhZG0gLS13YWl0ICR7X19yYWlkX2RldmljZX0gfHw6CiAgbWtmcy5leHQ0ICR7X19yYWlkX2RldmljZX0KICBtZGFkbSAtLWRldGFpbCAtLXNjYW4gPj4gL2V0Yy9tZGFkbS5jb25mCiAgZHJhY3V0IC1IIC1mICIvYm9vdC9pbml0cmFtZnMtJCh1bmFtZSAtcikuaW1nIiAiJCh1bmFtZSAtcikiCiAgZWNobyAiJHtfX3JhaWRfZGV2aWNlfSAke19fbW91bnRwYXRofSBleHQ0IGRlZmF1bHRzLG5vYXRpbWUgMCAyIiA+PiAvZXRjL2ZzdGFiCmZpCgpta2RpciAtcCAke19fbW91bnRwYXRofQptb3VudCAke19fbW91bnRwYXRofQpfX2JpbmRfbW91bnQgIiR7X19tb3VudHBhdGh9L2NvbnRhaW5lcmQvcm9vdCIgL3Zhci9saWIvY29udGFpbmVyZApfX2JpbmRfbW91bnQgIiR7X19tb3VudHBhdGh9L2NvbnRhaW5lcmQvc3RhdGUiIC9ydW4vY29udGFpbmVyZApfX2JpbmRfbW91bnQgIiR7X19tb3VudHBhdGh9L2RvY2tlciIgL3Zhci9saWIvZG9ja2VyCl9fYmluZF9tb3VudCAiJHtfX21vdW50cGF0aH0va3ViZWxldCIgL3Zhci9saWIva3ViZWxldAoNCi0tLy8tLQ0K"
          },
          "sensitive_attributes": []
        }
      ]
    },
    {
      "module": "module.eks.module.eks_managed_node_group[\"worker-large-on-demand\"]",
      "mode": "data",
      "type": "aws_caller_identity",
      "name": "current",
      "provider": "provider[\"registry.opentofu.org/hashicorp/aws\"]",
      "instances": [
        {
          "schema_version": 0,
          "attributes": {
            "account_id": "024848460340",
            "arn": "arn:aws:sts::024848460340:assumed-role/AWSReservedSSO_UnionAdministratorAccess_87feb53664e97359/david.espejo@union.ai",
            "id": "024848460340",
            "user_id": "AROAQLSIVNI2CGJO6D7LZ:david.espejo@union.ai"
          },
          "sensitive_attributes": []
        }
      ]
    },
    {
      "module": "module.eks.module.eks_managed_node_group[\"worker-large-on-demand\"]",
      "mode": "data",
      "type": "aws_iam_policy_document",
      "name": "assume_role_policy",
      "provider": "provider[\"registry.opentofu.org/hashicorp/aws\"]",
      "instances": [
        {
          "index_key": 0,
          "schema_version": 0,
          "attributes": {
            "id": "2560088296",
            "json": "{\n  \"Version\": \"2012-10-17\",\n  \"Statement\": [\n    {\n      \"Sid\": \"EKSNodeAssumeRole\",\n      \"Effect\": \"Allow\",\n      \"Action\": \"sts:AssumeRole\",\n      \"Principal\": {\n        \"Service\": \"ec2.amazonaws.com\"\n      }\n    }\n  ]\n}",
            "minified_json": "{\"Version\":\"2012-10-17\",\"Statement\":[{\"Sid\":\"EKSNodeAssumeRole\",\"Effect\":\"Allow\",\"Action\":\"sts:AssumeRole\",\"Principal\":{\"Service\":\"ec2.amazonaws.com\"}}]}",
            "override_json": null,
            "override_policy_documents": null,
            "policy_id": null,
            "source_json": null,
            "source_policy_documents": null,
            "statement": [
              {
                "actions": [
                  "sts:AssumeRole"
                ],
                "condition": [],
                "effect": "Allow",
                "not_actions": [],
                "not_principals": [],
                "not_resources": [],
                "principals": [
                  {
                    "identifiers": [
                      "ec2.amazonaws.com"
                    ],
                    "type": "Service"
                  }
                ],
                "resources": [],
                "sid": "EKSNodeAssumeRole"
              }
            ],
            "version": "2012-10-17"
          },
          "sensitive_attributes": []
        }
      ]
    },
    {
      "module": "module.eks.module.eks_managed_node_group[\"worker-large-on-demand\"]",
      "mode": "data",
      "type": "aws_partition",
      "name": "current",
      "provider": "provider[\"registry.opentofu.org/hashicorp/aws\"]",
      "instances": [
        {
          "schema_version": 0,
          "attributes": {
            "dns_suffix": "amazonaws.com",
            "id": "aws",
            "partition": "aws",
            "reverse_dns_prefix": "com.amazonaws"
          },
          "sensitive_attributes": []
        }
      ]
    },
    {
      "module": "module.eks.module.eks_managed_node_group[\"worker-large-on-demand\"]",
      "mode": "managed",
      "type": "aws_eks_node_group",
      "name": "this",
      "provider": "provider[\"registry.opentofu.org/hashicorp/aws\"]",
      "instances": [
        {
          "index_key": 0,
          "schema_version": 0,
          "attributes": {
            "ami_type": "AL2_x86_64",
            "arn": "arn:aws:eks:us-east-2:024848460340:nodegroup/flyte-terraform/worker-large-on-demand-2024082122551241300000003e/3ec8bb93-5d85-4251-667b-7176ee46e74a",
            "capacity_type": "ON_DEMAND",
            "cluster_name": "flyte-terraform",
            "disk_size": 0,
            "force_update_version": null,
            "id": "flyte-terraform:worker-large-on-demand-2024082122551241300000003e",
            "instance_types": [
              "t3.2xlarge"
            ],
            "labels": {
              "flyte.org/node-role": "worker"
            },
            "launch_template": [
              {
                "id": "lt-0297bd192177821d3",
                "name": "worker-large-on-demand-20240821225510836700000038",
                "version": "1"
              }
            ],
            "node_group_name": "worker-large-on-demand-2024082122551241300000003e",
            "node_group_name_prefix": "worker-large-on-demand-",
            "node_role_arn": "arn:aws:iam::024848460340:role/worker-large-on-demand-eks-node-group-20240821224606764300000011",
            "release_version": "1.24.17-20240817",
            "remote_access": [],
            "resources": [
              {
                "autoscaling_groups": [
                  {
                    "name": "eks-worker-large-on-demand-2024082122551241300000003e-3ec8bb93-5d85-4251-667b-7176ee46e74a"
                  }
                ],
                "remote_access_security_group_id": ""
              }
            ],
            "scaling_config": [
              {
                "desired_size": 0,
                "max_size": 5,
                "min_size": 0
              }
            ],
            "status": "ACTIVE",
            "subnet_ids": [
              "subnet-03c05063bb71a0d40",
              "subnet-092a617fac202eb32",
              "subnet-0f709e001570ad8c4"
            ],
            "tags": {
              "Name": "worker-large-on-demand",
              "k8s.io/cluster-autoscaler/enabled": "true",
              "k8s.io/cluster-autoscaler/flyte-terraform": "true"
            },
            "tags_all": {
              "Name": "worker-large-on-demand",
              "k8s.io/cluster-autoscaler/enabled": "true",
              "k8s.io/cluster-autoscaler/flyte-terraform": "true"
            },
            "taint": [],
            "timeouts": {
              "create": null,
              "delete": null,
              "update": null
            },
            "update_config": [
              {
                "max_unavailable": 0,
                "max_unavailable_percentage": 33
              }
            ],
            "version": "1.24"
          },
          "sensitive_attributes": [],
          "private": "eyJlMmJmYjczMC1lY2FhLTExZTYtOGY4OC0zNDM2M2JjN2M0YzAiOnsiY3JlYXRlIjozNjAwMDAwMDAwMDAwLCJkZWxldGUiOjM2MDAwMDAwMDAwMDAsInVwZGF0ZSI6MzYwMDAwMDAwMDAwMH19",
          "dependencies": [
            "data.aws_availability_zones.available",
            "module.eks.aws_cloudwatch_log_group.this",
            "module.eks.aws_eks_cluster.this",
            "module.eks.aws_iam_policy.cni_ipv6_policy",
            "module.eks.aws_iam_role.this",
            "module.eks.aws_iam_role_policy_attachment.this",
            "module.eks.aws_security_group.cluster",
            "module.eks.aws_security_group.node",
            "module.eks.aws_security_group_rule.cluster",
            "module.eks.aws_security_group_rule.node",
            "module.eks.data.aws_caller_identity.current",
            "module.eks.data.aws_iam_policy_document.assume_role_policy",
            "module.eks.data.aws_iam_policy_document.cni_ipv6_policy",
            "module.eks.data.aws_iam_session_context.current",
            "module.eks.data.aws_partition.current",
            "module.eks.module.eks_managed_node_group.aws_iam_role.this",
            "module.eks.module.eks_managed_node_group.aws_iam_role_policy_attachment.this",
            "module.eks.module.eks_managed_node_group.aws_launch_template.this",
            "module.eks.module.eks_managed_node_group.data.aws_caller_identity.current",
            "module.eks.module.eks_managed_node_group.data.aws_iam_policy_document.assume_role_policy",
            "module.eks.module.eks_managed_node_group.data.aws_partition.current",
            "module.eks.module.eks_managed_node_group.module.user_data.data.cloudinit_config.linux_eks_managed_node_group",
            "module.eks.module.kms.aws_kms_external_key.this",
            "module.eks.module.kms.aws_kms_key.this",
            "module.eks.module.kms.data.aws_caller_identity.current",
            "module.eks.module.kms.data.aws_iam_policy_document.this",
            "module.eks.module.kms.data.aws_partition.current",
            "module.eks.time_sleep.this",
            "module.vpc.aws_subnet.private",
            "module.vpc.aws_vpc.this",
            "module.vpc.aws_vpc_ipv4_cidr_block_association.this"
          ],
          "create_before_destroy": true
        }
      ]
    },
    {
      "module": "module.eks.module.eks_managed_node_group[\"worker-large-on-demand\"]",
      "mode": "managed",
      "type": "aws_iam_role",
      "name": "this",
      "provider": "provider[\"registry.opentofu.org/hashicorp/aws\"]",
      "instances": [
        {
          "index_key": 0,
          "schema_version": 0,
          "attributes": {
            "arn": "arn:aws:iam::024848460340:role/worker-large-on-demand-eks-node-group-20240821224606764300000011",
            "assume_role_policy": "{\"Statement\":[{\"Action\":\"sts:AssumeRole\",\"Effect\":\"Allow\",\"Principal\":{\"Service\":\"ec2.amazonaws.com\"},\"Sid\":\"EKSNodeAssumeRole\"}],\"Version\":\"2012-10-17\"}",
            "create_date": "2024-08-21T22:46:07Z",
            "description": "EKS managed node group IAM role",
            "force_detach_policies": true,
            "id": "worker-large-on-demand-eks-node-group-20240821224606764300000011",
            "inline_policy": [],
            "managed_policy_arns": [],
            "max_session_duration": 3600,
            "name": "worker-large-on-demand-eks-node-group-20240821224606764300000011",
            "name_prefix": "worker-large-on-demand-eks-node-group-",
            "path": "/",
            "permissions_boundary": "",
            "tags": {
              "k8s.io/cluster-autoscaler/enabled": "true",
              "k8s.io/cluster-autoscaler/flyte-terraform": "true"
            },
            "tags_all": {
              "k8s.io/cluster-autoscaler/enabled": "true",
              "k8s.io/cluster-autoscaler/flyte-terraform": "true"
            },
            "unique_id": "AROAQLSIVNI2D4YKFQZMM"
          },
          "sensitive_attributes": [],
          "private": "bnVsbA==",
          "dependencies": [
            "data.aws_availability_zones.available",
            "module.eks.module.eks_managed_node_group.data.aws_iam_policy_document.assume_role_policy",
            "module.eks.module.eks_managed_node_group.data.aws_partition.current",
            "module.vpc.aws_subnet.private",
            "module.vpc.aws_vpc.this",
            "module.vpc.aws_vpc_ipv4_cidr_block_association.this"
          ],
          "create_before_destroy": true
        }
      ]
    },
    {
      "module": "module.eks.module.eks_managed_node_group[\"worker-large-on-demand\"]",
      "mode": "managed",
      "type": "aws_iam_role_policy_attachment",
      "name": "this",
      "provider": "provider[\"registry.opentofu.org/hashicorp/aws\"]",
      "instances": [
        {
          "index_key": "arn:aws:iam::aws:policy/AmazonEC2ContainerRegistryReadOnly",
          "schema_version": 0,
          "attributes": {
            "id": "worker-large-on-demand-eks-node-group-20240821224606764300000011-2024082122460854710000001c",
            "policy_arn": "arn:aws:iam::aws:policy/AmazonEC2ContainerRegistryReadOnly",
            "role": "worker-large-on-demand-eks-node-group-20240821224606764300000011"
          },
          "sensitive_attributes": [],
          "private": "bnVsbA==",
          "dependencies": [
            "data.aws_availability_zones.available",
            "module.eks.module.eks_managed_node_group.aws_iam_role.this",
            "module.eks.module.eks_managed_node_group.data.aws_caller_identity.current",
            "module.eks.module.eks_managed_node_group.data.aws_iam_policy_document.assume_role_policy",
            "module.eks.module.eks_managed_node_group.data.aws_partition.current",
            "module.vpc.aws_subnet.private",
            "module.vpc.aws_vpc.this",
            "module.vpc.aws_vpc_ipv4_cidr_block_association.this"
          ],
          "create_before_destroy": true
        },
        {
          "index_key": "arn:aws:iam::aws:policy/AmazonEKSWorkerNodePolicy",
          "schema_version": 0,
          "attributes": {
            "id": "worker-large-on-demand-eks-node-group-20240821224606764300000011-20240821224608484800000019",
            "policy_arn": "arn:aws:iam::aws:policy/AmazonEKSWorkerNodePolicy",
            "role": "worker-large-on-demand-eks-node-group-20240821224606764300000011"
          },
          "sensitive_attributes": [],
          "private": "bnVsbA==",
          "dependencies": [
            "data.aws_availability_zones.available",
            "module.eks.module.eks_managed_node_group.aws_iam_role.this",
            "module.eks.module.eks_managed_node_group.data.aws_caller_identity.current",
            "module.eks.module.eks_managed_node_group.data.aws_iam_policy_document.assume_role_policy",
            "module.eks.module.eks_managed_node_group.data.aws_partition.current",
            "module.vpc.aws_subnet.private",
            "module.vpc.aws_vpc.this",
            "module.vpc.aws_vpc_ipv4_cidr_block_association.this"
          ],
          "create_before_destroy": true
        },
        {
          "index_key": "arn:aws:iam::aws:policy/AmazonEKS_CNI_Policy",
          "schema_version": 0,
          "attributes": {
            "id": "worker-large-on-demand-eks-node-group-20240821224606764300000011-2024082122460852410000001a",
            "policy_arn": "arn:aws:iam::aws:policy/AmazonEKS_CNI_Policy",
            "role": "worker-large-on-demand-eks-node-group-20240821224606764300000011"
          },
          "sensitive_attributes": [],
          "private": "bnVsbA==",
          "dependencies": [
            "data.aws_availability_zones.available",
            "module.eks.module.eks_managed_node_group.aws_iam_role.this",
            "module.eks.module.eks_managed_node_group.data.aws_caller_identity.current",
            "module.eks.module.eks_managed_node_group.data.aws_iam_policy_document.assume_role_policy",
            "module.eks.module.eks_managed_node_group.data.aws_partition.current",
            "module.vpc.aws_subnet.private",
            "module.vpc.aws_vpc.this",
            "module.vpc.aws_vpc_ipv4_cidr_block_association.this"
          ],
          "create_before_destroy": true
        }
      ]
    },
    {
      "module": "module.eks.module.eks_managed_node_group[\"worker-large-on-demand\"]",
      "mode": "managed",
      "type": "aws_launch_template",
      "name": "this",
      "provider": "provider[\"registry.opentofu.org/hashicorp/aws\"]",
      "instances": [
        {
          "index_key": 0,
          "schema_version": 0,
          "attributes": {
            "arn": "arn:aws:ec2:us-east-2:024848460340:launch-template/lt-0297bd192177821d3",
            "block_device_mappings": [
              {
                "device_name": "/dev/xvda",
                "ebs": [
                  {
                    "delete_on_termination": "",
                    "encrypted": "",
                    "iops": 0,
                    "kms_key_id": "",
                    "snapshot_id": "",
                    "throughput": 0,
                    "volume_size": 500,
                    "volume_type": ""
                  }
                ],
                "no_device": "",
                "virtual_name": ""
              }
            ],
            "capacity_reservation_specification": [],
            "cpu_options": [],
            "credit_specification": [],
            "default_version": 1,
            "description": "Custom launch template for worker-large-on-demand EKS managed node group",
            "disable_api_stop": false,
            "disable_api_termination": false,
            "ebs_optimized": "",
            "elastic_gpu_specifications": [],
            "elastic_inference_accelerator": [],
            "enclave_options": [],
            "hibernation_options": [],
            "iam_instance_profile": [],
            "id": "lt-0297bd192177821d3",
            "image_id": "",
            "instance_initiated_shutdown_behavior": "",
            "instance_market_options": [],
            "instance_requirements": [],
            "instance_type": "",
            "kernel_id": "",
            "key_name": "",
            "latest_version": 1,
            "license_specification": [],
            "maintenance_options": [],
            "metadata_options": [
              {
                "http_endpoint": "enabled",
                "http_protocol_ipv6": "",
                "http_put_response_hop_limit": 2,
                "http_tokens": "required",
                "instance_metadata_tags": ""
              }
            ],
            "monitoring": [
              {
                "enabled": true
              }
            ],
            "name": "worker-large-on-demand-20240821225510836700000038",
            "name_prefix": "worker-large-on-demand-",
            "network_interfaces": [],
            "placement": [],
            "private_dns_name_options": [],
            "ram_disk_id": "",
            "security_group_names": null,
            "tag_specifications": [
              {
                "resource_type": "instance",
                "tags": {
                  "Name": "worker-large-on-demand",
                  "k8s.io/cluster-autoscaler/enabled": "true",
                  "k8s.io/cluster-autoscaler/flyte-terraform": "true"
                }
              },
              {
                "resource_type": "network-interface",
                "tags": {
                  "Name": "worker-large-on-demand",
                  "k8s.io/cluster-autoscaler/enabled": "true",
                  "k8s.io/cluster-autoscaler/flyte-terraform": "true"
                }
              },
              {
                "resource_type": "volume",
                "tags": {
                  "Name": "worker-large-on-demand",
                  "k8s.io/cluster-autoscaler/enabled": "true",
                  "k8s.io/cluster-autoscaler/flyte-terraform": "true"
                }
              }
            ],
            "tags": {
              "k8s.io/cluster-autoscaler/enabled": "true",
              "k8s.io/cluster-autoscaler/flyte-terraform": "true"
            },
            "tags_all": {
              "k8s.io/cluster-autoscaler/enabled": "true",
              "k8s.io/cluster-autoscaler/flyte-terraform": "true"
            },
            "update_default_version": true,
            "user_data": "",
            "vpc_security_group_ids": [
              "sg-06ffe1a3ce1bced87"
            ]
          },
          "sensitive_attributes": [],
          "private": "bnVsbA==",
          "dependencies": [
            "data.aws_availability_zones.available",
            "module.eks.aws_cloudwatch_log_group.this",
            "module.eks.aws_eks_cluster.this",
            "module.eks.aws_iam_policy.cni_ipv6_policy",
            "module.eks.aws_iam_role.this",
            "module.eks.aws_iam_role_policy_attachment.this",
            "module.eks.aws_security_group.cluster",
            "module.eks.aws_security_group.node",
            "module.eks.aws_security_group_rule.cluster",
            "module.eks.aws_security_group_rule.node",
            "module.eks.data.aws_caller_identity.current",
            "module.eks.data.aws_iam_policy_document.assume_role_policy",
            "module.eks.data.aws_iam_policy_document.cni_ipv6_policy",
            "module.eks.data.aws_iam_session_context.current",
            "module.eks.data.aws_partition.current",
            "module.eks.module.eks_managed_node_group.aws_iam_role.this",
            "module.eks.module.eks_managed_node_group.aws_iam_role_policy_attachment.this",
            "module.eks.module.eks_managed_node_group.data.aws_caller_identity.current",
            "module.eks.module.eks_managed_node_group.data.aws_iam_policy_document.assume_role_policy",
            "module.eks.module.eks_managed_node_group.data.aws_partition.current",
            "module.eks.module.eks_managed_node_group.module.user_data.data.cloudinit_config.linux_eks_managed_node_group",
            "module.eks.module.kms.aws_kms_external_key.this",
            "module.eks.module.kms.aws_kms_key.this",
            "module.eks.module.kms.data.aws_caller_identity.current",
            "module.eks.module.kms.data.aws_iam_policy_document.this",
            "module.eks.module.kms.data.aws_partition.current",
            "module.eks.time_sleep.this",
            "module.vpc.aws_subnet.private",
            "module.vpc.aws_vpc.this",
            "module.vpc.aws_vpc_ipv4_cidr_block_association.this"
          ],
          "create_before_destroy": true
        }
      ]
    },
    {
      "module": "module.eks.module.eks_managed_node_group[\"worker-large-on-demand\"].module.user_data",
      "mode": "data",
      "type": "cloudinit_config",
      "name": "linux_eks_managed_node_group",
      "provider": "provider[\"registry.opentofu.org/hashicorp/cloudinit\"]",
      "instances": []
    },
    {
      "module": "module.eks.module.eks_managed_node_group[\"worker-large-spot\"]",
      "mode": "data",
      "type": "aws_caller_identity",
      "name": "current",
      "provider": "provider[\"registry.opentofu.org/hashicorp/aws\"]",
      "instances": [
        {
          "schema_version": 0,
          "attributes": {
            "account_id": "024848460340",
            "arn": "arn:aws:sts::024848460340:assumed-role/AWSReservedSSO_UnionAdministratorAccess_87feb53664e97359/david.espejo@union.ai",
            "id": "024848460340",
            "user_id": "AROAQLSIVNI2CGJO6D7LZ:david.espejo@union.ai"
          },
          "sensitive_attributes": []
        }
      ]
    },
    {
      "module": "module.eks.module.eks_managed_node_group[\"worker-large-spot\"]",
      "mode": "data",
      "type": "aws_iam_policy_document",
      "name": "assume_role_policy",
      "provider": "provider[\"registry.opentofu.org/hashicorp/aws\"]",
      "instances": [
        {
          "index_key": 0,
          "schema_version": 0,
          "attributes": {
            "id": "2560088296",
            "json": "{\n  \"Version\": \"2012-10-17\",\n  \"Statement\": [\n    {\n      \"Sid\": \"EKSNodeAssumeRole\",\n      \"Effect\": \"Allow\",\n      \"Action\": \"sts:AssumeRole\",\n      \"Principal\": {\n        \"Service\": \"ec2.amazonaws.com\"\n      }\n    }\n  ]\n}",
            "minified_json": "{\"Version\":\"2012-10-17\",\"Statement\":[{\"Sid\":\"EKSNodeAssumeRole\",\"Effect\":\"Allow\",\"Action\":\"sts:AssumeRole\",\"Principal\":{\"Service\":\"ec2.amazonaws.com\"}}]}",
            "override_json": null,
            "override_policy_documents": null,
            "policy_id": null,
            "source_json": null,
            "source_policy_documents": null,
            "statement": [
              {
                "actions": [
                  "sts:AssumeRole"
                ],
                "condition": [],
                "effect": "Allow",
                "not_actions": [],
                "not_principals": [],
                "not_resources": [],
                "principals": [
                  {
                    "identifiers": [
                      "ec2.amazonaws.com"
                    ],
                    "type": "Service"
                  }
                ],
                "resources": [],
                "sid": "EKSNodeAssumeRole"
              }
            ],
            "version": "2012-10-17"
          },
          "sensitive_attributes": []
        }
      ]
    },
    {
      "module": "module.eks.module.eks_managed_node_group[\"worker-large-spot\"]",
      "mode": "data",
      "type": "aws_partition",
      "name": "current",
      "provider": "provider[\"registry.opentofu.org/hashicorp/aws\"]",
      "instances": [
        {
          "schema_version": 0,
          "attributes": {
            "dns_suffix": "amazonaws.com",
            "id": "aws",
            "partition": "aws",
            "reverse_dns_prefix": "com.amazonaws"
          },
          "sensitive_attributes": []
        }
      ]
    },
    {
      "module": "module.eks.module.eks_managed_node_group[\"worker-large-spot\"]",
      "mode": "managed",
      "type": "aws_eks_node_group",
      "name": "this",
      "provider": "provider[\"registry.opentofu.org/hashicorp/aws\"]",
      "instances": [
        {
          "index_key": 0,
          "schema_version": 0,
          "attributes": {
            "ami_type": "AL2_x86_64",
            "arn": "arn:aws:eks:us-east-2:024848460340:nodegroup/flyte-terraform/worker-large-spot-20240821225512414700000040/d4c8bb93-5d8f-fec9-c8ad-7ef985de44aa",
            "capacity_type": "SPOT",
            "cluster_name": "flyte-terraform",
            "disk_size": 0,
            "force_update_version": null,
            "id": "flyte-terraform:worker-large-spot-20240821225512414700000040",
            "instance_types": [
              "t3.2xlarge"
            ],
            "labels": {
              "flyte.org/node-role": "worker"
            },
            "launch_template": [
              {
                "id": "lt-0edefcf860ec31e75",
                "name": "worker-large-spot-2024082122551082150000002e",
                "version": "1"
              }
            ],
            "node_group_name": "worker-large-spot-20240821225512414700000040",
            "node_group_name_prefix": "worker-large-spot-",
            "node_role_arn": "arn:aws:iam::024848460340:role/worker-large-spot-eks-node-group-2024082122460650960000000f",
            "release_version": "1.24.17-20240817",
            "remote_access": [],
            "resources": [
              {
                "autoscaling_groups": [
                  {
                    "name": "eks-worker-large-spot-20240821225512414700000040-d4c8bb93-5d8f-fec9-c8ad-7ef985de44aa"
                  }
                ],
                "remote_access_security_group_id": ""
              }
            ],
            "scaling_config": [
              {
                "desired_size": 0,
                "max_size": 10,
                "min_size": 0
              }
            ],
            "status": "ACTIVE",
            "subnet_ids": [
              "subnet-03c05063bb71a0d40",
              "subnet-092a617fac202eb32",
              "subnet-0f709e001570ad8c4"
            ],
            "tags": {
              "Name": "worker-large-spot",
              "k8s.io/cluster-autoscaler/enabled": "true",
              "k8s.io/cluster-autoscaler/flyte-terraform": "true"
            },
            "tags_all": {
              "Name": "worker-large-spot",
              "k8s.io/cluster-autoscaler/enabled": "true",
              "k8s.io/cluster-autoscaler/flyte-terraform": "true"
            },
            "taint": [],
            "timeouts": {
              "create": null,
              "delete": null,
              "update": null
            },
            "update_config": [
              {
                "max_unavailable": 0,
                "max_unavailable_percentage": 33
              }
            ],
            "version": "1.24"
          },
          "sensitive_attributes": [],
          "private": "eyJlMmJmYjczMC1lY2FhLTExZTYtOGY4OC0zNDM2M2JjN2M0YzAiOnsiY3JlYXRlIjozNjAwMDAwMDAwMDAwLCJkZWxldGUiOjM2MDAwMDAwMDAwMDAsInVwZGF0ZSI6MzYwMDAwMDAwMDAwMH19",
          "dependencies": [
            "data.aws_availability_zones.available",
            "module.eks.aws_cloudwatch_log_group.this",
            "module.eks.aws_eks_cluster.this",
            "module.eks.aws_iam_policy.cni_ipv6_policy",
            "module.eks.aws_iam_role.this",
            "module.eks.aws_iam_role_policy_attachment.this",
            "module.eks.aws_security_group.cluster",
            "module.eks.aws_security_group.node",
            "module.eks.aws_security_group_rule.cluster",
            "module.eks.aws_security_group_rule.node",
            "module.eks.data.aws_caller_identity.current",
            "module.eks.data.aws_iam_policy_document.assume_role_policy",
            "module.eks.data.aws_iam_policy_document.cni_ipv6_policy",
            "module.eks.data.aws_iam_session_context.current",
            "module.eks.data.aws_partition.current",
            "module.eks.module.eks_managed_node_group.aws_iam_role.this",
            "module.eks.module.eks_managed_node_group.aws_iam_role_policy_attachment.this",
            "module.eks.module.eks_managed_node_group.aws_launch_template.this",
            "module.eks.module.eks_managed_node_group.data.aws_caller_identity.current",
            "module.eks.module.eks_managed_node_group.data.aws_iam_policy_document.assume_role_policy",
            "module.eks.module.eks_managed_node_group.data.aws_partition.current",
            "module.eks.module.eks_managed_node_group.module.user_data.data.cloudinit_config.linux_eks_managed_node_group",
            "module.eks.module.kms.aws_kms_external_key.this",
            "module.eks.module.kms.aws_kms_key.this",
            "module.eks.module.kms.data.aws_caller_identity.current",
            "module.eks.module.kms.data.aws_iam_policy_document.this",
            "module.eks.module.kms.data.aws_partition.current",
            "module.eks.time_sleep.this",
            "module.vpc.aws_subnet.private",
            "module.vpc.aws_vpc.this",
            "module.vpc.aws_vpc_ipv4_cidr_block_association.this"
          ],
          "create_before_destroy": true
        }
      ]
    },
    {
      "module": "module.eks.module.eks_managed_node_group[\"worker-large-spot\"]",
      "mode": "managed",
      "type": "aws_iam_role",
      "name": "this",
      "provider": "provider[\"registry.opentofu.org/hashicorp/aws\"]",
      "instances": [
        {
          "index_key": 0,
          "schema_version": 0,
          "attributes": {
            "arn": "arn:aws:iam::024848460340:role/worker-large-spot-eks-node-group-2024082122460650960000000f",
            "assume_role_policy": "{\"Statement\":[{\"Action\":\"sts:AssumeRole\",\"Effect\":\"Allow\",\"Principal\":{\"Service\":\"ec2.amazonaws.com\"},\"Sid\":\"EKSNodeAssumeRole\"}],\"Version\":\"2012-10-17\"}",
            "create_date": "2024-08-21T22:46:06Z",
            "description": "EKS managed node group IAM role",
            "force_detach_policies": true,
            "id": "worker-large-spot-eks-node-group-2024082122460650960000000f",
            "inline_policy": [],
            "managed_policy_arns": [],
            "max_session_duration": 3600,
            "name": "worker-large-spot-eks-node-group-2024082122460650960000000f",
            "name_prefix": "worker-large-spot-eks-node-group-",
            "path": "/",
            "permissions_boundary": "",
            "tags": {
              "k8s.io/cluster-autoscaler/enabled": "true",
              "k8s.io/cluster-autoscaler/flyte-terraform": "true"
            },
            "tags_all": {
              "k8s.io/cluster-autoscaler/enabled": "true",
              "k8s.io/cluster-autoscaler/flyte-terraform": "true"
            },
            "unique_id": "AROAQLSIVNI2CKZFLXLUS"
          },
          "sensitive_attributes": [],
          "private": "bnVsbA==",
          "dependencies": [
            "data.aws_availability_zones.available",
            "module.eks.module.eks_managed_node_group.data.aws_iam_policy_document.assume_role_policy",
            "module.eks.module.eks_managed_node_group.data.aws_partition.current",
            "module.vpc.aws_subnet.private",
            "module.vpc.aws_vpc.this",
            "module.vpc.aws_vpc_ipv4_cidr_block_association.this"
          ],
          "create_before_destroy": true
        }
      ]
    },
    {
      "module": "module.eks.module.eks_managed_node_group[\"worker-large-spot\"]",
      "mode": "managed",
      "type": "aws_iam_role_policy_attachment",
      "name": "this",
      "provider": "provider[\"registry.opentofu.org/hashicorp/aws\"]",
      "instances": [
        {
          "index_key": "arn:aws:iam::aws:policy/AmazonEC2ContainerRegistryReadOnly",
          "schema_version": 0,
          "attributes": {
            "id": "worker-large-spot-eks-node-group-2024082122460650960000000f-20240821224608241600000016",
            "policy_arn": "arn:aws:iam::aws:policy/AmazonEC2ContainerRegistryReadOnly",
            "role": "worker-large-spot-eks-node-group-2024082122460650960000000f"
          },
          "sensitive_attributes": [],
          "private": "bnVsbA==",
          "dependencies": [
            "data.aws_availability_zones.available",
            "module.eks.module.eks_managed_node_group.aws_iam_role.this",
            "module.eks.module.eks_managed_node_group.data.aws_caller_identity.current",
            "module.eks.module.eks_managed_node_group.data.aws_iam_policy_document.assume_role_policy",
            "module.eks.module.eks_managed_node_group.data.aws_partition.current",
            "module.vpc.aws_subnet.private",
            "module.vpc.aws_vpc.this",
            "module.vpc.aws_vpc_ipv4_cidr_block_association.this"
          ],
          "create_before_destroy": true
        },
        {
          "index_key": "arn:aws:iam::aws:policy/AmazonEKSWorkerNodePolicy",
          "schema_version": 0,
          "attributes": {
            "id": "worker-large-spot-eks-node-group-2024082122460650960000000f-20240821224608457900000018",
            "policy_arn": "arn:aws:iam::aws:policy/AmazonEKSWorkerNodePolicy",
            "role": "worker-large-spot-eks-node-group-2024082122460650960000000f"
          },
          "sensitive_attributes": [],
          "private": "bnVsbA==",
          "dependencies": [
            "data.aws_availability_zones.available",
            "module.eks.module.eks_managed_node_group.aws_iam_role.this",
            "module.eks.module.eks_managed_node_group.data.aws_caller_identity.current",
            "module.eks.module.eks_managed_node_group.data.aws_iam_policy_document.assume_role_policy",
            "module.eks.module.eks_managed_node_group.data.aws_partition.current",
            "module.vpc.aws_subnet.private",
            "module.vpc.aws_vpc.this",
            "module.vpc.aws_vpc_ipv4_cidr_block_association.this"
          ],
          "create_before_destroy": true
        },
        {
          "index_key": "arn:aws:iam::aws:policy/AmazonEKS_CNI_Policy",
          "schema_version": 0,
          "attributes": {
            "id": "worker-large-spot-eks-node-group-2024082122460650960000000f-20240821224608234300000015",
            "policy_arn": "arn:aws:iam::aws:policy/AmazonEKS_CNI_Policy",
            "role": "worker-large-spot-eks-node-group-2024082122460650960000000f"
          },
          "sensitive_attributes": [],
          "private": "bnVsbA==",
          "dependencies": [
            "data.aws_availability_zones.available",
            "module.eks.module.eks_managed_node_group.aws_iam_role.this",
            "module.eks.module.eks_managed_node_group.data.aws_caller_identity.current",
            "module.eks.module.eks_managed_node_group.data.aws_iam_policy_document.assume_role_policy",
            "module.eks.module.eks_managed_node_group.data.aws_partition.current",
            "module.vpc.aws_subnet.private",
            "module.vpc.aws_vpc.this",
            "module.vpc.aws_vpc_ipv4_cidr_block_association.this"
          ],
          "create_before_destroy": true
        }
      ]
    },
    {
      "module": "module.eks.module.eks_managed_node_group[\"worker-large-spot\"]",
      "mode": "managed",
      "type": "aws_launch_template",
      "name": "this",
      "provider": "provider[\"registry.opentofu.org/hashicorp/aws\"]",
      "instances": [
        {
          "index_key": 0,
          "schema_version": 0,
          "attributes": {
            "arn": "arn:aws:ec2:us-east-2:024848460340:launch-template/lt-0edefcf860ec31e75",
            "block_device_mappings": [
              {
                "device_name": "/dev/xvda",
                "ebs": [
                  {
                    "delete_on_termination": "",
                    "encrypted": "",
                    "iops": 0,
                    "kms_key_id": "",
                    "snapshot_id": "",
                    "throughput": 0,
                    "volume_size": 500,
                    "volume_type": ""
                  }
                ],
                "no_device": "",
                "virtual_name": ""
              }
            ],
            "capacity_reservation_specification": [],
            "cpu_options": [],
            "credit_specification": [],
            "default_version": 1,
            "description": "Custom launch template for worker-large-spot EKS managed node group",
            "disable_api_stop": false,
            "disable_api_termination": false,
            "ebs_optimized": "",
            "elastic_gpu_specifications": [],
            "elastic_inference_accelerator": [],
            "enclave_options": [],
            "hibernation_options": [],
            "iam_instance_profile": [],
            "id": "lt-0edefcf860ec31e75",
            "image_id": "",
            "instance_initiated_shutdown_behavior": "",
            "instance_market_options": [],
            "instance_requirements": [],
            "instance_type": "",
            "kernel_id": "",
            "key_name": "",
            "latest_version": 1,
            "license_specification": [],
            "maintenance_options": [],
            "metadata_options": [
              {
                "http_endpoint": "enabled",
                "http_protocol_ipv6": "",
                "http_put_response_hop_limit": 2,
                "http_tokens": "required",
                "instance_metadata_tags": ""
              }
            ],
            "monitoring": [
              {
                "enabled": true
              }
            ],
            "name": "worker-large-spot-2024082122551082150000002e",
            "name_prefix": "worker-large-spot-",
            "network_interfaces": [],
            "placement": [],
            "private_dns_name_options": [],
            "ram_disk_id": "",
            "security_group_names": null,
            "tag_specifications": [
              {
                "resource_type": "instance",
                "tags": {
                  "Name": "worker-large-spot",
                  "k8s.io/cluster-autoscaler/enabled": "true",
                  "k8s.io/cluster-autoscaler/flyte-terraform": "true"
                }
              },
              {
                "resource_type": "network-interface",
                "tags": {
                  "Name": "worker-large-spot",
                  "k8s.io/cluster-autoscaler/enabled": "true",
                  "k8s.io/cluster-autoscaler/flyte-terraform": "true"
                }
              },
              {
                "resource_type": "volume",
                "tags": {
                  "Name": "worker-large-spot",
                  "k8s.io/cluster-autoscaler/enabled": "true",
                  "k8s.io/cluster-autoscaler/flyte-terraform": "true"
                }
              }
            ],
            "tags": {
              "k8s.io/cluster-autoscaler/enabled": "true",
              "k8s.io/cluster-autoscaler/flyte-terraform": "true"
            },
            "tags_all": {
              "k8s.io/cluster-autoscaler/enabled": "true",
              "k8s.io/cluster-autoscaler/flyte-terraform": "true"
            },
            "update_default_version": true,
            "user_data": "",
            "vpc_security_group_ids": [
              "sg-06ffe1a3ce1bced87"
            ]
          },
          "sensitive_attributes": [],
          "private": "bnVsbA==",
          "dependencies": [
            "data.aws_availability_zones.available",
            "module.eks.aws_cloudwatch_log_group.this",
            "module.eks.aws_eks_cluster.this",
            "module.eks.aws_iam_policy.cni_ipv6_policy",
            "module.eks.aws_iam_role.this",
            "module.eks.aws_iam_role_policy_attachment.this",
            "module.eks.aws_security_group.cluster",
            "module.eks.aws_security_group.node",
            "module.eks.aws_security_group_rule.cluster",
            "module.eks.aws_security_group_rule.node",
            "module.eks.data.aws_caller_identity.current",
            "module.eks.data.aws_iam_policy_document.assume_role_policy",
            "module.eks.data.aws_iam_policy_document.cni_ipv6_policy",
            "module.eks.data.aws_iam_session_context.current",
            "module.eks.data.aws_partition.current",
            "module.eks.module.eks_managed_node_group.aws_iam_role.this",
            "module.eks.module.eks_managed_node_group.aws_iam_role_policy_attachment.this",
            "module.eks.module.eks_managed_node_group.data.aws_caller_identity.current",
            "module.eks.module.eks_managed_node_group.data.aws_iam_policy_document.assume_role_policy",
            "module.eks.module.eks_managed_node_group.data.aws_partition.current",
            "module.eks.module.eks_managed_node_group.module.user_data.data.cloudinit_config.linux_eks_managed_node_group",
            "module.eks.module.kms.aws_kms_external_key.this",
            "module.eks.module.kms.aws_kms_key.this",
            "module.eks.module.kms.data.aws_caller_identity.current",
            "module.eks.module.kms.data.aws_iam_policy_document.this",
            "module.eks.module.kms.data.aws_partition.current",
            "module.eks.time_sleep.this",
            "module.vpc.aws_subnet.private",
            "module.vpc.aws_vpc.this",
            "module.vpc.aws_vpc_ipv4_cidr_block_association.this"
          ],
          "create_before_destroy": true
        }
      ]
    },
    {
      "module": "module.eks.module.eks_managed_node_group[\"worker-large-spot\"].module.user_data",
      "mode": "data",
      "type": "cloudinit_config",
      "name": "linux_eks_managed_node_group",
      "provider": "provider[\"registry.opentofu.org/hashicorp/cloudinit\"]",
      "instances": []
    },
    {
      "module": "module.eks.module.eks_managed_node_group[\"worker-on-demand\"]",
      "mode": "data",
      "type": "aws_caller_identity",
      "name": "current",
      "provider": "provider[\"registry.opentofu.org/hashicorp/aws\"]",
      "instances": [
        {
          "schema_version": 0,
          "attributes": {
            "account_id": "024848460340",
            "arn": "arn:aws:sts::024848460340:assumed-role/AWSReservedSSO_UnionAdministratorAccess_87feb53664e97359/david.espejo@union.ai",
            "id": "024848460340",
            "user_id": "AROAQLSIVNI2CGJO6D7LZ:david.espejo@union.ai"
          },
          "sensitive_attributes": []
        }
      ]
    },
    {
      "module": "module.eks.module.eks_managed_node_group[\"worker-on-demand\"]",
      "mode": "data",
      "type": "aws_iam_policy_document",
      "name": "assume_role_policy",
      "provider": "provider[\"registry.opentofu.org/hashicorp/aws\"]",
      "instances": [
        {
          "index_key": 0,
          "schema_version": 0,
          "attributes": {
            "id": "2560088296",
            "json": "{\n  \"Version\": \"2012-10-17\",\n  \"Statement\": [\n    {\n      \"Sid\": \"EKSNodeAssumeRole\",\n      \"Effect\": \"Allow\",\n      \"Action\": \"sts:AssumeRole\",\n      \"Principal\": {\n        \"Service\": \"ec2.amazonaws.com\"\n      }\n    }\n  ]\n}",
            "minified_json": "{\"Version\":\"2012-10-17\",\"Statement\":[{\"Sid\":\"EKSNodeAssumeRole\",\"Effect\":\"Allow\",\"Action\":\"sts:AssumeRole\",\"Principal\":{\"Service\":\"ec2.amazonaws.com\"}}]}",
            "override_json": null,
            "override_policy_documents": null,
            "policy_id": null,
            "source_json": null,
            "source_policy_documents": null,
            "statement": [
              {
                "actions": [
                  "sts:AssumeRole"
                ],
                "condition": [],
                "effect": "Allow",
                "not_actions": [],
                "not_principals": [],
                "not_resources": [],
                "principals": [
                  {
                    "identifiers": [
                      "ec2.amazonaws.com"
                    ],
                    "type": "Service"
                  }
                ],
                "resources": [],
                "sid": "EKSNodeAssumeRole"
              }
            ],
            "version": "2012-10-17"
          },
          "sensitive_attributes": []
        }
      ]
    },
    {
      "module": "module.eks.module.eks_managed_node_group[\"worker-on-demand\"]",
      "mode": "data",
      "type": "aws_partition",
      "name": "current",
      "provider": "provider[\"registry.opentofu.org/hashicorp/aws\"]",
      "instances": [
        {
          "schema_version": 0,
          "attributes": {
            "dns_suffix": "amazonaws.com",
            "id": "aws",
            "partition": "aws",
            "reverse_dns_prefix": "com.amazonaws"
          },
          "sensitive_attributes": []
        }
      ]
    },
    {
      "module": "module.eks.module.eks_managed_node_group[\"worker-on-demand\"]",
      "mode": "managed",
      "type": "aws_eks_node_group",
      "name": "this",
      "provider": "provider[\"registry.opentofu.org/hashicorp/aws\"]",
      "instances": [
        {
          "index_key": 0,
          "schema_version": 0,
          "attributes": {
            "ami_type": "AL2_x86_64",
            "arn": "arn:aws:eks:us-east-2:024848460340:nodegroup/flyte-terraform/worker-on-demand-20240821225512414700000044/8ec8bb93-5d89-ff95-bfd3-eed89d25f443",
            "capacity_type": "ON_DEMAND",
            "cluster_name": "flyte-terraform",
            "disk_size": 0,
            "force_update_version": null,
            "id": "flyte-terraform:worker-on-demand-20240821225512414700000044",
            "instance_types": [
              "t3.xlarge"
            ],
            "labels": {
              "flyte.org/node-role": "worker"
            },
            "launch_template": [
              {
                "id": "lt-0707e45eb2887cd45",
                "name": "worker-on-demand-20240821225510836300000036",
                "version": "1"
              }
            ],
            "node_group_name": "worker-on-demand-20240821225512414700000044",
            "node_group_name_prefix": "worker-on-demand-",
            "node_role_arn": "arn:aws:iam::024848460340:role/worker-on-demand-eks-node-group-2024082122460600190000000d",
            "release_version": "1.24.17-20240817",
            "remote_access": [],
            "resources": [
              {
                "autoscaling_groups": [
                  {
                    "name": "eks-worker-on-demand-20240821225512414700000044-8ec8bb93-5d89-ff95-bfd3-eed89d25f443"
                  }
                ],
                "remote_access_security_group_id": ""
              }
            ],
            "scaling_config": [
              {
                "desired_size": 1,
                "max_size": 5,
                "min_size": 1
              }
            ],
            "status": "ACTIVE",
            "subnet_ids": [
              "subnet-03c05063bb71a0d40",
              "subnet-092a617fac202eb32",
              "subnet-0f709e001570ad8c4"
            ],
            "tags": {
              "Name": "worker-on-demand",
              "k8s.io/cluster-autoscaler/enabled": "true",
              "k8s.io/cluster-autoscaler/flyte-terraform": "true"
            },
            "tags_all": {
              "Name": "worker-on-demand",
              "k8s.io/cluster-autoscaler/enabled": "true",
              "k8s.io/cluster-autoscaler/flyte-terraform": "true"
            },
            "taint": [],
            "timeouts": {
              "create": null,
              "delete": null,
              "update": null
            },
            "update_config": [
              {
                "max_unavailable": 0,
                "max_unavailable_percentage": 33
              }
            ],
            "version": "1.24"
          },
          "sensitive_attributes": [],
          "private": "eyJlMmJmYjczMC1lY2FhLTExZTYtOGY4OC0zNDM2M2JjN2M0YzAiOnsiY3JlYXRlIjozNjAwMDAwMDAwMDAwLCJkZWxldGUiOjM2MDAwMDAwMDAwMDAsInVwZGF0ZSI6MzYwMDAwMDAwMDAwMH19",
          "dependencies": [
            "data.aws_availability_zones.available",
            "module.eks.aws_cloudwatch_log_group.this",
            "module.eks.aws_eks_cluster.this",
            "module.eks.aws_iam_policy.cni_ipv6_policy",
            "module.eks.aws_iam_role.this",
            "module.eks.aws_iam_role_policy_attachment.this",
            "module.eks.aws_security_group.cluster",
            "module.eks.aws_security_group.node",
            "module.eks.aws_security_group_rule.cluster",
            "module.eks.aws_security_group_rule.node",
            "module.eks.data.aws_caller_identity.current",
            "module.eks.data.aws_iam_policy_document.assume_role_policy",
            "module.eks.data.aws_iam_policy_document.cni_ipv6_policy",
            "module.eks.data.aws_iam_session_context.current",
            "module.eks.data.aws_partition.current",
            "module.eks.module.eks_managed_node_group.aws_iam_role.this",
            "module.eks.module.eks_managed_node_group.aws_iam_role_policy_attachment.this",
            "module.eks.module.eks_managed_node_group.aws_launch_template.this",
            "module.eks.module.eks_managed_node_group.data.aws_caller_identity.current",
            "module.eks.module.eks_managed_node_group.data.aws_iam_policy_document.assume_role_policy",
            "module.eks.module.eks_managed_node_group.data.aws_partition.current",
            "module.eks.module.eks_managed_node_group.module.user_data.data.cloudinit_config.linux_eks_managed_node_group",
            "module.eks.module.kms.aws_kms_external_key.this",
            "module.eks.module.kms.aws_kms_key.this",
            "module.eks.module.kms.data.aws_caller_identity.current",
            "module.eks.module.kms.data.aws_iam_policy_document.this",
            "module.eks.module.kms.data.aws_partition.current",
            "module.eks.time_sleep.this",
            "module.vpc.aws_subnet.private",
            "module.vpc.aws_vpc.this",
            "module.vpc.aws_vpc_ipv4_cidr_block_association.this"
          ],
          "create_before_destroy": true
        }
      ]
    },
    {
      "module": "module.eks.module.eks_managed_node_group[\"worker-on-demand\"]",
      "mode": "managed",
      "type": "aws_iam_role",
      "name": "this",
      "provider": "provider[\"registry.opentofu.org/hashicorp/aws\"]",
      "instances": [
        {
          "index_key": 0,
          "schema_version": 0,
          "attributes": {
            "arn": "arn:aws:iam::024848460340:role/worker-on-demand-eks-node-group-2024082122460600190000000d",
            "assume_role_policy": "{\"Statement\":[{\"Action\":\"sts:AssumeRole\",\"Effect\":\"Allow\",\"Principal\":{\"Service\":\"ec2.amazonaws.com\"},\"Sid\":\"EKSNodeAssumeRole\"}],\"Version\":\"2012-10-17\"}",
            "create_date": "2024-08-21T22:46:06Z",
            "description": "EKS managed node group IAM role",
            "force_detach_policies": true,
            "id": "worker-on-demand-eks-node-group-2024082122460600190000000d",
            "inline_policy": [],
            "managed_policy_arns": [],
            "max_session_duration": 3600,
            "name": "worker-on-demand-eks-node-group-2024082122460600190000000d",
            "name_prefix": "worker-on-demand-eks-node-group-",
            "path": "/",
            "permissions_boundary": "",
            "tags": {
              "k8s.io/cluster-autoscaler/enabled": "true",
              "k8s.io/cluster-autoscaler/flyte-terraform": "true"
            },
            "tags_all": {
              "k8s.io/cluster-autoscaler/enabled": "true",
              "k8s.io/cluster-autoscaler/flyte-terraform": "true"
            },
            "unique_id": "AROAQLSIVNI2H7RRFDLVG"
          },
          "sensitive_attributes": [],
          "private": "bnVsbA==",
          "dependencies": [
            "data.aws_availability_zones.available",
            "module.eks.module.eks_managed_node_group.data.aws_iam_policy_document.assume_role_policy",
            "module.eks.module.eks_managed_node_group.data.aws_partition.current",
            "module.vpc.aws_subnet.private",
            "module.vpc.aws_vpc.this",
            "module.vpc.aws_vpc_ipv4_cidr_block_association.this"
          ],
          "create_before_destroy": true
        }
      ]
    },
    {
      "module": "module.eks.module.eks_managed_node_group[\"worker-on-demand\"]",
      "mode": "managed",
      "type": "aws_iam_role_policy_attachment",
      "name": "this",
      "provider": "provider[\"registry.opentofu.org/hashicorp/aws\"]",
      "instances": [
        {
          "index_key": "arn:aws:iam::aws:policy/AmazonEC2ContainerRegistryReadOnly",
          "schema_version": 0,
          "attributes": {
            "id": "worker-on-demand-eks-node-group-2024082122460600190000000d-20240821224608256100000017",
            "policy_arn": "arn:aws:iam::aws:policy/AmazonEC2ContainerRegistryReadOnly",
            "role": "worker-on-demand-eks-node-group-2024082122460600190000000d"
          },
          "sensitive_attributes": [],
          "private": "bnVsbA==",
          "dependencies": [
            "data.aws_availability_zones.available",
            "module.eks.module.eks_managed_node_group.aws_iam_role.this",
            "module.eks.module.eks_managed_node_group.data.aws_caller_identity.current",
            "module.eks.module.eks_managed_node_group.data.aws_iam_policy_document.assume_role_policy",
            "module.eks.module.eks_managed_node_group.data.aws_partition.current",
            "module.vpc.aws_subnet.private",
            "module.vpc.aws_vpc.this",
            "module.vpc.aws_vpc_ipv4_cidr_block_association.this"
          ],
          "create_before_destroy": true
        },
        {
          "index_key": "arn:aws:iam::aws:policy/AmazonEKSWorkerNodePolicy",
          "schema_version": 0,
          "attributes": {
            "id": "worker-on-demand-eks-node-group-2024082122460600190000000d-20240821224608209300000013",
            "policy_arn": "arn:aws:iam::aws:policy/AmazonEKSWorkerNodePolicy",
            "role": "worker-on-demand-eks-node-group-2024082122460600190000000d"
          },
          "sensitive_attributes": [],
          "private": "bnVsbA==",
          "dependencies": [
            "data.aws_availability_zones.available",
            "module.eks.module.eks_managed_node_group.aws_iam_role.this",
            "module.eks.module.eks_managed_node_group.data.aws_caller_identity.current",
            "module.eks.module.eks_managed_node_group.data.aws_iam_policy_document.assume_role_policy",
            "module.eks.module.eks_managed_node_group.data.aws_partition.current",
            "module.vpc.aws_subnet.private",
            "module.vpc.aws_vpc.this",
            "module.vpc.aws_vpc_ipv4_cidr_block_association.this"
          ],
          "create_before_destroy": true
        },
        {
          "index_key": "arn:aws:iam::aws:policy/AmazonEKS_CNI_Policy",
          "schema_version": 0,
          "attributes": {
            "id": "worker-on-demand-eks-node-group-2024082122460600190000000d-20240821224608222400000014",
            "policy_arn": "arn:aws:iam::aws:policy/AmazonEKS_CNI_Policy",
            "role": "worker-on-demand-eks-node-group-2024082122460600190000000d"
          },
          "sensitive_attributes": [],
          "private": "bnVsbA==",
          "dependencies": [
            "data.aws_availability_zones.available",
            "module.eks.module.eks_managed_node_group.aws_iam_role.this",
            "module.eks.module.eks_managed_node_group.data.aws_caller_identity.current",
            "module.eks.module.eks_managed_node_group.data.aws_iam_policy_document.assume_role_policy",
            "module.eks.module.eks_managed_node_group.data.aws_partition.current",
            "module.vpc.aws_subnet.private",
            "module.vpc.aws_vpc.this",
            "module.vpc.aws_vpc_ipv4_cidr_block_association.this"
          ],
          "create_before_destroy": true
        }
      ]
    },
    {
      "module": "module.eks.module.eks_managed_node_group[\"worker-on-demand\"]",
      "mode": "managed",
      "type": "aws_launch_template",
      "name": "this",
      "provider": "provider[\"registry.opentofu.org/hashicorp/aws\"]",
      "instances": [
        {
          "index_key": 0,
          "schema_version": 0,
          "attributes": {
            "arn": "arn:aws:ec2:us-east-2:024848460340:launch-template/lt-0707e45eb2887cd45",
            "block_device_mappings": [
              {
                "device_name": "/dev/xvda",
                "ebs": [
                  {
                    "delete_on_termination": "",
                    "encrypted": "",
                    "iops": 0,
                    "kms_key_id": "",
                    "snapshot_id": "",
                    "throughput": 0,
                    "volume_size": 500,
                    "volume_type": ""
                  }
                ],
                "no_device": "",
                "virtual_name": ""
              }
            ],
            "capacity_reservation_specification": [],
            "cpu_options": [],
            "credit_specification": [],
            "default_version": 1,
            "description": "Custom launch template for worker-on-demand EKS managed node group",
            "disable_api_stop": false,
            "disable_api_termination": false,
            "ebs_optimized": "",
            "elastic_gpu_specifications": [],
            "elastic_inference_accelerator": [],
            "enclave_options": [],
            "hibernation_options": [],
            "iam_instance_profile": [],
            "id": "lt-0707e45eb2887cd45",
            "image_id": "",
            "instance_initiated_shutdown_behavior": "",
            "instance_market_options": [],
            "instance_requirements": [],
            "instance_type": "",
            "kernel_id": "",
            "key_name": "",
            "latest_version": 1,
            "license_specification": [],
            "maintenance_options": [],
            "metadata_options": [
              {
                "http_endpoint": "enabled",
                "http_protocol_ipv6": "",
                "http_put_response_hop_limit": 2,
                "http_tokens": "required",
                "instance_metadata_tags": ""
              }
            ],
            "monitoring": [
              {
                "enabled": true
              }
            ],
            "name": "worker-on-demand-20240821225510836300000036",
            "name_prefix": "worker-on-demand-",
            "network_interfaces": [],
            "placement": [],
            "private_dns_name_options": [],
            "ram_disk_id": "",
            "security_group_names": null,
            "tag_specifications": [
              {
                "resource_type": "instance",
                "tags": {
                  "Name": "worker-on-demand",
                  "k8s.io/cluster-autoscaler/enabled": "true",
                  "k8s.io/cluster-autoscaler/flyte-terraform": "true"
                }
              },
              {
                "resource_type": "network-interface",
                "tags": {
                  "Name": "worker-on-demand",
                  "k8s.io/cluster-autoscaler/enabled": "true",
                  "k8s.io/cluster-autoscaler/flyte-terraform": "true"
                }
              },
              {
                "resource_type": "volume",
                "tags": {
                  "Name": "worker-on-demand",
                  "k8s.io/cluster-autoscaler/enabled": "true",
                  "k8s.io/cluster-autoscaler/flyte-terraform": "true"
                }
              }
            ],
            "tags": {
              "k8s.io/cluster-autoscaler/enabled": "true",
              "k8s.io/cluster-autoscaler/flyte-terraform": "true"
            },
            "tags_all": {
              "k8s.io/cluster-autoscaler/enabled": "true",
              "k8s.io/cluster-autoscaler/flyte-terraform": "true"
            },
            "update_default_version": true,
            "user_data": "",
            "vpc_security_group_ids": [
              "sg-06ffe1a3ce1bced87"
            ]
          },
          "sensitive_attributes": [],
          "private": "bnVsbA==",
          "dependencies": [
            "data.aws_availability_zones.available",
            "module.eks.aws_cloudwatch_log_group.this",
            "module.eks.aws_eks_cluster.this",
            "module.eks.aws_iam_policy.cni_ipv6_policy",
            "module.eks.aws_iam_role.this",
            "module.eks.aws_iam_role_policy_attachment.this",
            "module.eks.aws_security_group.cluster",
            "module.eks.aws_security_group.node",
            "module.eks.aws_security_group_rule.cluster",
            "module.eks.aws_security_group_rule.node",
            "module.eks.data.aws_caller_identity.current",
            "module.eks.data.aws_iam_policy_document.assume_role_policy",
            "module.eks.data.aws_iam_policy_document.cni_ipv6_policy",
            "module.eks.data.aws_iam_session_context.current",
            "module.eks.data.aws_partition.current",
            "module.eks.module.eks_managed_node_group.aws_iam_role.this",
            "module.eks.module.eks_managed_node_group.aws_iam_role_policy_attachment.this",
            "module.eks.module.eks_managed_node_group.data.aws_caller_identity.current",
            "module.eks.module.eks_managed_node_group.data.aws_iam_policy_document.assume_role_policy",
            "module.eks.module.eks_managed_node_group.data.aws_partition.current",
            "module.eks.module.eks_managed_node_group.module.user_data.data.cloudinit_config.linux_eks_managed_node_group",
            "module.eks.module.kms.aws_kms_external_key.this",
            "module.eks.module.kms.aws_kms_key.this",
            "module.eks.module.kms.data.aws_caller_identity.current",
            "module.eks.module.kms.data.aws_iam_policy_document.this",
            "module.eks.module.kms.data.aws_partition.current",
            "module.eks.time_sleep.this",
            "module.vpc.aws_subnet.private",
            "module.vpc.aws_vpc.this",
            "module.vpc.aws_vpc_ipv4_cidr_block_association.this"
          ],
          "create_before_destroy": true
        }
      ]
    },
    {
      "module": "module.eks.module.eks_managed_node_group[\"worker-on-demand\"].module.user_data",
      "mode": "data",
      "type": "cloudinit_config",
      "name": "linux_eks_managed_node_group",
      "provider": "provider[\"registry.opentofu.org/hashicorp/cloudinit\"]",
      "instances": []
    },
    {
      "module": "module.eks.module.eks_managed_node_group[\"worker-spot\"]",
      "mode": "data",
      "type": "aws_caller_identity",
      "name": "current",
      "provider": "provider[\"registry.opentofu.org/hashicorp/aws\"]",
      "instances": [
        {
          "schema_version": 0,
          "attributes": {
            "account_id": "024848460340",
            "arn": "arn:aws:sts::024848460340:assumed-role/AWSReservedSSO_UnionAdministratorAccess_87feb53664e97359/david.espejo@union.ai",
            "id": "024848460340",
            "user_id": "AROAQLSIVNI2CGJO6D7LZ:david.espejo@union.ai"
          },
          "sensitive_attributes": []
        }
      ]
    },
    {
      "module": "module.eks.module.eks_managed_node_group[\"worker-spot\"]",
      "mode": "data",
      "type": "aws_iam_policy_document",
      "name": "assume_role_policy",
      "provider": "provider[\"registry.opentofu.org/hashicorp/aws\"]",
      "instances": [
        {
          "index_key": 0,
          "schema_version": 0,
          "attributes": {
            "id": "2560088296",
            "json": "{\n  \"Version\": \"2012-10-17\",\n  \"Statement\": [\n    {\n      \"Sid\": \"EKSNodeAssumeRole\",\n      \"Effect\": \"Allow\",\n      \"Action\": \"sts:AssumeRole\",\n      \"Principal\": {\n        \"Service\": \"ec2.amazonaws.com\"\n      }\n    }\n  ]\n}",
            "minified_json": "{\"Version\":\"2012-10-17\",\"Statement\":[{\"Sid\":\"EKSNodeAssumeRole\",\"Effect\":\"Allow\",\"Action\":\"sts:AssumeRole\",\"Principal\":{\"Service\":\"ec2.amazonaws.com\"}}]}",
            "override_json": null,
            "override_policy_documents": null,
            "policy_id": null,
            "source_json": null,
            "source_policy_documents": null,
            "statement": [
              {
                "actions": [
                  "sts:AssumeRole"
                ],
                "condition": [],
                "effect": "Allow",
                "not_actions": [],
                "not_principals": [],
                "not_resources": [],
                "principals": [
                  {
                    "identifiers": [
                      "ec2.amazonaws.com"
                    ],
                    "type": "Service"
                  }
                ],
                "resources": [],
                "sid": "EKSNodeAssumeRole"
              }
            ],
            "version": "2012-10-17"
          },
          "sensitive_attributes": []
        }
      ]
    },
    {
      "module": "module.eks.module.eks_managed_node_group[\"worker-spot\"]",
      "mode": "data",
      "type": "aws_partition",
      "name": "current",
      "provider": "provider[\"registry.opentofu.org/hashicorp/aws\"]",
      "instances": [
        {
          "schema_version": 0,
          "attributes": {
            "dns_suffix": "amazonaws.com",
            "id": "aws",
            "partition": "aws",
            "reverse_dns_prefix": "com.amazonaws"
          },
          "sensitive_attributes": []
        }
      ]
    },
    {
      "module": "module.eks.module.eks_managed_node_group[\"worker-spot\"]",
      "mode": "managed",
      "type": "aws_eks_node_group",
      "name": "this",
      "provider": "provider[\"registry.opentofu.org/hashicorp/aws\"]",
      "instances": [
        {
          "index_key": 0,
          "schema_version": 0,
          "attributes": {
            "ami_type": "AL2_x86_64",
            "arn": "arn:aws:eks:us-east-2:024848460340:nodegroup/flyte-terraform/worker-spot-2024082122551241240000003c/0cc8bb93-5d85-590d-be99-2086b02961a8",
            "capacity_type": "SPOT",
            "cluster_name": "flyte-terraform",
            "disk_size": 0,
            "force_update_version": null,
            "id": "flyte-terraform:worker-spot-2024082122551241240000003c",
            "instance_types": [
              "t3.xlarge"
            ],
            "labels": {
              "flyte.org/node-role": "worker"
            },
            "launch_template": [
              {
                "id": "lt-0b8cef5fc643da627",
                "name": "worker-spot-20240821225510825700000032",
                "version": "1"
              }
            ],
            "node_group_name": "worker-spot-2024082122551241240000003c",
            "node_group_name_prefix": "worker-spot-",
            "node_role_arn": "arn:aws:iam::024848460340:role/worker-spot-eks-node-group-20240821224606525800000010",
            "release_version": "1.24.17-20240817",
            "remote_access": [],
            "resources": [
              {
                "autoscaling_groups": [
                  {
                    "name": "eks-worker-spot-2024082122551241240000003c-0cc8bb93-5d85-590d-be99-2086b02961a8"
                  }
                ],
                "remote_access_security_group_id": ""
              }
            ],
            "scaling_config": [
              {
                "desired_size": 1,
                "max_size": 10,
                "min_size": 1
              }
            ],
            "status": "ACTIVE",
            "subnet_ids": [
              "subnet-03c05063bb71a0d40",
              "subnet-092a617fac202eb32",
              "subnet-0f709e001570ad8c4"
            ],
            "tags": {
              "Name": "worker-spot",
              "k8s.io/cluster-autoscaler/enabled": "true",
              "k8s.io/cluster-autoscaler/flyte-terraform": "true"
            },
            "tags_all": {
              "Name": "worker-spot",
              "k8s.io/cluster-autoscaler/enabled": "true",
              "k8s.io/cluster-autoscaler/flyte-terraform": "true"
            },
            "taint": [],
            "timeouts": {
              "create": null,
              "delete": null,
              "update": null
            },
            "update_config": [
              {
                "max_unavailable": 0,
                "max_unavailable_percentage": 33
              }
            ],
            "version": "1.24"
          },
          "sensitive_attributes": [],
          "private": "eyJlMmJmYjczMC1lY2FhLTExZTYtOGY4OC0zNDM2M2JjN2M0YzAiOnsiY3JlYXRlIjozNjAwMDAwMDAwMDAwLCJkZWxldGUiOjM2MDAwMDAwMDAwMDAsInVwZGF0ZSI6MzYwMDAwMDAwMDAwMH19",
          "dependencies": [
            "data.aws_availability_zones.available",
            "module.eks.aws_cloudwatch_log_group.this",
            "module.eks.aws_eks_cluster.this",
            "module.eks.aws_iam_policy.cni_ipv6_policy",
            "module.eks.aws_iam_role.this",
            "module.eks.aws_iam_role_policy_attachment.this",
            "module.eks.aws_security_group.cluster",
            "module.eks.aws_security_group.node",
            "module.eks.aws_security_group_rule.cluster",
            "module.eks.aws_security_group_rule.node",
            "module.eks.data.aws_caller_identity.current",
            "module.eks.data.aws_iam_policy_document.assume_role_policy",
            "module.eks.data.aws_iam_policy_document.cni_ipv6_policy",
            "module.eks.data.aws_iam_session_context.current",
            "module.eks.data.aws_partition.current",
            "module.eks.module.eks_managed_node_group.aws_iam_role.this",
            "module.eks.module.eks_managed_node_group.aws_iam_role_policy_attachment.this",
            "module.eks.module.eks_managed_node_group.aws_launch_template.this",
            "module.eks.module.eks_managed_node_group.data.aws_caller_identity.current",
            "module.eks.module.eks_managed_node_group.data.aws_iam_policy_document.assume_role_policy",
            "module.eks.module.eks_managed_node_group.data.aws_partition.current",
            "module.eks.module.eks_managed_node_group.module.user_data.data.cloudinit_config.linux_eks_managed_node_group",
            "module.eks.module.kms.aws_kms_external_key.this",
            "module.eks.module.kms.aws_kms_key.this",
            "module.eks.module.kms.data.aws_caller_identity.current",
            "module.eks.module.kms.data.aws_iam_policy_document.this",
            "module.eks.module.kms.data.aws_partition.current",
            "module.eks.time_sleep.this",
            "module.vpc.aws_subnet.private",
            "module.vpc.aws_vpc.this",
            "module.vpc.aws_vpc_ipv4_cidr_block_association.this"
          ],
          "create_before_destroy": true
        }
      ]
    },
    {
      "module": "module.eks.module.eks_managed_node_group[\"worker-spot\"]",
      "mode": "managed",
      "type": "aws_iam_role",
      "name": "this",
      "provider": "provider[\"registry.opentofu.org/hashicorp/aws\"]",
      "instances": [
        {
          "index_key": 0,
          "schema_version": 0,
          "attributes": {
            "arn": "arn:aws:iam::024848460340:role/worker-spot-eks-node-group-20240821224606525800000010",
            "assume_role_policy": "{\"Statement\":[{\"Action\":\"sts:AssumeRole\",\"Effect\":\"Allow\",\"Principal\":{\"Service\":\"ec2.amazonaws.com\"},\"Sid\":\"EKSNodeAssumeRole\"}],\"Version\":\"2012-10-17\"}",
            "create_date": "2024-08-21T22:46:06Z",
            "description": "EKS managed node group IAM role",
            "force_detach_policies": true,
            "id": "worker-spot-eks-node-group-20240821224606525800000010",
            "inline_policy": [],
            "managed_policy_arns": [],
            "max_session_duration": 3600,
            "name": "worker-spot-eks-node-group-20240821224606525800000010",
            "name_prefix": "worker-spot-eks-node-group-",
            "path": "/",
            "permissions_boundary": "",
            "tags": {
              "k8s.io/cluster-autoscaler/enabled": "true",
              "k8s.io/cluster-autoscaler/flyte-terraform": "true"
            },
            "tags_all": {
              "k8s.io/cluster-autoscaler/enabled": "true",
              "k8s.io/cluster-autoscaler/flyte-terraform": "true"
            },
            "unique_id": "AROAQLSIVNI2GKFBMQXF3"
          },
          "sensitive_attributes": [],
          "private": "bnVsbA==",
          "dependencies": [
            "data.aws_availability_zones.available",
            "module.eks.module.eks_managed_node_group.data.aws_iam_policy_document.assume_role_policy",
            "module.eks.module.eks_managed_node_group.data.aws_partition.current",
            "module.vpc.aws_subnet.private",
            "module.vpc.aws_vpc.this",
            "module.vpc.aws_vpc_ipv4_cidr_block_association.this"
          ],
          "create_before_destroy": true
        }
      ]
    },
    {
      "module": "module.eks.module.eks_managed_node_group[\"worker-spot\"]",
      "mode": "managed",
      "type": "aws_iam_role_policy_attachment",
      "name": "this",
      "provider": "provider[\"registry.opentofu.org/hashicorp/aws\"]",
      "instances": [
        {
          "index_key": "arn:aws:iam::aws:policy/AmazonEC2ContainerRegistryReadOnly",
          "schema_version": 0,
          "attributes": {
            "id": "worker-spot-eks-node-group-20240821224606525800000010-2024082122460853910000001b",
            "policy_arn": "arn:aws:iam::aws:policy/AmazonEC2ContainerRegistryReadOnly",
            "role": "worker-spot-eks-node-group-20240821224606525800000010"
          },
          "sensitive_attributes": [],
          "private": "bnVsbA==",
          "dependencies": [
            "data.aws_availability_zones.available",
            "module.eks.module.eks_managed_node_group.aws_iam_role.this",
            "module.eks.module.eks_managed_node_group.data.aws_caller_identity.current",
            "module.eks.module.eks_managed_node_group.data.aws_iam_policy_document.assume_role_policy",
            "module.eks.module.eks_managed_node_group.data.aws_partition.current",
            "module.vpc.aws_subnet.private",
            "module.vpc.aws_vpc.this",
            "module.vpc.aws_vpc_ipv4_cidr_block_association.this"
          ],
          "create_before_destroy": true
        },
        {
          "index_key": "arn:aws:iam::aws:policy/AmazonEKSWorkerNodePolicy",
          "schema_version": 0,
          "attributes": {
            "id": "worker-spot-eks-node-group-20240821224606525800000010-2024082122460861530000001d",
            "policy_arn": "arn:aws:iam::aws:policy/AmazonEKSWorkerNodePolicy",
            "role": "worker-spot-eks-node-group-20240821224606525800000010"
          },
          "sensitive_attributes": [],
          "private": "bnVsbA==",
          "dependencies": [
            "data.aws_availability_zones.available",
            "module.eks.module.eks_managed_node_group.aws_iam_role.this",
            "module.eks.module.eks_managed_node_group.data.aws_caller_identity.current",
            "module.eks.module.eks_managed_node_group.data.aws_iam_policy_document.assume_role_policy",
            "module.eks.module.eks_managed_node_group.data.aws_partition.current",
            "module.vpc.aws_subnet.private",
            "module.vpc.aws_vpc.this",
            "module.vpc.aws_vpc_ipv4_cidr_block_association.this"
          ],
          "create_before_destroy": true
        },
        {
          "index_key": "arn:aws:iam::aws:policy/AmazonEKS_CNI_Policy",
          "schema_version": 0,
          "attributes": {
            "id": "worker-spot-eks-node-group-20240821224606525800000010-2024082122460861530000001e",
            "policy_arn": "arn:aws:iam::aws:policy/AmazonEKS_CNI_Policy",
            "role": "worker-spot-eks-node-group-20240821224606525800000010"
          },
          "sensitive_attributes": [],
          "private": "bnVsbA==",
          "dependencies": [
            "data.aws_availability_zones.available",
            "module.eks.module.eks_managed_node_group.aws_iam_role.this",
            "module.eks.module.eks_managed_node_group.data.aws_caller_identity.current",
            "module.eks.module.eks_managed_node_group.data.aws_iam_policy_document.assume_role_policy",
            "module.eks.module.eks_managed_node_group.data.aws_partition.current",
            "module.vpc.aws_subnet.private",
            "module.vpc.aws_vpc.this",
            "module.vpc.aws_vpc_ipv4_cidr_block_association.this"
          ],
          "create_before_destroy": true
        }
      ]
    },
    {
      "module": "module.eks.module.eks_managed_node_group[\"worker-spot\"]",
      "mode": "managed",
      "type": "aws_launch_template",
      "name": "this",
      "provider": "provider[\"registry.opentofu.org/hashicorp/aws\"]",
      "instances": [
        {
          "index_key": 0,
          "schema_version": 0,
          "attributes": {
            "arn": "arn:aws:ec2:us-east-2:024848460340:launch-template/lt-0b8cef5fc643da627",
            "block_device_mappings": [
              {
                "device_name": "/dev/xvda",
                "ebs": [
                  {
                    "delete_on_termination": "",
                    "encrypted": "",
                    "iops": 0,
                    "kms_key_id": "",
                    "snapshot_id": "",
                    "throughput": 0,
                    "volume_size": 500,
                    "volume_type": ""
                  }
                ],
                "no_device": "",
                "virtual_name": ""
              }
            ],
            "capacity_reservation_specification": [],
            "cpu_options": [],
            "credit_specification": [],
            "default_version": 1,
            "description": "Custom launch template for worker-spot EKS managed node group",
            "disable_api_stop": false,
            "disable_api_termination": false,
            "ebs_optimized": "",
            "elastic_gpu_specifications": [],
            "elastic_inference_accelerator": [],
            "enclave_options": [],
            "hibernation_options": [],
            "iam_instance_profile": [],
            "id": "lt-0b8cef5fc643da627",
            "image_id": "",
            "instance_initiated_shutdown_behavior": "",
            "instance_market_options": [],
            "instance_requirements": [],
            "instance_type": "",
            "kernel_id": "",
            "key_name": "",
            "latest_version": 1,
            "license_specification": [],
            "maintenance_options": [],
            "metadata_options": [
              {
                "http_endpoint": "enabled",
                "http_protocol_ipv6": "",
                "http_put_response_hop_limit": 2,
                "http_tokens": "required",
                "instance_metadata_tags": ""
              }
            ],
            "monitoring": [
              {
                "enabled": true
              }
            ],
            "name": "worker-spot-20240821225510825700000032",
            "name_prefix": "worker-spot-",
            "network_interfaces": [],
            "placement": [],
            "private_dns_name_options": [],
            "ram_disk_id": "",
            "security_group_names": null,
            "tag_specifications": [
              {
                "resource_type": "instance",
                "tags": {
                  "Name": "worker-spot",
                  "k8s.io/cluster-autoscaler/enabled": "true",
                  "k8s.io/cluster-autoscaler/flyte-terraform": "true"
                }
              },
              {
                "resource_type": "network-interface",
                "tags": {
                  "Name": "worker-spot",
                  "k8s.io/cluster-autoscaler/enabled": "true",
                  "k8s.io/cluster-autoscaler/flyte-terraform": "true"
                }
              },
              {
                "resource_type": "volume",
                "tags": {
                  "Name": "worker-spot",
                  "k8s.io/cluster-autoscaler/enabled": "true",
                  "k8s.io/cluster-autoscaler/flyte-terraform": "true"
                }
              }
            ],
            "tags": {
              "k8s.io/cluster-autoscaler/enabled": "true",
              "k8s.io/cluster-autoscaler/flyte-terraform": "true"
            },
            "tags_all": {
              "k8s.io/cluster-autoscaler/enabled": "true",
              "k8s.io/cluster-autoscaler/flyte-terraform": "true"
            },
            "update_default_version": true,
            "user_data": "",
            "vpc_security_group_ids": [
              "sg-06ffe1a3ce1bced87"
            ]
          },
          "sensitive_attributes": [],
          "private": "bnVsbA==",
          "dependencies": [
            "data.aws_availability_zones.available",
            "module.eks.aws_cloudwatch_log_group.this",
            "module.eks.aws_eks_cluster.this",
            "module.eks.aws_iam_policy.cni_ipv6_policy",
            "module.eks.aws_iam_role.this",
            "module.eks.aws_iam_role_policy_attachment.this",
            "module.eks.aws_security_group.cluster",
            "module.eks.aws_security_group.node",
            "module.eks.aws_security_group_rule.cluster",
            "module.eks.aws_security_group_rule.node",
            "module.eks.data.aws_caller_identity.current",
            "module.eks.data.aws_iam_policy_document.assume_role_policy",
            "module.eks.data.aws_iam_policy_document.cni_ipv6_policy",
            "module.eks.data.aws_iam_session_context.current",
            "module.eks.data.aws_partition.current",
            "module.eks.module.eks_managed_node_group.aws_iam_role.this",
            "module.eks.module.eks_managed_node_group.aws_iam_role_policy_attachment.this",
            "module.eks.module.eks_managed_node_group.data.aws_caller_identity.current",
            "module.eks.module.eks_managed_node_group.data.aws_iam_policy_document.assume_role_policy",
            "module.eks.module.eks_managed_node_group.data.aws_partition.current",
            "module.eks.module.eks_managed_node_group.module.user_data.data.cloudinit_config.linux_eks_managed_node_group",
            "module.eks.module.kms.aws_kms_external_key.this",
            "module.eks.module.kms.aws_kms_key.this",
            "module.eks.module.kms.data.aws_caller_identity.current",
            "module.eks.module.kms.data.aws_iam_policy_document.this",
            "module.eks.module.kms.data.aws_partition.current",
            "module.eks.time_sleep.this",
            "module.vpc.aws_subnet.private",
            "module.vpc.aws_vpc.this",
            "module.vpc.aws_vpc_ipv4_cidr_block_association.this"
          ],
          "create_before_destroy": true
        }
      ]
    },
    {
      "module": "module.eks.module.eks_managed_node_group[\"worker-spot\"].module.user_data",
      "mode": "data",
      "type": "cloudinit_config",
      "name": "linux_eks_managed_node_group",
      "provider": "provider[\"registry.opentofu.org/hashicorp/cloudinit\"]",
      "instances": []
    },
    {
      "module": "module.eks.module.kms",
      "mode": "data",
      "type": "aws_caller_identity",
      "name": "current",
      "provider": "provider[\"registry.opentofu.org/hashicorp/aws\"]",
      "instances": [
        {
          "schema_version": 0,
          "attributes": {
            "account_id": "024848460340",
            "arn": "arn:aws:sts::024848460340:assumed-role/AWSReservedSSO_UnionAdministratorAccess_87feb53664e97359/david.espejo@union.ai",
            "id": "024848460340",
            "user_id": "AROAQLSIVNI2CGJO6D7LZ:david.espejo@union.ai"
          },
          "sensitive_attributes": []
        }
      ]
    },
    {
      "module": "module.eks.module.kms",
      "mode": "data",
      "type": "aws_iam_policy_document",
      "name": "this",
      "provider": "provider[\"registry.opentofu.org/hashicorp/aws\"]",
      "instances": [
        {
          "index_key": 0,
          "schema_version": 0,
          "attributes": {
            "id": "2155494385",
            "json": "{\n  \"Version\": \"2012-10-17\",\n  \"Statement\": [\n    {\n      \"Sid\": \"KeyAdministration\",\n      \"Effect\": \"Allow\",\n      \"Action\": [\n        \"kms:Update*\",\n        \"kms:UntagResource\",\n        \"kms:TagResource\",\n        \"kms:ScheduleKeyDeletion\",\n        \"kms:Revoke*\",\n        \"kms:Put*\",\n        \"kms:List*\",\n        \"kms:Get*\",\n        \"kms:Enable*\",\n        \"kms:Disable*\",\n        \"kms:Describe*\",\n        \"kms:Delete*\",\n        \"kms:Create*\",\n        \"kms:CancelKeyDeletion\"\n      ],\n      \"Resource\": \"*\",\n      \"Principal\": {\n        \"AWS\": \"arn:aws:iam::024848460340:role/aws-reserved/sso.amazonaws.com/us-east-2/AWSReservedSSO_UnionAdministratorAccess_87feb53664e97359\"\n      }\n    },\n    {\n      \"Sid\": \"KeyUsage\",\n      \"Effect\": \"Allow\",\n      \"Action\": [\n        \"kms:ReEncrypt*\",\n        \"kms:GenerateDataKey*\",\n        \"kms:Encrypt\",\n        \"kms:DescribeKey\",\n        \"kms:Decrypt\"\n      ],\n      \"Resource\": \"*\",\n      \"Principal\": {\n        \"AWS\": \"arn:aws:iam::024848460340:role/flyte-terraform-cluster-20240821224541040800000003\"\n      }\n    }\n  ]\n}",
            "minified_json": "{\"Version\":\"2012-10-17\",\"Statement\":[{\"Sid\":\"KeyAdministration\",\"Effect\":\"Allow\",\"Action\":[\"kms:Update*\",\"kms:UntagResource\",\"kms:TagResource\",\"kms:ScheduleKeyDeletion\",\"kms:Revoke*\",\"kms:Put*\",\"kms:List*\",\"kms:Get*\",\"kms:Enable*\",\"kms:Disable*\",\"kms:Describe*\",\"kms:Delete*\",\"kms:Create*\",\"kms:CancelKeyDeletion\"],\"Resource\":\"*\",\"Principal\":{\"AWS\":\"arn:aws:iam::024848460340:role/aws-reserved/sso.amazonaws.com/us-east-2/AWSReservedSSO_UnionAdministratorAccess_87feb53664e97359\"}},{\"Sid\":\"KeyUsage\",\"Effect\":\"Allow\",\"Action\":[\"kms:ReEncrypt*\",\"kms:GenerateDataKey*\",\"kms:Encrypt\",\"kms:DescribeKey\",\"kms:Decrypt\"],\"Resource\":\"*\",\"Principal\":{\"AWS\":\"arn:aws:iam::024848460340:role/flyte-terraform-cluster-20240821224541040800000003\"}}]}",
            "override_json": null,
            "override_policy_documents": null,
            "policy_id": null,
            "source_json": null,
            "source_policy_documents": null,
            "statement": [
              {
                "actions": [
                  "kms:CancelKeyDeletion",
                  "kms:Create*",
                  "kms:Delete*",
                  "kms:Describe*",
                  "kms:Disable*",
                  "kms:Enable*",
                  "kms:Get*",
                  "kms:List*",
                  "kms:Put*",
                  "kms:Revoke*",
                  "kms:ScheduleKeyDeletion",
                  "kms:TagResource",
                  "kms:UntagResource",
                  "kms:Update*"
                ],
                "condition": [],
                "effect": "Allow",
                "not_actions": [],
                "not_principals": [],
                "not_resources": [],
                "principals": [
                  {
                    "identifiers": [
                      "arn:aws:iam::024848460340:role/aws-reserved/sso.amazonaws.com/us-east-2/AWSReservedSSO_UnionAdministratorAccess_87feb53664e97359"
                    ],
                    "type": "AWS"
                  }
                ],
                "resources": [
                  "*"
                ],
                "sid": "KeyAdministration"
              },
              {
                "actions": [
                  "kms:Decrypt",
                  "kms:DescribeKey",
                  "kms:Encrypt",
                  "kms:GenerateDataKey*",
                  "kms:ReEncrypt*"
                ],
                "condition": [],
                "effect": "Allow",
                "not_actions": [],
                "not_principals": [],
                "not_resources": [],
                "principals": [
                  {
                    "identifiers": [
                      "arn:aws:iam::024848460340:role/flyte-terraform-cluster-20240821224541040800000003"
                    ],
                    "type": "AWS"
                  }
                ],
                "resources": [
                  "*"
                ],
                "sid": "KeyUsage"
              }
            ],
            "version": "2012-10-17"
          },
          "sensitive_attributes": []
        }
      ]
    },
    {
      "module": "module.eks.module.kms",
      "mode": "data",
      "type": "aws_partition",
      "name": "current",
      "provider": "provider[\"registry.opentofu.org/hashicorp/aws\"]",
      "instances": [
        {
          "schema_version": 0,
          "attributes": {
            "dns_suffix": "amazonaws.com",
            "id": "aws",
            "partition": "aws",
            "reverse_dns_prefix": "com.amazonaws"
          },
          "sensitive_attributes": []
        }
      ]
    },
    {
      "module": "module.eks.module.kms",
      "mode": "managed",
      "type": "aws_kms_alias",
      "name": "this",
      "provider": "provider[\"registry.opentofu.org/hashicorp/aws\"]",
      "instances": [
        {
          "index_key": "cluster",
          "schema_version": 0,
          "attributes": {
            "arn": "arn:aws:kms:us-east-2:024848460340:alias/eks/flyte-terraform",
            "id": "alias/eks/flyte-terraform",
            "name": "alias/eks/flyte-terraform",
            "name_prefix": "",
            "target_key_arn": "arn:aws:kms:us-east-2:024848460340:key/900b1916-3a6c-42ee-802b-3f60736e58b2",
            "target_key_id": "900b1916-3a6c-42ee-802b-3f60736e58b2"
          },
          "sensitive_attributes": [],
          "private": "bnVsbA==",
          "dependencies": [
            "module.eks.aws_iam_role.this",
            "module.eks.data.aws_caller_identity.current",
            "module.eks.data.aws_iam_policy_document.assume_role_policy",
            "module.eks.data.aws_iam_session_context.current",
            "module.eks.data.aws_partition.current",
            "module.eks.module.kms.aws_kms_external_key.this",
            "module.eks.module.kms.aws_kms_key.this",
            "module.eks.module.kms.data.aws_caller_identity.current",
            "module.eks.module.kms.data.aws_iam_policy_document.this",
            "module.eks.module.kms.data.aws_partition.current"
          ]
        }
      ]
    },
    {
      "module": "module.eks.module.kms",
      "mode": "managed",
      "type": "aws_kms_external_key",
      "name": "this",
      "provider": "provider[\"registry.opentofu.org/hashicorp/aws\"]",
      "instances": []
    },
    {
      "module": "module.eks.module.kms",
      "mode": "managed",
      "type": "aws_kms_key",
      "name": "this",
      "provider": "provider[\"registry.opentofu.org/hashicorp/aws\"]",
      "instances": [
        {
          "index_key": 0,
          "schema_version": 0,
          "attributes": {
            "arn": "arn:aws:kms:us-east-2:024848460340:key/900b1916-3a6c-42ee-802b-3f60736e58b2",
            "bypass_policy_lockout_safety_check": false,
            "custom_key_store_id": "",
            "customer_master_key_spec": "SYMMETRIC_DEFAULT",
            "deletion_window_in_days": null,
            "description": "flyte-terraform cluster encryption key",
            "enable_key_rotation": true,
            "id": "900b1916-3a6c-42ee-802b-3f60736e58b2",
            "is_enabled": true,
            "key_id": "900b1916-3a6c-42ee-802b-3f60736e58b2",
            "key_usage": "ENCRYPT_DECRYPT",
            "multi_region": false,
            "policy": "{\"Statement\":[{\"Action\":[\"kms:Update*\",\"kms:UntagResource\",\"kms:TagResource\",\"kms:ScheduleKeyDeletion\",\"kms:Revoke*\",\"kms:Put*\",\"kms:List*\",\"kms:Get*\",\"kms:Enable*\",\"kms:Disable*\",\"kms:Describe*\",\"kms:Delete*\",\"kms:Create*\",\"kms:CancelKeyDeletion\"],\"Effect\":\"Allow\",\"Principal\":{\"AWS\":\"arn:aws:iam::024848460340:role/aws-reserved/sso.amazonaws.com/us-east-2/AWSReservedSSO_UnionAdministratorAccess_87feb53664e97359\"},\"Resource\":\"*\",\"Sid\":\"KeyAdministration\"},{\"Action\":[\"kms:ReEncrypt*\",\"kms:GenerateDataKey*\",\"kms:Encrypt\",\"kms:DescribeKey\",\"kms:Decrypt\"],\"Effect\":\"Allow\",\"Principal\":{\"AWS\":\"arn:aws:iam::024848460340:role/flyte-terraform-cluster-20240821224541040800000003\"},\"Resource\":\"*\",\"Sid\":\"KeyUsage\"}],\"Version\":\"2012-10-17\"}",
            "rotation_period_in_days": 365,
            "tags": null,
            "tags_all": {},
            "timeouts": null,
            "xks_key_id": ""
          },
          "sensitive_attributes": [],
          "private": "eyJlMmJmYjczMC1lY2FhLTExZTYtOGY4OC0zNDM2M2JjN2M0YzAiOnsiY3JlYXRlIjoxMjAwMDAwMDAwMDB9fQ==",
          "dependencies": [
            "module.eks.aws_iam_role.this",
            "module.eks.data.aws_caller_identity.current",
            "module.eks.data.aws_iam_policy_document.assume_role_policy",
            "module.eks.data.aws_iam_session_context.current",
            "module.eks.data.aws_partition.current",
            "module.eks.module.kms.data.aws_caller_identity.current",
            "module.eks.module.kms.data.aws_iam_policy_document.this",
            "module.eks.module.kms.data.aws_partition.current"
          ],
          "create_before_destroy": true
        }
      ]
    },
    {
      "module": "module.external_dns_irsa_role",
      "mode": "data",
      "type": "aws_caller_identity",
      "name": "current",
      "provider": "provider[\"registry.opentofu.org/hashicorp/aws\"]",
      "instances": [
        {
          "schema_version": 0,
          "attributes": {
            "account_id": "024848460340",
            "arn": "arn:aws:sts::024848460340:assumed-role/AWSReservedSSO_UnionAdministratorAccess_87feb53664e97359/david.espejo@union.ai",
            "id": "024848460340",
            "user_id": "AROAQLSIVNI2CGJO6D7LZ:david.espejo@union.ai"
          },
          "sensitive_attributes": []
        }
      ]
    },
    {
      "module": "module.external_dns_irsa_role",
      "mode": "data",
      "type": "aws_iam_policy_document",
      "name": "external_dns",
      "provider": "provider[\"registry.opentofu.org/hashicorp/aws\"]",
      "instances": [
        {
          "index_key": 0,
          "schema_version": 0,
          "attributes": {
            "id": "964189463",
            "json": "{\n  \"Version\": \"2012-10-17\",\n  \"Statement\": [\n    {\n      \"Effect\": \"Allow\",\n      \"Action\": \"route53:ChangeResourceRecordSets\",\n      \"Resource\": \"arn:aws:route53:::hostedzone/Z05932572QJOETBO2GB51\"\n    },\n    {\n      \"Effect\": \"Allow\",\n      \"Action\": [\n        \"route53:ListResourceRecordSets\",\n        \"route53:ListHostedZones\"\n      ],\n      \"Resource\": \"*\"\n    }\n  ]\n}",
            "minified_json": "{\"Version\":\"2012-10-17\",\"Statement\":[{\"Effect\":\"Allow\",\"Action\":\"route53:ChangeResourceRecordSets\",\"Resource\":\"arn:aws:route53:::hostedzone/Z05932572QJOETBO2GB51\"},{\"Effect\":\"Allow\",\"Action\":[\"route53:ListResourceRecordSets\",\"route53:ListHostedZones\"],\"Resource\":\"*\"}]}",
            "override_json": null,
            "override_policy_documents": null,
            "policy_id": null,
            "source_json": null,
            "source_policy_documents": null,
            "statement": [
              {
                "actions": [
                  "route53:ChangeResourceRecordSets"
                ],
                "condition": [],
                "effect": "Allow",
                "not_actions": [],
                "not_principals": [],
                "not_resources": [],
                "principals": [],
                "resources": [
                  "arn:aws:route53:::hostedzone/Z05932572QJOETBO2GB51"
                ],
                "sid": ""
              },
              {
                "actions": [
                  "route53:ListHostedZones",
                  "route53:ListResourceRecordSets"
                ],
                "condition": [],
                "effect": "Allow",
                "not_actions": [],
                "not_principals": [],
                "not_resources": [],
                "principals": [],
                "resources": [
                  "*"
                ],
                "sid": ""
              }
            ],
            "version": "2012-10-17"
          },
          "sensitive_attributes": []
        }
      ]
    },
    {
      "module": "module.external_dns_irsa_role",
      "mode": "data",
      "type": "aws_iam_policy_document",
      "name": "this",
      "provider": "provider[\"registry.opentofu.org/hashicorp/aws\"]",
      "instances": [
        {
          "index_key": 0,
          "schema_version": 0,
          "attributes": {
            "id": "4150899289",
            "json": "{\n  \"Version\": \"2012-10-17\",\n  \"Statement\": [\n    {\n      \"Effect\": \"Allow\",\n      \"Action\": \"sts:AssumeRoleWithWebIdentity\",\n      \"Principal\": {\n        \"Federated\": \"arn:aws:iam::024848460340:oidc-provider/oidc.eks.us-east-2.amazonaws.com/id/08E10F8220DCD9132E3BD3C0289987AE\"\n      },\n      \"Condition\": {\n        \"StringEquals\": {\n          \"oidc.eks.us-east-2.amazonaws.com/id/08E10F8220DCD9132E3BD3C0289987AE:aud\": \"sts.amazonaws.com\",\n          \"oidc.eks.us-east-2.amazonaws.com/id/08E10F8220DCD9132E3BD3C0289987AE:sub\": \"system:serviceaccount:kube-system:external-dns\"\n        }\n      }\n    }\n  ]\n}",
            "minified_json": "{\"Version\":\"2012-10-17\",\"Statement\":[{\"Effect\":\"Allow\",\"Action\":\"sts:AssumeRoleWithWebIdentity\",\"Principal\":{\"Federated\":\"arn:aws:iam::024848460340:oidc-provider/oidc.eks.us-east-2.amazonaws.com/id/08E10F8220DCD9132E3BD3C0289987AE\"},\"Condition\":{\"StringEquals\":{\"oidc.eks.us-east-2.amazonaws.com/id/08E10F8220DCD9132E3BD3C0289987AE:aud\":\"sts.amazonaws.com\",\"oidc.eks.us-east-2.amazonaws.com/id/08E10F8220DCD9132E3BD3C0289987AE:sub\":\"system:serviceaccount:kube-system:external-dns\"}}}]}",
            "override_json": null,
            "override_policy_documents": null,
            "policy_id": null,
            "source_json": null,
            "source_policy_documents": null,
            "statement": [
              {
                "actions": [
                  "sts:AssumeRoleWithWebIdentity"
                ],
                "condition": [
                  {
                    "test": "StringEquals",
                    "values": [
                      "sts.amazonaws.com"
                    ],
                    "variable": "oidc.eks.us-east-2.amazonaws.com/id/08E10F8220DCD9132E3BD3C0289987AE:aud"
                  },
                  {
                    "test": "StringEquals",
                    "values": [
                      "system:serviceaccount:kube-system:external-dns"
                    ],
                    "variable": "oidc.eks.us-east-2.amazonaws.com/id/08E10F8220DCD9132E3BD3C0289987AE:sub"
                  }
                ],
                "effect": "Allow",
                "not_actions": [],
                "not_principals": [],
                "not_resources": [],
                "principals": [
                  {
                    "identifiers": [
                      "arn:aws:iam::024848460340:oidc-provider/oidc.eks.us-east-2.amazonaws.com/id/08E10F8220DCD9132E3BD3C0289987AE"
                    ],
                    "type": "Federated"
                  }
                ],
                "resources": [],
                "sid": ""
              }
            ],
            "version": "2012-10-17"
          },
          "sensitive_attributes": []
        }
      ]
    },
    {
      "module": "module.external_dns_irsa_role",
      "mode": "data",
      "type": "aws_partition",
      "name": "current",
      "provider": "provider[\"registry.opentofu.org/hashicorp/aws\"]",
      "instances": [
        {
          "schema_version": 0,
          "attributes": {
            "dns_suffix": "amazonaws.com",
            "id": "aws",
            "partition": "aws",
            "reverse_dns_prefix": "com.amazonaws"
          },
          "sensitive_attributes": []
        }
      ]
    },
    {
      "module": "module.external_dns_irsa_role",
      "mode": "managed",
      "type": "aws_iam_policy",
      "name": "external_dns",
      "provider": "provider[\"registry.opentofu.org/hashicorp/aws\"]",
      "instances": [
        {
          "index_key": 0,
          "schema_version": 0,
          "attributes": {
            "arn": "arn:aws:iam::024848460340:policy/AmazonEKS_External_DNS_Policy-20240821224541039500000002",
            "attachment_count": 0,
            "description": "External DNS policy to allow management of Route53 hosted zone records",
            "id": "arn:aws:iam::024848460340:policy/AmazonEKS_External_DNS_Policy-20240821224541039500000002",
            "name": "AmazonEKS_External_DNS_Policy-20240821224541039500000002",
            "name_prefix": "AmazonEKS_External_DNS_Policy-",
            "path": "/",
            "policy": "{\"Statement\":[{\"Action\":\"route53:ChangeResourceRecordSets\",\"Effect\":\"Allow\",\"Resource\":\"arn:aws:route53:::hostedzone/Z05932572QJOETBO2GB51\"},{\"Action\":[\"route53:ListResourceRecordSets\",\"route53:ListHostedZones\"],\"Effect\":\"Allow\",\"Resource\":\"*\"}],\"Version\":\"2012-10-17\"}",
            "policy_id": "ANPAQLSIVNI2L6VVGKYWT",
            "tags": null,
            "tags_all": {}
          },
          "sensitive_attributes": [],
          "private": "bnVsbA==",
          "dependencies": [
            "data.aws_route53_zone.zone",
            "module.external_dns_irsa_role.data.aws_iam_policy_document.external_dns"
          ]
        }
      ]
    },
    {
      "module": "module.external_dns_irsa_role",
      "mode": "managed",
      "type": "aws_iam_role",
      "name": "this",
      "provider": "provider[\"registry.opentofu.org/hashicorp/aws\"]",
      "instances": [
        {
          "index_key": 0,
          "schema_version": 0,
          "attributes": {
            "arn": "arn:aws:iam::024848460340:role/fthw-external-dns",
            "assume_role_policy": "{\"Statement\":[{\"Action\":\"sts:AssumeRoleWithWebIdentity\",\"Condition\":{\"StringEquals\":{\"oidc.eks.us-east-2.amazonaws.com/id/08E10F8220DCD9132E3BD3C0289987AE:aud\":\"sts.amazonaws.com\",\"oidc.eks.us-east-2.amazonaws.com/id/08E10F8220DCD9132E3BD3C0289987AE:sub\":\"system:serviceaccount:kube-system:external-dns\"}},\"Effect\":\"Allow\",\"Principal\":{\"Federated\":\"arn:aws:iam::024848460340:oidc-provider/oidc.eks.us-east-2.amazonaws.com/id/08E10F8220DCD9132E3BD3C0289987AE\"}}],\"Version\":\"2012-10-17\"}",
            "create_date": "2024-08-21T22:54:43Z",
            "description": "",
            "force_detach_policies": true,
            "id": "fthw-external-dns",
            "inline_policy": [],
            "managed_policy_arns": [],
            "max_session_duration": 3600,
            "name": "fthw-external-dns",
            "name_prefix": "",
            "path": "/",
            "permissions_boundary": "",
            "tags": null,
            "tags_all": {},
            "unique_id": "AROAQLSIVNI2KRBBYVM6P"
          },
          "sensitive_attributes": [],
          "private": "bnVsbA==",
          "dependencies": [
            "data.aws_availability_zones.available",
            "module.eks.aws_cloudwatch_log_group.this",
            "module.eks.aws_eks_cluster.this",
            "module.eks.aws_iam_openid_connect_provider.oidc_provider",
            "module.eks.aws_iam_policy.cni_ipv6_policy",
            "module.eks.aws_iam_role.this",
            "module.eks.aws_iam_role_policy_attachment.this",
            "module.eks.aws_security_group.cluster",
            "module.eks.aws_security_group.node",
            "module.eks.aws_security_group_rule.cluster",
            "module.eks.aws_security_group_rule.node",
            "module.eks.data.aws_caller_identity.current",
            "module.eks.data.aws_iam_policy_document.assume_role_policy",
            "module.eks.data.aws_iam_policy_document.cni_ipv6_policy",
            "module.eks.data.aws_iam_session_context.current",
            "module.eks.data.aws_partition.current",
            "module.eks.data.tls_certificate.this",
            "module.eks.module.kms.aws_kms_external_key.this",
            "module.eks.module.kms.aws_kms_key.this",
            "module.eks.module.kms.data.aws_caller_identity.current",
            "module.eks.module.kms.data.aws_iam_policy_document.this",
            "module.eks.module.kms.data.aws_partition.current",
            "module.external_dns_irsa_role.data.aws_caller_identity.current",
            "module.external_dns_irsa_role.data.aws_iam_policy_document.this",
            "module.external_dns_irsa_role.data.aws_partition.current",
            "module.vpc.aws_subnet.private",
            "module.vpc.aws_vpc.this",
            "module.vpc.aws_vpc_ipv4_cidr_block_association.this"
          ]
        }
      ]
    },
    {
      "module": "module.external_dns_irsa_role",
      "mode": "managed",
      "type": "aws_iam_role_policy_attachment",
      "name": "external_dns",
      "provider": "provider[\"registry.opentofu.org/hashicorp/aws\"]",
      "instances": [
        {
          "index_key": 0,
          "schema_version": 0,
          "attributes": {
            "id": "fthw-external-dns-2024082122544388080000002c",
            "policy_arn": "arn:aws:iam::024848460340:policy/AmazonEKS_External_DNS_Policy-20240821224541039500000002",
            "role": "fthw-external-dns"
          },
          "sensitive_attributes": [],
          "private": "bnVsbA==",
          "dependencies": [
            "data.aws_availability_zones.available",
            "data.aws_route53_zone.zone",
            "module.eks.aws_cloudwatch_log_group.this",
            "module.eks.aws_eks_cluster.this",
            "module.eks.aws_iam_openid_connect_provider.oidc_provider",
            "module.eks.aws_iam_policy.cni_ipv6_policy",
            "module.eks.aws_iam_role.this",
            "module.eks.aws_iam_role_policy_attachment.this",
            "module.eks.aws_security_group.cluster",
            "module.eks.aws_security_group.node",
            "module.eks.aws_security_group_rule.cluster",
            "module.eks.aws_security_group_rule.node",
            "module.eks.data.aws_caller_identity.current",
            "module.eks.data.aws_iam_policy_document.assume_role_policy",
            "module.eks.data.aws_iam_policy_document.cni_ipv6_policy",
            "module.eks.data.aws_iam_session_context.current",
            "module.eks.data.aws_partition.current",
            "module.eks.data.tls_certificate.this",
            "module.eks.module.kms.aws_kms_external_key.this",
            "module.eks.module.kms.aws_kms_key.this",
            "module.eks.module.kms.data.aws_caller_identity.current",
            "module.eks.module.kms.data.aws_iam_policy_document.this",
            "module.eks.module.kms.data.aws_partition.current",
            "module.external_dns_irsa_role.aws_iam_policy.external_dns",
            "module.external_dns_irsa_role.aws_iam_role.this",
            "module.external_dns_irsa_role.data.aws_caller_identity.current",
            "module.external_dns_irsa_role.data.aws_iam_policy_document.external_dns",
            "module.external_dns_irsa_role.data.aws_iam_policy_document.this",
            "module.external_dns_irsa_role.data.aws_partition.current",
            "module.vpc.aws_subnet.private",
            "module.vpc.aws_vpc.this",
            "module.vpc.aws_vpc_ipv4_cidr_block_association.this"
          ]
        }
      ]
    },
    {
      "module": "module.flyte_backend_irsa_role",
      "mode": "data",
      "type": "aws_caller_identity",
      "name": "current",
      "provider": "provider[\"registry.opentofu.org/hashicorp/aws\"]",
      "instances": [
        {
          "schema_version": 0,
          "attributes": {
            "account_id": "024848460340",
            "arn": "arn:aws:sts::024848460340:assumed-role/AWSReservedSSO_UnionAdministratorAccess_87feb53664e97359/david.espejo@union.ai",
            "id": "024848460340",
            "user_id": "AROAQLSIVNI2CGJO6D7LZ:david.espejo@union.ai"
          },
          "sensitive_attributes": []
        }
      ]
    },
    {
      "module": "module.flyte_backend_irsa_role",
      "mode": "data",
      "type": "aws_iam_policy_document",
      "name": "this",
      "provider": "provider[\"registry.opentofu.org/hashicorp/aws\"]",
      "instances": [
        {
          "index_key": 0,
          "schema_version": 0,
          "attributes": {
            "id": "964083781",
            "json": "{\n  \"Version\": \"2012-10-17\",\n  \"Statement\": [\n    {\n      \"Effect\": \"Allow\",\n      \"Action\": \"sts:AssumeRoleWithWebIdentity\",\n      \"Principal\": {\n        \"Federated\": \"arn:aws:iam::024848460340:oidc-provider/oidc.eks.us-east-2.amazonaws.com/id/08E10F8220DCD9132E3BD3C0289987AE\"\n      },\n      \"Condition\": {\n        \"StringEquals\": {\n          \"oidc.eks.us-east-2.amazonaws.com/id/08E10F8220DCD9132E3BD3C0289987AE:aud\": \"sts.amazonaws.com\",\n          \"oidc.eks.us-east-2.amazonaws.com/id/08E10F8220DCD9132E3BD3C0289987AE:sub\": \"system:serviceaccount:flyte:flyte-binary\"\n        }\n      }\n    }\n  ]\n}",
            "minified_json": "{\"Version\":\"2012-10-17\",\"Statement\":[{\"Effect\":\"Allow\",\"Action\":\"sts:AssumeRoleWithWebIdentity\",\"Principal\":{\"Federated\":\"arn:aws:iam::024848460340:oidc-provider/oidc.eks.us-east-2.amazonaws.com/id/08E10F8220DCD9132E3BD3C0289987AE\"},\"Condition\":{\"StringEquals\":{\"oidc.eks.us-east-2.amazonaws.com/id/08E10F8220DCD9132E3BD3C0289987AE:aud\":\"sts.amazonaws.com\",\"oidc.eks.us-east-2.amazonaws.com/id/08E10F8220DCD9132E3BD3C0289987AE:sub\":\"system:serviceaccount:flyte:flyte-binary\"}}}]}",
            "override_json": null,
            "override_policy_documents": null,
            "policy_id": null,
            "source_json": null,
            "source_policy_documents": null,
            "statement": [
              {
                "actions": [
                  "sts:AssumeRoleWithWebIdentity"
                ],
                "condition": [
                  {
                    "test": "StringEquals",
                    "values": [
                      "sts.amazonaws.com"
                    ],
                    "variable": "oidc.eks.us-east-2.amazonaws.com/id/08E10F8220DCD9132E3BD3C0289987AE:aud"
                  },
                  {
                    "test": "StringEquals",
                    "values": [
                      "system:serviceaccount:flyte:flyte-binary"
                    ],
                    "variable": "oidc.eks.us-east-2.amazonaws.com/id/08E10F8220DCD9132E3BD3C0289987AE:sub"
                  }
                ],
                "effect": "Allow",
                "not_actions": [],
                "not_principals": [],
                "not_resources": [],
                "principals": [
                  {
                    "identifiers": [
                      "arn:aws:iam::024848460340:oidc-provider/oidc.eks.us-east-2.amazonaws.com/id/08E10F8220DCD9132E3BD3C0289987AE"
                    ],
                    "type": "Federated"
                  }
                ],
                "resources": [],
                "sid": ""
              }
            ],
            "version": "2012-10-17"
          },
          "sensitive_attributes": []
        }
      ]
    },
    {
      "module": "module.flyte_backend_irsa_role",
      "mode": "data",
      "type": "aws_partition",
      "name": "current",
      "provider": "provider[\"registry.opentofu.org/hashicorp/aws\"]",
      "instances": [
        {
          "schema_version": 0,
          "attributes": {
            "dns_suffix": "amazonaws.com",
            "id": "aws",
            "partition": "aws",
            "reverse_dns_prefix": "com.amazonaws"
          },
          "sensitive_attributes": []
        }
      ]
    },
    {
      "module": "module.flyte_backend_irsa_role",
      "mode": "managed",
      "type": "aws_iam_role",
      "name": "this",
      "provider": "provider[\"registry.opentofu.org/hashicorp/aws\"]",
      "instances": [
        {
          "index_key": 0,
          "schema_version": 0,
          "attributes": {
            "arn": "arn:aws:iam::024848460340:role/flyte-terraform-flyte-binary",
            "assume_role_policy": "{\"Statement\":[{\"Action\":\"sts:AssumeRoleWithWebIdentity\",\"Condition\":{\"StringEquals\":{\"oidc.eks.us-east-2.amazonaws.com/id/08E10F8220DCD9132E3BD3C0289987AE:aud\":\"sts.amazonaws.com\",\"oidc.eks.us-east-2.amazonaws.com/id/08E10F8220DCD9132E3BD3C0289987AE:sub\":\"system:serviceaccount:flyte:flyte-binary\"}},\"Effect\":\"Allow\",\"Principal\":{\"Federated\":\"arn:aws:iam::024848460340:oidc-provider/oidc.eks.us-east-2.amazonaws.com/id/08E10F8220DCD9132E3BD3C0289987AE\"}}],\"Version\":\"2012-10-17\"}",
            "create_date": "2024-08-21T22:54:43Z",
            "description": "",
            "force_detach_policies": true,
            "id": "flyte-terraform-flyte-binary",
            "inline_policy": [],
            "managed_policy_arns": [],
            "max_session_duration": 3600,
            "name": "flyte-terraform-flyte-binary",
            "name_prefix": "",
            "path": "/",
            "permissions_boundary": "",
            "tags": null,
            "tags_all": {},
            "unique_id": "AROAQLSIVNI2LUG2TPB4F"
          },
          "sensitive_attributes": [],
          "private": "bnVsbA==",
          "dependencies": [
            "data.aws_availability_zones.available",
            "module.eks.aws_cloudwatch_log_group.this",
            "module.eks.aws_eks_cluster.this",
            "module.eks.aws_iam_openid_connect_provider.oidc_provider",
            "module.eks.aws_iam_policy.cni_ipv6_policy",
            "module.eks.aws_iam_role.this",
            "module.eks.aws_iam_role_policy_attachment.this",
            "module.eks.aws_security_group.cluster",
            "module.eks.aws_security_group.node",
            "module.eks.aws_security_group_rule.cluster",
            "module.eks.aws_security_group_rule.node",
            "module.eks.data.aws_caller_identity.current",
            "module.eks.data.aws_iam_policy_document.assume_role_policy",
            "module.eks.data.aws_iam_policy_document.cni_ipv6_policy",
            "module.eks.data.aws_iam_session_context.current",
            "module.eks.data.aws_partition.current",
            "module.eks.data.tls_certificate.this",
            "module.eks.module.kms.aws_kms_external_key.this",
            "module.eks.module.kms.aws_kms_key.this",
            "module.eks.module.kms.data.aws_caller_identity.current",
            "module.eks.module.kms.data.aws_iam_policy_document.this",
            "module.eks.module.kms.data.aws_partition.current",
            "module.flyte_backend_irsa_role.data.aws_caller_identity.current",
            "module.flyte_backend_irsa_role.data.aws_iam_policy_document.this",
            "module.flyte_backend_irsa_role.data.aws_partition.current",
            "module.vpc.aws_subnet.private",
            "module.vpc.aws_vpc.this",
            "module.vpc.aws_vpc_ipv4_cidr_block_association.this"
          ]
        }
      ]
    },
    {
      "module": "module.flyte_backend_irsa_role",
      "mode": "managed",
      "type": "aws_iam_role_policy_attachment",
      "name": "this",
      "provider": "provider[\"registry.opentofu.org/hashicorp/aws\"]",
      "instances": [
        {
          "index_key": "default",
          "schema_version": 0,
          "attributes": {
            "id": "flyte-terraform-flyte-binary-20240821225443781100000028",
            "policy_arn": "arn:aws:iam::024848460340:policy/flyte-terraform-flyte-binary-iam-policy",
            "role": "flyte-terraform-flyte-binary"
          },
          "sensitive_attributes": [],
          "private": "bnVsbA==",
          "dependencies": [
            "aws_iam_policy.flyte_binary_iam_policy",
            "data.aws_availability_zones.available",
            "data.aws_caller_identity.current",
            "data.aws_iam_policy_document.flyte_binary_iam_policy",
            "data.aws_iam_policy_document.flyte_data_bucket_policy",
            "module.eks.aws_cloudwatch_log_group.this",
            "module.eks.aws_eks_cluster.this",
            "module.eks.aws_iam_openid_connect_provider.oidc_provider",
            "module.eks.aws_iam_policy.cni_ipv6_policy",
            "module.eks.aws_iam_role.this",
            "module.eks.aws_iam_role_policy_attachment.this",
            "module.eks.aws_security_group.cluster",
            "module.eks.aws_security_group.node",
            "module.eks.aws_security_group_rule.cluster",
            "module.eks.aws_security_group_rule.node",
            "module.eks.data.aws_caller_identity.current",
            "module.eks.data.aws_iam_policy_document.assume_role_policy",
            "module.eks.data.aws_iam_policy_document.cni_ipv6_policy",
            "module.eks.data.aws_iam_session_context.current",
            "module.eks.data.aws_partition.current",
            "module.eks.data.tls_certificate.this",
            "module.eks.module.kms.aws_kms_external_key.this",
            "module.eks.module.kms.aws_kms_key.this",
            "module.eks.module.kms.data.aws_caller_identity.current",
            "module.eks.module.kms.data.aws_iam_policy_document.this",
            "module.eks.module.kms.data.aws_partition.current",
            "module.flyte_backend_irsa_role.aws_iam_role.this",
            "module.flyte_backend_irsa_role.data.aws_caller_identity.current",
            "module.flyte_backend_irsa_role.data.aws_iam_policy_document.this",
            "module.flyte_backend_irsa_role.data.aws_partition.current",
            "module.flyte_data.aws_s3_bucket.this",
            "module.flyte_data.aws_s3_bucket_policy.this",
            "module.flyte_data.data.aws_caller_identity.current",
            "module.flyte_data.data.aws_elb_service_account.this",
            "module.flyte_data.data.aws_iam_policy_document.combined",
            "module.flyte_data.data.aws_iam_policy_document.deny_insecure_transport",
            "module.flyte_data.data.aws_iam_policy_document.elb_log_delivery",
            "module.flyte_data.data.aws_iam_policy_document.inventory_and_analytics_destination_policy",
            "module.flyte_data.data.aws_iam_policy_document.lb_log_delivery",
            "module.flyte_data.data.aws_iam_policy_document.require_latest_tls",
            "module.vpc.aws_subnet.private",
            "module.vpc.aws_vpc.this",
            "module.vpc.aws_vpc_ipv4_cidr_block_association.this"
          ]
        }
      ]
    },
    {
      "module": "module.flyte_data",
      "mode": "data",
      "type": "aws_caller_identity",
      "name": "current",
      "provider": "provider[\"registry.opentofu.org/hashicorp/aws\"]",
      "instances": [
        {
          "schema_version": 0,
          "attributes": {
            "account_id": "024848460340",
            "arn": "arn:aws:sts::024848460340:assumed-role/AWSReservedSSO_UnionAdministratorAccess_87feb53664e97359/david.espejo@union.ai",
            "id": "024848460340",
            "user_id": "AROAQLSIVNI2CGJO6D7LZ:david.espejo@union.ai"
          },
          "sensitive_attributes": []
        }
      ]
    },
    {
      "module": "module.flyte_data",
      "mode": "data",
      "type": "aws_canonical_user_id",
      "name": "this",
      "provider": "provider[\"registry.opentofu.org/hashicorp/aws\"]",
      "instances": [
        {
          "schema_version": 0,
          "attributes": {
            "display_name": "",
            "id": "ce0e4da018bff79b34cc5e11a386a744fbb928aab0347927d487dbdef6044c0f"
          },
          "sensitive_attributes": []
        }
      ]
    },
    {
      "module": "module.flyte_data",
      "mode": "data",
      "type": "aws_elb_service_account",
      "name": "this",
      "provider": "provider[\"registry.opentofu.org/hashicorp/aws\"]",
      "instances": []
    },
    {
      "module": "module.flyte_data",
      "mode": "data",
      "type": "aws_iam_policy_document",
      "name": "combined",
      "provider": "provider[\"registry.opentofu.org/hashicorp/aws\"]",
      "instances": []
    },
    {
      "module": "module.flyte_data",
      "mode": "data",
      "type": "aws_iam_policy_document",
      "name": "deny_insecure_transport",
      "provider": "provider[\"registry.opentofu.org/hashicorp/aws\"]",
      "instances": []
    },
    {
      "module": "module.flyte_data",
      "mode": "data",
      "type": "aws_iam_policy_document",
      "name": "elb_log_delivery",
      "provider": "provider[\"registry.opentofu.org/hashicorp/aws\"]",
      "instances": []
    },
    {
      "module": "module.flyte_data",
      "mode": "data",
      "type": "aws_iam_policy_document",
      "name": "inventory_and_analytics_destination_policy",
      "provider": "provider[\"registry.opentofu.org/hashicorp/aws\"]",
      "instances": []
    },
    {
      "module": "module.flyte_data",
      "mode": "data",
      "type": "aws_iam_policy_document",
      "name": "lb_log_delivery",
      "provider": "provider[\"registry.opentofu.org/hashicorp/aws\"]",
      "instances": []
    },
    {
      "module": "module.flyte_data",
      "mode": "data",
      "type": "aws_iam_policy_document",
      "name": "require_latest_tls",
      "provider": "provider[\"registry.opentofu.org/hashicorp/aws\"]",
      "instances": []
    },
    {
      "module": "module.flyte_data",
      "mode": "managed",
      "type": "aws_s3_bucket",
      "name": "this",
      "provider": "provider[\"registry.opentofu.org/hashicorp/aws\"]",
      "instances": [
        {
          "index_key": 0,
          "schema_version": 0,
          "attributes": {
            "acceleration_status": "",
            "acl": null,
            "arn": "arn:aws:s3:::024848460340-flyte-terraform-data",
            "bucket": "024848460340-flyte-terraform-data",
            "bucket_domain_name": "024848460340-flyte-terraform-data.s3.amazonaws.com",
            "bucket_prefix": "",
            "bucket_regional_domain_name": "024848460340-flyte-terraform-data.s3.us-east-2.amazonaws.com",
            "cors_rule": [],
            "force_destroy": false,
            "grant": [
              {
                "id": "ce0e4da018bff79b34cc5e11a386a744fbb928aab0347927d487dbdef6044c0f",
                "permissions": [
                  "FULL_CONTROL"
                ],
                "type": "CanonicalUser",
                "uri": ""
              }
            ],
            "hosted_zone_id": "Z2O1EMRO9K5GLX",
            "id": "024848460340-flyte-terraform-data",
            "lifecycle_rule": [],
            "logging": [],
            "object_lock_configuration": [],
            "object_lock_enabled": false,
            "policy": "",
            "region": "us-east-2",
            "replication_configuration": [],
            "request_payer": "BucketOwner",
            "server_side_encryption_configuration": [
              {
                "rule": [
                  {
                    "apply_server_side_encryption_by_default": [
                      {
                        "kms_master_key_id": "",
                        "sse_algorithm": "AES256"
                      }
                    ],
                    "bucket_key_enabled": false
                  }
                ]
              }
            ],
            "tags": null,
            "tags_all": {},
            "timeouts": null,
            "versioning": [
              {
                "enabled": false,
                "mfa_delete": false
              }
            ],
            "website": [],
            "website_domain": null,
            "website_endpoint": null
          },
          "sensitive_attributes": [],
          "private": "eyJlMmJmYjczMC1lY2FhLTExZTYtOGY4OC0zNDM2M2JjN2M0YzAiOnsiY3JlYXRlIjoxMjAwMDAwMDAwMDAwLCJkZWxldGUiOjM2MDAwMDAwMDAwMDAsInJlYWQiOjEyMDAwMDAwMDAwMDAsInVwZGF0ZSI6MTIwMDAwMDAwMDAwMH19",
          "dependencies": [
            "data.aws_caller_identity.current"
          ]
        }
      ]
    },
    {
      "module": "module.flyte_data",
      "mode": "managed",
      "type": "aws_s3_bucket_policy",
      "name": "this",
      "provider": "provider[\"registry.opentofu.org/hashicorp/aws\"]",
      "instances": []
    },
    {
      "module": "module.flyte_data",
      "mode": "managed",
      "type": "aws_s3_bucket_public_access_block",
      "name": "this",
      "provider": "provider[\"registry.opentofu.org/hashicorp/aws\"]",
      "instances": [
        {
          "index_key": 0,
          "schema_version": 0,
          "attributes": {
            "block_public_acls": true,
            "block_public_policy": true,
            "bucket": "024848460340-flyte-terraform-data",
            "id": "024848460340-flyte-terraform-data",
            "ignore_public_acls": true,
            "restrict_public_buckets": true
          },
          "sensitive_attributes": [],
          "private": "bnVsbA==",
          "dependencies": [
            "data.aws_caller_identity.current",
            "module.flyte_data.aws_s3_bucket.this",
            "module.flyte_data.aws_s3_bucket_policy.this",
            "module.flyte_data.data.aws_caller_identity.current",
            "module.flyte_data.data.aws_elb_service_account.this",
            "module.flyte_data.data.aws_iam_policy_document.combined",
            "module.flyte_data.data.aws_iam_policy_document.deny_insecure_transport",
            "module.flyte_data.data.aws_iam_policy_document.elb_log_delivery",
            "module.flyte_data.data.aws_iam_policy_document.inventory_and_analytics_destination_policy",
            "module.flyte_data.data.aws_iam_policy_document.lb_log_delivery",
            "module.flyte_data.data.aws_iam_policy_document.require_latest_tls"
          ]
        }
      ]
    },
    {
      "module": "module.flyte_db",
      "mode": "data",
      "type": "aws_iam_policy_document",
      "name": "monitoring_rds_assume_role",
      "provider": "provider[\"registry.opentofu.org/hashicorp/aws\"]",
      "instances": [
        {
          "schema_version": 0,
          "attributes": {
            "id": "76086537",
            "json": "{\n  \"Version\": \"2012-10-17\",\n  \"Statement\": [\n    {\n      \"Effect\": \"Allow\",\n      \"Action\": \"sts:AssumeRole\",\n      \"Principal\": {\n        \"Service\": \"monitoring.rds.amazonaws.com\"\n      }\n    }\n  ]\n}",
            "minified_json": "{\"Version\":\"2012-10-17\",\"Statement\":[{\"Effect\":\"Allow\",\"Action\":\"sts:AssumeRole\",\"Principal\":{\"Service\":\"monitoring.rds.amazonaws.com\"}}]}",
            "override_json": null,
            "override_policy_documents": null,
            "policy_id": null,
            "source_json": null,
            "source_policy_documents": null,
            "statement": [
              {
                "actions": [
                  "sts:AssumeRole"
                ],
                "condition": [],
                "effect": "Allow",
                "not_actions": [],
                "not_principals": [],
                "not_resources": [],
                "principals": [
                  {
                    "identifiers": [
                      "monitoring.rds.amazonaws.com"
                    ],
                    "type": "Service"
                  }
                ],
                "resources": [],
                "sid": ""
              }
            ],
            "version": "2012-10-17"
          },
          "sensitive_attributes": []
        }
      ]
    },
    {
      "module": "module.flyte_db",
      "mode": "data",
      "type": "aws_partition",
      "name": "current",
      "provider": "provider[\"registry.opentofu.org/hashicorp/aws\"]",
      "instances": [
        {
          "schema_version": 0,
          "attributes": {
            "dns_suffix": "amazonaws.com",
            "id": "aws",
            "partition": "aws",
            "reverse_dns_prefix": "com.amazonaws"
          },
          "sensitive_attributes": []
        }
      ]
    },
    {
      "module": "module.flyte_db",
      "mode": "managed",
      "type": "aws_db_parameter_group",
      "name": "this",
      "provider": "provider[\"registry.opentofu.org/hashicorp/aws\"]",
      "instances": []
    },
    {
      "module": "module.flyte_db",
      "mode": "managed",
      "type": "aws_db_subnet_group",
      "name": "this",
      "provider": "provider[\"registry.opentofu.org/hashicorp/aws\"]",
      "instances": [
        {
          "index_key": 0,
          "schema_version": 0,
          "attributes": {
            "arn": "arn:aws:rds:us-east-2:024848460340:subgrp:flyte-terraform-db",
            "description": "For Aurora cluster flyte-terraform-db",
            "id": "flyte-terraform-db",
            "name": "flyte-terraform-db",
            "name_prefix": "",
            "subnet_ids": [
              "subnet-000c5a3efde909db6",
              "subnet-0350b1c80cf922912",
              "subnet-045bfd3fce528f098"
            ],
            "supported_network_types": [
              "IPV4"
            ],
            "tags": null,
            "tags_all": {},
            "vpc_id": "vpc-098b18b243f95386f"
          },
          "sensitive_attributes": [],
          "private": "bnVsbA==",
          "dependencies": [
            "data.aws_availability_zones.available",
            "module.vpc.aws_subnet.database",
            "module.vpc.aws_vpc.this",
            "module.vpc.aws_vpc_ipv4_cidr_block_association.this"
          ]
        }
      ]
    },
    {
      "module": "module.flyte_db",
      "mode": "managed",
      "type": "aws_iam_role",
      "name": "rds_enhanced_monitoring",
      "provider": "provider[\"registry.opentofu.org/hashicorp/aws\"]",
      "instances": []
    },
    {
      "module": "module.flyte_db",
      "mode": "managed",
      "type": "aws_rds_cluster",
      "name": "this",
      "provider": "provider[\"registry.opentofu.org/hashicorp/aws\"]",
      "instances": [
        {
          "index_key": 0,
          "schema_version": 1,
          "attributes": {
            "allocated_storage": 1,
            "allow_major_version_upgrade": false,
            "apply_immediately": null,
            "arn": "arn:aws:rds:us-east-2:024848460340:cluster:flyte-terraform-db",
            "availability_zones": [
              "us-east-2a",
              "us-east-2b",
              "us-east-2c"
            ],
            "backtrack_window": 0,
            "backup_retention_period": 7,
            "ca_certificate_identifier": null,
            "ca_certificate_valid_till": null,
            "cluster_identifier": "flyte-terraform-db",
            "cluster_identifier_prefix": "",
            "cluster_members": [],
            "cluster_resource_id": "cluster-VQWTI4AP6ZHIBG6H2MKXBMNS5M",
            "copy_tags_to_snapshot": false,
            "database_name": "flyte",
            "db_cluster_instance_class": "",
            "db_cluster_parameter_group_name": "default.aurora-postgresql14",
            "db_instance_parameter_group_name": null,
            "db_subnet_group_name": "flyte-terraform-db",
            "db_system_id": "",
            "delete_automated_backups": true,
            "deletion_protection": false,
            "domain": "",
            "domain_iam_role_name": "",
            "enable_global_write_forwarding": false,
            "enable_http_endpoint": false,
            "enable_local_write_forwarding": false,
            "enabled_cloudwatch_logs_exports": null,
            "endpoint": "flyte-terraform-db.cluster-cpy8gcy48u9f.us-east-2.rds.amazonaws.com",
            "engine": "aurora-postgresql",
            "engine_lifecycle_support": "open-source-rds-extended-support",
            "engine_mode": "provisioned",
            "engine_version": "14.9",
            "engine_version_actual": "14.9",
            "final_snapshot_identifier": "final-flyte-terraform-db-7a50e149",
            "global_cluster_identifier": "",
            "hosted_zone_id": "Z2XHWR1WZ565X2",
            "iam_database_authentication_enabled": false,
            "iam_roles": [],
            "id": "flyte-terraform-db",
            "iops": 0,
            "kms_key_id": "arn:aws:kms:us-east-2:024848460340:key/e67cfcae-5818-4fd8-9503-e130f6dd3a08",
            "manage_master_user_password": null,
            "master_password": "HP0SKK9el21GiOXZI9Y2G7fP7KJB2DYlIRVDBNoJWhkn9Cfgc9qaWViPU4hPPnE",
            "master_user_secret": [],
            "master_user_secret_kms_key_id": null,
            "master_username": "flyte",
            "network_type": "IPV4",
            "performance_insights_enabled": false,
            "performance_insights_kms_key_id": "",
            "performance_insights_retention_period": 0,
            "port": 5432,
            "preferred_backup_window": "02:00-03:00",
            "preferred_maintenance_window": "sun:05:00-sun:06:00",
            "reader_endpoint": "flyte-terraform-db.cluster-ro-cpy8gcy48u9f.us-east-2.rds.amazonaws.com",
            "replication_source_identifier": "",
            "restore_to_point_in_time": [],
            "s3_import": [],
            "scaling_configuration": [],
            "serverlessv2_scaling_configuration": [],
            "skip_final_snapshot": false,
            "snapshot_identifier": null,
            "source_region": null,
            "storage_encrypted": true,
            "storage_type": "",
            "tags": null,
            "tags_all": {},
            "timeouts": {
              "create": null,
              "delete": null,
              "update": null
            },
            "vpc_security_group_ids": [
              "sg-0be761543901b349e"
            ]
          },
          "sensitive_attributes": [
            [
              {
                "type": "get_attr",
                "value": "master_password"
              }
            ]
          ],
          "private": "eyJlMmJmYjczMC1lY2FhLTExZTYtOGY4OC0zNDM2M2JjN2M0YzAiOnsiY3JlYXRlIjo3MjAwMDAwMDAwMDAwLCJkZWxldGUiOjcyMDAwMDAwMDAwMDAsInVwZGF0ZSI6NzIwMDAwMDAwMDAwMH0sInNjaGVtYV92ZXJzaW9uIjoiMSJ9",
          "dependencies": [
            "data.aws_availability_zones.available",
            "module.flyte_db.aws_db_subnet_group.this",
            "module.flyte_db.aws_rds_cluster_parameter_group.this",
            "module.flyte_db.aws_security_group.this",
            "module.flyte_db.random_id.snapshot_identifier",
            "module.flyte_db.random_password.master_password",
            "module.vpc.aws_subnet.database",
            "module.vpc.aws_vpc.this",
            "module.vpc.aws_vpc_ipv4_cidr_block_association.this"
          ]
        }
      ]
    },
    {
      "module": "module.flyte_db",
      "mode": "managed",
      "type": "aws_rds_cluster_endpoint",
      "name": "this",
      "provider": "provider[\"registry.opentofu.org/hashicorp/aws\"]",
      "instances": []
    },
    {
      "module": "module.flyte_db",
      "mode": "managed",
      "type": "aws_rds_cluster_instance",
      "name": "this",
      "provider": "provider[\"registry.opentofu.org/hashicorp/aws\"]",
      "instances": [
        {
          "index_key": "0",
          "schema_version": 0,
          "attributes": {
            "apply_immediately": null,
            "arn": "arn:aws:rds:us-east-2:024848460340:db:flyte-terraform-db-0",
            "auto_minor_version_upgrade": true,
            "availability_zone": "us-east-2b",
            "ca_cert_identifier": "rds-ca-rsa2048-g1",
            "cluster_identifier": "flyte-terraform-db",
            "copy_tags_to_snapshot": false,
            "custom_iam_instance_profile": "",
            "db_parameter_group_name": "default.aurora-postgresql14",
            "db_subnet_group_name": "flyte-terraform-db",
            "dbi_resource_id": "db-GH2JIOOW3DQ3SYJSJUUFEUTI44",
            "endpoint": "flyte-terraform-db-0.cpy8gcy48u9f.us-east-2.rds.amazonaws.com",
            "engine": "aurora-postgresql",
            "engine_version": "14.9",
            "engine_version_actual": "14.9",
            "id": "flyte-terraform-db-0",
            "identifier": "flyte-terraform-db-0",
            "identifier_prefix": "",
            "instance_class": "db.t3.medium",
            "kms_key_id": "arn:aws:kms:us-east-2:024848460340:key/e67cfcae-5818-4fd8-9503-e130f6dd3a08",
            "monitoring_interval": 0,
            "monitoring_role_arn": "",
            "network_type": "IPV4",
            "performance_insights_enabled": false,
            "performance_insights_kms_key_id": "",
            "performance_insights_retention_period": 0,
            "port": 5432,
            "preferred_backup_window": "02:00-03:00",
            "preferred_maintenance_window": "sun:05:00-sun:06:00",
            "promotion_tier": 0,
            "publicly_accessible": false,
            "storage_encrypted": true,
            "tags": null,
            "tags_all": {},
            "timeouts": {
              "create": null,
              "delete": null,
              "update": null
            },
            "writer": true
          },
          "sensitive_attributes": [],
          "private": "eyJlMmJmYjczMC1lY2FhLTExZTYtOGY4OC0zNDM2M2JjN2M0YzAiOnsiY3JlYXRlIjo1NDAwMDAwMDAwMDAwLCJkZWxldGUiOjU0MDAwMDAwMDAwMDAsInVwZGF0ZSI6NTQwMDAwMDAwMDAwMH19",
          "dependencies": [
            "data.aws_availability_zones.available",
            "module.flyte_db.aws_db_parameter_group.this",
            "module.flyte_db.aws_db_subnet_group.this",
            "module.flyte_db.aws_iam_role.rds_enhanced_monitoring",
            "module.flyte_db.aws_rds_cluster.this",
            "module.flyte_db.aws_rds_cluster_parameter_group.this",
            "module.flyte_db.aws_security_group.this",
            "module.flyte_db.data.aws_iam_policy_document.monitoring_rds_assume_role",
            "module.flyte_db.random_id.snapshot_identifier",
            "module.flyte_db.random_password.master_password",
            "module.vpc.aws_subnet.database",
            "module.vpc.aws_vpc.this",
            "module.vpc.aws_vpc_ipv4_cidr_block_association.this"
          ]
        }
      ]
    },
    {
      "module": "module.flyte_db",
      "mode": "managed",
      "type": "aws_rds_cluster_parameter_group",
      "name": "this",
      "provider": "provider[\"registry.opentofu.org/hashicorp/aws\"]",
      "instances": []
    },
    {
      "module": "module.flyte_db",
      "mode": "managed",
      "type": "aws_rds_cluster_role_association",
      "name": "this",
      "provider": "provider[\"registry.opentofu.org/hashicorp/aws\"]",
      "instances": []
    },
    {
      "module": "module.flyte_db",
      "mode": "managed",
      "type": "aws_security_group",
      "name": "this",
      "provider": "provider[\"registry.opentofu.org/hashicorp/aws\"]",
      "instances": [
        {
          "index_key": 0,
          "schema_version": 1,
          "attributes": {
            "arn": "arn:aws:ec2:us-east-2:024848460340:security-group/sg-0be761543901b349e",
            "description": "Control traffic to/from RDS Aurora flyte-terraform-db",
            "egress": [],
            "id": "sg-0be761543901b349e",
            "ingress": [],
            "name": "flyte-terraform-db-20240821224554080300000007",
            "name_prefix": "flyte-terraform-db-",
            "owner_id": "024848460340",
            "revoke_rules_on_delete": false,
            "tags": {
              "Name": "flyte-terraform-db"
            },
            "tags_all": {
              "Name": "flyte-terraform-db"
            },
            "timeouts": null,
            "vpc_id": "vpc-098b18b243f95386f"
          },
          "sensitive_attributes": [],
          "private": "eyJlMmJmYjczMC1lY2FhLTExZTYtOGY4OC0zNDM2M2JjN2M0YzAiOnsiY3JlYXRlIjo2MDAwMDAwMDAwMDAsImRlbGV0ZSI6OTAwMDAwMDAwMDAwfSwic2NoZW1hX3ZlcnNpb24iOiIxIn0=",
          "dependencies": [
            "module.vpc.aws_vpc.this"
          ],
          "create_before_destroy": true
        }
      ]
    },
    {
      "module": "module.flyte_db",
      "mode": "managed",
      "type": "aws_security_group_rule",
      "name": "cidr_ingress",
      "provider": "provider[\"registry.opentofu.org/hashicorp/aws\"]",
      "instances": [
        {
          "index_key": 0,
          "schema_version": 2,
          "attributes": {
            "cidr_blocks": [
              "10.1.0.0/16",
              "10.2.0.0/16",
              "10.3.0.0/16"
            ],
            "description": "From allowed CIDRs",
            "from_port": 5432,
            "id": "sgrule-2108715198",
            "ipv6_cidr_blocks": null,
            "prefix_list_ids": null,
            "protocol": "tcp",
            "security_group_id": "sg-0be761543901b349e",
            "security_group_rule_id": "",
            "self": false,
            "source_security_group_id": null,
            "timeouts": null,
            "to_port": 5432,
            "type": "ingress"
          },
          "sensitive_attributes": [],
          "private": "eyJlMmJmYjczMC1lY2FhLTExZTYtOGY4OC0zNDM2M2JjN2M0YzAiOnsiY3JlYXRlIjozMDAwMDAwMDAwMDB9LCJzY2hlbWFfdmVyc2lvbiI6IjIifQ==",
          "dependencies": [
            "data.aws_availability_zones.available",
            "module.flyte_db.aws_security_group.this",
            "module.vpc.aws_subnet.private",
            "module.vpc.aws_vpc.this",
            "module.vpc.aws_vpc_ipv4_cidr_block_association.this"
          ]
        }
      ]
    },
    {
      "module": "module.flyte_db",
      "mode": "managed",
      "type": "random_id",
      "name": "snapshot_identifier",
      "provider": "provider[\"registry.opentofu.org/hashicorp/random\"]",
      "instances": [
        {
          "index_key": 0,
          "schema_version": 0,
          "attributes": {
            "b64_std": "elDhSQ==",
            "b64_url": "elDhSQ",
            "byte_length": 4,
            "dec": "2052120905",
            "hex": "7a50e149",
            "id": "elDhSQ",
            "keepers": {
              "id": "flyte-terraform-db"
            },
            "prefix": null
          },
          "sensitive_attributes": []
        }
      ]
    },
    {
      "module": "module.flyte_db",
      "mode": "managed",
      "type": "random_password",
      "name": "master_password",
      "provider": "provider[\"registry.opentofu.org/hashicorp/random\"]",
      "instances": [
        {
          "index_key": 0,
          "schema_version": 3,
          "attributes": {
            "bcrypt_hash": "$2a$10$UcMVNW6gTN9tw00q.xayiu7AEG5FnSuBpdpVYFr2OAf8qkGCdtE4u",
            "id": "none",
            "keepers": null,
            "length": 63,
            "lower": true,
            "min_lower": 0,
            "min_numeric": 0,
            "min_special": 0,
            "min_upper": 0,
            "number": true,
            "numeric": true,
            "override_special": null,
            "result": "HP0SKK9el21GiOXZI9Y2G7fP7KJB2DYlIRVDBNoJWhkn9Cfgc9qaWViPU4hPPnE",
            "special": false,
            "upper": true
          },
          "sensitive_attributes": []
        }
      ]
    },
    {
      "module": "module.flyte_worker_irsa_role",
      "mode": "data",
      "type": "aws_caller_identity",
      "name": "current",
      "provider": "provider[\"registry.opentofu.org/hashicorp/aws\"]",
      "instances": [
        {
          "schema_version": 0,
          "attributes": {
            "account_id": "024848460340",
            "arn": "arn:aws:sts::024848460340:assumed-role/AWSReservedSSO_UnionAdministratorAccess_87feb53664e97359/david.espejo@union.ai",
            "id": "024848460340",
            "user_id": "AROAQLSIVNI2CGJO6D7LZ:david.espejo@union.ai"
          },
          "sensitive_attributes": []
        }
      ]
    },
    {
      "module": "module.flyte_worker_irsa_role",
      "mode": "data",
      "type": "aws_iam_policy_document",
      "name": "this",
      "provider": "provider[\"registry.opentofu.org/hashicorp/aws\"]",
      "instances": [
        {
          "index_key": 0,
          "schema_version": 0,
          "attributes": {
            "id": "6011342",
            "json": "{\n  \"Version\": \"2012-10-17\",\n  \"Statement\": [\n    {\n      \"Effect\": \"Allow\",\n      \"Action\": \"sts:AssumeRoleWithWebIdentity\",\n      \"Principal\": {\n        \"Federated\": \"arn:aws:iam::024848460340:oidc-provider/oidc.eks.us-east-2.amazonaws.com/id/08E10F8220DCD9132E3BD3C0289987AE\"\n      },\n      \"Condition\": {\n        \"StringLike\": {\n          \"oidc.eks.us-east-2.amazonaws.com/id/08E10F8220DCD9132E3BD3C0289987AE:aud\": \"sts.amazonaws.com\",\n          \"oidc.eks.us-east-2.amazonaws.com/id/08E10F8220DCD9132E3BD3C0289987AE:sub\": \"system:serviceaccount:*:*\"\n        }\n      }\n    }\n  ]\n}",
            "minified_json": "{\"Version\":\"2012-10-17\",\"Statement\":[{\"Effect\":\"Allow\",\"Action\":\"sts:AssumeRoleWithWebIdentity\",\"Principal\":{\"Federated\":\"arn:aws:iam::024848460340:oidc-provider/oidc.eks.us-east-2.amazonaws.com/id/08E10F8220DCD9132E3BD3C0289987AE\"},\"Condition\":{\"StringLike\":{\"oidc.eks.us-east-2.amazonaws.com/id/08E10F8220DCD9132E3BD3C0289987AE:aud\":\"sts.amazonaws.com\",\"oidc.eks.us-east-2.amazonaws.com/id/08E10F8220DCD9132E3BD3C0289987AE:sub\":\"system:serviceaccount:*:*\"}}}]}",
            "override_json": null,
            "override_policy_documents": null,
            "policy_id": null,
            "source_json": null,
            "source_policy_documents": null,
            "statement": [
              {
                "actions": [
                  "sts:AssumeRoleWithWebIdentity"
                ],
                "condition": [
                  {
                    "test": "StringLike",
                    "values": [
                      "sts.amazonaws.com"
                    ],
                    "variable": "oidc.eks.us-east-2.amazonaws.com/id/08E10F8220DCD9132E3BD3C0289987AE:aud"
                  },
                  {
                    "test": "StringLike",
                    "values": [
                      "system:serviceaccount:*:*"
                    ],
                    "variable": "oidc.eks.us-east-2.amazonaws.com/id/08E10F8220DCD9132E3BD3C0289987AE:sub"
                  }
                ],
                "effect": "Allow",
                "not_actions": [],
                "not_principals": [],
                "not_resources": [],
                "principals": [
                  {
                    "identifiers": [
                      "arn:aws:iam::024848460340:oidc-provider/oidc.eks.us-east-2.amazonaws.com/id/08E10F8220DCD9132E3BD3C0289987AE"
                    ],
                    "type": "Federated"
                  }
                ],
                "resources": [],
                "sid": ""
              }
            ],
            "version": "2012-10-17"
          },
          "sensitive_attributes": []
        }
      ]
    },
    {
      "module": "module.flyte_worker_irsa_role",
      "mode": "data",
      "type": "aws_partition",
      "name": "current",
      "provider": "provider[\"registry.opentofu.org/hashicorp/aws\"]",
      "instances": [
        {
          "schema_version": 0,
          "attributes": {
            "dns_suffix": "amazonaws.com",
            "id": "aws",
            "partition": "aws",
            "reverse_dns_prefix": "com.amazonaws"
          },
          "sensitive_attributes": []
        }
      ]
    },
    {
      "module": "module.flyte_worker_irsa_role",
      "mode": "managed",
      "type": "aws_iam_role",
      "name": "this",
      "provider": "provider[\"registry.opentofu.org/hashicorp/aws\"]",
      "instances": [
        {
          "index_key": 0,
          "schema_version": 0,
          "attributes": {
            "arn": "arn:aws:iam::024848460340:role/flyte-terraform-flyte-worker",
            "assume_role_policy": "{\"Statement\":[{\"Action\":\"sts:AssumeRoleWithWebIdentity\",\"Condition\":{\"StringLike\":{\"oidc.eks.us-east-2.amazonaws.com/id/08E10F8220DCD9132E3BD3C0289987AE:aud\":\"sts.amazonaws.com\",\"oidc.eks.us-east-2.amazonaws.com/id/08E10F8220DCD9132E3BD3C0289987AE:sub\":\"system:serviceaccount:*:*\"}},\"Effect\":\"Allow\",\"Principal\":{\"Federated\":\"arn:aws:iam::024848460340:oidc-provider/oidc.eks.us-east-2.amazonaws.com/id/08E10F8220DCD9132E3BD3C0289987AE\"}}],\"Version\":\"2012-10-17\"}",
            "create_date": "2024-08-21T22:54:43Z",
            "description": "",
            "force_detach_policies": true,
            "id": "flyte-terraform-flyte-worker",
            "inline_policy": [],
            "managed_policy_arns": [],
            "max_session_duration": 3600,
            "name": "flyte-terraform-flyte-worker",
            "name_prefix": "",
            "path": "/",
            "permissions_boundary": "",
            "tags": null,
            "tags_all": {},
            "unique_id": "AROAQLSIVNI2D7RP24GKP"
          },
          "sensitive_attributes": [],
          "private": "bnVsbA==",
          "dependencies": [
            "data.aws_availability_zones.available",
            "module.eks.aws_cloudwatch_log_group.this",
            "module.eks.aws_eks_cluster.this",
            "module.eks.aws_iam_openid_connect_provider.oidc_provider",
            "module.eks.aws_iam_policy.cni_ipv6_policy",
            "module.eks.aws_iam_role.this",
            "module.eks.aws_iam_role_policy_attachment.this",
            "module.eks.aws_security_group.cluster",
            "module.eks.aws_security_group.node",
            "module.eks.aws_security_group_rule.cluster",
            "module.eks.aws_security_group_rule.node",
            "module.eks.data.aws_caller_identity.current",
            "module.eks.data.aws_iam_policy_document.assume_role_policy",
            "module.eks.data.aws_iam_policy_document.cni_ipv6_policy",
            "module.eks.data.aws_iam_session_context.current",
            "module.eks.data.aws_partition.current",
            "module.eks.data.tls_certificate.this",
            "module.eks.module.kms.aws_kms_external_key.this",
            "module.eks.module.kms.aws_kms_key.this",
            "module.eks.module.kms.data.aws_caller_identity.current",
            "module.eks.module.kms.data.aws_iam_policy_document.this",
            "module.eks.module.kms.data.aws_partition.current",
            "module.flyte_worker_irsa_role.data.aws_caller_identity.current",
            "module.flyte_worker_irsa_role.data.aws_iam_policy_document.this",
            "module.flyte_worker_irsa_role.data.aws_partition.current",
            "module.vpc.aws_subnet.private",
            "module.vpc.aws_vpc.this",
            "module.vpc.aws_vpc_ipv4_cidr_block_association.this"
          ]
        }
      ]
    },
    {
      "module": "module.flyte_worker_irsa_role",
      "mode": "managed",
      "type": "aws_iam_role_policy_attachment",
      "name": "this",
      "provider": "provider[\"registry.opentofu.org/hashicorp/aws\"]",
      "instances": [
        {
          "index_key": "default",
          "schema_version": 0,
          "attributes": {
            "id": "flyte-terraform-flyte-worker-2024082122544383350000002b",
            "policy_arn": "arn:aws:iam::024848460340:policy/flyte-terraform-flyte-worker-iam-policy",
            "role": "flyte-terraform-flyte-worker"
          },
          "sensitive_attributes": [],
          "private": "bnVsbA==",
          "dependencies": [
            "aws_iam_policy.flyte_worker_iam_policy",
            "data.aws_availability_zones.available",
            "data.aws_caller_identity.current",
            "data.aws_iam_policy_document.flyte_data_bucket_policy",
            "data.aws_iam_policy_document.flyte_worker_iam_policy",
            "module.eks.aws_cloudwatch_log_group.this",
            "module.eks.aws_eks_cluster.this",
            "module.eks.aws_iam_openid_connect_provider.oidc_provider",
            "module.eks.aws_iam_policy.cni_ipv6_policy",
            "module.eks.aws_iam_role.this",
            "module.eks.aws_iam_role_policy_attachment.this",
            "module.eks.aws_security_group.cluster",
            "module.eks.aws_security_group.node",
            "module.eks.aws_security_group_rule.cluster",
            "module.eks.aws_security_group_rule.node",
            "module.eks.data.aws_caller_identity.current",
            "module.eks.data.aws_iam_policy_document.assume_role_policy",
            "module.eks.data.aws_iam_policy_document.cni_ipv6_policy",
            "module.eks.data.aws_iam_session_context.current",
            "module.eks.data.aws_partition.current",
            "module.eks.data.tls_certificate.this",
            "module.eks.module.kms.aws_kms_external_key.this",
            "module.eks.module.kms.aws_kms_key.this",
            "module.eks.module.kms.data.aws_caller_identity.current",
            "module.eks.module.kms.data.aws_iam_policy_document.this",
            "module.eks.module.kms.data.aws_partition.current",
            "module.flyte_data.aws_s3_bucket.this",
            "module.flyte_data.aws_s3_bucket_policy.this",
            "module.flyte_data.data.aws_caller_identity.current",
            "module.flyte_data.data.aws_elb_service_account.this",
            "module.flyte_data.data.aws_iam_policy_document.combined",
            "module.flyte_data.data.aws_iam_policy_document.deny_insecure_transport",
            "module.flyte_data.data.aws_iam_policy_document.elb_log_delivery",
            "module.flyte_data.data.aws_iam_policy_document.inventory_and_analytics_destination_policy",
            "module.flyte_data.data.aws_iam_policy_document.lb_log_delivery",
            "module.flyte_data.data.aws_iam_policy_document.require_latest_tls",
            "module.flyte_worker_irsa_role.aws_iam_role.this",
            "module.flyte_worker_irsa_role.data.aws_caller_identity.current",
            "module.flyte_worker_irsa_role.data.aws_iam_policy_document.this",
            "module.flyte_worker_irsa_role.data.aws_partition.current",
            "module.vpc.aws_subnet.private",
            "module.vpc.aws_vpc.this",
            "module.vpc.aws_vpc_ipv4_cidr_block_association.this"
          ]
        }
      ]
    },
    {
      "module": "module.vpc",
      "mode": "managed",
      "type": "aws_db_subnet_group",
      "name": "database",
      "provider": "provider[\"registry.opentofu.org/hashicorp/aws\"]",
      "instances": [
        {
          "index_key": 0,
          "schema_version": 0,
          "attributes": {
            "arn": "arn:aws:rds:us-east-2:024848460340:subgrp:flyte-terraform",
            "description": "Database subnet group for flyte-terraform",
            "id": "flyte-terraform",
            "name": "flyte-terraform",
            "name_prefix": "",
            "subnet_ids": [
              "subnet-000c5a3efde909db6",
              "subnet-0350b1c80cf922912",
              "subnet-045bfd3fce528f098"
            ],
            "supported_network_types": [
              "IPV4"
            ],
            "tags": {
              "Name": "flyte-terraform"
            },
            "tags_all": {
              "Name": "flyte-terraform"
            },
            "vpc_id": "vpc-098b18b243f95386f"
          },
          "sensitive_attributes": [],
          "private": "bnVsbA==",
          "dependencies": [
            "data.aws_availability_zones.available",
            "module.vpc.aws_subnet.database",
            "module.vpc.aws_vpc.this",
            "module.vpc.aws_vpc_ipv4_cidr_block_association.this"
          ]
        }
      ]
    },
    {
      "module": "module.vpc",
      "mode": "managed",
      "type": "aws_default_network_acl",
      "name": "this",
      "provider": "provider[\"registry.opentofu.org/hashicorp/aws\"]",
      "instances": [
        {
          "index_key": 0,
          "schema_version": 0,
          "attributes": {
            "arn": "arn:aws:ec2:us-east-2:024848460340:network-acl/acl-0b5d08a9b13df5d5e",
            "default_network_acl_id": "acl-0b5d08a9b13df5d5e",
            "egress": [
              {
                "action": "allow",
                "cidr_block": "",
                "from_port": 0,
                "icmp_code": null,
                "icmp_type": null,
                "ipv6_cidr_block": "::/0",
                "protocol": "-1",
                "rule_no": 101,
                "to_port": 0
              },
              {
                "action": "allow",
                "cidr_block": "0.0.0.0/0",
                "from_port": 0,
                "icmp_code": null,
                "icmp_type": null,
                "ipv6_cidr_block": "",
                "protocol": "-1",
                "rule_no": 100,
                "to_port": 0
              }
            ],
            "id": "acl-0b5d08a9b13df5d5e",
            "ingress": [
              {
                "action": "allow",
                "cidr_block": "",
                "from_port": 0,
                "icmp_code": null,
                "icmp_type": null,
                "ipv6_cidr_block": "::/0",
                "protocol": "-1",
                "rule_no": 101,
                "to_port": 0
              },
              {
                "action": "allow",
                "cidr_block": "0.0.0.0/0",
                "from_port": 0,
                "icmp_code": null,
                "icmp_type": null,
                "ipv6_cidr_block": "",
                "protocol": "-1",
                "rule_no": 100,
                "to_port": 0
              }
            ],
            "owner_id": "024848460340",
            "subnet_ids": null,
            "tags": {
              "Name": "flyte-terraform-default"
            },
            "tags_all": {
              "Name": "flyte-terraform-default"
            },
            "vpc_id": "vpc-098b18b243f95386f"
          },
          "sensitive_attributes": [],
          "private": "bnVsbA==",
          "dependencies": [
            "module.vpc.aws_vpc.this"
          ]
        }
      ]
    },
    {
      "module": "module.vpc",
      "mode": "managed",
      "type": "aws_default_route_table",
      "name": "default",
      "provider": "provider[\"registry.opentofu.org/hashicorp/aws\"]",
      "instances": [
        {
          "index_key": 0,
          "schema_version": 0,
          "attributes": {
            "arn": "arn:aws:ec2:us-east-2:024848460340:route-table/rtb-0dc593d7216670db5",
            "default_route_table_id": "rtb-0dc593d7216670db5",
            "id": "rtb-0dc593d7216670db5",
            "owner_id": "024848460340",
            "propagating_vgws": null,
            "route": [],
            "tags": {
              "Name": "flyte-terraform-default"
            },
            "tags_all": {
              "Name": "flyte-terraform-default"
            },
            "timeouts": {
              "create": "5m",
              "update": "5m"
            },
            "vpc_id": "vpc-098b18b243f95386f"
          },
          "sensitive_attributes": [],
          "private": "eyJlMmJmYjczMC1lY2FhLTExZTYtOGY4OC0zNDM2M2JjN2M0YzAiOnsiY3JlYXRlIjozMDAwMDAwMDAwMDAsInVwZGF0ZSI6MzAwMDAwMDAwMDAwfX0=",
          "dependencies": [
            "module.vpc.aws_vpc.this"
          ]
        }
      ]
    },
    {
      "module": "module.vpc",
      "mode": "managed",
      "type": "aws_default_security_group",
      "name": "this",
      "provider": "provider[\"registry.opentofu.org/hashicorp/aws\"]",
      "instances": [
        {
          "index_key": 0,
          "schema_version": 1,
          "attributes": {
            "arn": "arn:aws:ec2:us-east-2:024848460340:security-group/sg-0d09da4c8432f888c",
            "description": "default VPC security group",
            "egress": [],
            "id": "sg-0d09da4c8432f888c",
            "ingress": [],
            "name": "default",
            "name_prefix": "",
            "owner_id": "024848460340",
            "revoke_rules_on_delete": false,
            "tags": {
              "Name": "flyte-terraform-default"
            },
            "tags_all": {
              "Name": "flyte-terraform-default"
            },
            "vpc_id": "vpc-098b18b243f95386f"
          },
          "sensitive_attributes": [],
          "private": "eyJzY2hlbWFfdmVyc2lvbiI6IjEifQ==",
          "dependencies": [
            "module.vpc.aws_vpc.this"
          ]
        }
      ]
    },
    {
      "module": "module.vpc",
      "mode": "managed",
      "type": "aws_eip",
      "name": "nat",
      "provider": "provider[\"registry.opentofu.org/hashicorp/aws\"]",
      "instances": [
        {
          "index_key": 0,
          "schema_version": 0,
          "attributes": {
            "address": null,
            "allocation_id": "eipalloc-08d1f2c5f3d82de55",
            "arn": "arn:aws:ec2:us-east-2:024848460340:elastic-ip/eipalloc-08d1f2c5f3d82de55",
            "associate_with_private_ip": null,
            "association_id": "",
            "carrier_ip": "",
            "customer_owned_ip": "",
            "customer_owned_ipv4_pool": "",
            "domain": "vpc",
            "id": "eipalloc-08d1f2c5f3d82de55",
            "instance": "",
            "network_border_group": "us-east-2",
            "network_interface": "",
            "private_dns": null,
            "private_ip": "",
            "ptr_record": "",
            "public_dns": "ec2-3-130-69-13.us-east-2.compute.amazonaws.com",
            "public_ip": "3.130.69.13",
            "public_ipv4_pool": "amazon",
            "tags": {
              "Name": "flyte-terraform-use2-az1"
            },
            "tags_all": {
              "Name": "flyte-terraform-use2-az1"
            },
            "timeouts": null,
            "vpc": true
          },
          "sensitive_attributes": [],
          "private": "eyJlMmJmYjczMC1lY2FhLTExZTYtOGY4OC0zNDM2M2JjN2M0YzAiOnsiZGVsZXRlIjoxODAwMDAwMDAwMDAsInJlYWQiOjkwMDAwMDAwMDAwMCwidXBkYXRlIjozMDAwMDAwMDAwMDB9fQ==",
          "dependencies": [
            "data.aws_availability_zones.available",
            "module.vpc.aws_internet_gateway.this",
            "module.vpc.aws_vpc.this",
            "module.vpc.aws_vpc_ipv4_cidr_block_association.this"
          ]
        }
      ]
    },
    {
      "module": "module.vpc",
      "mode": "managed",
      "type": "aws_internet_gateway",
      "name": "this",
      "provider": "provider[\"registry.opentofu.org/hashicorp/aws\"]",
      "instances": [
        {
          "index_key": 0,
          "schema_version": 0,
          "attributes": {
            "arn": "arn:aws:ec2:us-east-2:024848460340:internet-gateway/igw-0335d9652f259f2c5",
            "id": "igw-0335d9652f259f2c5",
            "owner_id": "024848460340",
            "tags": {
              "Name": "flyte-terraform"
            },
            "tags_all": {
              "Name": "flyte-terraform"
            },
            "timeouts": null,
            "vpc_id": "vpc-098b18b243f95386f"
          },
          "sensitive_attributes": [],
          "private": "eyJlMmJmYjczMC1lY2FhLTExZTYtOGY4OC0zNDM2M2JjN2M0YzAiOnsiY3JlYXRlIjoxMjAwMDAwMDAwMDAwLCJkZWxldGUiOjEyMDAwMDAwMDAwMDAsInVwZGF0ZSI6MTIwMDAwMDAwMDAwMH19",
          "dependencies": [
            "data.aws_availability_zones.available",
            "module.vpc.aws_vpc.this",
            "module.vpc.aws_vpc_ipv4_cidr_block_association.this"
          ]
        }
      ]
    },
    {
      "module": "module.vpc",
      "mode": "managed",
      "type": "aws_nat_gateway",
      "name": "this",
      "provider": "provider[\"registry.opentofu.org/hashicorp/aws\"]",
      "instances": [
        {
          "index_key": 0,
          "schema_version": 0,
          "attributes": {
            "allocation_id": "eipalloc-08d1f2c5f3d82de55",
            "association_id": "eipassoc-0078b20b421351244",
            "connectivity_type": "public",
            "id": "nat-0bccfcde3ba6cbda2",
            "network_interface_id": "eni-0cc252d943c201dde",
            "private_ip": "10.0.1.254",
            "public_ip": "3.130.69.13",
            "secondary_allocation_ids": null,
            "secondary_private_ip_address_count": 0,
            "secondary_private_ip_addresses": [],
            "subnet_id": "subnet-0b8353db9e5fa1d73",
            "tags": {
              "Name": "flyte-terraform-use2-az1"
            },
            "tags_all": {
              "Name": "flyte-terraform-use2-az1"
            },
            "timeouts": null
          },
          "sensitive_attributes": [],
          "private": "eyJlMmJmYjczMC1lY2FhLTExZTYtOGY4OC0zNDM2M2JjN2M0YzAiOnsiY3JlYXRlIjo2MDAwMDAwMDAwMDAsImRlbGV0ZSI6MTgwMDAwMDAwMDAwMCwidXBkYXRlIjo2MDAwMDAwMDAwMDB9fQ==",
          "dependencies": [
            "data.aws_availability_zones.available",
            "module.vpc.aws_eip.nat",
            "module.vpc.aws_internet_gateway.this",
            "module.vpc.aws_subnet.public",
            "module.vpc.aws_vpc.this",
            "module.vpc.aws_vpc_ipv4_cidr_block_association.this"
          ]
        }
      ]
    },
    {
      "module": "module.vpc",
      "mode": "managed",
      "type": "aws_route",
      "name": "private_nat_gateway",
      "provider": "provider[\"registry.opentofu.org/hashicorp/aws\"]",
      "instances": [
        {
          "index_key": 0,
          "schema_version": 0,
          "attributes": {
            "carrier_gateway_id": "",
            "core_network_arn": "",
            "destination_cidr_block": "0.0.0.0/0",
            "destination_ipv6_cidr_block": "",
            "destination_prefix_list_id": "",
            "egress_only_gateway_id": "",
            "gateway_id": "",
            "id": "r-rtb-0ee9d3a541547926b1080289494",
            "instance_id": "",
            "instance_owner_id": "",
            "local_gateway_id": "",
            "nat_gateway_id": "nat-0bccfcde3ba6cbda2",
            "network_interface_id": "",
            "origin": "CreateRoute",
            "route_table_id": "rtb-0ee9d3a541547926b",
            "state": "active",
            "timeouts": {
              "create": "5m",
              "delete": null,
              "update": null
            },
            "transit_gateway_id": "",
            "vpc_endpoint_id": "",
            "vpc_peering_connection_id": ""
          },
          "sensitive_attributes": [],
          "private": "eyJlMmJmYjczMC1lY2FhLTExZTYtOGY4OC0zNDM2M2JjN2M0YzAiOnsiY3JlYXRlIjozMDAwMDAwMDAwMDAsImRlbGV0ZSI6MzAwMDAwMDAwMDAwLCJ1cGRhdGUiOjEyMDAwMDAwMDAwMH19",
          "dependencies": [
            "data.aws_availability_zones.available",
            "module.vpc.aws_eip.nat",
            "module.vpc.aws_internet_gateway.this",
            "module.vpc.aws_nat_gateway.this",
            "module.vpc.aws_route_table.private",
            "module.vpc.aws_subnet.public",
            "module.vpc.aws_vpc.this",
            "module.vpc.aws_vpc_ipv4_cidr_block_association.this"
          ]
        }
      ]
    },
    {
      "module": "module.vpc",
      "mode": "managed",
      "type": "aws_route",
      "name": "public_internet_gateway",
      "provider": "provider[\"registry.opentofu.org/hashicorp/aws\"]",
      "instances": [
        {
          "index_key": 0,
          "schema_version": 0,
          "attributes": {
            "carrier_gateway_id": "",
            "core_network_arn": "",
            "destination_cidr_block": "0.0.0.0/0",
            "destination_ipv6_cidr_block": "",
            "destination_prefix_list_id": "",
            "egress_only_gateway_id": "",
            "gateway_id": "igw-0335d9652f259f2c5",
            "id": "r-rtb-00130313523fe188d1080289494",
            "instance_id": "",
            "instance_owner_id": "",
            "local_gateway_id": "",
            "nat_gateway_id": "",
            "network_interface_id": "",
            "origin": "CreateRoute",
            "route_table_id": "rtb-00130313523fe188d",
            "state": "active",
            "timeouts": {
              "create": "5m",
              "delete": null,
              "update": null
            },
            "transit_gateway_id": "",
            "vpc_endpoint_id": "",
            "vpc_peering_connection_id": ""
          },
          "sensitive_attributes": [],
          "private": "eyJlMmJmYjczMC1lY2FhLTExZTYtOGY4OC0zNDM2M2JjN2M0YzAiOnsiY3JlYXRlIjozMDAwMDAwMDAwMDAsImRlbGV0ZSI6MzAwMDAwMDAwMDAwLCJ1cGRhdGUiOjEyMDAwMDAwMDAwMH19",
          "dependencies": [
            "data.aws_availability_zones.available",
            "module.vpc.aws_internet_gateway.this",
            "module.vpc.aws_route_table.public",
            "module.vpc.aws_vpc.this",
            "module.vpc.aws_vpc_ipv4_cidr_block_association.this"
          ]
        }
      ]
    },
    {
      "module": "module.vpc",
      "mode": "managed",
      "type": "aws_route_table",
      "name": "database",
      "provider": "provider[\"registry.opentofu.org/hashicorp/aws\"]",
      "instances": []
    },
    {
      "module": "module.vpc",
      "mode": "managed",
      "type": "aws_route_table",
      "name": "private",
      "provider": "provider[\"registry.opentofu.org/hashicorp/aws\"]",
      "instances": [
        {
          "index_key": 0,
          "schema_version": 0,
          "attributes": {
            "arn": "arn:aws:ec2:us-east-2:024848460340:route-table/rtb-0ee9d3a541547926b",
            "id": "rtb-0ee9d3a541547926b",
            "owner_id": "024848460340",
            "propagating_vgws": [],
            "route": [],
            "tags": {
              "Name": "flyte-terraform-private"
            },
            "tags_all": {
              "Name": "flyte-terraform-private"
            },
            "timeouts": null,
            "vpc_id": "vpc-098b18b243f95386f"
          },
          "sensitive_attributes": [],
          "private": "eyJlMmJmYjczMC1lY2FhLTExZTYtOGY4OC0zNDM2M2JjN2M0YzAiOnsiY3JlYXRlIjozMDAwMDAwMDAwMDAsImRlbGV0ZSI6MzAwMDAwMDAwMDAwLCJ1cGRhdGUiOjEyMDAwMDAwMDAwMH19",
          "dependencies": [
            "data.aws_availability_zones.available",
            "module.vpc.aws_vpc.this",
            "module.vpc.aws_vpc_ipv4_cidr_block_association.this"
          ]
        }
      ]
    },
    {
      "module": "module.vpc",
      "mode": "managed",
      "type": "aws_route_table",
      "name": "public",
      "provider": "provider[\"registry.opentofu.org/hashicorp/aws\"]",
      "instances": [
        {
          "index_key": 0,
          "schema_version": 0,
          "attributes": {
            "arn": "arn:aws:ec2:us-east-2:024848460340:route-table/rtb-00130313523fe188d",
            "id": "rtb-00130313523fe188d",
            "owner_id": "024848460340",
            "propagating_vgws": [],
            "route": [],
            "tags": {
              "Name": "flyte-terraform-public"
            },
            "tags_all": {
              "Name": "flyte-terraform-public"
            },
            "timeouts": null,
            "vpc_id": "vpc-098b18b243f95386f"
          },
          "sensitive_attributes": [],
          "private": "eyJlMmJmYjczMC1lY2FhLTExZTYtOGY4OC0zNDM2M2JjN2M0YzAiOnsiY3JlYXRlIjozMDAwMDAwMDAwMDAsImRlbGV0ZSI6MzAwMDAwMDAwMDAwLCJ1cGRhdGUiOjEyMDAwMDAwMDAwMH19",
          "dependencies": [
            "data.aws_availability_zones.available",
            "module.vpc.aws_vpc.this",
            "module.vpc.aws_vpc_ipv4_cidr_block_association.this"
          ]
        }
      ]
    },
    {
      "module": "module.vpc",
      "mode": "managed",
      "type": "aws_route_table_association",
      "name": "database",
      "provider": "provider[\"registry.opentofu.org/hashicorp/aws\"]",
      "instances": [
        {
          "index_key": 0,
          "schema_version": 0,
          "attributes": {
            "gateway_id": "",
            "id": "rtbassoc-04fc288f0f5ed6fd9",
            "route_table_id": "rtb-0ee9d3a541547926b",
            "subnet_id": "subnet-0350b1c80cf922912",
            "timeouts": null
          },
          "sensitive_attributes": [],
          "private": "eyJlMmJmYjczMC1lY2FhLTExZTYtOGY4OC0zNDM2M2JjN2M0YzAiOnsiY3JlYXRlIjozMDAwMDAwMDAwMDAsImRlbGV0ZSI6MzAwMDAwMDAwMDAwLCJ1cGRhdGUiOjEyMDAwMDAwMDAwMH19",
          "dependencies": [
            "data.aws_availability_zones.available",
            "module.vpc.aws_route_table.database",
            "module.vpc.aws_route_table.private",
            "module.vpc.aws_subnet.database",
            "module.vpc.aws_vpc.this",
            "module.vpc.aws_vpc_ipv4_cidr_block_association.this"
          ]
        },
        {
          "index_key": 1,
          "schema_version": 0,
          "attributes": {
            "gateway_id": "",
            "id": "rtbassoc-0e5c88acfa434ed50",
            "route_table_id": "rtb-0ee9d3a541547926b",
            "subnet_id": "subnet-045bfd3fce528f098",
            "timeouts": null
          },
          "sensitive_attributes": [],
          "private": "eyJlMmJmYjczMC1lY2FhLTExZTYtOGY4OC0zNDM2M2JjN2M0YzAiOnsiY3JlYXRlIjozMDAwMDAwMDAwMDAsImRlbGV0ZSI6MzAwMDAwMDAwMDAwLCJ1cGRhdGUiOjEyMDAwMDAwMDAwMH19",
          "dependencies": [
            "data.aws_availability_zones.available",
            "module.vpc.aws_route_table.database",
            "module.vpc.aws_route_table.private",
            "module.vpc.aws_subnet.database",
            "module.vpc.aws_vpc.this",
            "module.vpc.aws_vpc_ipv4_cidr_block_association.this"
          ]
        },
        {
          "index_key": 2,
          "schema_version": 0,
          "attributes": {
            "gateway_id": "",
            "id": "rtbassoc-0364f560ef3175e64",
            "route_table_id": "rtb-0ee9d3a541547926b",
            "subnet_id": "subnet-000c5a3efde909db6",
            "timeouts": null
          },
          "sensitive_attributes": [],
          "private": "eyJlMmJmYjczMC1lY2FhLTExZTYtOGY4OC0zNDM2M2JjN2M0YzAiOnsiY3JlYXRlIjozMDAwMDAwMDAwMDAsImRlbGV0ZSI6MzAwMDAwMDAwMDAwLCJ1cGRhdGUiOjEyMDAwMDAwMDAwMH19",
          "dependencies": [
            "data.aws_availability_zones.available",
            "module.vpc.aws_route_table.database",
            "module.vpc.aws_route_table.private",
            "module.vpc.aws_subnet.database",
            "module.vpc.aws_vpc.this",
            "module.vpc.aws_vpc_ipv4_cidr_block_association.this"
          ]
        }
      ]
    },
    {
      "module": "module.vpc",
      "mode": "managed",
      "type": "aws_route_table_association",
      "name": "private",
      "provider": "provider[\"registry.opentofu.org/hashicorp/aws\"]",
      "instances": [
        {
          "index_key": 0,
          "schema_version": 0,
          "attributes": {
            "gateway_id": "",
            "id": "rtbassoc-0127b0c877ad85b82",
            "route_table_id": "rtb-0ee9d3a541547926b",
            "subnet_id": "subnet-092a617fac202eb32",
            "timeouts": null
          },
          "sensitive_attributes": [],
          "private": "eyJlMmJmYjczMC1lY2FhLTExZTYtOGY4OC0zNDM2M2JjN2M0YzAiOnsiY3JlYXRlIjozMDAwMDAwMDAwMDAsImRlbGV0ZSI6MzAwMDAwMDAwMDAwLCJ1cGRhdGUiOjEyMDAwMDAwMDAwMH19",
          "dependencies": [
            "data.aws_availability_zones.available",
            "module.vpc.aws_route_table.private",
            "module.vpc.aws_subnet.private",
            "module.vpc.aws_vpc.this",
            "module.vpc.aws_vpc_ipv4_cidr_block_association.this"
          ]
        },
        {
          "index_key": 1,
          "schema_version": 0,
          "attributes": {
            "gateway_id": "",
            "id": "rtbassoc-05b83067477cdcb89",
            "route_table_id": "rtb-0ee9d3a541547926b",
            "subnet_id": "subnet-03c05063bb71a0d40",
            "timeouts": null
          },
          "sensitive_attributes": [],
          "private": "eyJlMmJmYjczMC1lY2FhLTExZTYtOGY4OC0zNDM2M2JjN2M0YzAiOnsiY3JlYXRlIjozMDAwMDAwMDAwMDAsImRlbGV0ZSI6MzAwMDAwMDAwMDAwLCJ1cGRhdGUiOjEyMDAwMDAwMDAwMH19",
          "dependencies": [
            "data.aws_availability_zones.available",
            "module.vpc.aws_route_table.private",
            "module.vpc.aws_subnet.private",
            "module.vpc.aws_vpc.this",
            "module.vpc.aws_vpc_ipv4_cidr_block_association.this"
          ]
        },
        {
          "index_key": 2,
          "schema_version": 0,
          "attributes": {
            "gateway_id": "",
            "id": "rtbassoc-047fd690716a205ea",
            "route_table_id": "rtb-0ee9d3a541547926b",
            "subnet_id": "subnet-0f709e001570ad8c4",
            "timeouts": null
          },
          "sensitive_attributes": [],
          "private": "eyJlMmJmYjczMC1lY2FhLTExZTYtOGY4OC0zNDM2M2JjN2M0YzAiOnsiY3JlYXRlIjozMDAwMDAwMDAwMDAsImRlbGV0ZSI6MzAwMDAwMDAwMDAwLCJ1cGRhdGUiOjEyMDAwMDAwMDAwMH19",
          "dependencies": [
            "data.aws_availability_zones.available",
            "module.vpc.aws_route_table.private",
            "module.vpc.aws_subnet.private",
            "module.vpc.aws_vpc.this",
            "module.vpc.aws_vpc_ipv4_cidr_block_association.this"
          ]
        }
      ]
    },
    {
      "module": "module.vpc",
      "mode": "managed",
      "type": "aws_route_table_association",
      "name": "public",
      "provider": "provider[\"registry.opentofu.org/hashicorp/aws\"]",
      "instances": [
        {
          "index_key": 0,
          "schema_version": 0,
          "attributes": {
            "gateway_id": "",
            "id": "rtbassoc-052963b582b82dfd4",
            "route_table_id": "rtb-00130313523fe188d",
            "subnet_id": "subnet-0b8353db9e5fa1d73",
            "timeouts": null
          },
          "sensitive_attributes": [],
          "private": "eyJlMmJmYjczMC1lY2FhLTExZTYtOGY4OC0zNDM2M2JjN2M0YzAiOnsiY3JlYXRlIjozMDAwMDAwMDAwMDAsImRlbGV0ZSI6MzAwMDAwMDAwMDAwLCJ1cGRhdGUiOjEyMDAwMDAwMDAwMH19",
          "dependencies": [
            "data.aws_availability_zones.available",
            "module.vpc.aws_route_table.public",
            "module.vpc.aws_subnet.public",
            "module.vpc.aws_vpc.this",
            "module.vpc.aws_vpc_ipv4_cidr_block_association.this"
          ]
        },
        {
          "index_key": 1,
          "schema_version": 0,
          "attributes": {
            "gateway_id": "",
            "id": "rtbassoc-0b1708d8633900648",
            "route_table_id": "rtb-00130313523fe188d",
            "subnet_id": "subnet-0c91d65ac6c93beba",
            "timeouts": null
          },
          "sensitive_attributes": [],
          "private": "eyJlMmJmYjczMC1lY2FhLTExZTYtOGY4OC0zNDM2M2JjN2M0YzAiOnsiY3JlYXRlIjozMDAwMDAwMDAwMDAsImRlbGV0ZSI6MzAwMDAwMDAwMDAwLCJ1cGRhdGUiOjEyMDAwMDAwMDAwMH19",
          "dependencies": [
            "data.aws_availability_zones.available",
            "module.vpc.aws_route_table.public",
            "module.vpc.aws_subnet.public",
            "module.vpc.aws_vpc.this",
            "module.vpc.aws_vpc_ipv4_cidr_block_association.this"
          ]
        },
        {
          "index_key": 2,
          "schema_version": 0,
          "attributes": {
            "gateway_id": "",
            "id": "rtbassoc-035bf5abf514f9234",
            "route_table_id": "rtb-00130313523fe188d",
            "subnet_id": "subnet-06ec20431de9a43c8",
            "timeouts": null
          },
          "sensitive_attributes": [],
          "private": "eyJlMmJmYjczMC1lY2FhLTExZTYtOGY4OC0zNDM2M2JjN2M0YzAiOnsiY3JlYXRlIjozMDAwMDAwMDAwMDAsImRlbGV0ZSI6MzAwMDAwMDAwMDAwLCJ1cGRhdGUiOjEyMDAwMDAwMDAwMH19",
          "dependencies": [
            "data.aws_availability_zones.available",
            "module.vpc.aws_route_table.public",
            "module.vpc.aws_subnet.public",
            "module.vpc.aws_vpc.this",
            "module.vpc.aws_vpc_ipv4_cidr_block_association.this"
          ]
        }
      ]
    },
    {
      "module": "module.vpc",
      "mode": "managed",
      "type": "aws_subnet",
      "name": "database",
      "provider": "provider[\"registry.opentofu.org/hashicorp/aws\"]",
      "instances": [
        {
          "index_key": 0,
          "schema_version": 1,
          "attributes": {
            "arn": "arn:aws:ec2:us-east-2:024848460340:subnet/subnet-0350b1c80cf922912",
            "assign_ipv6_address_on_creation": false,
            "availability_zone": "us-east-2a",
            "availability_zone_id": "use2-az1",
            "cidr_block": "10.0.10.0/24",
            "customer_owned_ipv4_pool": "",
            "enable_dns64": false,
            "enable_lni_at_device_index": 0,
            "enable_resource_name_dns_a_record_on_launch": false,
            "enable_resource_name_dns_aaaa_record_on_launch": false,
            "id": "subnet-0350b1c80cf922912",
            "ipv6_cidr_block": "",
            "ipv6_cidr_block_association_id": "",
            "ipv6_native": false,
            "map_customer_owned_ip_on_launch": false,
            "map_public_ip_on_launch": false,
            "outpost_arn": "",
            "owner_id": "024848460340",
            "private_dns_hostname_type_on_launch": "ip-name",
            "tags": {
              "Name": "flyte-terraform-db-use2-az1"
            },
            "tags_all": {
              "Name": "flyte-terraform-db-use2-az1"
            },
            "timeouts": null,
            "vpc_id": "vpc-098b18b243f95386f"
          },
          "sensitive_attributes": [],
          "private": "eyJlMmJmYjczMC1lY2FhLTExZTYtOGY4OC0zNDM2M2JjN2M0YzAiOnsiY3JlYXRlIjo2MDAwMDAwMDAwMDAsImRlbGV0ZSI6MTIwMDAwMDAwMDAwMH0sInNjaGVtYV92ZXJzaW9uIjoiMSJ9",
          "dependencies": [
            "data.aws_availability_zones.available",
            "module.vpc.aws_vpc.this",
            "module.vpc.aws_vpc_ipv4_cidr_block_association.this"
          ]
        },
        {
          "index_key": 1,
          "schema_version": 1,
          "attributes": {
            "arn": "arn:aws:ec2:us-east-2:024848460340:subnet/subnet-045bfd3fce528f098",
            "assign_ipv6_address_on_creation": false,
            "availability_zone": "us-east-2b",
            "availability_zone_id": "use2-az2",
            "cidr_block": "10.0.11.0/24",
            "customer_owned_ipv4_pool": "",
            "enable_dns64": false,
            "enable_lni_at_device_index": 0,
            "enable_resource_name_dns_a_record_on_launch": false,
            "enable_resource_name_dns_aaaa_record_on_launch": false,
            "id": "subnet-045bfd3fce528f098",
            "ipv6_cidr_block": "",
            "ipv6_cidr_block_association_id": "",
            "ipv6_native": false,
            "map_customer_owned_ip_on_launch": false,
            "map_public_ip_on_launch": false,
            "outpost_arn": "",
            "owner_id": "024848460340",
            "private_dns_hostname_type_on_launch": "ip-name",
            "tags": {
              "Name": "flyte-terraform-db-use2-az2"
            },
            "tags_all": {
              "Name": "flyte-terraform-db-use2-az2"
            },
            "timeouts": null,
            "vpc_id": "vpc-098b18b243f95386f"
          },
          "sensitive_attributes": [],
          "private": "eyJlMmJmYjczMC1lY2FhLTExZTYtOGY4OC0zNDM2M2JjN2M0YzAiOnsiY3JlYXRlIjo2MDAwMDAwMDAwMDAsImRlbGV0ZSI6MTIwMDAwMDAwMDAwMH0sInNjaGVtYV92ZXJzaW9uIjoiMSJ9",
          "dependencies": [
            "data.aws_availability_zones.available",
            "module.vpc.aws_vpc.this",
            "module.vpc.aws_vpc_ipv4_cidr_block_association.this"
          ]
        },
        {
          "index_key": 2,
          "schema_version": 1,
          "attributes": {
            "arn": "arn:aws:ec2:us-east-2:024848460340:subnet/subnet-000c5a3efde909db6",
            "assign_ipv6_address_on_creation": false,
            "availability_zone": "us-east-2c",
            "availability_zone_id": "use2-az3",
            "cidr_block": "10.0.12.0/24",
            "customer_owned_ipv4_pool": "",
            "enable_dns64": false,
            "enable_lni_at_device_index": 0,
            "enable_resource_name_dns_a_record_on_launch": false,
            "enable_resource_name_dns_aaaa_record_on_launch": false,
            "id": "subnet-000c5a3efde909db6",
            "ipv6_cidr_block": "",
            "ipv6_cidr_block_association_id": "",
            "ipv6_native": false,
            "map_customer_owned_ip_on_launch": false,
            "map_public_ip_on_launch": false,
            "outpost_arn": "",
            "owner_id": "024848460340",
            "private_dns_hostname_type_on_launch": "ip-name",
            "tags": {
              "Name": "flyte-terraform-db-use2-az3"
            },
            "tags_all": {
              "Name": "flyte-terraform-db-use2-az3"
            },
            "timeouts": null,
            "vpc_id": "vpc-098b18b243f95386f"
          },
          "sensitive_attributes": [],
          "private": "eyJlMmJmYjczMC1lY2FhLTExZTYtOGY4OC0zNDM2M2JjN2M0YzAiOnsiY3JlYXRlIjo2MDAwMDAwMDAwMDAsImRlbGV0ZSI6MTIwMDAwMDAwMDAwMH0sInNjaGVtYV92ZXJzaW9uIjoiMSJ9",
          "dependencies": [
            "data.aws_availability_zones.available",
            "module.vpc.aws_vpc.this",
            "module.vpc.aws_vpc_ipv4_cidr_block_association.this"
          ]
        }
      ]
    },
    {
      "module": "module.vpc",
      "mode": "managed",
      "type": "aws_subnet",
      "name": "private",
      "provider": "provider[\"registry.opentofu.org/hashicorp/aws\"]",
      "instances": [
        {
          "index_key": 0,
          "schema_version": 1,
          "attributes": {
            "arn": "arn:aws:ec2:us-east-2:024848460340:subnet/subnet-092a617fac202eb32",
            "assign_ipv6_address_on_creation": false,
            "availability_zone": "us-east-2a",
            "availability_zone_id": "use2-az1",
            "cidr_block": "10.1.0.0/16",
            "customer_owned_ipv4_pool": "",
            "enable_dns64": false,
            "enable_lni_at_device_index": 0,
            "enable_resource_name_dns_a_record_on_launch": false,
            "enable_resource_name_dns_aaaa_record_on_launch": false,
            "id": "subnet-092a617fac202eb32",
            "ipv6_cidr_block": "",
            "ipv6_cidr_block_association_id": "",
            "ipv6_native": false,
            "map_customer_owned_ip_on_launch": false,
            "map_public_ip_on_launch": false,
            "outpost_arn": "",
            "owner_id": "024848460340",
            "private_dns_hostname_type_on_launch": "ip-name",
            "tags": {
              "Name": "flyte-terraform-private-use2-az1",
              "kubernetes.io/role/internal-elb": "1"
            },
            "tags_all": {
              "Name": "flyte-terraform-private-use2-az1",
              "kubernetes.io/role/internal-elb": "1"
            },
            "timeouts": null,
            "vpc_id": "vpc-098b18b243f95386f"
          },
          "sensitive_attributes": [],
          "private": "eyJlMmJmYjczMC1lY2FhLTExZTYtOGY4OC0zNDM2M2JjN2M0YzAiOnsiY3JlYXRlIjo2MDAwMDAwMDAwMDAsImRlbGV0ZSI6MTIwMDAwMDAwMDAwMH0sInNjaGVtYV92ZXJzaW9uIjoiMSJ9",
          "dependencies": [
            "data.aws_availability_zones.available",
            "module.vpc.aws_vpc.this",
            "module.vpc.aws_vpc_ipv4_cidr_block_association.this"
          ],
          "create_before_destroy": true
        },
        {
          "index_key": 1,
          "schema_version": 1,
          "attributes": {
            "arn": "arn:aws:ec2:us-east-2:024848460340:subnet/subnet-03c05063bb71a0d40",
            "assign_ipv6_address_on_creation": false,
            "availability_zone": "us-east-2b",
            "availability_zone_id": "use2-az2",
            "cidr_block": "10.2.0.0/16",
            "customer_owned_ipv4_pool": "",
            "enable_dns64": false,
            "enable_lni_at_device_index": 0,
            "enable_resource_name_dns_a_record_on_launch": false,
            "enable_resource_name_dns_aaaa_record_on_launch": false,
            "id": "subnet-03c05063bb71a0d40",
            "ipv6_cidr_block": "",
            "ipv6_cidr_block_association_id": "",
            "ipv6_native": false,
            "map_customer_owned_ip_on_launch": false,
            "map_public_ip_on_launch": false,
            "outpost_arn": "",
            "owner_id": "024848460340",
            "private_dns_hostname_type_on_launch": "ip-name",
            "tags": {
              "Name": "flyte-terraform-private-use2-az2",
              "kubernetes.io/role/internal-elb": "1"
            },
            "tags_all": {
              "Name": "flyte-terraform-private-use2-az2",
              "kubernetes.io/role/internal-elb": "1"
            },
            "timeouts": null,
            "vpc_id": "vpc-098b18b243f95386f"
          },
          "sensitive_attributes": [],
          "private": "eyJlMmJmYjczMC1lY2FhLTExZTYtOGY4OC0zNDM2M2JjN2M0YzAiOnsiY3JlYXRlIjo2MDAwMDAwMDAwMDAsImRlbGV0ZSI6MTIwMDAwMDAwMDAwMH0sInNjaGVtYV92ZXJzaW9uIjoiMSJ9",
          "dependencies": [
            "data.aws_availability_zones.available",
            "module.vpc.aws_vpc.this",
            "module.vpc.aws_vpc_ipv4_cidr_block_association.this"
          ],
          "create_before_destroy": true
        },
        {
          "index_key": 2,
          "schema_version": 1,
          "attributes": {
            "arn": "arn:aws:ec2:us-east-2:024848460340:subnet/subnet-0f709e001570ad8c4",
            "assign_ipv6_address_on_creation": false,
            "availability_zone": "us-east-2c",
            "availability_zone_id": "use2-az3",
            "cidr_block": "10.3.0.0/16",
            "customer_owned_ipv4_pool": "",
            "enable_dns64": false,
            "enable_lni_at_device_index": 0,
            "enable_resource_name_dns_a_record_on_launch": false,
            "enable_resource_name_dns_aaaa_record_on_launch": false,
            "id": "subnet-0f709e001570ad8c4",
            "ipv6_cidr_block": "",
            "ipv6_cidr_block_association_id": "",
            "ipv6_native": false,
            "map_customer_owned_ip_on_launch": false,
            "map_public_ip_on_launch": false,
            "outpost_arn": "",
            "owner_id": "024848460340",
            "private_dns_hostname_type_on_launch": "ip-name",
            "tags": {
              "Name": "flyte-terraform-private-use2-az3",
              "kubernetes.io/role/internal-elb": "1"
            },
            "tags_all": {
              "Name": "flyte-terraform-private-use2-az3",
              "kubernetes.io/role/internal-elb": "1"
            },
            "timeouts": null,
            "vpc_id": "vpc-098b18b243f95386f"
          },
          "sensitive_attributes": [],
          "private": "eyJlMmJmYjczMC1lY2FhLTExZTYtOGY4OC0zNDM2M2JjN2M0YzAiOnsiY3JlYXRlIjo2MDAwMDAwMDAwMDAsImRlbGV0ZSI6MTIwMDAwMDAwMDAwMH0sInNjaGVtYV92ZXJzaW9uIjoiMSJ9",
          "dependencies": [
            "data.aws_availability_zones.available",
            "module.vpc.aws_vpc.this",
            "module.vpc.aws_vpc_ipv4_cidr_block_association.this"
          ],
          "create_before_destroy": true
        }
      ]
    },
    {
      "module": "module.vpc",
      "mode": "managed",
      "type": "aws_subnet",
      "name": "public",
      "provider": "provider[\"registry.opentofu.org/hashicorp/aws\"]",
      "instances": [
        {
          "index_key": 0,
          "schema_version": 1,
          "attributes": {
            "arn": "arn:aws:ec2:us-east-2:024848460340:subnet/subnet-0b8353db9e5fa1d73",
            "assign_ipv6_address_on_creation": false,
            "availability_zone": "us-east-2a",
            "availability_zone_id": "use2-az1",
            "cidr_block": "10.0.1.0/24",
            "customer_owned_ipv4_pool": "",
            "enable_dns64": false,
            "enable_lni_at_device_index": 0,
            "enable_resource_name_dns_a_record_on_launch": false,
            "enable_resource_name_dns_aaaa_record_on_launch": false,
            "id": "subnet-0b8353db9e5fa1d73",
            "ipv6_cidr_block": "",
            "ipv6_cidr_block_association_id": "",
            "ipv6_native": false,
            "map_customer_owned_ip_on_launch": false,
            "map_public_ip_on_launch": false,
            "outpost_arn": "",
            "owner_id": "024848460340",
            "private_dns_hostname_type_on_launch": "ip-name",
            "tags": {
              "Name": "flyte-terraform-public-use2-az1",
              "kubernetes.io/role/elb": "1"
            },
            "tags_all": {
              "Name": "flyte-terraform-public-use2-az1",
              "kubernetes.io/role/elb": "1"
            },
            "timeouts": null,
            "vpc_id": "vpc-098b18b243f95386f"
          },
          "sensitive_attributes": [],
          "private": "eyJlMmJmYjczMC1lY2FhLTExZTYtOGY4OC0zNDM2M2JjN2M0YzAiOnsiY3JlYXRlIjo2MDAwMDAwMDAwMDAsImRlbGV0ZSI6MTIwMDAwMDAwMDAwMH0sInNjaGVtYV92ZXJzaW9uIjoiMSJ9",
          "dependencies": [
            "data.aws_availability_zones.available",
            "module.vpc.aws_vpc.this",
            "module.vpc.aws_vpc_ipv4_cidr_block_association.this"
          ]
        },
        {
          "index_key": 1,
          "schema_version": 1,
          "attributes": {
            "arn": "arn:aws:ec2:us-east-2:024848460340:subnet/subnet-0c91d65ac6c93beba",
            "assign_ipv6_address_on_creation": false,
            "availability_zone": "us-east-2b",
            "availability_zone_id": "use2-az2",
            "cidr_block": "10.0.2.0/24",
            "customer_owned_ipv4_pool": "",
            "enable_dns64": false,
            "enable_lni_at_device_index": 0,
            "enable_resource_name_dns_a_record_on_launch": false,
            "enable_resource_name_dns_aaaa_record_on_launch": false,
            "id": "subnet-0c91d65ac6c93beba",
            "ipv6_cidr_block": "",
            "ipv6_cidr_block_association_id": "",
            "ipv6_native": false,
            "map_customer_owned_ip_on_launch": false,
            "map_public_ip_on_launch": false,
            "outpost_arn": "",
            "owner_id": "024848460340",
            "private_dns_hostname_type_on_launch": "ip-name",
            "tags": {
              "Name": "flyte-terraform-public-use2-az2",
              "kubernetes.io/role/elb": "1"
            },
            "tags_all": {
              "Name": "flyte-terraform-public-use2-az2",
              "kubernetes.io/role/elb": "1"
            },
            "timeouts": null,
            "vpc_id": "vpc-098b18b243f95386f"
          },
          "sensitive_attributes": [],
          "private": "eyJlMmJmYjczMC1lY2FhLTExZTYtOGY4OC0zNDM2M2JjN2M0YzAiOnsiY3JlYXRlIjo2MDAwMDAwMDAwMDAsImRlbGV0ZSI6MTIwMDAwMDAwMDAwMH0sInNjaGVtYV92ZXJzaW9uIjoiMSJ9",
          "dependencies": [
            "data.aws_availability_zones.available",
            "module.vpc.aws_vpc.this",
            "module.vpc.aws_vpc_ipv4_cidr_block_association.this"
          ]
        },
        {
          "index_key": 2,
          "schema_version": 1,
          "attributes": {
            "arn": "arn:aws:ec2:us-east-2:024848460340:subnet/subnet-06ec20431de9a43c8",
            "assign_ipv6_address_on_creation": false,
            "availability_zone": "us-east-2c",
            "availability_zone_id": "use2-az3",
            "cidr_block": "10.0.3.0/24",
            "customer_owned_ipv4_pool": "",
            "enable_dns64": false,
            "enable_lni_at_device_index": 0,
            "enable_resource_name_dns_a_record_on_launch": false,
            "enable_resource_name_dns_aaaa_record_on_launch": false,
            "id": "subnet-06ec20431de9a43c8",
            "ipv6_cidr_block": "",
            "ipv6_cidr_block_association_id": "",
            "ipv6_native": false,
            "map_customer_owned_ip_on_launch": false,
            "map_public_ip_on_launch": false,
            "outpost_arn": "",
            "owner_id": "024848460340",
            "private_dns_hostname_type_on_launch": "ip-name",
            "tags": {
              "Name": "flyte-terraform-public-use2-az3",
              "kubernetes.io/role/elb": "1"
            },
            "tags_all": {
              "Name": "flyte-terraform-public-use2-az3",
              "kubernetes.io/role/elb": "1"
            },
            "timeouts": null,
            "vpc_id": "vpc-098b18b243f95386f"
          },
          "sensitive_attributes": [],
          "private": "eyJlMmJmYjczMC1lY2FhLTExZTYtOGY4OC0zNDM2M2JjN2M0YzAiOnsiY3JlYXRlIjo2MDAwMDAwMDAwMDAsImRlbGV0ZSI6MTIwMDAwMDAwMDAwMH0sInNjaGVtYV92ZXJzaW9uIjoiMSJ9",
          "dependencies": [
            "data.aws_availability_zones.available",
            "module.vpc.aws_vpc.this",
            "module.vpc.aws_vpc_ipv4_cidr_block_association.this"
          ]
        }
      ]
    },
    {
      "module": "module.vpc",
      "mode": "managed",
      "type": "aws_vpc",
      "name": "this",
      "provider": "provider[\"registry.opentofu.org/hashicorp/aws\"]",
      "instances": [
        {
          "index_key": 0,
          "schema_version": 1,
          "attributes": {
            "arn": "arn:aws:ec2:us-east-2:024848460340:vpc/vpc-098b18b243f95386f",
            "assign_generated_ipv6_cidr_block": false,
            "cidr_block": "10.0.0.0/16",
            "default_network_acl_id": "acl-0b5d08a9b13df5d5e",
            "default_route_table_id": "rtb-0dc593d7216670db5",
            "default_security_group_id": "sg-0d09da4c8432f888c",
            "dhcp_options_id": "dopt-0e96eb7904171d629",
            "enable_dns_hostnames": true,
            "enable_dns_support": true,
            "enable_network_address_usage_metrics": false,
            "id": "vpc-098b18b243f95386f",
            "instance_tenancy": "default",
            "ipv4_ipam_pool_id": null,
            "ipv4_netmask_length": null,
            "ipv6_association_id": "",
            "ipv6_cidr_block": "",
            "ipv6_cidr_block_network_border_group": "",
            "ipv6_ipam_pool_id": "",
            "ipv6_netmask_length": 0,
            "main_route_table_id": "rtb-0dc593d7216670db5",
            "owner_id": "024848460340",
            "tags": {
              "Name": "flyte-terraform"
            },
            "tags_all": {
              "Name": "flyte-terraform"
            }
          },
          "sensitive_attributes": [],
          "private": "eyJzY2hlbWFfdmVyc2lvbiI6IjEifQ==",
          "create_before_destroy": true
        }
      ]
    },
    {
      "module": "module.vpc",
      "mode": "managed",
      "type": "aws_vpc_ipv4_cidr_block_association",
      "name": "this",
      "provider": "provider[\"registry.opentofu.org/hashicorp/aws\"]",
      "instances": [
        {
          "index_key": 0,
          "schema_version": 0,
          "attributes": {
            "cidr_block": "10.1.0.0/16",
            "id": "vpc-cidr-assoc-0270b495e782f4e9f",
            "ipv4_ipam_pool_id": null,
            "ipv4_netmask_length": null,
            "timeouts": null,
            "vpc_id": "vpc-098b18b243f95386f"
          },
          "sensitive_attributes": [],
          "private": "eyJlMmJmYjczMC1lY2FhLTExZTYtOGY4OC0zNDM2M2JjN2M0YzAiOnsiY3JlYXRlIjo2MDAwMDAwMDAwMDAsImRlbGV0ZSI6NjAwMDAwMDAwMDAwfX0=",
          "dependencies": [
            "data.aws_availability_zones.available",
            "module.vpc.aws_vpc.this"
          ],
          "create_before_destroy": true
        },
        {
          "index_key": 1,
          "schema_version": 0,
          "attributes": {
            "cidr_block": "10.2.0.0/16",
            "id": "vpc-cidr-assoc-0f66f181c18abbdd3",
            "ipv4_ipam_pool_id": null,
            "ipv4_netmask_length": null,
            "timeouts": null,
            "vpc_id": "vpc-098b18b243f95386f"
          },
          "sensitive_attributes": [],
          "private": "eyJlMmJmYjczMC1lY2FhLTExZTYtOGY4OC0zNDM2M2JjN2M0YzAiOnsiY3JlYXRlIjo2MDAwMDAwMDAwMDAsImRlbGV0ZSI6NjAwMDAwMDAwMDAwfX0=",
          "dependencies": [
            "data.aws_availability_zones.available",
            "module.vpc.aws_vpc.this"
          ]
        },
        {
          "index_key": 2,
          "schema_version": 0,
          "attributes": {
            "cidr_block": "10.3.0.0/16",
            "id": "vpc-cidr-assoc-0d7dcd31e308afcd3",
            "ipv4_ipam_pool_id": null,
            "ipv4_netmask_length": null,
            "timeouts": null,
            "vpc_id": "vpc-098b18b243f95386f"
          },
          "sensitive_attributes": [],
          "private": "eyJlMmJmYjczMC1lY2FhLTExZTYtOGY4OC0zNDM2M2JjN2M0YzAiOnsiY3JlYXRlIjo2MDAwMDAwMDAwMDAsImRlbGV0ZSI6NjAwMDAwMDAwMDAwfX0=",
          "dependencies": [
            "data.aws_availability_zones.available",
            "module.vpc.aws_vpc.this"
          ]
        }
      ]
    },
    {
      "module": "module.vpc_endpoints",
      "mode": "data",
      "type": "aws_vpc_endpoint_service",
      "name": "this",
      "provider": "provider[\"registry.opentofu.org/hashicorp/aws\"]",
      "instances": [
        {
          "index_key": "s3",
          "schema_version": 0,
          "attributes": {
            "acceptance_required": false,
            "arn": "arn:aws:ec2:us-east-2:024848460340:vpc-endpoint-service/vpce-svc-0a2c88e104dd8b17b",
            "availability_zones": [
              "us-east-2a",
              "us-east-2b",
              "us-east-2c"
            ],
            "base_endpoint_dns_names": [
              "s3.us-east-2.amazonaws.com"
            ],
            "filter": [
              {
                "name": "service-type",
                "values": [
                  "Gateway"
                ]
              }
            ],
            "id": "421398876",
            "manages_vpc_endpoints": false,
            "owner": "amazon",
            "private_dns_name": "",
            "service": "s3",
            "service_id": "vpce-svc-0a2c88e104dd8b17b",
            "service_name": "com.amazonaws.us-east-2.s3",
            "service_type": "Gateway",
            "supported_ip_address_types": [
              "ipv4"
            ],
            "tags": {},
            "timeouts": null,
            "vpc_endpoint_policy_supported": true
          },
          "sensitive_attributes": []
        }
      ]
    },
    {
      "module": "module.vpc_endpoints",
      "mode": "managed",
      "type": "aws_vpc_endpoint",
      "name": "this",
      "provider": "provider[\"registry.opentofu.org/hashicorp/aws\"]",
      "instances": [
        {
          "index_key": "s3",
          "schema_version": 0,
          "attributes": {
            "arn": "arn:aws:ec2:us-east-2:024848460340:vpc-endpoint/vpce-0d6bc532aba3345a3",
            "auto_accept": null,
            "cidr_blocks": [
              "18.34.252.0/22",
              "52.219.141.0/24",
              "18.34.72.0/21",
              "52.219.96.0/20",
              "52.219.224.0/21",
              "16.12.60.0/22",
              "52.219.232.0/22",
              "52.219.80.0/20",
              "3.5.128.0/22",
              "52.219.142.0/23",
              "3.5.132.0/23",
              "16.12.64.0/22",
              "52.219.212.0/22",
              "52.219.176.0/22"
            ],
            "dns_entry": [],
            "dns_options": [],
            "id": "vpce-0d6bc532aba3345a3",
            "ip_address_type": "",
            "network_interface_ids": [],
            "owner_id": "024848460340",
            "policy": "{\"Statement\":[{\"Action\":\"*\",\"Effect\":\"Allow\",\"Principal\":\"*\",\"Resource\":\"*\"}],\"Version\":\"2008-10-17\"}",
            "prefix_list_id": "pl-7ba54012",
            "private_dns_enabled": false,
            "requester_managed": false,
            "route_table_ids": [
              "rtb-0ee9d3a541547926b"
            ],
            "security_group_ids": [],
            "service_name": "com.amazonaws.us-east-2.s3",
            "state": "available",
            "subnet_configuration": [],
            "subnet_ids": [],
            "tags": null,
            "tags_all": {},
            "timeouts": {
              "create": "10m",
              "delete": "10m",
              "update": "10m"
            },
            "vpc_endpoint_type": "Gateway",
            "vpc_id": "vpc-098b18b243f95386f"
          },
          "sensitive_attributes": [],
          "private": "eyJlMmJmYjczMC1lY2FhLTExZTYtOGY4OC0zNDM2M2JjN2M0YzAiOnsiY3JlYXRlIjo2MDAwMDAwMDAwMDAsImRlbGV0ZSI6NjAwMDAwMDAwMDAwLCJ1cGRhdGUiOjYwMDAwMDAwMDAwMH19",
          "dependencies": [
            "data.aws_availability_zones.available",
            "module.vpc.aws_route_table.private",
            "module.vpc.aws_vpc.this",
            "module.vpc.aws_vpc_ipv4_cidr_block_association.this",
            "module.vpc_endpoints.data.aws_vpc_endpoint_service.this"
          ]
        }
      ]
    }
  ],
  "check_results": null
}
